{
  "version": 4,
  "terraform_version": "1.5.7",
  "serial": 341,
  "lineage": "b4a960a8-1fe2-483a-5809-b42128bbf86a",
  "outputs": {
    "comments": {
      "value": "The application URL will be unavailable for a few minutes after provisioning while the application is configured and deployed to Kubernetes",
      "type": "string"
    },
    "deploy_id": {
      "value": "tzwc",
      "type": "string"
    },
    "deployed_oke_kubernetes_version": {
      "value": "v1.30.1",
      "type": "string"
    },
    "deployed_to_region": {
      "value": "uk-london-1",
      "type": "string"
    },
    "dev": {
      "value": "Made with ❤ by Oracle Developers",
      "type": "string"
    },
    "generated_private_key_pem": {
      "value": "-----BEGIN RSA PRIVATE KEY-----\nMIIEowIBAAKCAQEA5uqJ+fnVydGlDTIwvN/O9jZj4jNl9c5R9V/qGqfebiV5drjh\nxyN5LJXZbmEMjSRItsn0oMp5b/s0zgRyTGdSRiwpEJ6ZddtGvE5PG2kGfkuQG5yM\n5YhSsS3gvn2Oamo2yOoxpmMA2/bhhLXdHTpGyzSumW8T0jVddhc6yr/h8g3l5QSG\nur5YpRH/hcuyo+uqLdm89IhpLWx+m2frf+kvPVZo1WJ2P8qhd0R8RntZICyrd57B\nFATlyxoQdBMig/RAb84PGQF7c6D9fXPCqwIKRyMddsQ00OMFYjYfUGWjQrbbkr+C\npgm9FnkkLrMjzX0Ljf84bddpjbqkmrmDg15IDQIDAQABAoIBAHM/ma+WnroElTD5\n3NNXjI7b5IwwBPJikAs8XLYDFIO61l2Htr/SF5dGDugFLeN/uX7pWtupUmSuZtNv\n6q/xXWHChphR39uvniU7nEXc7C26fukZAEVK/aKKeEH6nkrESiWKpU8a2IHwPOwk\nbIA65rxixcW0Z5shoUzgGSq6DAXnMSRUOrcQJqt9kC/Yik0VcfmPGzVIFnTwQ86I\nftZhTaSPFZQnJowgHr16Op3h3ds7B3LQIB+uz3Qcrb2YHM+2BXF+oZqM2XPPHae0\nj62j4+wWVIwcqU9DNUqQCx5tFxvI9P9JViJTP91EFxHUBEBEAdbYvUFTXew8FEsW\nwUOKrW0CgYEA8hqBTVhyaUP8jkmM+o20aw88O9ppnO7Xln2ifnMW4L2LNZIB5sxW\nE6zj8QqCn1sTMSmzRO/yFM9rLwIx0lSu+QHPjKOBeHIFXMEO1V3elrWlh1WpW5lI\nfjT4NfM4KvL5ukD2sWkUqni1ZsyeC/9XqsE8zc520C1Lyqh/Km7/fvsCgYEA9Cul\nQPs2sB6kWcCaRf5gxCPryabJCz2Q/tKkMP1i6RtVcLU5lBUJss4+Y01XxBmqr+Du\nGXj6FU9VLGPhJ0zHNwNlOZuOpb9N7f5c5tXBSTIBEXcSDlI7xGPqcYcAVG9znd61\nG0/G+v3YHhrUE62t5YQ503WSFbCHxF/y02gphpcCgYEAjsSQkYLh3S+JZIL9Dte3\nmBag547SDwhNu+IUi8rkp90+lXWnh2niLLIcrQ0MoFp9w9UacUGqGRmD1HHP3X+w\nuwiVUxMsi1F51gvG6o3zcB5oIZmjSG/o7vvfjzkBW1pzZ6FdmJsl461RE/EAFoUa\nNojDiX4CVJsRgc3BR82y/zcCgYAqWJ9yY58acFYEktiupu1VVv1/nYNkhart5s4/\nCNLspqbswyFXQ0bJUeeUBUfhZKorkpD4rfiBVZ7p8fCMhk5OhjI6CXZ13HXBfsnR\n5uR8s0VoKARjo3NmHgX85nLyMdoVWRiDwhQ6V2fx4KlDOG3eTk5RFCTfyhvhvNo6\nO+hnxQKBgFMdLIl7uMg6KmzJvBtSpa1ebx+txNxttEYhu3Y9brNZF6rY+3XWdDnp\nVTDt0fNXdyRfgoBNmMBJs64EH2s6G/qlKAVX9EvTYyYCrTyEvLDk2sCeB3yKcRY2\nQiWCxApcZUMmzuNq4lmfcvAE1EczYoxmfGBfKTESXsgLB/TTcb+q\n-----END RSA PRIVATE KEY-----\n",
      "type": "string",
      "sensitive": true
    },
    "kubeconfig_for_kubectl": {
      "value": "export KUBECONFIG=./generated/kubeconfig",
      "type": "string"
    }
  },
  "resources": [
    {
      "mode": "data",
      "type": "oci_containerengine_cluster_kube_config",
      "name": "oke_cluster_kube_config",
      "provider": "provider[\"registry.terraform.io/oracle/oci\"]",
      "instances": [
        {
          "schema_version": 0,
          "attributes": {
            "cluster_id": "ocid1.cluster.oc1.uk-london-1.aaaaaaaamtord6mgm4e6iwlar2haqt2szkt2owos5yr23fplqchs35m2y4kq",
            "content": "---\napiVersion: v1\nkind: \"\"\nclusters:\n- name: cluster-chs35m2y4kq\n  cluster:\n    server: https://143.47.233.185:6443\n    certificate-authority-data: LS0tLS1CRUdJTiBDRVJUSUZJQ0FURS0tLS0tCk1JSURpRENDQW5DZ0F3SUJBZ0lRVlBIV2ZULzN3NzVURGtJWnhKVnd0REFOQmdrcWhraUc5dzBCQVFzRkFEQmUKTVE4d0RRWURWUVFEREFaTE9ITWdRMEV4Q3pBSkJnTlZCQVlUQWxWVE1ROHdEUVlEVlFRSERBWkJkWE4wYVc0eApEekFOQmdOVkJBb01Cazl5WVdOc1pURU1NQW9HQTFVRUN3d0RUMk5wTVE0d0RBWURWUVFJREFWVVpYaGhjekFlCkZ3MHlOREV3TVRZeE5UQTRNVEphRncweU9URXdNVFl4TlRBNE1USmFNRjR4RHpBTkJnTlZCQU1NQmtzNGN5QkQKUVRFTE1Ba0dBMVVFQmhNQ1ZWTXhEekFOQmdOVkJBY01Ca0YxYzNScGJqRVBNQTBHQTFVRUNnd0dUM0poWTJ4bApNUXd3Q2dZRFZRUUxEQU5QWTJreERqQU1CZ05WQkFnTUJWUmxlR0Z6TUlJQklqQU5CZ2txaGtpRzl3MEJBUUVGCkFBT0NBUThBTUlJQkNnS0NBUUVBcklpS2tRSFUzMXdERDMwZlhRUVFWRzB2R3lzdUU1TlhRZDhNaTVVdEMwck0KUUNINEFOZG9YUm5pZEQ0UzlPY1dJMWcveVFzVmF1WWdpZVBvSFIrMXA5QjczSEtIS0h0MVYwTnZBTTgrSzdIUApndktWem1Hc04xQkRxMFc0VjQ2QWR1cGFIN3Q1T1k3QTNuSEc3UUJxc1VpMzZVb0xWaFplYzZqU2lBK29NRTNwCjVCVFI3QXdLWHdnZnFxUkREY1lvaEtMajc2dGZuMmRBZkVIalRIdVpwZTE5Z0Y5aUhiMFhISUdzNEVrRmNwbEQKeDhKMnQxWUVxcnVyK2YvU3VMRC8vaUZtYmV5T2tqMEZHanlsYzd0bW94ODVzeDhiQnF0aTR2bEpHcm5HdG9LRgo5eUE2UTAvRmxSRXQvcEo2QW9SbVc1RFJ5NkVxRGg1YnplN3VlV0ZwUXdJREFRQUJvMEl3UURBUEJnTlZIUk1CCkFmOEVCVEFEQVFIL01BNEdBMVVkRHdFQi93UUVBd0lCQmpBZEJnTlZIUTRFRmdRVStMMXFPb2NxTXhZQXZTd0MKaFRoSFVsZ3NHL1l3RFFZSktvWklodmNOQVFFTEJRQURnZ0VCQUZXcE1LTjRkUGwrbUZWV0ZpVnJmN21ZS0JnQQpnVENsV0pBcUMvVjNGR1Y0U0FYd09udWYxcXJ4SnZybGV3a0FxYXI5eWVrZ0o3Y2k2OU12NnIxQXdhQzFvSXNLClFnSEFObkVURUVlUXovbk5zVXI5ZEZmbkU4cms1WjAwclM3MXQ3THJCVEloYTE1cHNpK0s5d0FrMnVLdU5yQzAKL1YvQ1V3NUwxSkFNT0VzMVVUdDF0RkdSQklCdjU5ZGJBUk5IaFVObklTSzhzUm1ucWFRdkQrckJaQWZzeVBPcwpvdkxod1J0U2hWZFExdG4zZnlYWHArTDV0andoNWFjRnEyWEsxWWhqQzFBM2pGNmMxRUFrNkRPS2ZSMHBrbHhRCm9wMURFRW1yWGJ1RGg1aGdTcXB0WENieFdVcElhU1ZxWllranMrS3ZtQms0NTNmbGtjTUh1MGNtaHpFPQotLS0tLUVORCBDRVJUSUZJQ0FURS0tLS0tCg==\nusers:\n- name: user-chs35m2y4kq\n  user:\n    exec:\n      apiVersion: client.authentication.k8s.io/v1beta1\n      command: oci\n      args:\n      - ce\n      - cluster\n      - generate-token\n      - --cluster-id\n      - ocid1.cluster.oc1.uk-london-1.aaaaaaaamtord6mgm4e6iwlar2haqt2szkt2owos5yr23fplqchs35m2y4kq\n      - --region\n      - uk-london-1\n      env: []\ncontexts:\n- name: context-chs35m2y4kq\n  context:\n    cluster: cluster-chs35m2y4kq\n    user: user-chs35m2y4kq\ncurrent-context: context-chs35m2y4kq\n",
            "endpoint": null,
            "expiration": null,
            "id": "ContainerengineClusterKubeConfigDataSource-3202990971",
            "token_version": null
          },
          "sensitive_attributes": []
        }
      ]
    },
    {
      "mode": "data",
      "type": "oci_containerengine_cluster_option",
      "name": "oke",
      "provider": "provider[\"registry.terraform.io/oracle/oci\"]",
      "instances": [
        {
          "schema_version": 0,
          "attributes": {
            "cluster_option_id": "all",
            "cluster_pod_network_options": [
              {
                "cni_type": "OCI_VCN_IP_NATIVE"
              },
              {
                "cni_type": "FLANNEL_OVERLAY"
              }
            ],
            "compartment_id": null,
            "id": "ContainerengineClusterOptionDataSource-1870923232",
            "kubernetes_versions": [
              "v1.28.2",
              "v1.28.10",
              "v1.29.1",
              "v1.30.1"
            ]
          },
          "sensitive_attributes": []
        }
      ]
    },
    {
      "mode": "data",
      "type": "oci_containerengine_node_pool_option",
      "name": "oke",
      "provider": "provider[\"registry.terraform.io/oracle/oci\"]",
      "instances": [
        {
          "schema_version": 0,
          "attributes": {
            "compartment_id": null,
            "id": "ContainerengineNodePoolOptionDataSource-1870923232",
            "images": [
              "Oracle-Linux-7.4",
              "Oracle-Linux-7.5",
              "Oracle-Linux-7.6"
            ],
            "kubernetes_versions": [
              "v1.28.2",
              "v1.28.10",
              "v1.29.1",
              "v1.30.1"
            ],
            "node_pool_option_id": "all",
            "shapes": [
              "BM.Standard.A1.160",
              "BM.Standard.E2.64",
              "BM.Standard.E3.128",
              "BM.Standard.E4.128",
              "BM.Standard.E5.192",
              "BM.Standard2.52",
              "BM.Standard3.64",
              "VM.Standard.A1.Flex",
              "VM.Standard.E2.1",
              "VM.Standard.E2.2",
              "VM.Standard.E2.4",
              "VM.Standard.E2.8",
              "VM.Standard.E3.Flex",
              "VM.Standard.E4.Flex",
              "VM.Standard.E5.Flex",
              "VM.Standard2.1",
              "VM.Standard2.16",
              "VM.Standard2.2",
              "VM.Standard2.24",
              "VM.Standard2.4",
              "VM.Standard2.8",
              "VM.Standard3.Flex"
            ],
            "sources": [
              {
                "image_id": "ocid1.image.oc1.uk-london-1.aaaaaaaau7m4das3rfqbdqbzwukqrtj344oymlj54ugkjpl3mbevhkdoskwq",
                "source_name": "Oracle-Linux-8.9-aarch64-2024.05.29-0-OKE-1.30.1-707",
                "source_type": "IMAGE"
              },
              {
                "image_id": "ocid1.image.oc1.uk-london-1.aaaaaaaaekxymxt2rrozguahdlyifb3qe7l355abrembardzpguqojoa4ykq",
                "source_name": "Oracle-Linux-8.9-aarch64-2024.05.29-0-OKE-1.29.1-707",
                "source_type": "IMAGE"
              },
              {
                "image_id": "ocid1.image.oc1.uk-london-1.aaaaaaaama7e7lidkl6y4ktt7qdqkwmj6fslill2drmotrsm5z3bubbshkzq",
                "source_name": "Oracle-Linux-8.9-aarch64-2024.05.29-0-OKE-1.28.2-707",
                "source_type": "IMAGE"
              },
              {
                "image_id": "ocid1.image.oc1.uk-london-1.aaaaaaaa6vqzdirctnci34ro2sj4mnyc4odob5htcxmcke6cticf2h2gdbnq",
                "source_name": "Oracle-Linux-8.9-aarch64-2024.05.29-0-OKE-1.28.10-707",
                "source_type": "IMAGE"
              },
              {
                "image_id": "ocid1.image.oc1.uk-london-1.aaaaaaaari3q3id5tq6paswaw74qkujnaaxlydfltqeexv7qeckht4hxogfa",
                "source_name": "Oracle-Linux-8.9-aarch64-2024.04.19-0-OKE-1.29.1-693",
                "source_type": "IMAGE"
              },
              {
                "image_id": "ocid1.image.oc1.uk-london-1.aaaaaaaa36c4y3rkdwywmqrzwtjmft4hn4vt4sthnbqoubknl7zqhaio2vja",
                "source_name": "Oracle-Linux-8.9-aarch64-2024.04.19-0-OKE-1.28.2-693",
                "source_type": "IMAGE"
              },
              {
                "image_id": "ocid1.image.oc1.uk-london-1.aaaaaaaau77h2wnyqki3wpmlvwlgwlitrqoaw5pauwc3f635czapigakocsa",
                "source_name": "Oracle-Linux-8.9-aarch64-2024.01.26-0-OKE-1.28.2-679",
                "source_type": "IMAGE"
              },
              {
                "image_id": "ocid1.image.oc1.uk-london-1.aaaaaaaa3y7r7cdb7ijne2lfdawpwh3b72n76ely3gu62yvbeme5u6u4ywsa",
                "source_name": "Oracle-Linux-8.9-Gen2-GPU-2024.05.29-0-OKE-1.30.1-707",
                "source_type": "IMAGE"
              },
              {
                "image_id": "ocid1.image.oc1.uk-london-1.aaaaaaaaqhiplg6fsi4hsdgj6pihddo3tnna4zwombl4im7q46wm4ebri4hq",
                "source_name": "Oracle-Linux-8.9-Gen2-GPU-2024.05.29-0-OKE-1.29.1-707",
                "source_type": "IMAGE"
              },
              {
                "image_id": "ocid1.image.oc1.uk-london-1.aaaaaaaa2uyglc7jwdykmbo75tgwozx7mwphqez5gdsgrtn5as7bqpaoyzda",
                "source_name": "Oracle-Linux-8.9-Gen2-GPU-2024.05.29-0-OKE-1.28.2-707",
                "source_type": "IMAGE"
              },
              {
                "image_id": "ocid1.image.oc1.uk-london-1.aaaaaaaanx7tr5d7syarxjz5p5ompcji5uoymwty7motxvfkned6ccl4mmyq",
                "source_name": "Oracle-Linux-8.9-Gen2-GPU-2024.05.29-0-OKE-1.28.10-707",
                "source_type": "IMAGE"
              },
              {
                "image_id": "ocid1.image.oc1.uk-london-1.aaaaaaaabl66vfkhya52l2rnhacrre53tjfnwo7fx7q2g3pwlqucfyl2fdta",
                "source_name": "Oracle-Linux-8.9-Gen2-GPU-2024.04.19-0-OKE-1.29.1-693",
                "source_type": "IMAGE"
              },
              {
                "image_id": "ocid1.image.oc1.uk-london-1.aaaaaaaafim76rka4uwyf5awge4lry3j3cu4acnkthzp65hqdvzdoeyrgngq",
                "source_name": "Oracle-Linux-8.9-Gen2-GPU-2024.04.19-0-OKE-1.28.2-693",
                "source_type": "IMAGE"
              },
              {
                "image_id": "ocid1.image.oc1.uk-london-1.aaaaaaaasm54jlxtsqyweb4jfx7nv23luevnvllyg73ylwqc7oppn742y7xa",
                "source_name": "Oracle-Linux-8.9-Gen2-GPU-2024.01.26-0-OKE-1.28.2-679",
                "source_type": "IMAGE"
              },
              {
                "image_id": "ocid1.image.oc1.uk-london-1.aaaaaaaailsm7a4gktvyyq4sbh52lt4itlqxzyqkvuzbd6m37hlhko6zhvma",
                "source_name": "Oracle-Linux-8.9-2024.05.29-0-OKE-1.30.1-707",
                "source_type": "IMAGE"
              },
              {
                "image_id": "ocid1.image.oc1.uk-london-1.aaaaaaaaqvmjldol4z4lvsfstzbwozihkbwdc2tswh7rusxmm7wv64qxiaoa",
                "source_name": "Oracle-Linux-8.9-2024.05.29-0-OKE-1.29.1-707",
                "source_type": "IMAGE"
              },
              {
                "image_id": "ocid1.image.oc1.uk-london-1.aaaaaaaaga2draxyywiter264xg4gghumqf3ur5b4ysvdtdntlboiqkuevoq",
                "source_name": "Oracle-Linux-8.9-2024.05.29-0-OKE-1.28.2-707",
                "source_type": "IMAGE"
              },
              {
                "image_id": "ocid1.image.oc1.uk-london-1.aaaaaaaad26ocspq2sc7gmizg7w4nd6d7zjpxcng2id7jdwbk75gris7bira",
                "source_name": "Oracle-Linux-8.9-2024.05.29-0-OKE-1.28.10-707",
                "source_type": "IMAGE"
              },
              {
                "image_id": "ocid1.image.oc1.uk-london-1.aaaaaaaa5rzn3mvwnhmhwgmbl4hjnecsljnsc2qflihavbhffksmre4ba4uq",
                "source_name": "Oracle-Linux-8.9-2024.04.19-0-OKE-1.29.1-693",
                "source_type": "IMAGE"
              },
              {
                "image_id": "ocid1.image.oc1.uk-london-1.aaaaaaaacpbgj6h4242fxztcpqibxhnkonibxfjaauvnculmp4ufqg7r3fha",
                "source_name": "Oracle-Linux-8.9-2024.04.19-0-OKE-1.28.2-693",
                "source_type": "IMAGE"
              },
              {
                "image_id": "ocid1.image.oc1.uk-london-1.aaaaaaaawd6rrojapv7p7jk2hs44ofc67xk7ckylhl2y6jsv4ve5wla7evqq",
                "source_name": "Oracle-Linux-8.9-2024.01.26-0-OKE-1.28.2-679",
                "source_type": "IMAGE"
              },
              {
                "image_id": "ocid1.image.oc1.uk-london-1.aaaaaaaa5vlftdoj76vu2ycxmhbjgweihcd7ahptidkpuvwgpp36747bwkqa",
                "source_name": "Oracle-Linux-8.10-aarch64-2024.06.30-0-OKE-1.30.1-716",
                "source_type": "IMAGE"
              },
              {
                "image_id": "ocid1.image.oc1.uk-london-1.aaaaaaaa2rrop6tbinxgakakn2a2edxvi3yf4z2zjufbdwscn2bjm3j7z6sq",
                "source_name": "Oracle-Linux-8.10-aarch64-2024.06.30-0-OKE-1.29.1-716",
                "source_type": "IMAGE"
              },
              {
                "image_id": "ocid1.image.oc1.uk-london-1.aaaaaaaa44plkfl6osq2gezw7prk5ylbyylwlpmgmptyrhelqfoeigw65bya",
                "source_name": "Oracle-Linux-8.10-aarch64-2024.06.30-0-OKE-1.28.10-716",
                "source_type": "IMAGE"
              },
              {
                "image_id": "ocid1.image.oc1.uk-london-1.aaaaaaaalhsuxxzhdk2ymzcxj6d67rk7gz6nknzsldjivbis3hkurdsin6xa",
                "source_name": "Oracle-Linux-8.10-Gen2-GPU-2024.06.30-0-OKE-1.30.1-716",
                "source_type": "IMAGE"
              },
              {
                "image_id": "ocid1.image.oc1.uk-london-1.aaaaaaaa46pd4uu5c2ubg7nyxcwvi64gnsonezzfdm2qcqfphy6fcxzmgvya",
                "source_name": "Oracle-Linux-8.10-Gen2-GPU-2024.06.30-0-OKE-1.29.1-716",
                "source_type": "IMAGE"
              },
              {
                "image_id": "ocid1.image.oc1.uk-london-1.aaaaaaaaoo7wekv6x53a36vfssr6h3efuirpfj3wvovl4bdnm33kki6f5vta",
                "source_name": "Oracle-Linux-8.10-Gen2-GPU-2024.06.30-0-OKE-1.28.10-716",
                "source_type": "IMAGE"
              },
              {
                "image_id": "ocid1.image.oc1.uk-london-1.aaaaaaaabawru54cnggn3ui2agpyeqmtkonrbdmaim5b5gidclnicqd2imsa",
                "source_name": "Oracle-Linux-8.10-2024.06.30-0-OKE-1.30.1-716",
                "source_type": "IMAGE"
              },
              {
                "image_id": "ocid1.image.oc1.uk-london-1.aaaaaaaajmm4jhtyx3bciv7u5ow3mcj5kfzenhcwp3zl4vctletdzcj52kra",
                "source_name": "Oracle-Linux-8.10-2024.06.30-0-OKE-1.29.1-716",
                "source_type": "IMAGE"
              },
              {
                "image_id": "ocid1.image.oc1.uk-london-1.aaaaaaaaj4odsmras6ifzouestniz7dr7kjetkt7hruh6xoqn73oroc77svq",
                "source_name": "Oracle-Linux-8.10-2024.06.30-0-OKE-1.28.10-716",
                "source_type": "IMAGE"
              },
              {
                "image_id": "ocid1.image.oc1.uk-london-1.aaaaaaaaky6r3uxhzkueuljupfc2gszxc72fqflt3zcfzavz54ongpivxkda",
                "source_name": "Oracle-Linux-7.9-aarch64-2024.06.30-0-OKE-1.30.1-716",
                "source_type": "IMAGE"
              },
              {
                "image_id": "ocid1.image.oc1.uk-london-1.aaaaaaaa5chdjv4p7wefzrxro5p6u4f7zeb5h6hqn2oaewyjl3xvwcv4wala",
                "source_name": "Oracle-Linux-7.9-aarch64-2024.06.30-0-OKE-1.29.1-716",
                "source_type": "IMAGE"
              },
              {
                "image_id": "ocid1.image.oc1.uk-london-1.aaaaaaaadghehzoc7v3vakv3zqqrukfcxdiwriqmvhjdcbmqzc5rfasefmlq",
                "source_name": "Oracle-Linux-7.9-aarch64-2024.06.30-0-OKE-1.28.10-716",
                "source_type": "IMAGE"
              },
              {
                "image_id": "ocid1.image.oc1.uk-london-1.aaaaaaaaco32bggeegkux6evjuqjml4ljqqk7rr4jr5nezeyrxqdiklko5rq",
                "source_name": "Oracle-Linux-7.9-aarch64-2024.05.29-0-OKE-1.30.1-707",
                "source_type": "IMAGE"
              },
              {
                "image_id": "ocid1.image.oc1.uk-london-1.aaaaaaaahwamxq5dtpwwsay3i5pfuvyy26vhnwjrfnylid7yzjacftexmsla",
                "source_name": "Oracle-Linux-7.9-aarch64-2024.05.29-0-OKE-1.29.1-707",
                "source_type": "IMAGE"
              },
              {
                "image_id": "ocid1.image.oc1.uk-london-1.aaaaaaaajsspukmxmfldvcchwntcrcvthwzaj4wkyu5p6kvz3uwrgfvsveia",
                "source_name": "Oracle-Linux-7.9-aarch64-2024.05.29-0-OKE-1.28.2-707",
                "source_type": "IMAGE"
              },
              {
                "image_id": "ocid1.image.oc1.uk-london-1.aaaaaaaa5aves7iwk6doy4yy5ojljbxvalxb5jv56eumyiuambndqdz7lubq",
                "source_name": "Oracle-Linux-7.9-aarch64-2024.05.29-0-OKE-1.28.10-707",
                "source_type": "IMAGE"
              },
              {
                "image_id": "ocid1.image.oc1.uk-london-1.aaaaaaaacse7cpveqz3ltl7kqsvycqegrlw7swjlrzlpxt5ir2ga5oyaupsq",
                "source_name": "Oracle-Linux-7.9-aarch64-2024.04.19-0-OKE-1.29.1-693",
                "source_type": "IMAGE"
              },
              {
                "image_id": "ocid1.image.oc1.uk-london-1.aaaaaaaaylrmchgejsock27ppnypg2p2jxjgfia3f4cskdpjtkpx3bpf3zwa",
                "source_name": "Oracle-Linux-7.9-aarch64-2024.04.19-0-OKE-1.28.2-693",
                "source_type": "IMAGE"
              },
              {
                "image_id": "ocid1.image.oc1.uk-london-1.aaaaaaaabgakrgmmreze3ldhxdqurqr5thqe3q7mwiqvvk2hgjzmejjb35fq",
                "source_name": "Oracle-Linux-7.9-aarch64-2024.01.23-0-OKE-1.28.2-679",
                "source_type": "IMAGE"
              },
              {
                "image_id": "ocid1.image.oc1.uk-london-1.aaaaaaaawuvrnx76ut3lobyub2bsnc4xptrwkyy326fh2ldsx6k2rxnqo6ea",
                "source_name": "Oracle-Linux-7.9-Gen2-GPU-2024.06.30-0-OKE-1.30.1-716",
                "source_type": "IMAGE"
              },
              {
                "image_id": "ocid1.image.oc1.uk-london-1.aaaaaaaayzzqhwuwwihknulvx4mmqoltnf3kscwqgtiughwd2kmrm6slzfzq",
                "source_name": "Oracle-Linux-7.9-Gen2-GPU-2024.06.30-0-OKE-1.29.1-716",
                "source_type": "IMAGE"
              },
              {
                "image_id": "ocid1.image.oc1.uk-london-1.aaaaaaaassit22r7ioh7rencvybroaxdyqn47nkrbohr5vr4fynaiorkhqoq",
                "source_name": "Oracle-Linux-7.9-Gen2-GPU-2024.06.30-0-OKE-1.28.10-716",
                "source_type": "IMAGE"
              },
              {
                "image_id": "ocid1.image.oc1.uk-london-1.aaaaaaaau4vjp3neyfacvikzawk2h5rd3impn5y27tpouujiytf26nfdalwq",
                "source_name": "Oracle-Linux-7.9-Gen2-GPU-2024.05.29-0-OKE-1.30.1-707",
                "source_type": "IMAGE"
              },
              {
                "image_id": "ocid1.image.oc1.uk-london-1.aaaaaaaacsahr3xlleqkw3lxw6mz7yc4yepkztx4ttx65xesproop64d5zjq",
                "source_name": "Oracle-Linux-7.9-Gen2-GPU-2024.05.29-0-OKE-1.29.1-707",
                "source_type": "IMAGE"
              },
              {
                "image_id": "ocid1.image.oc1.uk-london-1.aaaaaaaa5smcoclysolso4hn5ixwsikhev36hqj6qybb53pkfrzkhmt7x5cq",
                "source_name": "Oracle-Linux-7.9-Gen2-GPU-2024.05.29-0-OKE-1.28.2-707",
                "source_type": "IMAGE"
              },
              {
                "image_id": "ocid1.image.oc1.uk-london-1.aaaaaaaacfcvo56xlnjiw6kvg5qatcy3x4snkzu4jps2e423lds4yem42sfq",
                "source_name": "Oracle-Linux-7.9-Gen2-GPU-2024.05.29-0-OKE-1.28.10-707",
                "source_type": "IMAGE"
              },
              {
                "image_id": "ocid1.image.oc1.uk-london-1.aaaaaaaakptf3jb3vqhkmkt7b62cawsk6vyueaw3d5y4mamad7flpxz6ihmq",
                "source_name": "Oracle-Linux-7.9-Gen2-GPU-2024.04.19-0-OKE-1.29.1-693",
                "source_type": "IMAGE"
              },
              {
                "image_id": "ocid1.image.oc1.uk-london-1.aaaaaaaabmyubknepxhy7bc7ukyqpawqtyoyuwe5wylczbfve7q5rpboiwra",
                "source_name": "Oracle-Linux-7.9-Gen2-GPU-2024.04.19-0-OKE-1.28.2-693",
                "source_type": "IMAGE"
              },
              {
                "image_id": "ocid1.image.oc1.uk-london-1.aaaaaaaarnwox6i3d2g44ofpgucnkan6bfjocp3suk3pverqpe5ljxzmmqwa",
                "source_name": "Oracle-Linux-7.9-Gen2-GPU-2024.01.23-0-OKE-1.28.2-679",
                "source_type": "IMAGE"
              },
              {
                "image_id": "ocid1.image.oc1.uk-london-1.aaaaaaaaqu4qxrcb5z7aachyznwhi5zkyxrhlbg77ztuu2g2hb6eggorqfoa",
                "source_name": "Oracle-Linux-7.9-2024.06.30-0-OKE-1.30.1-716",
                "source_type": "IMAGE"
              },
              {
                "image_id": "ocid1.image.oc1.uk-london-1.aaaaaaaa6xeaoqmup5nh3x3zbsjbl23ydlzgkvjtglo4j72alwhaxmqdaqgq",
                "source_name": "Oracle-Linux-7.9-2024.06.30-0-OKE-1.29.1-716",
                "source_type": "IMAGE"
              },
              {
                "image_id": "ocid1.image.oc1.uk-london-1.aaaaaaaa5vbfwxkdye25q7l3jouisw2c74wwhsl5x55tw7ieuxicwn5yjt4a",
                "source_name": "Oracle-Linux-7.9-2024.06.30-0-OKE-1.28.10-716",
                "source_type": "IMAGE"
              },
              {
                "image_id": "ocid1.image.oc1.uk-london-1.aaaaaaaaczw5gvsqkkmgpeb53it3x6gmxhdecxx4h6sdzx336j5i3qd3fdqa",
                "source_name": "Oracle-Linux-7.9-2024.05.29-0-OKE-1.30.1-707",
                "source_type": "IMAGE"
              },
              {
                "image_id": "ocid1.image.oc1.uk-london-1.aaaaaaaazijla42iikne6lrq7zpgk44a7bk54svt4t346atbccx2bcfz2waa",
                "source_name": "Oracle-Linux-7.9-2024.05.29-0-OKE-1.29.1-707",
                "source_type": "IMAGE"
              },
              {
                "image_id": "ocid1.image.oc1.uk-london-1.aaaaaaaacldretlancobus3xxrbfennipr6kdmtqtciobnsvdcsb7u2j2bzq",
                "source_name": "Oracle-Linux-7.9-2024.05.29-0-OKE-1.28.2-707",
                "source_type": "IMAGE"
              },
              {
                "image_id": "ocid1.image.oc1.uk-london-1.aaaaaaaayhxfwg7llomcugmbpb5hfkwgbwxlh6mw3rjdtacbzjvwxjz5fkyq",
                "source_name": "Oracle-Linux-7.9-2024.05.29-0-OKE-1.28.10-707",
                "source_type": "IMAGE"
              },
              {
                "image_id": "ocid1.image.oc1.uk-london-1.aaaaaaaah2q3oq2elh4gytj46zwfqcogflrrp65aor2m3q4dlfd3noy3wdkq",
                "source_name": "Oracle-Linux-7.9-2024.04.19-0-OKE-1.29.1-693",
                "source_type": "IMAGE"
              },
              {
                "image_id": "ocid1.image.oc1.uk-london-1.aaaaaaaap6fzn4k2klkvcdhavabpce7qaq53kehzcwc5fzvbi4xb7o5g32ya",
                "source_name": "Oracle-Linux-7.9-2024.04.19-0-OKE-1.28.2-693",
                "source_type": "IMAGE"
              },
              {
                "image_id": "ocid1.image.oc1.uk-london-1.aaaaaaaaepv3avwcscghj2wxuhl4g55d74y62gfhusicyzs6t7p7rmvxqtva",
                "source_name": "Oracle-Linux-7.9-2024.01.23-0-OKE-1.28.2-679",
                "source_type": "IMAGE"
              },
              {
                "image_id": "ocid1.image.oc1.uk-london-1.aaaaaaaaekleu5ti4ljq3kuu54c6jbr7pqnhrydepjlpuzpanwyuxxwf66gq",
                "source_name": "Oracle-Linux-8.10-aarch64-2024.09.30-0",
                "source_type": "IMAGE"
              },
              {
                "image_id": "ocid1.image.oc1.uk-london-1.aaaaaaaabsw6zkc6cmgrpz2ackeauvi6prpnsrtqpdhmsc3iko5buzgyhuea",
                "source_name": "Oracle-Linux-8.10-aarch64-2024.08.29-0",
                "source_type": "IMAGE"
              },
              {
                "image_id": "ocid1.image.oc1.uk-london-1.aaaaaaaamk6y5y4wrqeodnzcvqqgpi4pgbm24udbp6eahneytfmk7jkbjaga",
                "source_name": "Oracle-Linux-8.10-aarch64-2024.07.31-0",
                "source_type": "IMAGE"
              },
              {
                "image_id": "ocid1.image.oc1.uk-london-1.aaaaaaaas2jhs25bwqzw4l3sp5zjjbpqbrqvgyf4dh36hq35o6hnm2oikw4q",
                "source_name": "Oracle-Linux-8.10-Gen2-GPU-2024.09.30-0",
                "source_type": "IMAGE"
              },
              {
                "image_id": "ocid1.image.oc1.uk-london-1.aaaaaaaallz4k6wlkhjnocbnwlq5pl225jqmhjmgzk34bmvsijyw6a55whxa",
                "source_name": "Oracle-Linux-8.10-Gen2-GPU-2024.08.29-0",
                "source_type": "IMAGE"
              },
              {
                "image_id": "ocid1.image.oc1.uk-london-1.aaaaaaaainerfturp756vlnbiqblmqunvdujnqizpsl5lcli4dc5rsuplcqa",
                "source_name": "Oracle-Linux-8.10-Gen2-GPU-2024.07.31-0",
                "source_type": "IMAGE"
              },
              {
                "image_id": "ocid1.image.oc1.uk-london-1.aaaaaaaal4pohavf73ywrrkqx4khcuyq2q6ef3ymxmoh3lv6maxgj5v65mma",
                "source_name": "Oracle-Linux-8.10-Gen2-AMD-GPU-2024.08.31-0",
                "source_type": "IMAGE"
              },
              {
                "image_id": "ocid1.image.oc1.uk-london-1.aaaaaaaayzqftcsgvgcy42rrmndmtjohkuvb2u4zdtb2u7sslae6fvuo3hfq",
                "source_name": "Oracle-Linux-8.10-2024.09.30-0",
                "source_type": "IMAGE"
              },
              {
                "image_id": "ocid1.image.oc1.uk-london-1.aaaaaaaa57jm4argiknslmszrrjtze4lijhxee7xvu4jeimyfzsdgz3qhqmq",
                "source_name": "Oracle-Linux-8.10-2024.08.29-0",
                "source_type": "IMAGE"
              },
              {
                "image_id": "ocid1.image.oc1.uk-london-1.aaaaaaaay6agryw3wg52ruxw56zns3azgwgki3ireaugsuhmfvfnjplxsrfa",
                "source_name": "Oracle-Linux-8.10-2024.07.31-0",
                "source_type": "IMAGE"
              },
              {
                "image_id": "ocid1.image.oc1.uk-london-1.aaaaaaaage6ui7aikzsl427pygrntq3q3pxgdxabnyuttjn3kbr7b74vwcfa",
                "source_name": "Oracle-Linux-7.9-aarch64-2024.09.30-0",
                "source_type": "IMAGE"
              },
              {
                "image_id": "ocid1.image.oc1.uk-london-1.aaaaaaaavituehbhsxrniuqxf3tfaeixu5aurzkwjfbljymueg3gebdj47rq",
                "source_name": "Oracle-Linux-7.9-aarch64-2024.08.29-0",
                "source_type": "IMAGE"
              },
              {
                "image_id": "ocid1.image.oc1.uk-london-1.aaaaaaaara5mwki2s5j2bx5uu5zyn7koftff6ogzeotdxfccn7mgdigvbgca",
                "source_name": "Oracle-Linux-7.9-aarch64-2024.07.31-0",
                "source_type": "IMAGE"
              },
              {
                "image_id": "ocid1.image.oc1.uk-london-1.aaaaaaaabczynuhh3x5seruxjpskuydudljjwcbp2shiqorsfs74y6oraa6a",
                "source_name": "Oracle-Linux-7.9-Gen2-GPU-2024.09.30-0",
                "source_type": "IMAGE"
              },
              {
                "image_id": "ocid1.image.oc1.uk-london-1.aaaaaaaamfteirems4dx3witf3uakctd42axg4pk4nyxun462veds36weiea",
                "source_name": "Oracle-Linux-7.9-Gen2-GPU-2024.08.29-0",
                "source_type": "IMAGE"
              },
              {
                "image_id": "ocid1.image.oc1.uk-london-1.aaaaaaaalyoj6v5lalodkg7chijg5v76vcncag42cr5vkgvsw2zqov7nhg5q",
                "source_name": "Oracle-Linux-7.9-Gen2-GPU-2024.07.31-0",
                "source_type": "IMAGE"
              },
              {
                "image_id": "ocid1.image.oc1.uk-london-1.aaaaaaaavtqxc4ylh73xwsnl5qpd7xkvjmcphtwpahbx46imb2yjvjjifb3q",
                "source_name": "Oracle-Linux-7.9-2024.09.30-0",
                "source_type": "IMAGE"
              },
              {
                "image_id": "ocid1.image.oc1.uk-london-1.aaaaaaaaijbtcdc2cxuctqurrf7bgvcstxcnjat57yorgvro2tmw4assjvwa",
                "source_name": "Oracle-Linux-7.9-2024.08.29-0",
                "source_type": "IMAGE"
              },
              {
                "image_id": "ocid1.image.oc1.uk-london-1.aaaaaaaao6ixb6uar7zbo5x4xrq5to3bg5spn2uhqobom2vru4z26xmtjwpa",
                "source_name": "Oracle-Linux-7.9-2024.07.31-0",
                "source_type": "IMAGE"
              },
              {
                "image_id": "ocid1.image.oc1.uk-london-1.aaaaaaaaahbkgd2yhw7yg6io76mbuwwtuk4monzpsr3r7nuiegttu5q75r6q",
                "source_name": "Oracle-Linux-7.6",
                "source_type": "IMAGE"
              }
            ]
          },
          "sensitive_attributes": []
        }
      ]
    },
    {
      "mode": "data",
      "type": "oci_core_images",
      "name": "node_pool_images",
      "provider": "provider[\"registry.terraform.io/oracle/oci\"]",
      "instances": [
        {
          "schema_version": 0,
          "attributes": {
            "compartment_id": "ocid1.tenancy.oc1..aaaaaaaay54k6twlomunmgr7g3uyk3wjsq2kainrtdxebcjqzvbxvqediuwa",
            "display_name": null,
            "filter": null,
            "id": "CoreImagesDataSource-3098119552",
            "images": [
              {
                "agent_features": [],
                "base_image_id": "",
                "billable_size_in_gbs": "6",
                "compartment_id": "",
                "create_image_allowed": true,
                "defined_tags": {},
                "display_name": "Oracle-Linux-8.10-2024.09.30-0",
                "freeform_tags": {},
                "id": "ocid1.image.oc1.uk-london-1.aaaaaaaayzqftcsgvgcy42rrmndmtjohkuvb2u4zdtb2u7sslae6fvuo3hfq",
                "image_source_details": [],
                "instance_id": "",
                "launch_mode": "NATIVE",
                "launch_options": [
                  {
                    "boot_volume_type": "PARAVIRTUALIZED",
                    "firmware": "UEFI_64",
                    "is_consistent_volume_naming_enabled": true,
                    "is_pv_encryption_in_transit_enabled": true,
                    "network_type": "PARAVIRTUALIZED",
                    "remote_data_volume_type": "PARAVIRTUALIZED"
                  }
                ],
                "listing_type": "",
                "operating_system": "Oracle Linux",
                "operating_system_version": "8",
                "size_in_mbs": "47719",
                "state": "AVAILABLE",
                "time_created": "2024-10-12 04:33:24.277 +0000 UTC"
              },
              {
                "agent_features": [],
                "base_image_id": "",
                "billable_size_in_gbs": "6",
                "compartment_id": "",
                "create_image_allowed": true,
                "defined_tags": {},
                "display_name": "Oracle-Linux-8.10-2024.08.29-0",
                "freeform_tags": {},
                "id": "ocid1.image.oc1.uk-london-1.aaaaaaaa57jm4argiknslmszrrjtze4lijhxee7xvu4jeimyfzsdgz3qhqmq",
                "image_source_details": [],
                "instance_id": "",
                "launch_mode": "NATIVE",
                "launch_options": [
                  {
                    "boot_volume_type": "PARAVIRTUALIZED",
                    "firmware": "UEFI_64",
                    "is_consistent_volume_naming_enabled": true,
                    "is_pv_encryption_in_transit_enabled": true,
                    "network_type": "PARAVIRTUALIZED",
                    "remote_data_volume_type": "PARAVIRTUALIZED"
                  }
                ],
                "listing_type": "",
                "operating_system": "Oracle Linux",
                "operating_system_version": "8",
                "size_in_mbs": "47719",
                "state": "AVAILABLE",
                "time_created": "2024-09-18 10:44:36.975 +0000 UTC"
              },
              {
                "agent_features": [],
                "base_image_id": "",
                "billable_size_in_gbs": "6",
                "compartment_id": "",
                "create_image_allowed": true,
                "defined_tags": {},
                "display_name": "Oracle-Linux-8.10-2024.07.31-0",
                "freeform_tags": {},
                "id": "ocid1.image.oc1.uk-london-1.aaaaaaaay6agryw3wg52ruxw56zns3azgwgki3ireaugsuhmfvfnjplxsrfa",
                "image_source_details": [],
                "instance_id": "",
                "launch_mode": "NATIVE",
                "launch_options": [
                  {
                    "boot_volume_type": "PARAVIRTUALIZED",
                    "firmware": "UEFI_64",
                    "is_consistent_volume_naming_enabled": true,
                    "is_pv_encryption_in_transit_enabled": true,
                    "network_type": "PARAVIRTUALIZED",
                    "remote_data_volume_type": "PARAVIRTUALIZED"
                  }
                ],
                "listing_type": "",
                "operating_system": "Oracle Linux",
                "operating_system_version": "8",
                "size_in_mbs": "47719",
                "state": "AVAILABLE",
                "time_created": "2024-08-16 18:35:54.187 +0000 UTC"
              }
            ],
            "operating_system": "Oracle Linux",
            "operating_system_version": "8",
            "shape": "VM.Standard.E3.Flex",
            "sort_by": "TIMECREATED",
            "sort_order": "DESC",
            "state": null
          },
          "sensitive_attributes": []
        }
      ]
    },
    {
      "mode": "data",
      "type": "oci_core_services",
      "name": "all_services",
      "provider": "provider[\"registry.terraform.io/oracle/oci\"]",
      "instances": [
        {
          "schema_version": 0,
          "attributes": {
            "filter": [
              {
                "name": "name",
                "regex": true,
                "values": [
                  "All .* Services In Oracle Services Network"
                ]
              }
            ],
            "id": "CoreServicesDataSource-0",
            "services": [
              {
                "cidr_block": "all-lhr-services-in-oracle-services-network",
                "description": "All LHR Services In Oracle Services Network",
                "id": "ocid1.service.oc1.uk-london-1.aaaaaaaatwg7f5mnzoapfunl66n2qkp4ormiykqk3hiwksum63gcyjk7ysla",
                "name": "All LHR Services In Oracle Services Network"
              }
            ]
          },
          "sensitive_attributes": []
        }
      ]
    },
    {
      "mode": "data",
      "type": "oci_identity_availability_domains",
      "name": "ADs",
      "provider": "provider[\"registry.terraform.io/oracle/oci\"]",
      "instances": [
        {
          "schema_version": 0,
          "attributes": {
            "availability_domains": [
              {
                "compartment_id": "ocid1.tenancy.oc1..aaaaaaaay54k6twlomunmgr7g3uyk3wjsq2kainrtdxebcjqzvbxvqediuwa",
                "id": "ocid1.availabilitydomain.oc1..aaaaaaaapjv4p3qtly2fesrig77q4tlmi3wvakeet6fskc7do2fmawz3xctq",
                "name": "yzFe:UK-LONDON-1-AD-1"
              },
              {
                "compartment_id": "ocid1.tenancy.oc1..aaaaaaaay54k6twlomunmgr7g3uyk3wjsq2kainrtdxebcjqzvbxvqediuwa",
                "id": "ocid1.availabilitydomain.oc1..aaaaaaaaw2i3i53quioaywmhx56ss5plwk7bmmeg2266lo7inilhbizeroua",
                "name": "yzFe:UK-LONDON-1-AD-2"
              },
              {
                "compartment_id": "ocid1.tenancy.oc1..aaaaaaaay54k6twlomunmgr7g3uyk3wjsq2kainrtdxebcjqzvbxvqediuwa",
                "id": "ocid1.availabilitydomain.oc1..aaaaaaaac6kgqnl5eberztbdm2ufhpxohk7cuelajmafpqa3m6rpri4tc2yq",
                "name": "yzFe:UK-LONDON-1-AD-3"
              }
            ],
            "compartment_id": "ocid1.tenancy.oc1..aaaaaaaay54k6twlomunmgr7g3uyk3wjsq2kainrtdxebcjqzvbxvqediuwa",
            "filter": null,
            "id": "IdentityAvailabilityDomainsDataSource-537278993"
          },
          "sensitive_attributes": []
        }
      ]
    },
    {
      "mode": "data",
      "type": "oci_identity_regions",
      "name": "current_region",
      "provider": "provider[\"registry.terraform.io/oracle/oci\"].current_region",
      "instances": [
        {
          "schema_version": 0,
          "attributes": {
            "filter": [
              {
                "name": "name",
                "regex": false,
                "values": [
                  "uk-london-1"
                ]
              }
            ],
            "id": "IdentityRegionsDataSource-0",
            "regions": [
              {
                "key": "LHR",
                "name": "uk-london-1"
              }
            ]
          },
          "sensitive_attributes": []
        }
      ]
    },
    {
      "mode": "data",
      "type": "oci_identity_regions",
      "name": "home_region",
      "provider": "provider[\"registry.terraform.io/oracle/oci\"].current_region",
      "instances": [
        {
          "schema_version": 0,
          "attributes": {
            "filter": [
              {
                "name": "key",
                "regex": false,
                "values": [
                  "LHR"
                ]
              }
            ],
            "id": "IdentityRegionsDataSource-0",
            "regions": [
              {
                "key": "LHR",
                "name": "uk-london-1"
              }
            ]
          },
          "sensitive_attributes": []
        }
      ]
    },
    {
      "mode": "data",
      "type": "oci_identity_tenancy",
      "name": "tenant_details",
      "provider": "provider[\"registry.terraform.io/oracle/oci\"].current_region",
      "instances": [
        {
          "schema_version": 0,
          "attributes": {
            "defined_tags": {},
            "description": "chaitanyasharma",
            "freeform_tags": {},
            "home_region_key": "LHR",
            "id": "ocid1.tenancy.oc1..aaaaaaaay54k6twlomunmgr7g3uyk3wjsq2kainrtdxebcjqzvbxvqediuwa",
            "name": "chaitanyasharma",
            "tenancy_id": "ocid1.tenancy.oc1..aaaaaaaay54k6twlomunmgr7g3uyk3wjsq2kainrtdxebcjqzvbxvqediuwa",
            "upi_idcs_compatibility_layer_endpoint": null
          },
          "sensitive_attributes": []
        }
      ]
    },
    {
      "mode": "data",
      "type": "oci_objectstorage_namespace",
      "name": "ns",
      "provider": "provider[\"registry.terraform.io/oracle/oci\"]",
      "instances": [
        {
          "schema_version": 0,
          "attributes": {
            "compartment_id": "ocid1.tenancy.oc1..aaaaaaaay54k6twlomunmgr7g3uyk3wjsq2kainrtdxebcjqzvbxvqediuwa",
            "id": "ObjectStorageNamespaceDataSource-537278993",
            "namespace": "lros2xgtla5r"
          },
          "sensitive_attributes": []
        }
      ]
    },
    {
      "mode": "data",
      "type": "template_file",
      "name": "oci-oke-deployment",
      "provider": "provider[\"registry.terraform.io/hashicorp/template\"]",
      "instances": [
        {
          "schema_version": 0,
          "attributes": {
            "filename": null,
            "id": "c9075597a8aa4e88b7e5d35d03ce08ad2b5117081fc11a0917468eb8759a6329",
            "rendered": "apiVersion: apps/v1\nkind: Deployment\nmetadata:\n  name: sample-oke-bg-app-deployment\nspec:\n  selector:\n    matchLabels:\n      app: sample-oke-bg-app\n  replicas: 3\n  template:\n    metadata:\n      labels:\n        app: sample-oke-bg-app\n    spec:\n      containers:\n        - name: sample-oke-bg-app\n          # enter the path to your image, be sure to include the correct region prefix\n          image: lhr.ocir.io/lros2xgtla5r/poc_sample_app_containerrepo_20af:${BUILDRUN_HASH}\n          imagePullPolicy: Always\n          ports:\n            - containerPort: 80\n              protocol: TCP\n          livenessProbe:\n            exec:\n              command:\n              - cat\n            initialDelaySeconds: 5\n            periodSeconds: 5\n          env:\n            - name: POD_NAMESPACE\n              valueFrom:\n                fieldRef:\n                  fieldPath: metadata.namespace\n\n---\napiVersion: v1\nkind: Service\nmetadata:\n  name: sample-oke-bg-app-service\n  annotations: \n    service.beta.kubernetes.io/oci-load-balancer-shape: \"10Mbps\"\nspec:\n  type: ClusterIP\n  ports:\n    - port: 8080\n      protocol: TCP\n      targetPort: 80\n  selector:\n    app: sample-oke-bg-app\n---\napiVersion: networking.k8s.io/v1\nkind: Ingress\nmetadata:\n  name: sample-oke-bg-app-ing\n  annotations:\n    kubernetes.io/ingress.class: \"nginx\"\nspec:\n  # tls:\n  # - secretName: tls-secret\n  rules:\n  - http:\n      paths:\n        - path: /\n          pathType: Prefix\n          backend:\n            service:\n              name: sample-oke-bg-app-service\n              port:\n                number: 8080",
            "template": "apiVersion: apps/v1\nkind: Deployment\nmetadata:\n  name: sample-oke-bg-app-deployment\nspec:\n  selector:\n    matchLabels:\n      app: sample-oke-bg-app\n  replicas: 3\n  template:\n    metadata:\n      labels:\n        app: sample-oke-bg-app\n    spec:\n      containers:\n        - name: sample-oke-bg-app\n          # enter the path to your image, be sure to include the correct region prefix\n          image: ${region}/${name}/${image}:${hash}\n          imagePullPolicy: Always\n          ports:\n            - containerPort: 80\n              protocol: TCP\n          livenessProbe:\n            exec:\n              command:\n              - cat\n            initialDelaySeconds: 5\n            periodSeconds: 5\n          env:\n            - name: POD_NAMESPACE\n              valueFrom:\n                fieldRef:\n                  fieldPath: metadata.namespace\n\n---\napiVersion: v1\nkind: Service\nmetadata:\n  name: sample-oke-bg-app-service\n  annotations: \n    service.beta.kubernetes.io/oci-load-balancer-shape: \"10Mbps\"\nspec:\n  type: ClusterIP\n  ports:\n    - port: 8080\n      protocol: TCP\n      targetPort: 80\n  selector:\n    app: sample-oke-bg-app\n---\napiVersion: networking.k8s.io/v1\nkind: Ingress\nmetadata:\n  name: sample-oke-bg-app-ing\n  annotations:\n    kubernetes.io/ingress.class: \"nginx\"\nspec:\n  # tls:\n  # - secretName: tls-secret\n  rules:\n  - http:\n      paths:\n        - path: /\n          pathType: Prefix\n          backend:\n            service:\n              name: sample-oke-bg-app-service\n              port:\n                number: 8080",
            "vars": {
              "hash": "${BUILDRUN_HASH}",
              "image": "poc_sample_app_containerrepo_20af",
              "name": "lros2xgtla5r",
              "namespace": "${namespace}",
              "region": "lhr.ocir.io"
            }
          },
          "sensitive_attributes": []
        }
      ]
    },
    {
      "mode": "managed",
      "type": "local_file",
      "name": "kubeconfig",
      "provider": "provider[\"registry.terraform.io/hashicorp/local\"]",
      "instances": [
        {
          "schema_version": 0,
          "attributes": {
            "content": "---\napiVersion: v1\nkind: \"\"\nclusters:\n- name: cluster-chs35m2y4kq\n  cluster:\n    server: https://143.47.233.185:6443\n    certificate-authority-data: LS0tLS1CRUdJTiBDRVJUSUZJQ0FURS0tLS0tCk1JSURpRENDQW5DZ0F3SUJBZ0lRVlBIV2ZULzN3NzVURGtJWnhKVnd0REFOQmdrcWhraUc5dzBCQVFzRkFEQmUKTVE4d0RRWURWUVFEREFaTE9ITWdRMEV4Q3pBSkJnTlZCQVlUQWxWVE1ROHdEUVlEVlFRSERBWkJkWE4wYVc0eApEekFOQmdOVkJBb01Cazl5WVdOc1pURU1NQW9HQTFVRUN3d0RUMk5wTVE0d0RBWURWUVFJREFWVVpYaGhjekFlCkZ3MHlOREV3TVRZeE5UQTRNVEphRncweU9URXdNVFl4TlRBNE1USmFNRjR4RHpBTkJnTlZCQU1NQmtzNGN5QkQKUVRFTE1Ba0dBMVVFQmhNQ1ZWTXhEekFOQmdOVkJBY01Ca0YxYzNScGJqRVBNQTBHQTFVRUNnd0dUM0poWTJ4bApNUXd3Q2dZRFZRUUxEQU5QWTJreERqQU1CZ05WQkFnTUJWUmxlR0Z6TUlJQklqQU5CZ2txaGtpRzl3MEJBUUVGCkFBT0NBUThBTUlJQkNnS0NBUUVBcklpS2tRSFUzMXdERDMwZlhRUVFWRzB2R3lzdUU1TlhRZDhNaTVVdEMwck0KUUNINEFOZG9YUm5pZEQ0UzlPY1dJMWcveVFzVmF1WWdpZVBvSFIrMXA5QjczSEtIS0h0MVYwTnZBTTgrSzdIUApndktWem1Hc04xQkRxMFc0VjQ2QWR1cGFIN3Q1T1k3QTNuSEc3UUJxc1VpMzZVb0xWaFplYzZqU2lBK29NRTNwCjVCVFI3QXdLWHdnZnFxUkREY1lvaEtMajc2dGZuMmRBZkVIalRIdVpwZTE5Z0Y5aUhiMFhISUdzNEVrRmNwbEQKeDhKMnQxWUVxcnVyK2YvU3VMRC8vaUZtYmV5T2tqMEZHanlsYzd0bW94ODVzeDhiQnF0aTR2bEpHcm5HdG9LRgo5eUE2UTAvRmxSRXQvcEo2QW9SbVc1RFJ5NkVxRGg1YnplN3VlV0ZwUXdJREFRQUJvMEl3UURBUEJnTlZIUk1CCkFmOEVCVEFEQVFIL01BNEdBMVVkRHdFQi93UUVBd0lCQmpBZEJnTlZIUTRFRmdRVStMMXFPb2NxTXhZQXZTd0MKaFRoSFVsZ3NHL1l3RFFZSktvWklodmNOQVFFTEJRQURnZ0VCQUZXcE1LTjRkUGwrbUZWV0ZpVnJmN21ZS0JnQQpnVENsV0pBcUMvVjNGR1Y0U0FYd09udWYxcXJ4SnZybGV3a0FxYXI5eWVrZ0o3Y2k2OU12NnIxQXdhQzFvSXNLClFnSEFObkVURUVlUXovbk5zVXI5ZEZmbkU4cms1WjAwclM3MXQ3THJCVEloYTE1cHNpK0s5d0FrMnVLdU5yQzAKL1YvQ1V3NUwxSkFNT0VzMVVUdDF0RkdSQklCdjU5ZGJBUk5IaFVObklTSzhzUm1ucWFRdkQrckJaQWZzeVBPcwpvdkxod1J0U2hWZFExdG4zZnlYWHArTDV0andoNWFjRnEyWEsxWWhqQzFBM2pGNmMxRUFrNkRPS2ZSMHBrbHhRCm9wMURFRW1yWGJ1RGg1aGdTcXB0WENieFdVcElhU1ZxWllranMrS3ZtQms0NTNmbGtjTUh1MGNtaHpFPQotLS0tLUVORCBDRVJUSUZJQ0FURS0tLS0tCg==\nusers:\n- name: user-chs35m2y4kq\n  user:\n    exec:\n      apiVersion: client.authentication.k8s.io/v1beta1\n      command: oci\n      args:\n      - ce\n      - cluster\n      - generate-token\n      - --cluster-id\n      - ocid1.cluster.oc1.uk-london-1.aaaaaaaamtord6mgm4e6iwlar2haqt2szkt2owos5yr23fplqchs35m2y4kq\n      - --region\n      - uk-london-1\n      env: []\ncontexts:\n- name: context-chs35m2y4kq\n  context:\n    cluster: cluster-chs35m2y4kq\n    user: user-chs35m2y4kq\ncurrent-context: context-chs35m2y4kq\n",
            "content_base64": null,
            "content_base64sha256": "9jGkY+uLwG4X07ofpJjp/Vv7rmfvOU4NJs8AaHUfC6I=",
            "content_base64sha512": "Vh0mfLG3xgwbp7e46vXEo4bZP23NBWZJ4UKm6pYgziaHRsL/dTJuWf9dC17NZNdm75J8MqX932mtKz73y8p/VQ==",
            "content_md5": "cd524230eb8b98c9bb820d7ef2e65daa",
            "content_sha1": "b3ed858abadfae805330758319f2beb055a134f4",
            "content_sha256": "f631a463eb8bc06e17d3ba1fa498e9fd5bfbae67ef394e0d26cf0068751f0ba2",
            "content_sha512": "561d267cb1b7c60c1ba7b7b8eaf5c4a386d93f6dcd056649e142a6ea9620ce268746c2ff75326e59ff5d0b5ecd64d766ef927c32a5fddf69ad2b3ef7cbca7f55",
            "directory_permission": "0777",
            "file_permission": "0777",
            "filename": "generated/kubeconfig",
            "id": "b3ed858abadfae805330758319f2beb055a134f4",
            "sensitive_content": null,
            "source": null
          },
          "sensitive_attributes": [],
          "dependencies": [
            "data.oci_containerengine_cluster_kube_config.oke_cluster_kube_config",
            "data.oci_containerengine_cluster_option.oke",
            "data.oci_core_services.all_services",
            "data.oci_identity_regions.home_region",
            "data.oci_identity_tenancy.tenant_details",
            "module.oci-oke.data.oci_core_services.AllOCIServices",
            "module.oci-oke.oci_containerengine_cluster.oci_oke_cluster",
            "module.oci-oke.oci_core_internet_gateway.oke_igw",
            "module.oci-oke.oci_core_nat_gateway.oke_natgw",
            "module.oci-oke.oci_core_route_table.oke_rt_via_igw",
            "module.oci-oke.oci_core_route_table.oke_rt_via_natgw_and_sg",
            "module.oci-oke.oci_core_security_list.oke_api_endpoint_subnet_sec_list",
            "module.oci-oke.oci_core_service_gateway.oke_sg",
            "module.oci-oke.oci_core_subnet.oke_api_endpoint_subnet",
            "module.oci-oke.oci_core_subnet.oke_lb_subnet",
            "module.oci-oke.oci_core_vcn.oke_vcn",
            "oci_core_internet_gateway.oke_internet_gateway",
            "oci_core_nat_gateway.oke_nat_gateway",
            "oci_core_route_table.oke_private_route_table",
            "oci_core_route_table.oke_public_route_table",
            "oci_core_security_list.oke_endpoint_security_list",
            "oci_core_security_list.oke_lb_security_list",
            "oci_core_service_gateway.oke_service_gateway",
            "oci_core_subnet.oke_k8s_endpoint_subnet",
            "oci_core_subnet.oke_lb_subnet",
            "oci_core_virtual_network.oke_vcn",
            "oci_identity_tag.ArchitectureCenterTag",
            "oci_identity_tag_namespace.ArchitectureCenterTagNamespace",
            "random_id.tag",
            "random_string.deploy_id"
          ]
        }
      ]
    },
    {
      "mode": "managed",
      "type": "null_resource",
      "name": "clonefromgithub",
      "provider": "provider[\"registry.terraform.io/hashicorp/null\"]",
      "instances": [
        {
          "schema_version": 0,
          "attributes": {
            "id": "7655672582589496664",
            "triggers": null
          },
          "sensitive_attributes": []
        }
      ]
    },
    {
      "mode": "managed",
      "type": "null_resource",
      "name": "clonerepo",
      "provider": "provider[\"registry.terraform.io/hashicorp/null\"]",
      "instances": [
        {
          "schema_version": 0,
          "attributes": {
            "id": "5961598818492867753",
            "triggers": null
          },
          "sensitive_attributes": [],
          "dependencies": [
            "data.oci_identity_regions.home_region",
            "data.oci_identity_tenancy.tenant_details",
            "data.oci_objectstorage_namespace.ns",
            "oci_devops_project.test_project",
            "oci_devops_repository.test_repository",
            "oci_identity_tag.ArchitectureCenterTag",
            "oci_identity_tag_namespace.ArchitectureCenterTagNamespace",
            "oci_ons_notification_topic.test_notification_topic",
            "random_id.tag",
            "random_string.deploy_id"
          ]
        }
      ]
    },
    {
      "mode": "managed",
      "type": "null_resource",
      "name": "copyfiles",
      "provider": "provider[\"registry.terraform.io/hashicorp/null\"]",
      "instances": [
        {
          "schema_version": 0,
          "attributes": {
            "id": "3114716708968557860",
            "triggers": null
          },
          "sensitive_attributes": [],
          "dependencies": [
            "data.oci_identity_regions.home_region",
            "data.oci_identity_tenancy.tenant_details",
            "data.oci_objectstorage_namespace.ns",
            "null_resource.clonerepo",
            "oci_devops_project.test_project",
            "oci_devops_repository.test_repository",
            "oci_identity_tag.ArchitectureCenterTag",
            "oci_identity_tag_namespace.ArchitectureCenterTagNamespace",
            "oci_ons_notification_topic.test_notification_topic",
            "random_id.tag",
            "random_string.deploy_id"
          ]
        }
      ]
    },
    {
      "mode": "managed",
      "type": "null_resource",
      "name": "oke_nginix_setup",
      "provider": "provider[\"registry.terraform.io/hashicorp/null\"]",
      "instances": [
        {
          "status": "tainted",
          "schema_version": 0,
          "attributes": {
            "id": "7043062120113430162",
            "triggers": null
          },
          "sensitive_attributes": [],
          "dependencies": [
            "data.oci_containerengine_cluster_option.oke",
            "data.oci_identity_availability_domains.ADs",
            "data.oci_identity_regions.home_region",
            "module.oci-oke.data.oci_containerengine_cluster_kube_config.KubeConfig",
            "module.oci-oke.data.oci_containerengine_cluster_option.oci_oke_cluster_option",
            "module.oci-oke.data.oci_containerengine_node_pool_option.oci_oke_node_pool_option",
            "module.oci-oke.data.oci_core_services.AllOCIServices",
            "module.oci-oke.data.oci_identity_availability_domains.AD",
            "module.oci-oke.data.oci_identity_availability_domains.ADs",
            "module.oci-oke.oci_containerengine_cluster.oci_oke_cluster",
            "module.oci-oke.oci_containerengine_node_pool.oci_oke_node_pool",
            "module.oci-oke.oci_core_internet_gateway.oke_igw",
            "module.oci-oke.oci_core_nat_gateway.oke_natgw",
            "module.oci-oke.oci_core_route_table.oke_rt_via_igw",
            "module.oci-oke.oci_core_route_table.oke_rt_via_natgw_and_sg",
            "module.oci-oke.oci_core_security_list.oke_api_endpoint_subnet_sec_list",
            "module.oci-oke.oci_core_security_list.oke_nodepool_subnet_sec_list",
            "module.oci-oke.oci_core_service_gateway.oke_sg",
            "module.oci-oke.oci_core_subnet.oke_api_endpoint_subnet",
            "module.oci-oke.oci_core_subnet.oke_lb_subnet",
            "module.oci-oke.oci_core_subnet.oke_nodepool_subnet",
            "module.oci-oke.oci_core_vcn.oke_vcn",
            "module.oci-oke.tls_private_key.public_private_key_pair",
            "oci_core_subnet.oke_k8s_endpoint_subnet",
            "oci_core_subnet.oke_lb_subnet",
            "oci_core_subnet.oke_nodes_subnet",
            "oci_core_virtual_network.oke_vcn",
            "oci_identity_tag.ArchitectureCenterTag",
            "oci_identity_tag_namespace.ArchitectureCenterTagNamespace",
            "random_string.deploy_id",
            "tls_private_key.oke_worker_node_ssh_key"
          ]
        }
      ]
    },
    {
      "mode": "managed",
      "type": "null_resource",
      "name": "pushcode",
      "provider": "provider[\"registry.terraform.io/hashicorp/null\"]",
      "instances": [
        {
          "schema_version": 0,
          "attributes": {
            "id": "2806221694888179470",
            "triggers": null
          },
          "sensitive_attributes": [],
          "dependencies": [
            "data.oci_identity_regions.home_region",
            "data.oci_identity_tenancy.tenant_details",
            "data.oci_objectstorage_namespace.ns",
            "null_resource.clonerepo",
            "null_resource.copyfiles",
            "oci_devops_project.test_project",
            "oci_devops_repository.test_repository",
            "oci_identity_tag.ArchitectureCenterTag",
            "oci_identity_tag_namespace.ArchitectureCenterTagNamespace",
            "oci_ons_notification_topic.test_notification_topic",
            "random_id.tag",
            "random_string.deploy_id"
          ]
        }
      ]
    },
    {
      "mode": "managed",
      "type": "oci_artifacts_container_repository",
      "name": "test_container_repository",
      "provider": "provider[\"registry.terraform.io/oracle/oci\"]",
      "instances": [
        {
          "schema_version": 0,
          "attributes": {
            "billable_size_in_gbs": "0",
            "compartment_id": "ocid1.tenancy.oc1..aaaaaaaay54k6twlomunmgr7g3uyk3wjsq2kainrtdxebcjqzvbxvqediuwa",
            "created_by": "ocid1.user.oc1..aaaaaaaafrosr6kax6lrs5ioe3htcjftuibpnwvod7mienq7hidpmxa55ntq",
            "defined_tags": {},
            "display_name": "poc_sample_app_containerrepo_20af",
            "freeform_tags": {},
            "id": "ocid1.containerrepo.oc1.uk-london-1.0.lros2xgtla5r.aaaaaaaafvgwqddgutjxjf5t62rghzcmyuvnpyjuypna4lxwhghhkmgpmvma",
            "image_count": 0,
            "is_immutable": false,
            "is_public": true,
            "layer_count": 0,
            "layers_size_in_bytes": "0",
            "namespace": "lros2xgtla5r",
            "readme": [],
            "state": "AVAILABLE",
            "system_tags": {},
            "time_created": "2024-10-16 15:05:33.048 +0000 UTC",
            "time_last_pushed": null,
            "timeouts": null
          },
          "sensitive_attributes": [],
          "private": "eyJlMmJmYjczMC1lY2FhLTExZTYtOGY4OC0zNDM2M2JjN2M0YzAiOnsiY3JlYXRlIjoxMjAwMDAwMDAwMDAwLCJkZWxldGUiOjEyMDAwMDAwMDAwMDAsInVwZGF0ZSI6MTIwMDAwMDAwMDAwMH19",
          "dependencies": [
            "random_id.tag"
          ]
        }
      ]
    },
    {
      "mode": "managed",
      "type": "oci_core_internet_gateway",
      "name": "oke_internet_gateway",
      "provider": "provider[\"registry.terraform.io/oracle/oci\"]",
      "instances": [
        {
          "index_key": 0,
          "schema_version": 0,
          "attributes": {
            "compartment_id": "ocid1.tenancy.oc1..aaaaaaaay54k6twlomunmgr7g3uyk3wjsq2kainrtdxebcjqzvbxvqediuwa",
            "defined_tags": {
              "ArchitectureCenter\\devops-bluegreen-deploy-oke-20af.release": "1.1"
            },
            "display_name": "oke-internet-gateway-tzwc",
            "enabled": true,
            "freeform_tags": {},
            "id": "ocid1.internetgateway.oc1.uk-london-1.aaaaaaaa7rq6uupeeplwpgehlugwden2cwfjyitt3pt636hjbeh3jwbn5g2q",
            "route_table_id": null,
            "state": "AVAILABLE",
            "time_created": "2024-10-16 15:07:45.03 +0000 UTC",
            "timeouts": null,
            "vcn_id": "ocid1.vcn.oc1.uk-london-1.amaaaaaawldo33ia4anmua2jpnx3iv2nvn4fcq3piafau4hhxu4c5wvjljqq"
          },
          "sensitive_attributes": [],
          "private": "eyJlMmJmYjczMC1lY2FhLTExZTYtOGY4OC0zNDM2M2JjN2M0YzAiOnsiY3JlYXRlIjoxMjAwMDAwMDAwMDAwLCJkZWxldGUiOjEyMDAwMDAwMDAwMDAsInVwZGF0ZSI6MTIwMDAwMDAwMDAwMH19",
          "dependencies": [
            "data.oci_identity_regions.home_region",
            "data.oci_identity_tenancy.tenant_details",
            "oci_core_virtual_network.oke_vcn",
            "oci_identity_tag.ArchitectureCenterTag",
            "oci_identity_tag_namespace.ArchitectureCenterTagNamespace",
            "random_id.tag",
            "random_string.deploy_id"
          ]
        }
      ]
    },
    {
      "mode": "managed",
      "type": "oci_core_nat_gateway",
      "name": "oke_nat_gateway",
      "provider": "provider[\"registry.terraform.io/oracle/oci\"]",
      "instances": [
        {
          "index_key": 0,
          "schema_version": 0,
          "attributes": {
            "block_traffic": false,
            "compartment_id": "ocid1.tenancy.oc1..aaaaaaaay54k6twlomunmgr7g3uyk3wjsq2kainrtdxebcjqzvbxvqediuwa",
            "defined_tags": {
              "ArchitectureCenter\\devops-bluegreen-deploy-oke-20af.release": "1.1"
            },
            "display_name": "oke-nat-gateway-tzwc",
            "freeform_tags": {},
            "id": "ocid1.natgateway.oc1.uk-london-1.aaaaaaaa6gjwq6fyicrc2e5bkvf67bimnvduyuvs5jjvqtegyvlde2bcwbcq",
            "nat_ip": "141.147.66.217",
            "public_ip_id": "ocid1.publicip.oc1.uk-london-1.aaaaaaaaor6y7orsmjbsuejz2pcoxcpkgfdljpdaauphahqsnvzqsr3yioaa",
            "route_table_id": null,
            "state": "AVAILABLE",
            "time_created": "2024-10-16 15:07:45.109 +0000 UTC",
            "timeouts": null,
            "vcn_id": "ocid1.vcn.oc1.uk-london-1.amaaaaaawldo33ia4anmua2jpnx3iv2nvn4fcq3piafau4hhxu4c5wvjljqq"
          },
          "sensitive_attributes": [],
          "private": "eyJlMmJmYjczMC1lY2FhLTExZTYtOGY4OC0zNDM2M2JjN2M0YzAiOnsiY3JlYXRlIjoxMjAwMDAwMDAwMDAwLCJkZWxldGUiOjEyMDAwMDAwMDAwMDAsInVwZGF0ZSI6MTIwMDAwMDAwMDAwMH19",
          "dependencies": [
            "data.oci_identity_regions.home_region",
            "data.oci_identity_tenancy.tenant_details",
            "oci_core_virtual_network.oke_vcn",
            "oci_identity_tag.ArchitectureCenterTag",
            "oci_identity_tag_namespace.ArchitectureCenterTagNamespace",
            "random_id.tag",
            "random_string.deploy_id"
          ]
        }
      ]
    },
    {
      "mode": "managed",
      "type": "oci_core_route_table",
      "name": "oke_private_route_table",
      "provider": "provider[\"registry.terraform.io/oracle/oci\"]",
      "instances": [
        {
          "index_key": 0,
          "schema_version": 0,
          "attributes": {
            "compartment_id": "ocid1.tenancy.oc1..aaaaaaaay54k6twlomunmgr7g3uyk3wjsq2kainrtdxebcjqzvbxvqediuwa",
            "defined_tags": {
              "ArchitectureCenter\\devops-bluegreen-deploy-oke-20af.release": "1.1"
            },
            "display_name": "oke-private-route-table-tzwc",
            "freeform_tags": {},
            "id": "ocid1.routetable.oc1.uk-london-1.aaaaaaaaj5o53djnkcaow6va6c2apv6stlrs5bpdxu23kfmtktif3jjnocya",
            "route_rules": [
              {
                "cidr_block": "",
                "description": "Traffic to OCI services",
                "destination": "all-lhr-services-in-oracle-services-network",
                "destination_type": "SERVICE_CIDR_BLOCK",
                "network_entity_id": "ocid1.servicegateway.oc1.uk-london-1.aaaaaaaal7q3pvloxk3me3pnb5hdpmih7qybxkz6rke7haia5ffemb7y3d3q",
                "route_type": ""
              },
              {
                "cidr_block": "",
                "description": "Traffic to the internet",
                "destination": "0.0.0.0/0",
                "destination_type": "CIDR_BLOCK",
                "network_entity_id": "ocid1.natgateway.oc1.uk-london-1.aaaaaaaa6gjwq6fyicrc2e5bkvf67bimnvduyuvs5jjvqtegyvlde2bcwbcq",
                "route_type": ""
              }
            ],
            "state": "AVAILABLE",
            "time_created": "2024-10-16 15:07:47.622 +0000 UTC",
            "timeouts": null,
            "vcn_id": "ocid1.vcn.oc1.uk-london-1.amaaaaaawldo33ia4anmua2jpnx3iv2nvn4fcq3piafau4hhxu4c5wvjljqq"
          },
          "sensitive_attributes": [],
          "private": "eyJlMmJmYjczMC1lY2FhLTExZTYtOGY4OC0zNDM2M2JjN2M0YzAiOnsiY3JlYXRlIjoxMjAwMDAwMDAwMDAwLCJkZWxldGUiOjEyMDAwMDAwMDAwMDAsInVwZGF0ZSI6MTIwMDAwMDAwMDAwMH19",
          "dependencies": [
            "data.oci_core_services.all_services",
            "data.oci_identity_regions.home_region",
            "data.oci_identity_tenancy.tenant_details",
            "oci_core_nat_gateway.oke_nat_gateway",
            "oci_core_service_gateway.oke_service_gateway",
            "oci_core_virtual_network.oke_vcn",
            "oci_identity_tag.ArchitectureCenterTag",
            "oci_identity_tag_namespace.ArchitectureCenterTagNamespace",
            "random_id.tag",
            "random_string.deploy_id"
          ]
        }
      ]
    },
    {
      "mode": "managed",
      "type": "oci_core_route_table",
      "name": "oke_public_route_table",
      "provider": "provider[\"registry.terraform.io/oracle/oci\"]",
      "instances": [
        {
          "index_key": 0,
          "schema_version": 0,
          "attributes": {
            "compartment_id": "ocid1.tenancy.oc1..aaaaaaaay54k6twlomunmgr7g3uyk3wjsq2kainrtdxebcjqzvbxvqediuwa",
            "defined_tags": {
              "ArchitectureCenter\\devops-bluegreen-deploy-oke-20af.release": "1.1"
            },
            "display_name": "oke-public-route-table-tzwc",
            "freeform_tags": {},
            "id": "ocid1.routetable.oc1.uk-london-1.aaaaaaaaioq24tdkhjliu4xxysdtw7idok6aymqzwrtgptdqnhjx4map7dsa",
            "route_rules": [
              {
                "cidr_block": "",
                "description": "Traffic to/from internet",
                "destination": "0.0.0.0/0",
                "destination_type": "CIDR_BLOCK",
                "network_entity_id": "ocid1.internetgateway.oc1.uk-london-1.aaaaaaaa7rq6uupeeplwpgehlugwden2cwfjyitt3pt636hjbeh3jwbn5g2q",
                "route_type": ""
              }
            ],
            "state": "AVAILABLE",
            "time_created": "2024-10-16 15:07:45.47 +0000 UTC",
            "timeouts": null,
            "vcn_id": "ocid1.vcn.oc1.uk-london-1.amaaaaaawldo33ia4anmua2jpnx3iv2nvn4fcq3piafau4hhxu4c5wvjljqq"
          },
          "sensitive_attributes": [],
          "private": "eyJlMmJmYjczMC1lY2FhLTExZTYtOGY4OC0zNDM2M2JjN2M0YzAiOnsiY3JlYXRlIjoxMjAwMDAwMDAwMDAwLCJkZWxldGUiOjEyMDAwMDAwMDAwMDAsInVwZGF0ZSI6MTIwMDAwMDAwMDAwMH19",
          "dependencies": [
            "data.oci_identity_regions.home_region",
            "data.oci_identity_tenancy.tenant_details",
            "oci_core_internet_gateway.oke_internet_gateway",
            "oci_core_virtual_network.oke_vcn",
            "oci_identity_tag.ArchitectureCenterTag",
            "oci_identity_tag_namespace.ArchitectureCenterTagNamespace",
            "random_id.tag",
            "random_string.deploy_id"
          ]
        }
      ]
    },
    {
      "mode": "managed",
      "type": "oci_core_security_list",
      "name": "oke_endpoint_security_list",
      "provider": "provider[\"registry.terraform.io/oracle/oci\"]",
      "instances": [
        {
          "index_key": 0,
          "schema_version": 0,
          "attributes": {
            "compartment_id": "ocid1.tenancy.oc1..aaaaaaaay54k6twlomunmgr7g3uyk3wjsq2kainrtdxebcjqzvbxvqediuwa",
            "defined_tags": {
              "ArchitectureCenter\\devops-bluegreen-deploy-oke-20af.release": "1.1"
            },
            "display_name": "oke-k8s-api-endpoint-seclist-tzwc",
            "egress_security_rules": [
              {
                "description": "All traffic to worker nodes",
                "destination": "10.20.10.0/24",
                "destination_type": "CIDR_BLOCK",
                "icmp_options": [],
                "protocol": "6",
                "stateless": false,
                "tcp_options": [],
                "udp_options": []
              },
              {
                "description": "Allow Kubernetes Control Plane to communicate with OKE",
                "destination": "all-lhr-services-in-oracle-services-network",
                "destination_type": "SERVICE_CIDR_BLOCK",
                "icmp_options": [],
                "protocol": "6",
                "stateless": false,
                "tcp_options": [
                  {
                    "max": 443,
                    "min": 443,
                    "source_port_range": []
                  }
                ],
                "udp_options": []
              },
              {
                "description": "Path discovery",
                "destination": "10.20.10.0/24",
                "destination_type": "CIDR_BLOCK",
                "icmp_options": [
                  {
                    "code": 4,
                    "type": 3
                  }
                ],
                "protocol": "1",
                "stateless": false,
                "tcp_options": [],
                "udp_options": []
              }
            ],
            "freeform_tags": {},
            "id": "ocid1.securitylist.oc1.uk-london-1.aaaaaaaadnhac5q7brbwm3w24wkmj72zhduhjeiiszsvozttbqd5qavub24q",
            "ingress_security_rules": [
              {
                "description": "External access to Kubernetes API endpoint",
                "icmp_options": [],
                "protocol": "6",
                "source": "0.0.0.0/0",
                "source_type": "CIDR_BLOCK",
                "stateless": false,
                "tcp_options": [
                  {
                    "max": 6443,
                    "min": 6443,
                    "source_port_range": []
                  }
                ],
                "udp_options": []
              },
              {
                "description": "Kubernetes worker to Kubernetes API endpoint communication",
                "icmp_options": [],
                "protocol": "6",
                "source": "10.20.10.0/24",
                "source_type": "CIDR_BLOCK",
                "stateless": false,
                "tcp_options": [
                  {
                    "max": 6443,
                    "min": 6443,
                    "source_port_range": []
                  }
                ],
                "udp_options": []
              },
              {
                "description": "Kubernetes worker to control plane communication",
                "icmp_options": [],
                "protocol": "6",
                "source": "10.20.10.0/24",
                "source_type": "CIDR_BLOCK",
                "stateless": false,
                "tcp_options": [
                  {
                    "max": 12250,
                    "min": 12250,
                    "source_port_range": []
                  }
                ],
                "udp_options": []
              },
              {
                "description": "Path discovery",
                "icmp_options": [
                  {
                    "code": 4,
                    "type": 3
                  }
                ],
                "protocol": "1",
                "source": "10.20.10.0/24",
                "source_type": "CIDR_BLOCK",
                "stateless": false,
                "tcp_options": [],
                "udp_options": []
              }
            ],
            "state": "AVAILABLE",
            "time_created": "2024-10-16 15:07:45.014 +0000 UTC",
            "timeouts": null,
            "vcn_id": "ocid1.vcn.oc1.uk-london-1.amaaaaaawldo33ia4anmua2jpnx3iv2nvn4fcq3piafau4hhxu4c5wvjljqq"
          },
          "sensitive_attributes": [],
          "private": "eyJlMmJmYjczMC1lY2FhLTExZTYtOGY4OC0zNDM2M2JjN2M0YzAiOnsiY3JlYXRlIjoxMjAwMDAwMDAwMDAwLCJkZWxldGUiOjEyMDAwMDAwMDAwMDAsInVwZGF0ZSI6MTIwMDAwMDAwMDAwMH19",
          "dependencies": [
            "data.oci_core_services.all_services",
            "data.oci_identity_regions.home_region",
            "data.oci_identity_tenancy.tenant_details",
            "oci_core_virtual_network.oke_vcn",
            "oci_identity_tag.ArchitectureCenterTag",
            "oci_identity_tag_namespace.ArchitectureCenterTagNamespace",
            "random_id.tag",
            "random_string.deploy_id"
          ]
        }
      ]
    },
    {
      "mode": "managed",
      "type": "oci_core_security_list",
      "name": "oke_lb_security_list",
      "provider": "provider[\"registry.terraform.io/oracle/oci\"]",
      "instances": [
        {
          "index_key": 0,
          "schema_version": 0,
          "attributes": {
            "compartment_id": "ocid1.tenancy.oc1..aaaaaaaay54k6twlomunmgr7g3uyk3wjsq2kainrtdxebcjqzvbxvqediuwa",
            "defined_tags": {
              "ArchitectureCenter\\devops-bluegreen-deploy-oke-20af.release": "1.1"
            },
            "display_name": "oke-lb-seclist-tzwc",
            "egress_security_rules": [],
            "freeform_tags": {},
            "id": "ocid1.securitylist.oc1.uk-london-1.aaaaaaaan3t7gr2r2f2gsixqh6pej2ozacmpwuxe5a3xphexq76lqxddvb2q",
            "ingress_security_rules": [],
            "state": "AVAILABLE",
            "time_created": "2024-10-16 15:07:45.036 +0000 UTC",
            "timeouts": null,
            "vcn_id": "ocid1.vcn.oc1.uk-london-1.amaaaaaawldo33ia4anmua2jpnx3iv2nvn4fcq3piafau4hhxu4c5wvjljqq"
          },
          "sensitive_attributes": [],
          "private": "eyJlMmJmYjczMC1lY2FhLTExZTYtOGY4OC0zNDM2M2JjN2M0YzAiOnsiY3JlYXRlIjoxMjAwMDAwMDAwMDAwLCJkZWxldGUiOjEyMDAwMDAwMDAwMDAsInVwZGF0ZSI6MTIwMDAwMDAwMDAwMH19",
          "dependencies": [
            "data.oci_identity_regions.home_region",
            "data.oci_identity_tenancy.tenant_details",
            "oci_core_virtual_network.oke_vcn",
            "oci_identity_tag.ArchitectureCenterTag",
            "oci_identity_tag_namespace.ArchitectureCenterTagNamespace",
            "random_id.tag",
            "random_string.deploy_id"
          ]
        }
      ]
    },
    {
      "mode": "managed",
      "type": "oci_core_security_list",
      "name": "oke_nodes_security_list",
      "provider": "provider[\"registry.terraform.io/oracle/oci\"]",
      "instances": [
        {
          "index_key": 0,
          "schema_version": 0,
          "attributes": {
            "compartment_id": "ocid1.tenancy.oc1..aaaaaaaay54k6twlomunmgr7g3uyk3wjsq2kainrtdxebcjqzvbxvqediuwa",
            "defined_tags": {
              "ArchitectureCenter\\devops-bluegreen-deploy-oke-20af.release": "1.1"
            },
            "display_name": "oke-nodes-wkr-seclist-tzwc",
            "egress_security_rules": [
              {
                "description": "Access to Kubernetes API Endpoint",
                "destination": "10.20.0.0/28",
                "destination_type": "CIDR_BLOCK",
                "icmp_options": [],
                "protocol": "6",
                "stateless": false,
                "tcp_options": [
                  {
                    "max": 6443,
                    "min": 6443,
                    "source_port_range": []
                  }
                ],
                "udp_options": []
              },
              {
                "description": "Allow nodes to communicate with OKE to ensure correct start-up and continued functioning",
                "destination": "all-lhr-services-in-oracle-services-network",
                "destination_type": "SERVICE_CIDR_BLOCK",
                "icmp_options": [],
                "protocol": "6",
                "stateless": false,
                "tcp_options": [
                  {
                    "max": 443,
                    "min": 443,
                    "source_port_range": []
                  }
                ],
                "udp_options": []
              },
              {
                "description": "Allow pods on one worker node to communicate with pods on other worker nodes",
                "destination": "10.20.10.0/24",
                "destination_type": "CIDR_BLOCK",
                "icmp_options": [],
                "protocol": "all",
                "stateless": false,
                "tcp_options": [],
                "udp_options": []
              },
              {
                "description": "ICMP Access from Kubernetes Control Plane",
                "destination": "0.0.0.0/0",
                "destination_type": "CIDR_BLOCK",
                "icmp_options": [
                  {
                    "code": 4,
                    "type": 3
                  }
                ],
                "protocol": "1",
                "stateless": false,
                "tcp_options": [],
                "udp_options": []
              },
              {
                "description": "Kubernetes worker to control plane communication",
                "destination": "10.20.0.0/28",
                "destination_type": "CIDR_BLOCK",
                "icmp_options": [],
                "protocol": "6",
                "stateless": false,
                "tcp_options": [
                  {
                    "max": 12250,
                    "min": 12250,
                    "source_port_range": []
                  }
                ],
                "udp_options": []
              },
              {
                "description": "Path discovery",
                "destination": "10.20.0.0/28",
                "destination_type": "CIDR_BLOCK",
                "icmp_options": [
                  {
                    "code": 4,
                    "type": 3
                  }
                ],
                "protocol": "1",
                "stateless": false,
                "tcp_options": [],
                "udp_options": []
              },
              {
                "description": "Worker Nodes access to Internet",
                "destination": "0.0.0.0/0",
                "destination_type": "CIDR_BLOCK",
                "icmp_options": [],
                "protocol": "all",
                "stateless": false,
                "tcp_options": [],
                "udp_options": []
              }
            ],
            "freeform_tags": {},
            "id": "ocid1.securitylist.oc1.uk-london-1.aaaaaaaafflfhbuwbsbfzcerrdm6p5po6ybh4rgqhx5ywxatp4uxjjkhp7sa",
            "ingress_security_rules": [
              {
                "description": "Allow pods on one worker node to communicate with pods on other worker nodes",
                "icmp_options": [],
                "protocol": "all",
                "source": "10.20.10.0/24",
                "source_type": "CIDR_BLOCK",
                "stateless": false,
                "tcp_options": [],
                "udp_options": []
              },
              {
                "description": "Inbound SSH traffic to worker nodes",
                "icmp_options": [],
                "protocol": "6",
                "source": "10.20.0.0/16",
                "source_type": "CIDR_BLOCK",
                "stateless": false,
                "tcp_options": [
                  {
                    "max": 22,
                    "min": 22,
                    "source_port_range": []
                  }
                ],
                "udp_options": []
              },
              {
                "description": "Path discovery",
                "icmp_options": [
                  {
                    "code": 4,
                    "type": 3
                  }
                ],
                "protocol": "1",
                "source": "10.20.0.0/28",
                "source_type": "CIDR_BLOCK",
                "stateless": false,
                "tcp_options": [],
                "udp_options": []
              },
              {
                "description": "TCP access from Kubernetes Control Plane",
                "icmp_options": [],
                "protocol": "6",
                "source": "10.20.0.0/28",
                "source_type": "CIDR_BLOCK",
                "stateless": false,
                "tcp_options": [],
                "udp_options": []
              }
            ],
            "state": "AVAILABLE",
            "time_created": "2024-10-16 15:07:45.073 +0000 UTC",
            "timeouts": null,
            "vcn_id": "ocid1.vcn.oc1.uk-london-1.amaaaaaawldo33ia4anmua2jpnx3iv2nvn4fcq3piafau4hhxu4c5wvjljqq"
          },
          "sensitive_attributes": [],
          "private": "eyJlMmJmYjczMC1lY2FhLTExZTYtOGY4OC0zNDM2M2JjN2M0YzAiOnsiY3JlYXRlIjoxMjAwMDAwMDAwMDAwLCJkZWxldGUiOjEyMDAwMDAwMDAwMDAsInVwZGF0ZSI6MTIwMDAwMDAwMDAwMH19",
          "dependencies": [
            "data.oci_core_services.all_services",
            "data.oci_identity_regions.home_region",
            "data.oci_identity_tenancy.tenant_details",
            "oci_core_virtual_network.oke_vcn",
            "oci_identity_tag.ArchitectureCenterTag",
            "oci_identity_tag_namespace.ArchitectureCenterTagNamespace",
            "random_id.tag",
            "random_string.deploy_id"
          ]
        }
      ]
    },
    {
      "mode": "managed",
      "type": "oci_core_service_gateway",
      "name": "oke_service_gateway",
      "provider": "provider[\"registry.terraform.io/oracle/oci\"]",
      "instances": [
        {
          "index_key": 0,
          "schema_version": 0,
          "attributes": {
            "block_traffic": false,
            "compartment_id": "ocid1.tenancy.oc1..aaaaaaaay54k6twlomunmgr7g3uyk3wjsq2kainrtdxebcjqzvbxvqediuwa",
            "defined_tags": {
              "ArchitectureCenter\\devops-bluegreen-deploy-oke-20af.release": "1.1"
            },
            "display_name": "oke-service-gateway-tzwc",
            "freeform_tags": {},
            "id": "ocid1.servicegateway.oc1.uk-london-1.aaaaaaaal7q3pvloxk3me3pnb5hdpmih7qybxkz6rke7haia5ffemb7y3d3q",
            "route_table_id": null,
            "services": [
              {
                "service_id": "ocid1.service.oc1.uk-london-1.aaaaaaaatwg7f5mnzoapfunl66n2qkp4ormiykqk3hiwksum63gcyjk7ysla",
                "service_name": "All LHR Services In Oracle Services Network"
              }
            ],
            "state": "AVAILABLE",
            "time_created": "2024-10-16 15:07:46.894 +0000 UTC",
            "timeouts": null,
            "vcn_id": "ocid1.vcn.oc1.uk-london-1.amaaaaaawldo33ia4anmua2jpnx3iv2nvn4fcq3piafau4hhxu4c5wvjljqq"
          },
          "sensitive_attributes": [],
          "private": "eyJlMmJmYjczMC1lY2FhLTExZTYtOGY4OC0zNDM2M2JjN2M0YzAiOnsiY3JlYXRlIjoxMjAwMDAwMDAwMDAwLCJkZWxldGUiOjEyMDAwMDAwMDAwMDAsInVwZGF0ZSI6MTIwMDAwMDAwMDAwMH19",
          "dependencies": [
            "data.oci_core_services.all_services",
            "data.oci_identity_regions.home_region",
            "data.oci_identity_tenancy.tenant_details",
            "oci_core_virtual_network.oke_vcn",
            "oci_identity_tag.ArchitectureCenterTag",
            "oci_identity_tag_namespace.ArchitectureCenterTagNamespace",
            "random_id.tag",
            "random_string.deploy_id"
          ]
        }
      ]
    },
    {
      "mode": "managed",
      "type": "oci_core_subnet",
      "name": "oke_k8s_endpoint_subnet",
      "provider": "provider[\"registry.terraform.io/oracle/oci\"]",
      "instances": [
        {
          "index_key": 0,
          "schema_version": 0,
          "attributes": {
            "availability_domain": null,
            "cidr_block": "10.20.0.0/28",
            "compartment_id": "ocid1.tenancy.oc1..aaaaaaaay54k6twlomunmgr7g3uyk3wjsq2kainrtdxebcjqzvbxvqediuwa",
            "defined_tags": {
              "ArchitectureCenter\\devops-bluegreen-deploy-oke-20af.release": "1.1"
            },
            "dhcp_options_id": "ocid1.dhcpoptions.oc1.uk-london-1.aaaaaaaaujjzn7czix5tylzfnprvmo4tbkqxkcdep7526y5gvyy2p6i4akda",
            "display_name": "oke-k8s-endpoint-subnet-tzwc",
            "dns_label": "okek8sntzwc",
            "freeform_tags": {},
            "id": "ocid1.subnet.oc1.uk-london-1.aaaaaaaahn2ww7g4g7hmsdyiolce46zvm4uiljom4tbsc4huueuk5q6craqq",
            "ipv6cidr_block": null,
            "ipv6cidr_blocks": [],
            "ipv6virtual_router_ip": null,
            "prohibit_internet_ingress": false,
            "prohibit_public_ip_on_vnic": false,
            "route_table_id": "ocid1.routetable.oc1.uk-london-1.aaaaaaaaioq24tdkhjliu4xxysdtw7idok6aymqzwrtgptdqnhjx4map7dsa",
            "security_list_ids": [
              "ocid1.securitylist.oc1.uk-london-1.aaaaaaaadnhac5q7brbwm3w24wkmj72zhduhjeiiszsvozttbqd5qavub24q"
            ],
            "state": "AVAILABLE",
            "subnet_domain_name": "okek8sntzwc.oketzwc.oraclevcn.com",
            "time_created": "2024-10-16 15:07:48.292 +0000 UTC",
            "timeouts": null,
            "vcn_id": "ocid1.vcn.oc1.uk-london-1.amaaaaaawldo33ia4anmua2jpnx3iv2nvn4fcq3piafau4hhxu4c5wvjljqq",
            "virtual_router_ip": "10.20.0.1",
            "virtual_router_mac": "00:00:17:D4:E3:4F"
          },
          "sensitive_attributes": [],
          "private": "eyJlMmJmYjczMC1lY2FhLTExZTYtOGY4OC0zNDM2M2JjN2M0YzAiOnsiY3JlYXRlIjoxMjAwMDAwMDAwMDAwLCJkZWxldGUiOjEyMDAwMDAwMDAwMDAsInVwZGF0ZSI6MTIwMDAwMDAwMDAwMH19",
          "dependencies": [
            "data.oci_core_services.all_services",
            "data.oci_identity_regions.home_region",
            "data.oci_identity_tenancy.tenant_details",
            "oci_core_internet_gateway.oke_internet_gateway",
            "oci_core_nat_gateway.oke_nat_gateway",
            "oci_core_route_table.oke_private_route_table",
            "oci_core_route_table.oke_public_route_table",
            "oci_core_security_list.oke_endpoint_security_list",
            "oci_core_service_gateway.oke_service_gateway",
            "oci_core_virtual_network.oke_vcn",
            "oci_identity_tag.ArchitectureCenterTag",
            "oci_identity_tag_namespace.ArchitectureCenterTagNamespace",
            "random_id.tag",
            "random_string.deploy_id"
          ]
        }
      ]
    },
    {
      "mode": "managed",
      "type": "oci_core_subnet",
      "name": "oke_lb_subnet",
      "provider": "provider[\"registry.terraform.io/oracle/oci\"]",
      "instances": [
        {
          "index_key": 0,
          "schema_version": 0,
          "attributes": {
            "availability_domain": null,
            "cidr_block": "10.20.20.0/24",
            "compartment_id": "ocid1.tenancy.oc1..aaaaaaaay54k6twlomunmgr7g3uyk3wjsq2kainrtdxebcjqzvbxvqediuwa",
            "defined_tags": {
              "ArchitectureCenter\\devops-bluegreen-deploy-oke-20af.release": "1.1"
            },
            "dhcp_options_id": "ocid1.dhcpoptions.oc1.uk-london-1.aaaaaaaaujjzn7czix5tylzfnprvmo4tbkqxkcdep7526y5gvyy2p6i4akda",
            "display_name": "oke-lb-subnet-tzwc",
            "dns_label": "okelbsntzwc",
            "freeform_tags": {},
            "id": "ocid1.subnet.oc1.uk-london-1.aaaaaaaag4ehmjbkc3yto74wgt7tv4xhydqkwori6ifjo4rqwmoewzywtp6a",
            "ipv6cidr_block": null,
            "ipv6cidr_blocks": [],
            "ipv6virtual_router_ip": null,
            "prohibit_internet_ingress": false,
            "prohibit_public_ip_on_vnic": false,
            "route_table_id": "ocid1.routetable.oc1.uk-london-1.aaaaaaaaioq24tdkhjliu4xxysdtw7idok6aymqzwrtgptdqnhjx4map7dsa",
            "security_list_ids": [
              "ocid1.securitylist.oc1.uk-london-1.aaaaaaaan3t7gr2r2f2gsixqh6pej2ozacmpwuxe5a3xphexq76lqxddvb2q"
            ],
            "state": "AVAILABLE",
            "subnet_domain_name": "okelbsntzwc.oketzwc.oraclevcn.com",
            "time_created": "2024-10-16 15:07:45.916 +0000 UTC",
            "timeouts": null,
            "vcn_id": "ocid1.vcn.oc1.uk-london-1.amaaaaaawldo33ia4anmua2jpnx3iv2nvn4fcq3piafau4hhxu4c5wvjljqq",
            "virtual_router_ip": "10.20.20.1",
            "virtual_router_mac": "00:00:17:D4:E3:4F"
          },
          "sensitive_attributes": [],
          "private": "eyJlMmJmYjczMC1lY2FhLTExZTYtOGY4OC0zNDM2M2JjN2M0YzAiOnsiY3JlYXRlIjoxMjAwMDAwMDAwMDAwLCJkZWxldGUiOjEyMDAwMDAwMDAwMDAsInVwZGF0ZSI6MTIwMDAwMDAwMDAwMH19",
          "dependencies": [
            "data.oci_identity_regions.home_region",
            "data.oci_identity_tenancy.tenant_details",
            "oci_core_internet_gateway.oke_internet_gateway",
            "oci_core_route_table.oke_public_route_table",
            "oci_core_security_list.oke_lb_security_list",
            "oci_core_virtual_network.oke_vcn",
            "oci_identity_tag.ArchitectureCenterTag",
            "oci_identity_tag_namespace.ArchitectureCenterTagNamespace",
            "random_id.tag",
            "random_string.deploy_id"
          ]
        }
      ]
    },
    {
      "mode": "managed",
      "type": "oci_core_subnet",
      "name": "oke_nodes_subnet",
      "provider": "provider[\"registry.terraform.io/oracle/oci\"]",
      "instances": [
        {
          "index_key": 0,
          "schema_version": 0,
          "attributes": {
            "availability_domain": null,
            "cidr_block": "10.20.10.0/24",
            "compartment_id": "ocid1.tenancy.oc1..aaaaaaaay54k6twlomunmgr7g3uyk3wjsq2kainrtdxebcjqzvbxvqediuwa",
            "defined_tags": {
              "ArchitectureCenter\\devops-bluegreen-deploy-oke-20af.release": "1.1"
            },
            "dhcp_options_id": "ocid1.dhcpoptions.oc1.uk-london-1.aaaaaaaaujjzn7czix5tylzfnprvmo4tbkqxkcdep7526y5gvyy2p6i4akda",
            "display_name": "oke-nodes-subnet-tzwc",
            "dns_label": "okenodesntzwc",
            "freeform_tags": {},
            "id": "ocid1.subnet.oc1.uk-london-1.aaaaaaaacsgodgvn3tisdabiiopa7rkrwfk2pazkucpgafxhd6gbeyisqhrq",
            "ipv6cidr_block": null,
            "ipv6cidr_blocks": [],
            "ipv6virtual_router_ip": null,
            "prohibit_internet_ingress": true,
            "prohibit_public_ip_on_vnic": true,
            "route_table_id": "ocid1.routetable.oc1.uk-london-1.aaaaaaaaj5o53djnkcaow6va6c2apv6stlrs5bpdxu23kfmtktif3jjnocya",
            "security_list_ids": [
              "ocid1.securitylist.oc1.uk-london-1.aaaaaaaafflfhbuwbsbfzcerrdm6p5po6ybh4rgqhx5ywxatp4uxjjkhp7sa"
            ],
            "state": "AVAILABLE",
            "subnet_domain_name": "okenodesntzwc.oketzwc.oraclevcn.com",
            "time_created": "2024-10-16 15:07:48.085 +0000 UTC",
            "timeouts": null,
            "vcn_id": "ocid1.vcn.oc1.uk-london-1.amaaaaaawldo33ia4anmua2jpnx3iv2nvn4fcq3piafau4hhxu4c5wvjljqq",
            "virtual_router_ip": "10.20.10.1",
            "virtual_router_mac": "00:00:17:D4:E3:4F"
          },
          "sensitive_attributes": [],
          "private": "eyJlMmJmYjczMC1lY2FhLTExZTYtOGY4OC0zNDM2M2JjN2M0YzAiOnsiY3JlYXRlIjoxMjAwMDAwMDAwMDAwLCJkZWxldGUiOjEyMDAwMDAwMDAwMDAsInVwZGF0ZSI6MTIwMDAwMDAwMDAwMH19",
          "dependencies": [
            "data.oci_core_services.all_services",
            "data.oci_identity_regions.home_region",
            "data.oci_identity_tenancy.tenant_details",
            "oci_core_internet_gateway.oke_internet_gateway",
            "oci_core_nat_gateway.oke_nat_gateway",
            "oci_core_route_table.oke_private_route_table",
            "oci_core_route_table.oke_public_route_table",
            "oci_core_security_list.oke_nodes_security_list",
            "oci_core_service_gateway.oke_service_gateway",
            "oci_core_virtual_network.oke_vcn",
            "oci_identity_tag.ArchitectureCenterTag",
            "oci_identity_tag_namespace.ArchitectureCenterTagNamespace",
            "random_id.tag",
            "random_string.deploy_id"
          ]
        }
      ]
    },
    {
      "mode": "managed",
      "type": "oci_core_virtual_network",
      "name": "oke_vcn",
      "provider": "provider[\"registry.terraform.io/oracle/oci\"]",
      "instances": [
        {
          "index_key": 0,
          "schema_version": 0,
          "attributes": {
            "byoipv6cidr_blocks": [],
            "byoipv6cidr_details": [],
            "cidr_block": "10.20.0.0/16",
            "cidr_blocks": [
              "10.20.0.0/16"
            ],
            "compartment_id": "ocid1.tenancy.oc1..aaaaaaaay54k6twlomunmgr7g3uyk3wjsq2kainrtdxebcjqzvbxvqediuwa",
            "default_dhcp_options_id": "ocid1.dhcpoptions.oc1.uk-london-1.aaaaaaaaujjzn7czix5tylzfnprvmo4tbkqxkcdep7526y5gvyy2p6i4akda",
            "default_route_table_id": "ocid1.routetable.oc1.uk-london-1.aaaaaaaapac5ui5qhrayovez7inr4af4ji2w2cunxucmqevm6futizto6mwa",
            "default_security_list_id": "ocid1.securitylist.oc1.uk-london-1.aaaaaaaavpzgibtyyeqo4vwapuucjpypzowfk4k3oixr7ibd4svhs62ph2ua",
            "defined_tags": {
              "ArchitectureCenter\\devops-bluegreen-deploy-oke-20af.release": "1.1"
            },
            "display_name": "OKE-VCN-tzwc",
            "dns_label": "oketzwc",
            "freeform_tags": {},
            "id": "ocid1.vcn.oc1.uk-london-1.amaaaaaawldo33ia4anmua2jpnx3iv2nvn4fcq3piafau4hhxu4c5wvjljqq",
            "ipv6cidr_blocks": [],
            "ipv6private_cidr_blocks": [],
            "is_ipv6enabled": false,
            "is_oracle_gua_allocation_enabled": null,
            "security_attributes": {},
            "state": "AVAILABLE",
            "time_created": "2024-10-16 15:07:44.299 +0000 UTC",
            "timeouts": null,
            "vcn_domain_name": "oketzwc.oraclevcn.com"
          },
          "sensitive_attributes": [],
          "private": "eyJlMmJmYjczMC1lY2FhLTExZTYtOGY4OC0zNDM2M2JjN2M0YzAiOnsiY3JlYXRlIjoxMjAwMDAwMDAwMDAwLCJkZWxldGUiOjEyMDAwMDAwMDAwMDAsInVwZGF0ZSI6MTIwMDAwMDAwMDAwMH19",
          "dependencies": [
            "data.oci_identity_regions.home_region",
            "data.oci_identity_tenancy.tenant_details",
            "oci_identity_tag.ArchitectureCenterTag",
            "oci_identity_tag_namespace.ArchitectureCenterTagNamespace",
            "random_id.tag",
            "random_string.deploy_id"
          ]
        }
      ]
    },
    {
      "mode": "managed",
      "type": "oci_devops_build_pipeline",
      "name": "test_build_pipeline",
      "provider": "provider[\"registry.terraform.io/oracle/oci\"]",
      "instances": [
        {
          "schema_version": 0,
          "attributes": {
            "build_pipeline_parameters": [
              {
                "items": []
              }
            ],
            "compartment_id": "ocid1.tenancy.oc1..aaaaaaaay54k6twlomunmgr7g3uyk3wjsq2kainrtdxebcjqzvbxvqediuwa",
            "defined_tags": {
              "Oracle-Tags.CreatedBy": "default/chaitanyasharma04uk@gmail.com",
              "Oracle-Tags.CreatedOn": "2024-10-16T15:07:45.424Z"
            },
            "description": "build pipeline for python application with blue-green deployment strategies",
            "display_name": "oci_devops_bluegreen_build_pipeline",
            "freeform_tags": {},
            "id": "ocid1.devopsbuildpipeline.oc1.uk-london-1.amaaaaaawldo33ia5ltzcvy3zpos2jcigxfvy33sxlaokxivngfb6jx2yfbq",
            "lifecycle_details": null,
            "project_id": "ocid1.devopsproject.oc1.uk-london-1.amaaaaaawldo33ian6in2syk6vttvfy553zrp22lhwredvekfwz2uacws6aq",
            "state": "ACTIVE",
            "system_tags": {},
            "time_created": "2024-10-16 15:07:45.62 +0000 UTC",
            "time_updated": "2024-10-16 15:07:56.331 +0000 UTC",
            "timeouts": null
          },
          "sensitive_attributes": [],
          "private": "eyJlMmJmYjczMC1lY2FhLTExZTYtOGY4OC0zNDM2M2JjN2M0YzAiOnsiY3JlYXRlIjoxMjAwMDAwMDAwMDAwLCJkZWxldGUiOjEyMDAwMDAwMDAwMDAsInVwZGF0ZSI6MTIwMDAwMDAwMDAwMH19",
          "dependencies": [
            "data.oci_identity_regions.home_region",
            "data.oci_identity_tenancy.tenant_details",
            "oci_devops_project.test_project",
            "oci_identity_tag.ArchitectureCenterTag",
            "oci_identity_tag_namespace.ArchitectureCenterTagNamespace",
            "oci_ons_notification_topic.test_notification_topic",
            "random_id.tag",
            "random_string.deploy_id"
          ]
        }
      ]
    },
    {
      "mode": "managed",
      "type": "oci_devops_build_pipeline_stage",
      "name": "test_build_pipeline_stage",
      "provider": "provider[\"registry.terraform.io/oracle/oci\"]",
      "instances": [
        {
          "schema_version": 0,
          "attributes": {
            "build_pipeline_id": "ocid1.devopsbuildpipeline.oc1.uk-london-1.amaaaaaawldo33ia5ltzcvy3zpos2jcigxfvy33sxlaokxivngfb6jx2yfbq",
            "build_pipeline_stage_predecessor_collection": [
              {
                "items": [
                  {
                    "id": "ocid1.devopsbuildpipeline.oc1.uk-london-1.amaaaaaawldo33ia5ltzcvy3zpos2jcigxfvy33sxlaokxivngfb6jx2yfbq"
                  }
                ]
              }
            ],
            "build_pipeline_stage_type": "BUILD",
            "build_runner_shape_config": [
              {
                "build_runner_type": "DEFAULT",
                "memory_in_gbs": 0,
                "ocpus": 0
              }
            ],
            "build_source_collection": [
              {
                "items": [
                  {
                    "branch": "main",
                    "connection_id": "",
                    "connection_type": "DEVOPS_CODE_REPOSITORY",
                    "name": "deploy_bluegreen_oke",
                    "repository_id": "ocid1.devopsrepository.oc1.uk-london-1.amaaaaaawldo33iacefpfsem5y6obtuu6i2tjewpvseqtzpatgnse5b3bija",
                    "repository_url": "https://devops.scmservice.uk-london-1.oci.oraclecloud.com/namespaces/lros2xgtla5r/projects/poc_sample_app_devopsproject_tzwc/repositories/oci_devops_oke_bluegreen_sample"
                  }
                ]
              }
            ],
            "build_spec_file": "",
            "compartment_id": "ocid1.tenancy.oc1..aaaaaaaay54k6twlomunmgr7g3uyk3wjsq2kainrtdxebcjqzvbxvqediuwa",
            "defined_tags": {
              "ArchitectureCenter\\devops-bluegreen-deploy-oke-20af.release": "1.1",
              "Oracle-Tags.CreatedBy": "default/chaitanyasharma04uk@gmail.com",
              "Oracle-Tags.CreatedOn": "2024-10-16T15:08:05.517Z"
            },
            "deliver_artifact_collection": [],
            "deploy_pipeline_id": null,
            "description": "",
            "display_name": "oci_devops_bluegreen_build_pipeline",
            "freeform_tags": {},
            "id": "ocid1.devopsbuildpipelinestage.oc1.uk-london-1.amaaaaaawldo33ia5ooxy5sjz3byjzo6g7drc27o32k36gh3qn47n3opwj4a",
            "image": "OL7_X86_64_STANDARD_10",
            "is_pass_all_parameters_enabled": null,
            "lifecycle_details": null,
            "primary_build_source": "deploy_bluegreen_oke",
            "private_access_config": [],
            "project_id": "ocid1.devopsproject.oc1.uk-london-1.amaaaaaawldo33ian6in2syk6vttvfy553zrp22lhwredvekfwz2uacws6aq",
            "stage_execution_timeout_in_seconds": 36000,
            "state": "ACTIVE",
            "system_tags": {},
            "time_created": "2024-10-16 15:08:05.733 +0000 UTC",
            "time_updated": "2024-10-16 15:08:05.733 +0000 UTC",
            "timeouts": null,
            "wait_criteria": [
              {
                "wait_duration": "waitDuration",
                "wait_type": "ABSOLUTE_WAIT"
              }
            ]
          },
          "sensitive_attributes": [],
          "private": "eyJlMmJmYjczMC1lY2FhLTExZTYtOGY4OC0zNDM2M2JjN2M0YzAiOnsiY3JlYXRlIjoxMjAwMDAwMDAwMDAwLCJkZWxldGUiOjEyMDAwMDAwMDAwMDAsInVwZGF0ZSI6MTIwMDAwMDAwMDAwMH19",
          "dependencies": [
            "data.oci_identity_regions.home_region",
            "data.oci_objectstorage_namespace.ns",
            "oci_devops_build_pipeline.test_build_pipeline",
            "oci_devops_project.test_project",
            "oci_devops_repository.test_repository",
            "oci_identity_tag.ArchitectureCenterTag",
            "oci_identity_tag_namespace.ArchitectureCenterTagNamespace"
          ]
        }
      ]
    },
    {
      "mode": "managed",
      "type": "oci_devops_build_pipeline_stage",
      "name": "test_deliver_artifact_stage",
      "provider": "provider[\"registry.terraform.io/oracle/oci\"]",
      "instances": [
        {
          "schema_version": 0,
          "attributes": {
            "build_pipeline_id": "ocid1.devopsbuildpipeline.oc1.uk-london-1.amaaaaaawldo33ia5ltzcvy3zpos2jcigxfvy33sxlaokxivngfb6jx2yfbq",
            "build_pipeline_stage_predecessor_collection": [
              {
                "items": [
                  {
                    "id": "ocid1.devopsbuildpipelinestage.oc1.uk-london-1.amaaaaaawldo33ia5ooxy5sjz3byjzo6g7drc27o32k36gh3qn47n3opwj4a"
                  }
                ]
              }
            ],
            "build_pipeline_stage_type": "DELIVER_ARTIFACT",
            "build_runner_shape_config": [],
            "build_source_collection": [],
            "build_spec_file": null,
            "compartment_id": "ocid1.tenancy.oc1..aaaaaaaay54k6twlomunmgr7g3uyk3wjsq2kainrtdxebcjqzvbxvqediuwa",
            "defined_tags": {
              "ArchitectureCenter\\devops-bluegreen-deploy-oke-20af.release": "1.1",
              "Oracle-Tags.CreatedBy": "default/chaitanyasharma04uk@gmail.com",
              "Oracle-Tags.CreatedOn": "2024-10-16T15:08:14.624Z"
            },
            "deliver_artifact_collection": [
              {
                "items": [
                  {
                    "artifact_id": "ocid1.devopsdeployartifact.oc1.uk-london-1.amaaaaaawldo33iabdn675esegn6y6zr5pzybrgj6hxoeugf2fsjb3rbwb4q",
                    "artifact_name": "oke_app_base"
                  }
                ]
              }
            ],
            "deploy_pipeline_id": null,
            "description": "",
            "display_name": "deliver_artifact",
            "freeform_tags": {},
            "id": "ocid1.devopsbuildpipelinestage.oc1.uk-london-1.amaaaaaawldo33ia4vkyk6xud6kn53fvb3qaitqe7j3jptdwckvtmlzdl6pa",
            "image": null,
            "is_pass_all_parameters_enabled": null,
            "lifecycle_details": null,
            "primary_build_source": null,
            "private_access_config": [],
            "project_id": "ocid1.devopsproject.oc1.uk-london-1.amaaaaaawldo33ian6in2syk6vttvfy553zrp22lhwredvekfwz2uacws6aq",
            "stage_execution_timeout_in_seconds": null,
            "state": "ACTIVE",
            "system_tags": {},
            "time_created": "2024-10-16 15:08:14.812 +0000 UTC",
            "time_updated": "2024-10-16 15:08:14.812 +0000 UTC",
            "timeouts": null,
            "wait_criteria": []
          },
          "sensitive_attributes": [],
          "private": "eyJlMmJmYjczMC1lY2FhLTExZTYtOGY4OC0zNDM2M2JjN2M0YzAiOnsiY3JlYXRlIjoxMjAwMDAwMDAwMDAwLCJkZWxldGUiOjEyMDAwMDAwMDAwMDAsInVwZGF0ZSI6MTIwMDAwMDAwMDAwMH19",
          "dependencies": [
            "data.oci_identity_regions.current_region",
            "data.oci_identity_regions.home_region",
            "data.oci_identity_tenancy.tenant_details",
            "data.oci_objectstorage_namespace.ns",
            "oci_artifacts_container_repository.test_container_repository",
            "oci_devops_build_pipeline.test_build_pipeline",
            "oci_devops_build_pipeline_stage.test_build_pipeline_stage",
            "oci_devops_deploy_artifact.test_deploy_artifact",
            "oci_devops_project.test_project",
            "oci_devops_repository.test_repository",
            "oci_identity_tag.ArchitectureCenterTag",
            "oci_identity_tag_namespace.ArchitectureCenterTagNamespace",
            "oci_ons_notification_topic.test_notification_topic",
            "random_id.tag",
            "random_string.deploy_id"
          ]
        }
      ]
    },
    {
      "mode": "managed",
      "type": "oci_devops_build_pipeline_stage",
      "name": "test_deploy_stage",
      "provider": "provider[\"registry.terraform.io/oracle/oci\"]",
      "instances": [
        {
          "schema_version": 0,
          "attributes": {
            "build_pipeline_id": "ocid1.devopsbuildpipeline.oc1.uk-london-1.amaaaaaawldo33ia5ltzcvy3zpos2jcigxfvy33sxlaokxivngfb6jx2yfbq",
            "build_pipeline_stage_predecessor_collection": [
              {
                "items": [
                  {
                    "id": "ocid1.devopsbuildpipelinestage.oc1.uk-london-1.amaaaaaawldo33ia4vkyk6xud6kn53fvb3qaitqe7j3jptdwckvtmlzdl6pa"
                  }
                ]
              }
            ],
            "build_pipeline_stage_type": "TRIGGER_DEPLOYMENT_PIPELINE",
            "build_runner_shape_config": [],
            "build_source_collection": [],
            "build_spec_file": null,
            "compartment_id": "ocid1.tenancy.oc1..aaaaaaaay54k6twlomunmgr7g3uyk3wjsq2kainrtdxebcjqzvbxvqediuwa",
            "defined_tags": {
              "ArchitectureCenter\\devops-bluegreen-deploy-oke-20af.release": "1.1",
              "Oracle-Tags.CreatedBy": "default/chaitanyasharma04uk@gmail.com",
              "Oracle-Tags.CreatedOn": "2024-10-16T15:08:27.454Z"
            },
            "deliver_artifact_collection": [],
            "deploy_pipeline_id": "ocid1.devopsdeploypipeline.oc1.uk-london-1.amaaaaaawldo33iamdtkzo3w6472d37qi5cvkaguogofc4an2bdllngrexhq",
            "description": "",
            "display_name": "deploy_to_oke",
            "freeform_tags": {},
            "id": "ocid1.devopsbuildpipelinestage.oc1.uk-london-1.amaaaaaawldo33ia2i2otulpb7egp3rqdzms24fro7uxdxi5xqzcobuttoma",
            "image": null,
            "is_pass_all_parameters_enabled": true,
            "lifecycle_details": null,
            "primary_build_source": null,
            "private_access_config": [],
            "project_id": "ocid1.devopsproject.oc1.uk-london-1.amaaaaaawldo33ian6in2syk6vttvfy553zrp22lhwredvekfwz2uacws6aq",
            "stage_execution_timeout_in_seconds": null,
            "state": "ACTIVE",
            "system_tags": {},
            "time_created": "2024-10-16 15:08:27.619 +0000 UTC",
            "time_updated": "2024-10-16 15:08:27.619 +0000 UTC",
            "timeouts": null,
            "wait_criteria": []
          },
          "sensitive_attributes": [],
          "private": "eyJlMmJmYjczMC1lY2FhLTExZTYtOGY4OC0zNDM2M2JjN2M0YzAiOnsiY3JlYXRlIjoxMjAwMDAwMDAwMDAwLCJkZWxldGUiOjEyMDAwMDAwMDAwMDAsInVwZGF0ZSI6MTIwMDAwMDAwMDAwMH19",
          "dependencies": [
            "data.oci_identity_regions.current_region",
            "data.oci_identity_regions.home_region",
            "data.oci_identity_tenancy.tenant_details",
            "data.oci_objectstorage_namespace.ns",
            "oci_artifacts_container_repository.test_container_repository",
            "oci_devops_build_pipeline.test_build_pipeline",
            "oci_devops_build_pipeline_stage.test_build_pipeline_stage",
            "oci_devops_build_pipeline_stage.test_deliver_artifact_stage",
            "oci_devops_deploy_artifact.test_deploy_artifact",
            "oci_devops_deploy_pipeline.test_deploy_pipeline",
            "oci_devops_project.test_project",
            "oci_devops_repository.test_repository",
            "oci_identity_tag.ArchitectureCenterTag",
            "oci_identity_tag_namespace.ArchitectureCenterTagNamespace",
            "oci_ons_notification_topic.test_notification_topic",
            "random_id.tag",
            "random_string.deploy_id"
          ]
        }
      ]
    },
    {
      "mode": "managed",
      "type": "oci_devops_deploy_artifact",
      "name": "test_deploy_artifact",
      "provider": "provider[\"registry.terraform.io/oracle/oci\"]",
      "instances": [
        {
          "schema_version": 0,
          "attributes": {
            "argument_substitution_mode": "SUBSTITUTE_PLACEHOLDERS",
            "compartment_id": "ocid1.tenancy.oc1..aaaaaaaay54k6twlomunmgr7g3uyk3wjsq2kainrtdxebcjqzvbxvqediuwa",
            "defined_tags": {
              "Oracle-Tags.CreatedBy": "default/chaitanyasharma04uk@gmail.com",
              "Oracle-Tags.CreatedOn": "2024-10-16T15:07:52.647Z"
            },
            "deploy_artifact_source": [
              {
                "base64encoded_content": "",
                "chart_url": "",
                "deploy_artifact_path": "",
                "deploy_artifact_source_type": "OCIR",
                "deploy_artifact_version": "",
                "helm_artifact_source_type": "",
                "helm_verification_key_source": [],
                "image_digest": " ",
                "image_uri": "lhr.ocir.io/lros2xgtla5r/poc_sample_app_containerrepo_20af:${BUILDRUN_HASH}",
                "repository_id": ""
              }
            ],
            "deploy_artifact_type": "DOCKER_IMAGE",
            "description": "",
            "display_name": "poc_sample_app_containerrepo_20af",
            "freeform_tags": {},
            "id": "ocid1.devopsdeployartifact.oc1.uk-london-1.amaaaaaawldo33iabdn675esegn6y6zr5pzybrgj6hxoeugf2fsjb3rbwb4q",
            "lifecycle_details": "",
            "project_id": "ocid1.devopsproject.oc1.uk-london-1.amaaaaaawldo33ian6in2syk6vttvfy553zrp22lhwredvekfwz2uacws6aq",
            "state": "ACTIVE",
            "system_tags": {
              "orcl-cloud.free-tier-retained": "true"
            },
            "time_created": "2024-10-16 15:07:53.02 +0000 UTC",
            "time_updated": "2024-10-16 15:54:40.111 +0000 UTC",
            "timeouts": null
          },
          "sensitive_attributes": [],
          "private": "eyJlMmJmYjczMC1lY2FhLTExZTYtOGY4OC0zNDM2M2JjN2M0YzAiOnsiY3JlYXRlIjoxMjAwMDAwMDAwMDAwLCJkZWxldGUiOjEyMDAwMDAwMDAwMDAsInVwZGF0ZSI6MTIwMDAwMDAwMDAwMH19",
          "dependencies": [
            "data.oci_identity_regions.current_region",
            "data.oci_objectstorage_namespace.ns",
            "oci_artifacts_container_repository.test_container_repository",
            "oci_devops_project.test_project",
            "oci_devops_repository.test_repository"
          ]
        }
      ]
    },
    {
      "mode": "managed",
      "type": "oci_devops_deploy_artifact",
      "name": "test_deploy_oke_artifact",
      "provider": "provider[\"registry.terraform.io/oracle/oci\"]",
      "instances": [
        {
          "schema_version": 0,
          "attributes": {
            "argument_substitution_mode": "SUBSTITUTE_PLACEHOLDERS",
            "compartment_id": "ocid1.tenancy.oc1..aaaaaaaay54k6twlomunmgr7g3uyk3wjsq2kainrtdxebcjqzvbxvqediuwa",
            "defined_tags": {
              "ArchitectureCenter\\devops-bluegreen-deploy-oke-20af.release": "1.1"
            },
            "deploy_artifact_source": [
              {
                "base64encoded_content": "YXBpVmVyc2lvbjogYXBwcy92MQpraW5kOiBEZXBsb3ltZW50Cm1ldGFkYXRhOgogIG5hbWU6IHNhbXBsZS1va2UtYmctYXBwLWRlcGxveW1lbnQKc3BlYzoKICBzZWxlY3RvcjoKICAgIG1hdGNoTGFiZWxzOgogICAgICBhcHA6IHNhbXBsZS1va2UtYmctYXBwCiAgcmVwbGljYXM6IDMKICB0ZW1wbGF0ZToKICAgIG1ldGFkYXRhOgogICAgICBsYWJlbHM6CiAgICAgICAgYXBwOiBzYW1wbGUtb2tlLWJnLWFwcAogICAgc3BlYzoKICAgICAgY29udGFpbmVyczoKICAgICAgICAtIG5hbWU6IHNhbXBsZS1va2UtYmctYXBwCiAgICAgICAgICAjIGVudGVyIHRoZSBwYXRoIHRvIHlvdXIgaW1hZ2UsIGJlIHN1cmUgdG8gaW5jbHVkZSB0aGUgY29ycmVjdCByZWdpb24gcHJlZml4CiAgICAgICAgICBpbWFnZTogbGhyLm9jaXIuaW8vbHJvczJ4Z3RsYTVyL3BvY19zYW1wbGVfYXBwX2NvbnRhaW5lcnJlcG9fMjBhZjoke0JVSUxEUlVOX0hBU0h9CiAgICAgICAgICBpbWFnZVB1bGxQb2xpY3k6IEFsd2F5cwogICAgICAgICAgcG9ydHM6CiAgICAgICAgICAgIC0gY29udGFpbmVyUG9ydDogODAKICAgICAgICAgICAgICBwcm90b2NvbDogVENQCiAgICAgICAgICBsaXZlbmVzc1Byb2JlOgogICAgICAgICAgICBleGVjOgogICAgICAgICAgICAgIGNvbW1hbmQ6CiAgICAgICAgICAgICAgLSBjYXQKICAgICAgICAgICAgaW5pdGlhbERlbGF5U2Vjb25kczogNQogICAgICAgICAgICBwZXJpb2RTZWNvbmRzOiA1CiAgICAgICAgICBlbnY6CiAgICAgICAgICAgIC0gbmFtZTogUE9EX05BTUVTUEFDRQogICAgICAgICAgICAgIHZhbHVlRnJvbToKICAgICAgICAgICAgICAgIGZpZWxkUmVmOgogICAgICAgICAgICAgICAgICBmaWVsZFBhdGg6IG1ldGFkYXRhLm5hbWVzcGFjZQoKLS0tCmFwaVZlcnNpb246IHYxCmtpbmQ6IFNlcnZpY2UKbWV0YWRhdGE6CiAgbmFtZTogc2FtcGxlLW9rZS1iZy1hcHAtc2VydmljZQogIGFubm90YXRpb25zOiAKICAgIHNlcnZpY2UuYmV0YS5rdWJlcm5ldGVzLmlvL29jaS1sb2FkLWJhbGFuY2VyLXNoYXBlOiAiMTBNYnBzIgpzcGVjOgogIHR5cGU6IENsdXN0ZXJJUAogIHBvcnRzOgogICAgLSBwb3J0OiA4MDgwCiAgICAgIHByb3RvY29sOiBUQ1AKICAgICAgdGFyZ2V0UG9ydDogODAKICBzZWxlY3RvcjoKICAgIGFwcDogc2FtcGxlLW9rZS1iZy1hcHAKLS0tCmFwaVZlcnNpb246IG5ldHdvcmtpbmcuazhzLmlvL3YxCmtpbmQ6IEluZ3Jlc3MKbWV0YWRhdGE6CiAgbmFtZTogc2FtcGxlLW9rZS1iZy1hcHAtaW5nCiAgYW5ub3RhdGlvbnM6CiAgICBrdWJlcm5ldGVzLmlvL2luZ3Jlc3MuY2xhc3M6ICJuZ2lueCIKc3BlYzoKICAjIHRsczoKICAjIC0gc2VjcmV0TmFtZTogdGxzLXNlY3JldAogIHJ1bGVzOgogIC0gaHR0cDoKICAgICAgcGF0aHM6CiAgICAgICAgLSBwYXRoOiAvCiAgICAgICAgICBwYXRoVHlwZTogUHJlZml4CiAgICAgICAgICBiYWNrZW5kOgogICAgICAgICAgICBzZXJ2aWNlOgogICAgICAgICAgICAgIG5hbWU6IHNhbXBsZS1va2UtYmctYXBwLXNlcnZpY2UKICAgICAgICAgICAgICBwb3J0OgogICAgICAgICAgICAgICAgbnVtYmVyOiA4MDgw",
                "chart_url": "",
                "deploy_artifact_path": "",
                "deploy_artifact_source_type": "INLINE",
                "deploy_artifact_version": "",
                "helm_artifact_source_type": "",
                "helm_verification_key_source": [],
                "image_digest": "",
                "image_uri": "",
                "repository_id": ""
              }
            ],
            "deploy_artifact_type": "KUBERNETES_MANIFEST",
            "description": "",
            "display_name": "devopsdeployartifact20241016150746",
            "freeform_tags": {},
            "id": "ocid1.devopsdeployartifact.oc1.uk-london-1.amaaaaaawldo33iamozu3olivakuuwiqjnvxz2cf5kuz2wkw5gose5kf4pma",
            "lifecycle_details": "",
            "project_id": "ocid1.devopsproject.oc1.uk-london-1.amaaaaaawldo33ian6in2syk6vttvfy553zrp22lhwredvekfwz2uacws6aq",
            "state": "ACTIVE",
            "system_tags": {
              "orcl-cloud.free-tier-retained": "true"
            },
            "time_created": "2024-10-16 15:07:46.073 +0000 UTC",
            "time_updated": "2024-10-16 15:54:38.791 +0000 UTC",
            "timeouts": null
          },
          "sensitive_attributes": [],
          "private": "eyJlMmJmYjczMC1lY2FhLTExZTYtOGY4OC0zNDM2M2JjN2M0YzAiOnsiY3JlYXRlIjoxMjAwMDAwMDAwMDAwLCJkZWxldGUiOjEyMDAwMDAwMDAwMDAsInVwZGF0ZSI6MTIwMDAwMDAwMDAwMH19",
          "dependencies": [
            "data.oci_identity_regions.home_region",
            "data.template_file.oci-oke-deployment",
            "oci_devops_project.test_project",
            "oci_identity_tag.ArchitectureCenterTag",
            "oci_identity_tag_namespace.ArchitectureCenterTagNamespace"
          ]
        }
      ]
    },
    {
      "mode": "managed",
      "type": "oci_devops_deploy_environment",
      "name": "test_environment",
      "provider": "provider[\"registry.terraform.io/oracle/oci\"]",
      "instances": [
        {
          "schema_version": 0,
          "attributes": {
            "cluster_id": "ocid1.cluster.oc1.uk-london-1.aaaaaaaamtord6mgm4e6iwlar2haqt2szkt2owos5yr23fplqchs35m2y4kq",
            "compartment_id": "ocid1.tenancy.oc1..aaaaaaaay54k6twlomunmgr7g3uyk3wjsq2kainrtdxebcjqzvbxvqediuwa",
            "compute_instance_group_selectors": [],
            "defined_tags": {
              "ArchitectureCenter\\devops-bluegreen-deploy-oke-20af.release": "1.1"
            },
            "deploy_environment_type": "OKE_CLUSTER",
            "description": "oke based enviroment",
            "display_name": "oke_environment_20af",
            "freeform_tags": {},
            "function_id": null,
            "id": "ocid1.devopsdeployenvironment.oc1.uk-london-1.amaaaaaawldo33iabdfxevvr2khk74vvdopmhwoir4ffvp6h4mjiashvwdjq",
            "lifecycle_details": "",
            "network_channel": [],
            "project_id": "ocid1.devopsproject.oc1.uk-london-1.amaaaaaawldo33ian6in2syk6vttvfy553zrp22lhwredvekfwz2uacws6aq",
            "state": "ACTIVE",
            "system_tags": {
              "orcl-cloud.free-tier-retained": "true"
            },
            "time_created": "2024-10-16 15:18:19.309 +0000 UTC",
            "time_updated": "2024-10-16 15:26:43.549 +0000 UTC",
            "timeouts": null
          },
          "sensitive_attributes": [],
          "private": "eyJlMmJmYjczMC1lY2FhLTExZTYtOGY4OC0zNDM2M2JjN2M0YzAiOnsiY3JlYXRlIjoxMjAwMDAwMDAwMDAwLCJkZWxldGUiOjEyMDAwMDAwMDAwMDAsInVwZGF0ZSI6MTIwMDAwMDAwMDAwMH19",
          "dependencies": [
            "data.oci_containerengine_cluster_option.oke",
            "data.oci_core_services.all_services",
            "data.oci_identity_regions.home_region",
            "data.oci_identity_tenancy.tenant_details",
            "module.oci-oke.data.oci_core_services.AllOCIServices",
            "module.oci-oke.oci_containerengine_cluster.oci_oke_cluster",
            "module.oci-oke.oci_core_internet_gateway.oke_igw",
            "module.oci-oke.oci_core_nat_gateway.oke_natgw",
            "module.oci-oke.oci_core_route_table.oke_rt_via_igw",
            "module.oci-oke.oci_core_route_table.oke_rt_via_natgw_and_sg",
            "module.oci-oke.oci_core_security_list.oke_api_endpoint_subnet_sec_list",
            "module.oci-oke.oci_core_service_gateway.oke_sg",
            "module.oci-oke.oci_core_subnet.oke_api_endpoint_subnet",
            "module.oci-oke.oci_core_subnet.oke_lb_subnet",
            "module.oci-oke.oci_core_vcn.oke_vcn",
            "oci_core_internet_gateway.oke_internet_gateway",
            "oci_core_nat_gateway.oke_nat_gateway",
            "oci_core_route_table.oke_private_route_table",
            "oci_core_route_table.oke_public_route_table",
            "oci_core_security_list.oke_endpoint_security_list",
            "oci_core_security_list.oke_lb_security_list",
            "oci_core_service_gateway.oke_service_gateway",
            "oci_core_subnet.oke_k8s_endpoint_subnet",
            "oci_core_subnet.oke_lb_subnet",
            "oci_core_virtual_network.oke_vcn",
            "oci_devops_project.test_project",
            "oci_identity_tag.ArchitectureCenterTag",
            "oci_identity_tag_namespace.ArchitectureCenterTagNamespace",
            "oci_ons_notification_topic.test_notification_topic",
            "random_id.tag",
            "random_string.deploy_id"
          ]
        }
      ]
    },
    {
      "mode": "managed",
      "type": "oci_devops_deploy_pipeline",
      "name": "test_deploy_pipeline",
      "provider": "provider[\"registry.terraform.io/oracle/oci\"]",
      "instances": [
        {
          "schema_version": 0,
          "attributes": {
            "compartment_id": "ocid1.tenancy.oc1..aaaaaaaay54k6twlomunmgr7g3uyk3wjsq2kainrtdxebcjqzvbxvqediuwa",
            "defined_tags": {
              "ArchitectureCenter\\devops-bluegreen-deploy-oke-20af.release": "1.1"
            },
            "deploy_pipeline_artifacts": [
              {
                "items": [
                  {
                    "deploy_artifact_id": "ocid1.devopsdeployartifact.oc1.uk-london-1.amaaaaaawldo33iamozu3olivakuuwiqjnvxz2cf5kuz2wkw5gose5kf4pma",
                    "deploy_pipeline_stages": [],
                    "display_name": "devopsdeployartifact20241016150746"
                  }
                ]
              }
            ],
            "deploy_pipeline_environments": [
              {
                "items": [
                  {
                    "deploy_environment_id": "ocid1.devopsdeployenvironment.oc1.uk-london-1.amaaaaaawldo33iabdfxevvr2khk74vvdopmhwoir4ffvp6h4mjiashvwdjq",
                    "deploy_pipeline_stages": [],
                    "display_name": "oke_environment_20af"
                  }
                ]
              }
            ],
            "deploy_pipeline_parameters": [
              {
                "items": [
                  {
                    "default_value": "example",
                    "description": "exampleapp",
                    "name": "namespace"
                  }
                ]
              }
            ],
            "description": "Devops CI/CD Pipleline demo for OKE with bluegreen",
            "display_name": "devops-oke-pipeline_20af",
            "freeform_tags": {},
            "id": "ocid1.devopsdeploypipeline.oc1.uk-london-1.amaaaaaawldo33iamdtkzo3w6472d37qi5cvkaguogofc4an2bdllngrexhq",
            "lifecycle_details": "",
            "project_id": "ocid1.devopsproject.oc1.uk-london-1.amaaaaaawldo33ian6in2syk6vttvfy553zrp22lhwredvekfwz2uacws6aq",
            "state": "ACTIVE",
            "system_tags": {
              "orcl-cloud.free-tier-retained": "true"
            },
            "time_created": "2024-10-16 15:07:45.86 +0000 UTC",
            "time_updated": "2024-10-16 15:21:44.237 +0000 UTC",
            "timeouts": null
          },
          "sensitive_attributes": [],
          "private": "eyJlMmJmYjczMC1lY2FhLTExZTYtOGY4OC0zNDM2M2JjN2M0YzAiOnsiY3JlYXRlIjoxMjAwMDAwMDAwMDAwLCJkZWxldGUiOjEyMDAwMDAwMDAwMDAsInVwZGF0ZSI6MTIwMDAwMDAwMDAwMH19",
          "dependencies": [
            "data.oci_identity_regions.home_region",
            "data.oci_identity_tenancy.tenant_details",
            "oci_devops_project.test_project",
            "oci_identity_tag.ArchitectureCenterTag",
            "oci_identity_tag_namespace.ArchitectureCenterTagNamespace",
            "oci_ons_notification_topic.test_notification_topic",
            "random_id.tag",
            "random_string.deploy_id"
          ]
        }
      ]
    },
    {
      "mode": "managed",
      "type": "oci_devops_deploy_stage",
      "name": "oke_depploy_stage",
      "provider": "provider[\"registry.terraform.io/oracle/oci\"]",
      "instances": [
        {
          "schema_version": 0,
          "attributes": {
            "approval_policy": [],
            "are_hooks_enabled": null,
            "blue_backend_ips": [],
            "blue_green_strategy": [
              {
                "ingress_name": "sample-oke-bg-app-ing",
                "namespace_a": "nsgreen",
                "namespace_b": "nsblue",
                "strategy_type": "NGINX_BLUE_GREEN_STRATEGY"
              }
            ],
            "canary_strategy": [],
            "command_spec_deploy_artifact_id": null,
            "compartment_id": "ocid1.tenancy.oc1..aaaaaaaay54k6twlomunmgr7g3uyk3wjsq2kainrtdxebcjqzvbxvqediuwa",
            "compute_instance_group_blue_green_deployment_deploy_stage_id": null,
            "compute_instance_group_canary_deploy_stage_id": null,
            "compute_instance_group_canary_traffic_shift_deploy_stage_id": null,
            "compute_instance_group_deploy_environment_id": null,
            "config": null,
            "container_config": [],
            "defined_tags": {
              "ArchitectureCenter\\devops-bluegreen-deploy-oke-20af.release": "1.1"
            },
            "deploy_artifact_id": null,
            "deploy_artifact_ids": null,
            "deploy_environment_id_a": null,
            "deploy_environment_id_b": null,
            "deploy_pipeline_id": "ocid1.devopsdeploypipeline.oc1.uk-london-1.amaaaaaawldo33iamdtkzo3w6472d37qi5cvkaguogofc4an2bdllngrexhq",
            "deploy_stage_predecessor_collection": [
              {
                "items": [
                  {
                    "id": "ocid1.devopsdeploypipeline.oc1.uk-london-1.amaaaaaawldo33iamdtkzo3w6472d37qi5cvkaguogofc4an2bdllngrexhq"
                  }
                ]
              }
            ],
            "deploy_stage_type": "OKE_BLUE_GREEN_DEPLOYMENT",
            "deployment_spec_deploy_artifact_id": null,
            "description": "Deploy to OKE",
            "display_name": "deploy_to_oke",
            "docker_image_deploy_artifact_id": null,
            "failure_policy": [],
            "freeform_tags": {},
            "function_deploy_environment_id": null,
            "function_timeout_in_seconds": null,
            "green_backend_ips": [],
            "helm_chart_deploy_artifact_id": null,
            "helm_command_artifact_ids": null,
            "id": "ocid1.devopsdeploystage.oc1.uk-london-1.amaaaaaawldo33ia77v6hyqhstepzuftbvrckpljbgnsy6kceb5iz46msfnq",
            "is_async": null,
            "is_debug_enabled": null,
            "is_force_enabled": null,
            "is_uninstall_on_stage_delete": null,
            "is_validation_enabled": null,
            "kubernetes_manifest_deploy_artifact_ids": [
              "ocid1.devopsdeployartifact.oc1.uk-london-1.amaaaaaawldo33iamozu3olivakuuwiqjnvxz2cf5kuz2wkw5gose5kf4pma"
            ],
            "lifecycle_details": "",
            "load_balancer_config": [],
            "max_history": null,
            "max_memory_in_mbs": null,
            "namespace": null,
            "oke_blue_green_deploy_stage_id": null,
            "oke_canary_deploy_stage_id": null,
            "oke_canary_traffic_shift_deploy_stage_id": null,
            "oke_cluster_deploy_environment_id": "ocid1.devopsdeployenvironment.oc1.uk-london-1.amaaaaaawldo33iabdfxevvr2khk74vvdopmhwoir4ffvp6h4mjiashvwdjq",
            "production_load_balancer_config": [],
            "project_id": "ocid1.devopsproject.oc1.uk-london-1.amaaaaaawldo33ian6in2syk6vttvfy553zrp22lhwredvekfwz2uacws6aq",
            "purpose": null,
            "release_name": null,
            "rollback_policy": [],
            "rollout_policy": [],
            "set_string": [],
            "set_values": [],
            "should_cleanup_on_fail": null,
            "should_not_wait": null,
            "should_reset_values": null,
            "should_reuse_values": null,
            "should_skip_crds": null,
            "should_skip_render_subchart_notes": null,
            "state": "ACTIVE",
            "system_tags": {
              "orcl-cloud.free-tier-retained": "true"
            },
            "test_load_balancer_config": [],
            "time_created": "2024-10-16 15:18:19.882 +0000 UTC",
            "time_updated": "2024-10-16 15:26:50.912 +0000 UTC",
            "timeout_in_seconds": null,
            "timeouts": null,
            "traffic_shift_target": null,
            "values_artifact_ids": null,
            "wait_criteria": []
          },
          "sensitive_attributes": [],
          "private": "eyJlMmJmYjczMC1lY2FhLTExZTYtOGY4OC0zNDM2M2JjN2M0YzAiOnsiY3JlYXRlIjoxMjAwMDAwMDAwMDAwLCJkZWxldGUiOjEyMDAwMDAwMDAwMDAsInVwZGF0ZSI6MTIwMDAwMDAwMDAwMH19",
          "dependencies": [
            "data.oci_containerengine_cluster_option.oke",
            "data.oci_core_services.all_services",
            "data.oci_identity_regions.current_region",
            "data.oci_identity_regions.home_region",
            "data.oci_identity_tenancy.tenant_details",
            "data.oci_objectstorage_namespace.ns",
            "data.template_file.oci-oke-deployment",
            "module.oci-oke.data.oci_core_services.AllOCIServices",
            "module.oci-oke.oci_containerengine_cluster.oci_oke_cluster",
            "module.oci-oke.oci_core_internet_gateway.oke_igw",
            "module.oci-oke.oci_core_nat_gateway.oke_natgw",
            "module.oci-oke.oci_core_route_table.oke_rt_via_igw",
            "module.oci-oke.oci_core_route_table.oke_rt_via_natgw_and_sg",
            "module.oci-oke.oci_core_security_list.oke_api_endpoint_subnet_sec_list",
            "module.oci-oke.oci_core_service_gateway.oke_sg",
            "module.oci-oke.oci_core_subnet.oke_api_endpoint_subnet",
            "module.oci-oke.oci_core_subnet.oke_lb_subnet",
            "module.oci-oke.oci_core_vcn.oke_vcn",
            "oci_artifacts_container_repository.test_container_repository",
            "oci_core_internet_gateway.oke_internet_gateway",
            "oci_core_nat_gateway.oke_nat_gateway",
            "oci_core_route_table.oke_private_route_table",
            "oci_core_route_table.oke_public_route_table",
            "oci_core_security_list.oke_endpoint_security_list",
            "oci_core_security_list.oke_lb_security_list",
            "oci_core_service_gateway.oke_service_gateway",
            "oci_core_subnet.oke_k8s_endpoint_subnet",
            "oci_core_subnet.oke_lb_subnet",
            "oci_core_virtual_network.oke_vcn",
            "oci_devops_deploy_artifact.test_deploy_oke_artifact",
            "oci_devops_deploy_environment.test_environment",
            "oci_devops_deploy_pipeline.test_deploy_pipeline",
            "oci_devops_project.test_project",
            "oci_identity_tag.ArchitectureCenterTag",
            "oci_identity_tag_namespace.ArchitectureCenterTagNamespace",
            "oci_ons_notification_topic.test_notification_topic",
            "random_id.tag",
            "random_string.deploy_id"
          ]
        }
      ]
    },
    {
      "mode": "managed",
      "type": "oci_devops_deploy_stage",
      "name": "production_oke_traffic_shift",
      "provider": "provider[\"registry.terraform.io/oracle/oci\"]",
      "instances": [
        {
          "schema_version": 0,
          "attributes": {
            "approval_policy": [],
            "are_hooks_enabled": null,
            "blue_backend_ips": [],
            "blue_green_strategy": [],
            "canary_strategy": [],
            "command_spec_deploy_artifact_id": null,
            "compartment_id": "ocid1.tenancy.oc1..aaaaaaaay54k6twlomunmgr7g3uyk3wjsq2kainrtdxebcjqzvbxvqediuwa",
            "compute_instance_group_blue_green_deployment_deploy_stage_id": null,
            "compute_instance_group_canary_deploy_stage_id": null,
            "compute_instance_group_canary_traffic_shift_deploy_stage_id": null,
            "compute_instance_group_deploy_environment_id": null,
            "config": null,
            "container_config": [],
            "defined_tags": {
              "ArchitectureCenter\\devops-bluegreen-deploy-oke-20af.release": "1.1"
            },
            "deploy_artifact_id": null,
            "deploy_artifact_ids": null,
            "deploy_environment_id_a": null,
            "deploy_environment_id_b": null,
            "deploy_pipeline_id": "ocid1.devopsdeploypipeline.oc1.uk-london-1.amaaaaaawldo33iamdtkzo3w6472d37qi5cvkaguogofc4an2bdllngrexhq",
            "deploy_stage_predecessor_collection": [
              {
                "items": [
                  {
                    "id": "ocid1.devopsdeploystage.oc1.uk-london-1.amaaaaaawldo33iafpmwqweo4r566sejyy2at5st66hqbcl76bdd5r74pvrq"
                  }
                ]
              }
            ],
            "deploy_stage_type": "OKE_BLUE_GREEN_TRAFFIC_SHIFT",
            "deployment_spec_deploy_artifact_id": null,
            "description": "switch the traffic between OKE environment",
            "display_name": "blue_green_oke_traffic_shift",
            "docker_image_deploy_artifact_id": null,
            "failure_policy": [],
            "freeform_tags": {},
            "function_deploy_environment_id": null,
            "function_timeout_in_seconds": null,
            "green_backend_ips": [],
            "helm_chart_deploy_artifact_id": null,
            "helm_command_artifact_ids": null,
            "id": "ocid1.devopsdeploystage.oc1.uk-london-1.amaaaaaawldo33iao4pvegldomfkpwjh5hzetlmlcshfjkdh6hj2gqkakvcq",
            "is_async": null,
            "is_debug_enabled": null,
            "is_force_enabled": null,
            "is_uninstall_on_stage_delete": null,
            "is_validation_enabled": null,
            "kubernetes_manifest_deploy_artifact_ids": null,
            "lifecycle_details": "",
            "load_balancer_config": [],
            "max_history": null,
            "max_memory_in_mbs": null,
            "namespace": null,
            "oke_blue_green_deploy_stage_id": "ocid1.devopsdeploystage.oc1.uk-london-1.amaaaaaawldo33ia77v6hyqhstepzuftbvrckpljbgnsy6kceb5iz46msfnq",
            "oke_canary_deploy_stage_id": null,
            "oke_canary_traffic_shift_deploy_stage_id": null,
            "oke_cluster_deploy_environment_id": null,
            "production_load_balancer_config": [],
            "project_id": "ocid1.devopsproject.oc1.uk-london-1.amaaaaaawldo33ian6in2syk6vttvfy553zrp22lhwredvekfwz2uacws6aq",
            "purpose": null,
            "release_name": null,
            "rollback_policy": [],
            "rollout_policy": [],
            "set_string": [],
            "set_values": [],
            "should_cleanup_on_fail": null,
            "should_not_wait": null,
            "should_reset_values": null,
            "should_reuse_values": null,
            "should_skip_crds": null,
            "should_skip_render_subchart_notes": null,
            "state": "ACTIVE",
            "system_tags": {
              "orcl-cloud.free-tier-retained": "true"
            },
            "test_load_balancer_config": [],
            "time_created": "2024-10-16 15:18:49.743 +0000 UTC",
            "time_updated": "2024-10-16 15:27:16.959 +0000 UTC",
            "timeout_in_seconds": null,
            "timeouts": null,
            "traffic_shift_target": null,
            "values_artifact_ids": null,
            "wait_criteria": []
          },
          "sensitive_attributes": [],
          "private": "eyJlMmJmYjczMC1lY2FhLTExZTYtOGY4OC0zNDM2M2JjN2M0YzAiOnsiY3JlYXRlIjoxMjAwMDAwMDAwMDAwLCJkZWxldGUiOjEyMDAwMDAwMDAwMDAsInVwZGF0ZSI6MTIwMDAwMDAwMDAwMH19",
          "dependencies": [
            "data.oci_containerengine_cluster_option.oke",
            "data.oci_core_services.all_services",
            "data.oci_identity_regions.current_region",
            "data.oci_identity_regions.home_region",
            "data.oci_identity_tenancy.tenant_details",
            "data.oci_objectstorage_namespace.ns",
            "data.template_file.oci-oke-deployment",
            "module.oci-oke.data.oci_core_services.AllOCIServices",
            "module.oci-oke.oci_containerengine_cluster.oci_oke_cluster",
            "module.oci-oke.oci_core_internet_gateway.oke_igw",
            "module.oci-oke.oci_core_nat_gateway.oke_natgw",
            "module.oci-oke.oci_core_route_table.oke_rt_via_igw",
            "module.oci-oke.oci_core_route_table.oke_rt_via_natgw_and_sg",
            "module.oci-oke.oci_core_security_list.oke_api_endpoint_subnet_sec_list",
            "module.oci-oke.oci_core_service_gateway.oke_sg",
            "module.oci-oke.oci_core_subnet.oke_api_endpoint_subnet",
            "module.oci-oke.oci_core_subnet.oke_lb_subnet",
            "module.oci-oke.oci_core_vcn.oke_vcn",
            "oci_artifacts_container_repository.test_container_repository",
            "oci_core_internet_gateway.oke_internet_gateway",
            "oci_core_nat_gateway.oke_nat_gateway",
            "oci_core_route_table.oke_private_route_table",
            "oci_core_route_table.oke_public_route_table",
            "oci_core_security_list.oke_endpoint_security_list",
            "oci_core_security_list.oke_lb_security_list",
            "oci_core_service_gateway.oke_service_gateway",
            "oci_core_subnet.oke_k8s_endpoint_subnet",
            "oci_core_subnet.oke_lb_subnet",
            "oci_core_virtual_network.oke_vcn",
            "oci_devops_deploy_artifact.test_deploy_oke_artifact",
            "oci_devops_deploy_environment.test_environment",
            "oci_devops_deploy_pipeline.test_deploy_pipeline",
            "oci_devops_deploy_stage.oke_depploy_stage",
            "oci_devops_deploy_stage.production_release_approval",
            "oci_devops_project.test_project",
            "oci_identity_tag.ArchitectureCenterTag",
            "oci_identity_tag_namespace.ArchitectureCenterTagNamespace",
            "oci_ons_notification_topic.test_notification_topic",
            "random_id.tag",
            "random_string.deploy_id"
          ]
        }
      ]
    },
    {
      "mode": "managed",
      "type": "oci_devops_deploy_stage",
      "name": "production_release_approval",
      "provider": "provider[\"registry.terraform.io/oracle/oci\"]",
      "instances": [
        {
          "schema_version": 0,
          "attributes": {
            "approval_policy": [
              {
                "approval_policy_type": "COUNT_BASED_APPROVAL",
                "number_of_approvals_required": 1
              }
            ],
            "are_hooks_enabled": null,
            "blue_backend_ips": [],
            "blue_green_strategy": [],
            "canary_strategy": [],
            "command_spec_deploy_artifact_id": null,
            "compartment_id": "ocid1.tenancy.oc1..aaaaaaaay54k6twlomunmgr7g3uyk3wjsq2kainrtdxebcjqzvbxvqediuwa",
            "compute_instance_group_blue_green_deployment_deploy_stage_id": null,
            "compute_instance_group_canary_deploy_stage_id": null,
            "compute_instance_group_canary_traffic_shift_deploy_stage_id": null,
            "compute_instance_group_deploy_environment_id": null,
            "config": null,
            "container_config": [],
            "defined_tags": {
              "ArchitectureCenter\\devops-bluegreen-deploy-oke-20af.release": "1.1"
            },
            "deploy_artifact_id": null,
            "deploy_artifact_ids": null,
            "deploy_environment_id_a": null,
            "deploy_environment_id_b": null,
            "deploy_pipeline_id": "ocid1.devopsdeploypipeline.oc1.uk-london-1.amaaaaaawldo33iamdtkzo3w6472d37qi5cvkaguogofc4an2bdllngrexhq",
            "deploy_stage_predecessor_collection": [
              {
                "items": [
                  {
                    "id": "ocid1.devopsdeploystage.oc1.uk-london-1.amaaaaaawldo33ia77v6hyqhstepzuftbvrckpljbgnsy6kceb5iz46msfnq"
                  }
                ]
              }
            ],
            "deploy_stage_type": "MANUAL_APPROVAL",
            "deployment_spec_deploy_artifact_id": null,
            "description": "Approval for production switch",
            "display_name": "approval_for_production_switch",
            "docker_image_deploy_artifact_id": null,
            "failure_policy": [],
            "freeform_tags": {},
            "function_deploy_environment_id": null,
            "function_timeout_in_seconds": null,
            "green_backend_ips": [],
            "helm_chart_deploy_artifact_id": null,
            "helm_command_artifact_ids": null,
            "id": "ocid1.devopsdeploystage.oc1.uk-london-1.amaaaaaawldo33iafpmwqweo4r566sejyy2at5st66hqbcl76bdd5r74pvrq",
            "is_async": null,
            "is_debug_enabled": null,
            "is_force_enabled": null,
            "is_uninstall_on_stage_delete": null,
            "is_validation_enabled": null,
            "kubernetes_manifest_deploy_artifact_ids": null,
            "lifecycle_details": "",
            "load_balancer_config": [],
            "max_history": null,
            "max_memory_in_mbs": null,
            "namespace": null,
            "oke_blue_green_deploy_stage_id": null,
            "oke_canary_deploy_stage_id": null,
            "oke_canary_traffic_shift_deploy_stage_id": null,
            "oke_cluster_deploy_environment_id": null,
            "production_load_balancer_config": [],
            "project_id": "ocid1.devopsproject.oc1.uk-london-1.amaaaaaawldo33ian6in2syk6vttvfy553zrp22lhwredvekfwz2uacws6aq",
            "purpose": null,
            "release_name": null,
            "rollback_policy": [],
            "rollout_policy": [],
            "set_string": [],
            "set_values": [],
            "should_cleanup_on_fail": null,
            "should_not_wait": null,
            "should_reset_values": null,
            "should_reuse_values": null,
            "should_skip_crds": null,
            "should_skip_render_subchart_notes": null,
            "state": "ACTIVE",
            "system_tags": {
              "orcl-cloud.free-tier-retained": "true"
            },
            "test_load_balancer_config": [],
            "time_created": "2024-10-16 15:18:40.15 +0000 UTC",
            "time_updated": "2024-10-16 15:27:06.039 +0000 UTC",
            "timeout_in_seconds": null,
            "timeouts": null,
            "traffic_shift_target": null,
            "values_artifact_ids": null,
            "wait_criteria": []
          },
          "sensitive_attributes": [],
          "private": "eyJlMmJmYjczMC1lY2FhLTExZTYtOGY4OC0zNDM2M2JjN2M0YzAiOnsiY3JlYXRlIjoxMjAwMDAwMDAwMDAwLCJkZWxldGUiOjEyMDAwMDAwMDAwMDAsInVwZGF0ZSI6MTIwMDAwMDAwMDAwMH19",
          "dependencies": [
            "data.oci_containerengine_cluster_option.oke",
            "data.oci_core_services.all_services",
            "data.oci_identity_regions.current_region",
            "data.oci_identity_regions.home_region",
            "data.oci_identity_tenancy.tenant_details",
            "data.oci_objectstorage_namespace.ns",
            "data.template_file.oci-oke-deployment",
            "module.oci-oke.data.oci_core_services.AllOCIServices",
            "module.oci-oke.oci_containerengine_cluster.oci_oke_cluster",
            "module.oci-oke.oci_core_internet_gateway.oke_igw",
            "module.oci-oke.oci_core_nat_gateway.oke_natgw",
            "module.oci-oke.oci_core_route_table.oke_rt_via_igw",
            "module.oci-oke.oci_core_route_table.oke_rt_via_natgw_and_sg",
            "module.oci-oke.oci_core_security_list.oke_api_endpoint_subnet_sec_list",
            "module.oci-oke.oci_core_service_gateway.oke_sg",
            "module.oci-oke.oci_core_subnet.oke_api_endpoint_subnet",
            "module.oci-oke.oci_core_subnet.oke_lb_subnet",
            "module.oci-oke.oci_core_vcn.oke_vcn",
            "oci_artifacts_container_repository.test_container_repository",
            "oci_core_internet_gateway.oke_internet_gateway",
            "oci_core_nat_gateway.oke_nat_gateway",
            "oci_core_route_table.oke_private_route_table",
            "oci_core_route_table.oke_public_route_table",
            "oci_core_security_list.oke_endpoint_security_list",
            "oci_core_security_list.oke_lb_security_list",
            "oci_core_service_gateway.oke_service_gateway",
            "oci_core_subnet.oke_k8s_endpoint_subnet",
            "oci_core_subnet.oke_lb_subnet",
            "oci_core_virtual_network.oke_vcn",
            "oci_devops_deploy_artifact.test_deploy_oke_artifact",
            "oci_devops_deploy_environment.test_environment",
            "oci_devops_deploy_pipeline.test_deploy_pipeline",
            "oci_devops_deploy_stage.oke_depploy_stage",
            "oci_devops_project.test_project",
            "oci_identity_tag.ArchitectureCenterTag",
            "oci_identity_tag_namespace.ArchitectureCenterTagNamespace",
            "oci_ons_notification_topic.test_notification_topic",
            "random_id.tag",
            "random_string.deploy_id"
          ]
        }
      ]
    },
    {
      "mode": "managed",
      "type": "oci_devops_project",
      "name": "test_project",
      "provider": "provider[\"registry.terraform.io/oracle/oci\"]",
      "instances": [
        {
          "schema_version": 0,
          "attributes": {
            "compartment_id": "ocid1.tenancy.oc1..aaaaaaaay54k6twlomunmgr7g3uyk3wjsq2kainrtdxebcjqzvbxvqediuwa",
            "defined_tags": {
              "ArchitectureCenter\\devops-bluegreen-deploy-oke-20af.release": "1.1"
            },
            "description": "DevOps CI/CD Sample Project for OKE BlueGreen Deployment",
            "freeform_tags": {},
            "id": "ocid1.devopsproject.oc1.uk-london-1.amaaaaaawldo33ian6in2syk6vttvfy553zrp22lhwredvekfwz2uacws6aq",
            "lifecycle_details": "",
            "name": "poc_sample_app_devopsproject_tzwc",
            "namespace": "lros2xgtla5r",
            "notification_config": [
              {
                "topic_id": "ocid1.onstopic.oc1.uk-london-1.amaaaaaawldo33iao5fjcgfipqvhkombmfn2ovv52on56ztjohyedk2u6jfa"
              }
            ],
            "state": "ACTIVE",
            "system_tags": {
              "orcl-cloud.free-tier-retained": "true"
            },
            "time_created": "2024-10-16 15:07:44.869 +0000 UTC",
            "time_updated": "2024-10-16 15:21:43.388 +0000 UTC",
            "timeouts": null
          },
          "sensitive_attributes": [],
          "private": "eyJlMmJmYjczMC1lY2FhLTExZTYtOGY4OC0zNDM2M2JjN2M0YzAiOnsiY3JlYXRlIjoxMjAwMDAwMDAwMDAwLCJkZWxldGUiOjEyMDAwMDAwMDAwMDAsInVwZGF0ZSI6MTIwMDAwMDAwMDAwMH19",
          "dependencies": [
            "data.oci_identity_regions.home_region",
            "data.oci_identity_tenancy.tenant_details",
            "oci_identity_tag.ArchitectureCenterTag",
            "oci_identity_tag_namespace.ArchitectureCenterTagNamespace",
            "oci_ons_notification_topic.test_notification_topic",
            "random_id.tag",
            "random_string.deploy_id"
          ]
        }
      ]
    },
    {
      "mode": "managed",
      "type": "oci_devops_repository",
      "name": "test_repository",
      "provider": "provider[\"registry.terraform.io/oracle/oci\"]",
      "instances": [
        {
          "schema_version": 0,
          "attributes": {
            "branch_count": 0,
            "commit_count": 0,
            "compartment_id": "ocid1.tenancy.oc1..aaaaaaaay54k6twlomunmgr7g3uyk3wjsq2kainrtdxebcjqzvbxvqediuwa",
            "default_branch": "refs/heads/main",
            "defined_tags": {
              "Oracle-Tags.CreatedBy": "default/chaitanyasharma04uk@gmail.com",
              "Oracle-Tags.CreatedOn": "2024-10-16T15:07:45.553Z"
            },
            "description": "OCI Devops blue green sample application",
            "freeform_tags": {},
            "http_url": "https://devops.scmservice.uk-london-1.oci.oraclecloud.com/namespaces/lros2xgtla5r/projects/poc_sample_app_devopsproject_tzwc/repositories/oci_devops_oke_bluegreen_sample",
            "id": "ocid1.devopsrepository.oc1.uk-london-1.amaaaaaawldo33iacefpfsem5y6obtuu6i2tjewpvseqtzpatgnse5b3bija",
            "lifecyle_details": "",
            "mirror_repository_config": [],
            "name": "oci_devops_oke_bluegreen_sample",
            "namespace": "lros2xgtla5r",
            "parent_repository_id": "",
            "project_id": "ocid1.devopsproject.oc1.uk-london-1.amaaaaaawldo33ian6in2syk6vttvfy553zrp22lhwredvekfwz2uacws6aq",
            "project_name": "poc_sample_app_devopsproject_tzwc",
            "repository_type": "HOSTED",
            "size_in_bytes": "0",
            "ssh_url": "ssh://devops.scmservice.uk-london-1.oci.oraclecloud.com/namespaces/lros2xgtla5r/projects/poc_sample_app_devopsproject_tzwc/repositories/oci_devops_oke_bluegreen_sample",
            "state": "ACTIVE",
            "system_tags": {},
            "time_created": "2024-10-16 15:07:45.748 +0000 UTC",
            "time_updated": "2024-10-16 15:54:38.824 +0000 UTC",
            "timeouts": null,
            "trigger_build_events": [
              "PUSH"
            ]
          },
          "sensitive_attributes": [],
          "private": "eyJlMmJmYjczMC1lY2FhLTExZTYtOGY4OC0zNDM2M2JjN2M0YzAiOnsiY3JlYXRlIjoxMjAwMDAwMDAwMDAwLCJkZWxldGUiOjEyMDAwMDAwMDAwMDAsInVwZGF0ZSI6MTIwMDAwMDAwMDAwMH19",
          "dependencies": [
            "oci_devops_project.test_project"
          ]
        }
      ]
    },
    {
      "mode": "managed",
      "type": "oci_identity_dynamic_group",
      "name": "devopsgroup1",
      "provider": "provider[\"registry.terraform.io/oracle/oci\"].home_region",
      "instances": [
        {
          "schema_version": 0,
          "attributes": {
            "compartment_id": "ocid1.tenancy.oc1..aaaaaaaay54k6twlomunmgr7g3uyk3wjsq2kainrtdxebcjqzvbxvqediuwa",
            "defined_tags": {
              "Oracle-Tags.CreatedBy": "default/chaitanyasharma04uk@gmail.com",
              "Oracle-Tags.CreatedOn": "2024-10-16T15:05:33.352Z"
            },
            "description": "DevOps deploy pipeline dynamic group",
            "freeform_tags": {},
            "id": "ocid1.dynamicgroup.oc1..aaaaaaaajqsek6nrc3jryakvs47ayvzt7lwsbqmd3ngtre6mz56w76aokgbq",
            "inactive_state": null,
            "matching_rule": "ALL {resource.type = 'devopsdeploypipeline', resource.compartment.id = 'ocid1.tenancy.oc1..aaaaaaaay54k6twlomunmgr7g3uyk3wjsq2kainrtdxebcjqzvbxvqediuwa'}",
            "name": "devopsdyngroup-20af",
            "state": "ACTIVE",
            "time_created": "2024-10-16 15:05:33.475 +0000 UTC",
            "timeouts": null
          },
          "sensitive_attributes": [],
          "private": "eyJlMmJmYjczMC1lY2FhLTExZTYtOGY4OC0zNDM2M2JjN2M0YzAiOnsiY3JlYXRlIjoxMjAwMDAwMDAwMDAwLCJkZWxldGUiOjEyMDAwMDAwMDAwMDAsInVwZGF0ZSI6MTIwMDAwMDAwMDAwMH19",
          "dependencies": [
            "data.oci_identity_regions.home_region",
            "data.oci_identity_tenancy.tenant_details",
            "random_id.tag"
          ]
        }
      ]
    },
    {
      "mode": "managed",
      "type": "oci_identity_dynamic_group",
      "name": "devopsgroup2",
      "provider": "provider[\"registry.terraform.io/oracle/oci\"].home_region",
      "instances": [
        {
          "schema_version": 0,
          "attributes": {
            "compartment_id": "ocid1.tenancy.oc1..aaaaaaaay54k6twlomunmgr7g3uyk3wjsq2kainrtdxebcjqzvbxvqediuwa",
            "defined_tags": {
              "Oracle-Tags.CreatedBy": "default/chaitanyasharma04uk@gmail.com",
              "Oracle-Tags.CreatedOn": "2024-10-16T15:05:33.091Z"
            },
            "description": "DevOps code repository dynamic group",
            "freeform_tags": {},
            "id": "ocid1.dynamicgroup.oc1..aaaaaaaa26eugkxifuo5f6rgpswbg4nsdcofidzglfxgg5pqzmsaazu56bwa",
            "inactive_state": null,
            "matching_rule": "ALL {resource.type = 'devopsrepository'}",
            "name": "CodeReposDynamicGroup-20af",
            "state": "ACTIVE",
            "time_created": "2024-10-16 15:05:33.721 +0000 UTC",
            "timeouts": null
          },
          "sensitive_attributes": [],
          "private": "eyJlMmJmYjczMC1lY2FhLTExZTYtOGY4OC0zNDM2M2JjN2M0YzAiOnsiY3JlYXRlIjoxMjAwMDAwMDAwMDAwLCJkZWxldGUiOjEyMDAwMDAwMDAwMDAsInVwZGF0ZSI6MTIwMDAwMDAwMDAwMH19",
          "dependencies": [
            "data.oci_identity_regions.home_region",
            "data.oci_identity_tenancy.tenant_details",
            "random_id.tag"
          ]
        }
      ]
    },
    {
      "mode": "managed",
      "type": "oci_identity_dynamic_group",
      "name": "devopsgroup3",
      "provider": "provider[\"registry.terraform.io/oracle/oci\"].home_region",
      "instances": [
        {
          "schema_version": 0,
          "attributes": {
            "compartment_id": "ocid1.tenancy.oc1..aaaaaaaay54k6twlomunmgr7g3uyk3wjsq2kainrtdxebcjqzvbxvqediuwa",
            "defined_tags": {
              "Oracle-Tags.CreatedBy": "default/chaitanyasharma04uk@gmail.com",
              "Oracle-Tags.CreatedOn": "2024-10-16T15:05:33.096Z"
            },
            "description": "DevOps repository build pipeline dynamic group",
            "freeform_tags": {},
            "id": "ocid1.dynamicgroup.oc1..aaaaaaaa2gcvam3ea5fd7krzxt7u6uychrc32nz4yocwqbky7f5caktjww4a",
            "inactive_state": null,
            "matching_rule": "ALL {resource.type = 'devopsbuildpipeline'}",
            "name": "MyDynamicGroup-20af",
            "state": "ACTIVE",
            "time_created": "2024-10-16 15:05:33.614 +0000 UTC",
            "timeouts": null
          },
          "sensitive_attributes": [],
          "private": "eyJlMmJmYjczMC1lY2FhLTExZTYtOGY4OC0zNDM2M2JjN2M0YzAiOnsiY3JlYXRlIjoxMjAwMDAwMDAwMDAwLCJkZWxldGUiOjEyMDAwMDAwMDAwMDAsInVwZGF0ZSI6MTIwMDAwMDAwMDAwMH19",
          "dependencies": [
            "data.oci_identity_regions.home_region",
            "data.oci_identity_tenancy.tenant_details",
            "random_id.tag"
          ]
        }
      ]
    },
    {
      "mode": "managed",
      "type": "oci_identity_dynamic_group",
      "name": "oke_nodes_dg",
      "provider": "provider[\"registry.terraform.io/oracle/oci\"].home_region",
      "instances": [
        {
          "index_key": 0,
          "schema_version": 0,
          "attributes": {
            "compartment_id": "ocid1.tenancy.oc1..aaaaaaaay54k6twlomunmgr7g3uyk3wjsq2kainrtdxebcjqzvbxvqediuwa",
            "defined_tags": {
              "Oracle-Tags.CreatedBy": "default/chaitanyasharma04uk@gmail.com",
              "Oracle-Tags.CreatedOn": "2024-10-16T15:05:33.082Z"
            },
            "description": "Cluster Dynamic Group",
            "freeform_tags": {},
            "id": "ocid1.dynamicgroup.oc1..aaaaaaaatlh3myu6ptmx3xffmmulprmid3wcpvyeikje5nyhlswuja6dntuq",
            "inactive_state": null,
            "matching_rule": "ANY {ALL {instance.compartment.id = 'ocid1.tenancy.oc1..aaaaaaaay54k6twlomunmgr7g3uyk3wjsq2kainrtdxebcjqzvbxvqediuwa'},ALL {resource.type = 'cluster', resource.compartment.id = 'ocid1.tenancy.oc1..aaaaaaaay54k6twlomunmgr7g3uyk3wjsq2kainrtdxebcjqzvbxvqediuwa'}}",
            "name": "oke-cluster-dg-tzwc",
            "state": "ACTIVE",
            "time_created": "2024-10-16 15:05:33.162 +0000 UTC",
            "timeouts": null
          },
          "sensitive_attributes": [],
          "private": "eyJlMmJmYjczMC1lY2FhLTExZTYtOGY4OC0zNDM2M2JjN2M0YzAiOnsiY3JlYXRlIjoxMjAwMDAwMDAwMDAwLCJkZWxldGUiOjEyMDAwMDAwMDAwMDAsInVwZGF0ZSI6MTIwMDAwMDAwMDAwMH19",
          "dependencies": [
            "data.oci_identity_regions.home_region",
            "data.oci_identity_tenancy.tenant_details",
            "random_string.deploy_id"
          ]
        }
      ]
    },
    {
      "mode": "managed",
      "type": "oci_identity_policy",
      "name": "devopspolicy",
      "provider": "provider[\"registry.terraform.io/oracle/oci\"].home_region",
      "instances": [
        {
          "schema_version": 0,
          "attributes": {
            "ETag": "e9697d1623b935d8c6b181e6356370670fe6177d",
            "compartment_id": "ocid1.tenancy.oc1..aaaaaaaay54k6twlomunmgr7g3uyk3wjsq2kainrtdxebcjqzvbxvqediuwa",
            "defined_tags": {
              "Oracle-Tags.CreatedBy": "default/chaitanyasharma04uk@gmail.com",
              "Oracle-Tags.CreatedOn": "2024-10-16T15:05:34.089Z"
            },
            "description": "policy created for devops",
            "freeform_tags": {},
            "id": "ocid1.policy.oc1..aaaaaaaalbgtl5vgtjmnr7yf5lhwq4ewetvtfo4ofj6qkboxux5oaxkbwajq",
            "inactive_state": null,
            "lastUpdateETag": "e9697d1623b935d8c6b181e6356370670fe6177d",
            "name": "devops-policies-20af",
            "policyHash": "1e976ca46dba160230ee770048bc236c",
            "state": "ACTIVE",
            "statements": [
              "Allow group Administrators to manage devops-family in compartment id ocid1.tenancy.oc1..aaaaaaaay54k6twlomunmgr7g3uyk3wjsq2kainrtdxebcjqzvbxvqediuwa",
              "Allow group Administrators to manage all-artifacts in compartment id ocid1.tenancy.oc1..aaaaaaaay54k6twlomunmgr7g3uyk3wjsq2kainrtdxebcjqzvbxvqediuwa",
              "Allow dynamic-group devopsdyngroup-20af to manage all-resources in compartment id ocid1.tenancy.oc1..aaaaaaaay54k6twlomunmgr7g3uyk3wjsq2kainrtdxebcjqzvbxvqediuwa"
            ],
            "time_created": "2024-10-16 15:05:34.127 +0000 UTC",
            "timeouts": null,
            "version_date": null
          },
          "sensitive_attributes": [],
          "private": "eyJlMmJmYjczMC1lY2FhLTExZTYtOGY4OC0zNDM2M2JjN2M0YzAiOnsiY3JlYXRlIjoxMjAwMDAwMDAwMDAwLCJkZWxldGUiOjEyMDAwMDAwMDAwMDAsInVwZGF0ZSI6MTIwMDAwMDAwMDAwMH19",
          "dependencies": [
            "data.oci_identity_regions.home_region",
            "data.oci_identity_tenancy.tenant_details",
            "oci_identity_dynamic_group.devopsgroup1",
            "random_id.tag"
          ]
        }
      ]
    },
    {
      "mode": "managed",
      "type": "oci_identity_policy",
      "name": "devopsrootpolicy",
      "provider": "provider[\"registry.terraform.io/oracle/oci\"].home_region",
      "instances": [
        {
          "schema_version": 0,
          "attributes": {
            "ETag": "6ae47647644733bc7dba6f06060ab8a428e4dc87",
            "compartment_id": "ocid1.tenancy.oc1..aaaaaaaay54k6twlomunmgr7g3uyk3wjsq2kainrtdxebcjqzvbxvqediuwa",
            "defined_tags": {
              "Oracle-Tags.CreatedBy": "default/chaitanyasharma04uk@gmail.com",
              "Oracle-Tags.CreatedOn": "2024-10-16T15:05:34.284Z"
            },
            "description": "policy created for root compartment",
            "freeform_tags": {},
            "id": "ocid1.policy.oc1..aaaaaaaahjlf2hmt7pqbeavpt7fipjdpvw2wxngzgmpa2fmd3qncchwpvi3q",
            "inactive_state": null,
            "lastUpdateETag": "6ae47647644733bc7dba6f06060ab8a428e4dc87",
            "name": "devops-root-policies-20af",
            "policyHash": "9da2589ad652f3cd5f61bec5a69dca1f",
            "state": "ACTIVE",
            "statements": [
              "Allow dynamic-group CodeReposDynamicGroup-20af to manage all-resources in tenancy",
              "Allow dynamic-group MyDynamicGroup-20af to manage all-resources in tenancy"
            ],
            "time_created": "2024-10-16 15:05:34.289 +0000 UTC",
            "timeouts": null,
            "version_date": null
          },
          "sensitive_attributes": [],
          "private": "eyJlMmJmYjczMC1lY2FhLTExZTYtOGY4OC0zNDM2M2JjN2M0YzAiOnsiY3JlYXRlIjoxMjAwMDAwMDAwMDAwLCJkZWxldGUiOjEyMDAwMDAwMDAwMDAsInVwZGF0ZSI6MTIwMDAwMDAwMDAwMH19",
          "dependencies": [
            "data.oci_identity_regions.home_region",
            "data.oci_identity_tenancy.tenant_details",
            "oci_identity_dynamic_group.devopsgroup2",
            "oci_identity_dynamic_group.devopsgroup3",
            "random_id.tag"
          ]
        }
      ]
    },
    {
      "mode": "managed",
      "type": "oci_identity_policy",
      "name": "oke_compartment_policies",
      "provider": "provider[\"registry.terraform.io/oracle/oci\"].home_region",
      "instances": [
        {
          "index_key": 0,
          "schema_version": 0,
          "attributes": {
            "ETag": "4cc35eba8b773493199764c64549482b7b853cd6",
            "compartment_id": "ocid1.tenancy.oc1..aaaaaaaay54k6twlomunmgr7g3uyk3wjsq2kainrtdxebcjqzvbxvqediuwa",
            "defined_tags": {
              "Oracle-Tags.CreatedBy": "default/chaitanyasharma04uk@gmail.com",
              "Oracle-Tags.CreatedOn": "2024-10-16T15:05:33.771Z"
            },
            "description": "OKE Cluster Compartment Policies",
            "freeform_tags": {},
            "id": "ocid1.policy.oc1..aaaaaaaaygm42d6wqzy2qlabduygwawgkkmqh6txunkmiouogkeehgpkf6oa",
            "inactive_state": null,
            "lastUpdateETag": "4cc35eba8b773493199764c64549482b7b853cd6",
            "name": "oke-cluster-compartment-policies-tzwc",
            "policyHash": "cad54c66e0b0a727a08a3552fd9b23aa",
            "state": "ACTIVE",
            "statements": [
              "Allow dynamic-group oke-cluster-dg-tzwc to read log-groups in compartment id ocid1.tenancy.oc1..aaaaaaaay54k6twlomunmgr7g3uyk3wjsq2kainrtdxebcjqzvbxvqediuwa",
              "Allow dynamic-group oke-cluster-dg-tzwc to read log-content in compartment id ocid1.tenancy.oc1..aaaaaaaay54k6twlomunmgr7g3uyk3wjsq2kainrtdxebcjqzvbxvqediuwa"
            ],
            "time_created": "2024-10-16 15:05:33.807 +0000 UTC",
            "timeouts": null,
            "version_date": null
          },
          "sensitive_attributes": [],
          "private": "eyJlMmJmYjczMC1lY2FhLTExZTYtOGY4OC0zNDM2M2JjN2M0YzAiOnsiY3JlYXRlIjoxMjAwMDAwMDAwMDAwLCJkZWxldGUiOjEyMDAwMDAwMDAwMDAsInVwZGF0ZSI6MTIwMDAwMDAwMDAwMH19",
          "dependencies": [
            "data.oci_identity_regions.home_region",
            "data.oci_identity_tenancy.tenant_details",
            "oci_identity_dynamic_group.oke_nodes_dg",
            "random_string.deploy_id"
          ]
        }
      ]
    },
    {
      "mode": "managed",
      "type": "oci_identity_policy",
      "name": "oke_tenancy_policies",
      "provider": "provider[\"registry.terraform.io/oracle/oci\"].home_region",
      "instances": [
        {
          "index_key": 0,
          "schema_version": 0,
          "attributes": {
            "ETag": "b598560d86b5ecc26595d58c9f05b0370e692784",
            "compartment_id": "ocid1.tenancy.oc1..aaaaaaaay54k6twlomunmgr7g3uyk3wjsq2kainrtdxebcjqzvbxvqediuwa",
            "defined_tags": {
              "Oracle-Tags.CreatedBy": "default/chaitanyasharma04uk@gmail.com",
              "Oracle-Tags.CreatedOn": "2024-10-16T15:05:33.697Z"
            },
            "description": "OKE Cluster Tenancy Policies",
            "freeform_tags": {},
            "id": "ocid1.policy.oc1..aaaaaaaaaiosckixebktbmrdlqmyk4s7unttsco4wacc7j4kdpc3hcmworla",
            "inactive_state": null,
            "lastUpdateETag": "b598560d86b5ecc26595d58c9f05b0370e692784",
            "name": "oke-cluster-tenancy-policies-tzwc",
            "policyHash": "3c34fb96ecc2ab5ffa6e6d9e1fe53fbf",
            "state": "ACTIVE",
            "statements": [
              "Allow dynamic-group oke-cluster-dg-tzwc to read metrics in tenancy",
              "Allow dynamic-group oke-cluster-dg-tzwc to read compartments in tenancy"
            ],
            "time_created": "2024-10-16 15:05:33.713 +0000 UTC",
            "timeouts": null,
            "version_date": null
          },
          "sensitive_attributes": [],
          "private": "eyJlMmJmYjczMC1lY2FhLTExZTYtOGY4OC0zNDM2M2JjN2M0YzAiOnsiY3JlYXRlIjoxMjAwMDAwMDAwMDAwLCJkZWxldGUiOjEyMDAwMDAwMDAwMDAsInVwZGF0ZSI6MTIwMDAwMDAwMDAwMH19",
          "dependencies": [
            "data.oci_identity_regions.home_region",
            "data.oci_identity_tenancy.tenant_details",
            "oci_identity_dynamic_group.oke_nodes_dg",
            "random_string.deploy_id"
          ]
        }
      ]
    },
    {
      "mode": "managed",
      "type": "oci_identity_tag",
      "name": "ArchitectureCenterTag",
      "provider": "provider[\"registry.terraform.io/oracle/oci\"].home_region",
      "instances": [
        {
          "schema_version": 0,
          "attributes": {
            "defined_tags": {
              "Oracle-Tags.CreatedBy": "default/chaitanyasharma04uk@gmail.com",
              "Oracle-Tags.CreatedOn": "2024-10-16T15:05:32.924Z"
            },
            "description": "ArchitectureCenterTag",
            "freeform_tags": {},
            "id": "ocid1.tagdefinition.oc1..aaaaaaaaijgavb7yshdef2wxcreyox6qpiaqaxbbxf6dn7kbgqrurslwneia",
            "is_cost_tracking": false,
            "is_retired": false,
            "name": "release",
            "state": "ACTIVE",
            "tag_namespace_id": "ocid1.tagnamespace.oc1..aaaaaaaacxacdau6uhm5ukkz2osvlwivx3crv6sesitv5nbpcws735xah5wq",
            "time_created": "2024-10-16 15:05:43.612 +0000 UTC",
            "timeouts": null,
            "validator": [
              {
                "validator_type": "ENUM",
                "values": [
                  "release",
                  "1.1"
                ]
              }
            ]
          },
          "sensitive_attributes": [],
          "private": "eyJlMmJmYjczMC1lY2FhLTExZTYtOGY4OC0zNDM2M2JjN2M0YzAiOnsiY3JlYXRlIjo5MDAwMDAwMDAwMDAsImRlbGV0ZSI6NDMyMDAwMDAwMDAwMDAsInVwZGF0ZSI6OTAwMDAwMDAwMDAwfX0=",
          "dependencies": [
            "data.oci_identity_regions.home_region",
            "data.oci_identity_tenancy.tenant_details",
            "oci_identity_tag_namespace.ArchitectureCenterTagNamespace",
            "random_id.tag"
          ]
        }
      ]
    },
    {
      "mode": "managed",
      "type": "oci_identity_tag_namespace",
      "name": "ArchitectureCenterTagNamespace",
      "provider": "provider[\"registry.terraform.io/oracle/oci\"].home_region",
      "instances": [
        {
          "schema_version": 0,
          "attributes": {
            "compartment_id": "ocid1.tenancy.oc1..aaaaaaaay54k6twlomunmgr7g3uyk3wjsq2kainrtdxebcjqzvbxvqediuwa",
            "defined_tags": {
              "Oracle-Tags.CreatedBy": "default/chaitanyasharma04uk@gmail.com",
              "Oracle-Tags.CreatedOn": "2024-10-16T15:05:32.924Z"
            },
            "description": "ArchitectureCenterTagNamespace",
            "freeform_tags": {},
            "id": "ocid1.tagnamespace.oc1..aaaaaaaacxacdau6uhm5ukkz2osvlwivx3crv6sesitv5nbpcws735xah5wq",
            "is_retired": false,
            "name": "ArchitectureCenter\\devops-bluegreen-deploy-oke-20af",
            "state": "ACTIVE",
            "time_created": "2024-10-16 15:05:33.069 +0000 UTC",
            "timeouts": null
          },
          "sensitive_attributes": [],
          "private": "eyJlMmJmYjczMC1lY2FhLTExZTYtOGY4OC0zNDM2M2JjN2M0YzAiOnsiY3JlYXRlIjoxMjAwMDAwMDAwMDAwLCJkZWxldGUiOjEyMDAwMDAwMDAwMDAsInVwZGF0ZSI6MTIwMDAwMDAwMDAwMH19",
          "dependencies": [
            "data.oci_identity_regions.home_region",
            "data.oci_identity_tenancy.tenant_details",
            "random_id.tag"
          ]
        }
      ]
    },
    {
      "mode": "managed",
      "type": "oci_logging_log",
      "name": "test_log",
      "provider": "provider[\"registry.terraform.io/oracle/oci\"]",
      "instances": [
        {
          "schema_version": 0,
          "attributes": {
            "compartment_id": "ocid1.tenancy.oc1..aaaaaaaay54k6twlomunmgr7g3uyk3wjsq2kainrtdxebcjqzvbxvqediuwa",
            "configuration": [
              {
                "compartment_id": "ocid1.tenancy.oc1..aaaaaaaay54k6twlomunmgr7g3uyk3wjsq2kainrtdxebcjqzvbxvqediuwa",
                "source": [
                  {
                    "category": "all",
                    "parameters": {},
                    "resource": "ocid1.devopsproject.oc1.uk-london-1.amaaaaaawldo33ian6in2syk6vttvfy553zrp22lhwredvekfwz2uacws6aq",
                    "service": "devops",
                    "source_type": "OCISERVICE"
                  }
                ]
              }
            ],
            "defined_tags": {
              "ArchitectureCenter\\devops-bluegreen-deploy-oke-20af.release": "1.1"
            },
            "display_name": "devops_log_group_log",
            "freeform_tags": {},
            "id": "ocid1.log.oc1.uk-london-1.amaaaaaawldo33iamvu6vlty4vbq2cvynlhu2l3qmydjvc4lzy4dctmpsqqa",
            "is_enabled": true,
            "log_group_id": "ocid1.loggroup.oc1.uk-london-1.amaaaaaawldo33iaem7eubfe43mi7snikaiymyovhvzrbxslrit5skitjsva",
            "log_type": "SERVICE",
            "retention_duration": 30,
            "state": "ACTIVE",
            "tenancy_id": "ocid1.tenancy.oc1..aaaaaaaay54k6twlomunmgr7g3uyk3wjsq2kainrtdxebcjqzvbxvqediuwa",
            "time_created": "2024-10-16 15:07:45.515 +0000 UTC",
            "time_last_modified": "2024-10-16 15:21:43.883 +0000 UTC",
            "timeouts": null
          },
          "sensitive_attributes": [],
          "private": "eyJlMmJmYjczMC1lY2FhLTExZTYtOGY4OC0zNDM2M2JjN2M0YzAiOnsiY3JlYXRlIjoxMjAwMDAwMDAwMDAwLCJkZWxldGUiOjEyMDAwMDAwMDAwMDAsInVwZGF0ZSI6MTIwMDAwMDAwMDAwMH19",
          "dependencies": [
            "data.oci_identity_regions.home_region",
            "data.oci_identity_tenancy.tenant_details",
            "oci_devops_project.test_project",
            "oci_identity_tag.ArchitectureCenterTag",
            "oci_identity_tag_namespace.ArchitectureCenterTagNamespace",
            "oci_logging_log_group.test_log_group",
            "oci_ons_notification_topic.test_notification_topic",
            "random_id.tag",
            "random_string.deploy_id"
          ]
        }
      ]
    },
    {
      "mode": "managed",
      "type": "oci_logging_log_group",
      "name": "test_log_group",
      "provider": "provider[\"registry.terraform.io/oracle/oci\"]",
      "instances": [
        {
          "schema_version": 0,
          "attributes": {
            "compartment_id": "ocid1.tenancy.oc1..aaaaaaaay54k6twlomunmgr7g3uyk3wjsq2kainrtdxebcjqzvbxvqediuwa",
            "defined_tags": {
              "ArchitectureCenter\\devops-bluegreen-deploy-oke-20af.release": "1.1"
            },
            "description": null,
            "display_name": "devops_log_group_tzwc",
            "freeform_tags": {},
            "id": "ocid1.loggroup.oc1.uk-london-1.amaaaaaawldo33iaem7eubfe43mi7snikaiymyovhvzrbxslrit5skitjsva",
            "state": "ACTIVE",
            "time_created": "2024-10-16 15:07:44.222 +0000 UTC",
            "time_last_modified": "2024-10-16 15:21:42.886 +0000 UTC",
            "timeouts": null
          },
          "sensitive_attributes": [],
          "private": "eyJlMmJmYjczMC1lY2FhLTExZTYtOGY4OC0zNDM2M2JjN2M0YzAiOnsiY3JlYXRlIjoxMjAwMDAwMDAwMDAwLCJkZWxldGUiOjEyMDAwMDAwMDAwMDAsInVwZGF0ZSI6MTIwMDAwMDAwMDAwMH19",
          "dependencies": [
            "data.oci_identity_regions.home_region",
            "data.oci_identity_tenancy.tenant_details",
            "oci_identity_tag.ArchitectureCenterTag",
            "oci_identity_tag_namespace.ArchitectureCenterTagNamespace",
            "random_id.tag",
            "random_string.deploy_id"
          ]
        }
      ]
    },
    {
      "mode": "managed",
      "type": "oci_ons_notification_topic",
      "name": "test_notification_topic",
      "provider": "provider[\"registry.terraform.io/oracle/oci\"]",
      "instances": [
        {
          "schema_version": 0,
          "attributes": {
            "api_endpoint": "https://cell1.notification.uk-london-1.oci.oraclecloud.com",
            "compartment_id": "ocid1.tenancy.oc1..aaaaaaaay54k6twlomunmgr7g3uyk3wjsq2kainrtdxebcjqzvbxvqediuwa",
            "defined_tags": {
              "ArchitectureCenter\\devops-bluegreen-deploy-oke-20af.release": "1.1"
            },
            "description": null,
            "etag": "a1ce3a0c",
            "freeform_tags": {},
            "id": "ocid1.onstopic.oc1.uk-london-1.amaaaaaawldo33iao5fjcgfipqvhkombmfn2ovv52on56ztjohyedk2u6jfa",
            "name": "poc_sample_app_topic_tzwc",
            "short_topic_id": null,
            "state": "ACTIVE",
            "time_created": "2024-10-16 15:07:44.321 +0000 UTC",
            "timeouts": null,
            "topic_id": "ocid1.onstopic.oc1.uk-london-1.amaaaaaawldo33iao5fjcgfipqvhkombmfn2ovv52on56ztjohyedk2u6jfa"
          },
          "sensitive_attributes": [],
          "private": "eyJlMmJmYjczMC1lY2FhLTExZTYtOGY4OC0zNDM2M2JjN2M0YzAiOnsiY3JlYXRlIjo5MDAwMDAwMDAwMDAsImRlbGV0ZSI6OTAwMDAwMDAwMDAwMCwidXBkYXRlIjo5MDAwMDAwMDAwMDB9fQ==",
          "dependencies": [
            "data.oci_identity_regions.home_region",
            "data.oci_identity_tenancy.tenant_details",
            "oci_identity_tag.ArchitectureCenterTag",
            "oci_identity_tag_namespace.ArchitectureCenterTagNamespace",
            "random_id.tag",
            "random_string.deploy_id"
          ]
        }
      ]
    },
    {
      "mode": "managed",
      "type": "random_id",
      "name": "tag",
      "provider": "provider[\"registry.terraform.io/hashicorp/random\"]",
      "instances": [
        {
          "schema_version": 0,
          "attributes": {
            "b64_std": "IK8=",
            "b64_url": "IK8",
            "byte_length": 2,
            "dec": "8367",
            "hex": "20af",
            "id": "IK8",
            "keepers": null,
            "prefix": null
          },
          "sensitive_attributes": []
        }
      ]
    },
    {
      "mode": "managed",
      "type": "random_string",
      "name": "deploy_id",
      "provider": "provider[\"registry.terraform.io/hashicorp/random\"]",
      "instances": [
        {
          "schema_version": 2,
          "attributes": {
            "id": "tzwc",
            "keepers": null,
            "length": 4,
            "lower": true,
            "min_lower": 0,
            "min_numeric": 0,
            "min_special": 0,
            "min_upper": 0,
            "number": true,
            "numeric": true,
            "override_special": null,
            "result": "tzwc",
            "special": false,
            "upper": true
          },
          "sensitive_attributes": []
        }
      ]
    },
    {
      "mode": "managed",
      "type": "tls_private_key",
      "name": "oke_worker_node_ssh_key",
      "provider": "provider[\"registry.terraform.io/hashicorp/tls\"]",
      "instances": [
        {
          "schema_version": 1,
          "attributes": {
            "algorithm": "RSA",
            "ecdsa_curve": "P224",
            "id": "d344418c5bb5e1bb7f882ec74228ad8e211bcded",
            "private_key_openssh": "-----BEGIN OPENSSH PRIVATE KEY-----\nb3BlbnNzaC1rZXktdjEAAAAABG5vbmUAAAAEbm9uZQAAAAAAAAABAAABFwAAAAdz\nc2gtcnNhAAAAAwEAAQAAAQEA5uqJ+fnVydGlDTIwvN/O9jZj4jNl9c5R9V/qGqfe\nbiV5drjhxyN5LJXZbmEMjSRItsn0oMp5b/s0zgRyTGdSRiwpEJ6ZddtGvE5PG2kG\nfkuQG5yM5YhSsS3gvn2Oamo2yOoxpmMA2/bhhLXdHTpGyzSumW8T0jVddhc6yr/h\n8g3l5QSGur5YpRH/hcuyo+uqLdm89IhpLWx+m2frf+kvPVZo1WJ2P8qhd0R8RntZ\nICyrd57BFATlyxoQdBMig/RAb84PGQF7c6D9fXPCqwIKRyMddsQ00OMFYjYfUGWj\nQrbbkr+Cpgm9FnkkLrMjzX0Ljf84bddpjbqkmrmDg15IDQAAA7geD1MMHg9TDAAA\nAAdzc2gtcnNhAAABAQDm6on5+dXJ0aUNMjC83872NmPiM2X1zlH1X+oap95uJXl2\nuOHHI3ksldluYQyNJEi2yfSgynlv+zTOBHJMZ1JGLCkQnpl120a8Tk8baQZ+S5Ab\nnIzliFKxLeC+fY5qajbI6jGmYwDb9uGEtd0dOkbLNK6ZbxPSNV12FzrKv+HyDeXl\nBIa6vlilEf+Fy7Kj66ot2bz0iGktbH6bZ+t/6S89VmjVYnY/yqF3RHxGe1kgLKt3\nnsEUBOXLGhB0EyKD9EBvzg8ZAXtzoP19c8KrAgpHIx12xDTQ4wViNh9QZaNCttuS\nv4KmCb0WeSQusyPNfQuN/zht12mNuqSauYODXkgNAAAAAwEAAQAAAQBzP5mvlp66\nBJUw+dzTV4yO2+SMMATyYpALPFy2AxSDutZdh7a/0heXRg7oBS3jf7l+6VrbqVJk\nrmbTb+qv8V1hwoaYUd/br54lO5xF3Owtun7pGQBFSv2iinhB+p5KxEoliqVPGtiB\n8DzsJGyAOua8YsXFtGebIaFM4BkqugwF5zEkVDq3ECarfZAv2IpNFXH5jxs1SBZ0\n8EPOiH7WYU2kjxWUJyaMIB69ejqd4d3bOwdy0CAfrs90HK29mBzPtgVxfqGajNlz\nzx2ntI+to+PsFlSMHKlPQzVKkAsebRcbyPT/SVYiUz/dRBcR1ARARAHW2L1BU13s\nPBRLFsFDiq1tAAAAgFMdLIl7uMg6KmzJvBtSpa1ebx+txNxttEYhu3Y9brNZF6rY\n+3XWdDnpVTDt0fNXdyRfgoBNmMBJs64EH2s6G/qlKAVX9EvTYyYCrTyEvLDk2sCe\nB3yKcRY2QiWCxApcZUMmzuNq4lmfcvAE1EczYoxmfGBfKTESXsgLB/TTcb+qAAAA\ngQDyGoFNWHJpQ/yOSYz6jbRrDzw72mmc7teWfaJ+cxbgvYs1kgHmzFYTrOPxCoKf\nWxMxKbNE7/IUz2svAjHSVK75Ac+Mo4F4cgVcwQ7VXd6WtaWHValbmUh+NPg18zgq\n8vm6QPaxaRSqeLVmzJ4L/1eqwTzNznbQLUvKqH8qbv9++wAAAIEA9CulQPs2sB6k\nWcCaRf5gxCPryabJCz2Q/tKkMP1i6RtVcLU5lBUJss4+Y01XxBmqr+DuGXj6FU9V\nLGPhJ0zHNwNlOZuOpb9N7f5c5tXBSTIBEXcSDlI7xGPqcYcAVG9znd61G0/G+v3Y\nHhrUE62t5YQ503WSFbCHxF/y02gphpcAAAAAAQID\n-----END OPENSSH PRIVATE KEY-----\n",
            "private_key_pem": "-----BEGIN RSA PRIVATE KEY-----\nMIIEowIBAAKCAQEA5uqJ+fnVydGlDTIwvN/O9jZj4jNl9c5R9V/qGqfebiV5drjh\nxyN5LJXZbmEMjSRItsn0oMp5b/s0zgRyTGdSRiwpEJ6ZddtGvE5PG2kGfkuQG5yM\n5YhSsS3gvn2Oamo2yOoxpmMA2/bhhLXdHTpGyzSumW8T0jVddhc6yr/h8g3l5QSG\nur5YpRH/hcuyo+uqLdm89IhpLWx+m2frf+kvPVZo1WJ2P8qhd0R8RntZICyrd57B\nFATlyxoQdBMig/RAb84PGQF7c6D9fXPCqwIKRyMddsQ00OMFYjYfUGWjQrbbkr+C\npgm9FnkkLrMjzX0Ljf84bddpjbqkmrmDg15IDQIDAQABAoIBAHM/ma+WnroElTD5\n3NNXjI7b5IwwBPJikAs8XLYDFIO61l2Htr/SF5dGDugFLeN/uX7pWtupUmSuZtNv\n6q/xXWHChphR39uvniU7nEXc7C26fukZAEVK/aKKeEH6nkrESiWKpU8a2IHwPOwk\nbIA65rxixcW0Z5shoUzgGSq6DAXnMSRUOrcQJqt9kC/Yik0VcfmPGzVIFnTwQ86I\nftZhTaSPFZQnJowgHr16Op3h3ds7B3LQIB+uz3Qcrb2YHM+2BXF+oZqM2XPPHae0\nj62j4+wWVIwcqU9DNUqQCx5tFxvI9P9JViJTP91EFxHUBEBEAdbYvUFTXew8FEsW\nwUOKrW0CgYEA8hqBTVhyaUP8jkmM+o20aw88O9ppnO7Xln2ifnMW4L2LNZIB5sxW\nE6zj8QqCn1sTMSmzRO/yFM9rLwIx0lSu+QHPjKOBeHIFXMEO1V3elrWlh1WpW5lI\nfjT4NfM4KvL5ukD2sWkUqni1ZsyeC/9XqsE8zc520C1Lyqh/Km7/fvsCgYEA9Cul\nQPs2sB6kWcCaRf5gxCPryabJCz2Q/tKkMP1i6RtVcLU5lBUJss4+Y01XxBmqr+Du\nGXj6FU9VLGPhJ0zHNwNlOZuOpb9N7f5c5tXBSTIBEXcSDlI7xGPqcYcAVG9znd61\nG0/G+v3YHhrUE62t5YQ503WSFbCHxF/y02gphpcCgYEAjsSQkYLh3S+JZIL9Dte3\nmBag547SDwhNu+IUi8rkp90+lXWnh2niLLIcrQ0MoFp9w9UacUGqGRmD1HHP3X+w\nuwiVUxMsi1F51gvG6o3zcB5oIZmjSG/o7vvfjzkBW1pzZ6FdmJsl461RE/EAFoUa\nNojDiX4CVJsRgc3BR82y/zcCgYAqWJ9yY58acFYEktiupu1VVv1/nYNkhart5s4/\nCNLspqbswyFXQ0bJUeeUBUfhZKorkpD4rfiBVZ7p8fCMhk5OhjI6CXZ13HXBfsnR\n5uR8s0VoKARjo3NmHgX85nLyMdoVWRiDwhQ6V2fx4KlDOG3eTk5RFCTfyhvhvNo6\nO+hnxQKBgFMdLIl7uMg6KmzJvBtSpa1ebx+txNxttEYhu3Y9brNZF6rY+3XWdDnp\nVTDt0fNXdyRfgoBNmMBJs64EH2s6G/qlKAVX9EvTYyYCrTyEvLDk2sCeB3yKcRY2\nQiWCxApcZUMmzuNq4lmfcvAE1EczYoxmfGBfKTESXsgLB/TTcb+q\n-----END RSA PRIVATE KEY-----\n",
            "private_key_pem_pkcs8": "-----BEGIN PRIVATE KEY-----\nMIIEvQIBADANBgkqhkiG9w0BAQEFAASCBKcwggSjAgEAAoIBAQDm6on5+dXJ0aUN\nMjC83872NmPiM2X1zlH1X+oap95uJXl2uOHHI3ksldluYQyNJEi2yfSgynlv+zTO\nBHJMZ1JGLCkQnpl120a8Tk8baQZ+S5AbnIzliFKxLeC+fY5qajbI6jGmYwDb9uGE\ntd0dOkbLNK6ZbxPSNV12FzrKv+HyDeXlBIa6vlilEf+Fy7Kj66ot2bz0iGktbH6b\nZ+t/6S89VmjVYnY/yqF3RHxGe1kgLKt3nsEUBOXLGhB0EyKD9EBvzg8ZAXtzoP19\nc8KrAgpHIx12xDTQ4wViNh9QZaNCttuSv4KmCb0WeSQusyPNfQuN/zht12mNuqSa\nuYODXkgNAgMBAAECggEAcz+Zr5aeugSVMPnc01eMjtvkjDAE8mKQCzxctgMUg7rW\nXYe2v9IXl0YO6AUt43+5fula26lSZK5m02/qr/FdYcKGmFHf26+eJTucRdzsLbp+\n6RkARUr9oop4QfqeSsRKJYqlTxrYgfA87CRsgDrmvGLFxbRnmyGhTOAZKroMBecx\nJFQ6txAmq32QL9iKTRVx+Y8bNUgWdPBDzoh+1mFNpI8VlCcmjCAevXo6neHd2zsH\nctAgH67PdBytvZgcz7YFcX6hmozZc88dp7SPraPj7BZUjBypT0M1SpALHm0XG8j0\n/0lWIlM/3UQXEdQEQEQB1ti9QVNd7DwUSxbBQ4qtbQKBgQDyGoFNWHJpQ/yOSYz6\njbRrDzw72mmc7teWfaJ+cxbgvYs1kgHmzFYTrOPxCoKfWxMxKbNE7/IUz2svAjHS\nVK75Ac+Mo4F4cgVcwQ7VXd6WtaWHValbmUh+NPg18zgq8vm6QPaxaRSqeLVmzJ4L\n/1eqwTzNznbQLUvKqH8qbv9++wKBgQD0K6VA+zawHqRZwJpF/mDEI+vJpskLPZD+\n0qQw/WLpG1VwtTmUFQmyzj5jTVfEGaqv4O4ZePoVT1UsY+EnTMc3A2U5m46lv03t\n/lzm1cFJMgERdxIOUjvEY+pxhwBUb3Od3rUbT8b6/dgeGtQTra3lhDnTdZIVsIfE\nX/LTaCmGlwKBgQCOxJCRguHdL4lkgv0O17eYFqDnjtIPCE274hSLyuSn3T6VdaeH\naeIsshytDQygWn3D1RpxQaoZGYPUcc/df7C7CJVTEyyLUXnWC8bqjfNwHmghmaNI\nb+ju+9+POQFbWnNnoV2YmyXjrVET8QAWhRo2iMOJfgJUmxGBzcFHzbL/NwKBgCpY\nn3JjnxpwVgSS2K6m7VVW/X+dg2SFqu3mzj8I0uympuzDIVdDRslR55QFR+FkqiuS\nkPit+IFVnunx8IyGTk6GMjoJdnXcdcF+ydHm5HyzRWgoBGOjc2YeBfzmcvIx2hVZ\nGIPCFDpXZ/HgqUM4bd5OTlEUJN/KG+G82jo76GfFAoGAUx0siXu4yDoqbMm8G1Kl\nrV5vH63E3G20RiG7dj1us1kXqtj7ddZ0OelVMO3R81d3JF+CgE2YwEmzrgQfazob\n+qUoBVf0S9NjJgKtPIS8sOTawJ4HfIpxFjZCJYLEClxlQybO42riWZ9y8ATURzNi\njGZ8YF8pMRJeyAsH9NNxv6o=\n-----END PRIVATE KEY-----\n",
            "public_key_fingerprint_md5": "44:50:80:c8:82:36:24:78:52:ee:55:6b:fd:09:19:bf",
            "public_key_fingerprint_sha256": "SHA256:fnUedabBOONc6Er1nqIT9SzuR3iVKq/JlVcebdTSMhs",
            "public_key_openssh": "ssh-rsa AAAAB3NzaC1yc2EAAAADAQABAAABAQDm6on5+dXJ0aUNMjC83872NmPiM2X1zlH1X+oap95uJXl2uOHHI3ksldluYQyNJEi2yfSgynlv+zTOBHJMZ1JGLCkQnpl120a8Tk8baQZ+S5AbnIzliFKxLeC+fY5qajbI6jGmYwDb9uGEtd0dOkbLNK6ZbxPSNV12FzrKv+HyDeXlBIa6vlilEf+Fy7Kj66ot2bz0iGktbH6bZ+t/6S89VmjVYnY/yqF3RHxGe1kgLKt3nsEUBOXLGhB0EyKD9EBvzg8ZAXtzoP19c8KrAgpHIx12xDTQ4wViNh9QZaNCttuSv4KmCb0WeSQusyPNfQuN/zht12mNuqSauYODXkgN\n",
            "public_key_pem": "-----BEGIN PUBLIC KEY-----\nMIIBIjANBgkqhkiG9w0BAQEFAAOCAQ8AMIIBCgKCAQEA5uqJ+fnVydGlDTIwvN/O\n9jZj4jNl9c5R9V/qGqfebiV5drjhxyN5LJXZbmEMjSRItsn0oMp5b/s0zgRyTGdS\nRiwpEJ6ZddtGvE5PG2kGfkuQG5yM5YhSsS3gvn2Oamo2yOoxpmMA2/bhhLXdHTpG\nyzSumW8T0jVddhc6yr/h8g3l5QSGur5YpRH/hcuyo+uqLdm89IhpLWx+m2frf+kv\nPVZo1WJ2P8qhd0R8RntZICyrd57BFATlyxoQdBMig/RAb84PGQF7c6D9fXPCqwIK\nRyMddsQ00OMFYjYfUGWjQrbbkr+Cpgm9FnkkLrMjzX0Ljf84bddpjbqkmrmDg15I\nDQIDAQAB\n-----END PUBLIC KEY-----\n",
            "rsa_bits": 2048
          },
          "sensitive_attributes": []
        }
      ]
    },
    {
      "module": "module.oci-oke[0]",
      "mode": "data",
      "type": "oci_containerengine_cluster_kube_config",
      "name": "KubeConfig",
      "provider": "provider[\"registry.terraform.io/oracle/oci\"]",
      "instances": [
        {
          "schema_version": 0,
          "attributes": {
            "cluster_id": "ocid1.cluster.oc1.uk-london-1.aaaaaaaamtord6mgm4e6iwlar2haqt2szkt2owos5yr23fplqchs35m2y4kq",
            "content": "---\napiVersion: v1\nkind: \"\"\nclusters:\n- name: cluster-chs35m2y4kq\n  cluster:\n    server: https://143.47.233.185:6443\n    certificate-authority-data: LS0tLS1CRUdJTiBDRVJUSUZJQ0FURS0tLS0tCk1JSURpRENDQW5DZ0F3SUJBZ0lRVlBIV2ZULzN3NzVURGtJWnhKVnd0REFOQmdrcWhraUc5dzBCQVFzRkFEQmUKTVE4d0RRWURWUVFEREFaTE9ITWdRMEV4Q3pBSkJnTlZCQVlUQWxWVE1ROHdEUVlEVlFRSERBWkJkWE4wYVc0eApEekFOQmdOVkJBb01Cazl5WVdOc1pURU1NQW9HQTFVRUN3d0RUMk5wTVE0d0RBWURWUVFJREFWVVpYaGhjekFlCkZ3MHlOREV3TVRZeE5UQTRNVEphRncweU9URXdNVFl4TlRBNE1USmFNRjR4RHpBTkJnTlZCQU1NQmtzNGN5QkQKUVRFTE1Ba0dBMVVFQmhNQ1ZWTXhEekFOQmdOVkJBY01Ca0YxYzNScGJqRVBNQTBHQTFVRUNnd0dUM0poWTJ4bApNUXd3Q2dZRFZRUUxEQU5QWTJreERqQU1CZ05WQkFnTUJWUmxlR0Z6TUlJQklqQU5CZ2txaGtpRzl3MEJBUUVGCkFBT0NBUThBTUlJQkNnS0NBUUVBcklpS2tRSFUzMXdERDMwZlhRUVFWRzB2R3lzdUU1TlhRZDhNaTVVdEMwck0KUUNINEFOZG9YUm5pZEQ0UzlPY1dJMWcveVFzVmF1WWdpZVBvSFIrMXA5QjczSEtIS0h0MVYwTnZBTTgrSzdIUApndktWem1Hc04xQkRxMFc0VjQ2QWR1cGFIN3Q1T1k3QTNuSEc3UUJxc1VpMzZVb0xWaFplYzZqU2lBK29NRTNwCjVCVFI3QXdLWHdnZnFxUkREY1lvaEtMajc2dGZuMmRBZkVIalRIdVpwZTE5Z0Y5aUhiMFhISUdzNEVrRmNwbEQKeDhKMnQxWUVxcnVyK2YvU3VMRC8vaUZtYmV5T2tqMEZHanlsYzd0bW94ODVzeDhiQnF0aTR2bEpHcm5HdG9LRgo5eUE2UTAvRmxSRXQvcEo2QW9SbVc1RFJ5NkVxRGg1YnplN3VlV0ZwUXdJREFRQUJvMEl3UURBUEJnTlZIUk1CCkFmOEVCVEFEQVFIL01BNEdBMVVkRHdFQi93UUVBd0lCQmpBZEJnTlZIUTRFRmdRVStMMXFPb2NxTXhZQXZTd0MKaFRoSFVsZ3NHL1l3RFFZSktvWklodmNOQVFFTEJRQURnZ0VCQUZXcE1LTjRkUGwrbUZWV0ZpVnJmN21ZS0JnQQpnVENsV0pBcUMvVjNGR1Y0U0FYd09udWYxcXJ4SnZybGV3a0FxYXI5eWVrZ0o3Y2k2OU12NnIxQXdhQzFvSXNLClFnSEFObkVURUVlUXovbk5zVXI5ZEZmbkU4cms1WjAwclM3MXQ3THJCVEloYTE1cHNpK0s5d0FrMnVLdU5yQzAKL1YvQ1V3NUwxSkFNT0VzMVVUdDF0RkdSQklCdjU5ZGJBUk5IaFVObklTSzhzUm1ucWFRdkQrckJaQWZzeVBPcwpvdkxod1J0U2hWZFExdG4zZnlYWHArTDV0andoNWFjRnEyWEsxWWhqQzFBM2pGNmMxRUFrNkRPS2ZSMHBrbHhRCm9wMURFRW1yWGJ1RGg1aGdTcXB0WENieFdVcElhU1ZxWllranMrS3ZtQms0NTNmbGtjTUh1MGNtaHpFPQotLS0tLUVORCBDRVJUSUZJQ0FURS0tLS0tCg==\nusers:\n- name: user-chs35m2y4kq\n  user:\n    exec:\n      apiVersion: client.authentication.k8s.io/v1beta1\n      command: oci\n      args:\n      - ce\n      - cluster\n      - generate-token\n      - --cluster-id\n      - ocid1.cluster.oc1.uk-london-1.aaaaaaaamtord6mgm4e6iwlar2haqt2szkt2owos5yr23fplqchs35m2y4kq\n      - --region\n      - uk-london-1\n      env: []\ncontexts:\n- name: context-chs35m2y4kq\n  context:\n    cluster: cluster-chs35m2y4kq\n    user: user-chs35m2y4kq\ncurrent-context: context-chs35m2y4kq\n",
            "endpoint": null,
            "expiration": null,
            "id": "ContainerengineClusterKubeConfigDataSource-1963449612",
            "token_version": "2.0.0"
          },
          "sensitive_attributes": []
        }
      ]
    },
    {
      "module": "module.oci-oke[0]",
      "mode": "data",
      "type": "oci_containerengine_cluster_option",
      "name": "oci_oke_cluster_option",
      "provider": "provider[\"registry.terraform.io/oracle/oci\"]",
      "instances": [
        {
          "schema_version": 0,
          "attributes": {
            "cluster_option_id": "all",
            "cluster_pod_network_options": [
              {
                "cni_type": "OCI_VCN_IP_NATIVE"
              },
              {
                "cni_type": "FLANNEL_OVERLAY"
              }
            ],
            "compartment_id": null,
            "id": "ContainerengineClusterOptionDataSource-1870923232",
            "kubernetes_versions": [
              "v1.28.2",
              "v1.28.10",
              "v1.29.1",
              "v1.30.1"
            ]
          },
          "sensitive_attributes": []
        }
      ]
    },
    {
      "module": "module.oci-oke[0]",
      "mode": "data",
      "type": "oci_containerengine_node_pool_option",
      "name": "oci_oke_node_pool_option",
      "provider": "provider[\"registry.terraform.io/oracle/oci\"]",
      "instances": [
        {
          "schema_version": 0,
          "attributes": {
            "compartment_id": null,
            "id": "ContainerengineNodePoolOptionDataSource-1870923232",
            "images": [
              "Oracle-Linux-7.4",
              "Oracle-Linux-7.5",
              "Oracle-Linux-7.6"
            ],
            "kubernetes_versions": [
              "v1.28.2",
              "v1.28.10",
              "v1.29.1",
              "v1.30.1"
            ],
            "node_pool_option_id": "all",
            "shapes": [
              "BM.Standard.A1.160",
              "BM.Standard.E2.64",
              "BM.Standard.E3.128",
              "BM.Standard.E4.128",
              "BM.Standard.E5.192",
              "BM.Standard2.52",
              "BM.Standard3.64",
              "VM.Standard.A1.Flex",
              "VM.Standard.E2.1",
              "VM.Standard.E2.2",
              "VM.Standard.E2.4",
              "VM.Standard.E2.8",
              "VM.Standard.E3.Flex",
              "VM.Standard.E4.Flex",
              "VM.Standard.E5.Flex",
              "VM.Standard2.1",
              "VM.Standard2.16",
              "VM.Standard2.2",
              "VM.Standard2.24",
              "VM.Standard2.4",
              "VM.Standard2.8",
              "VM.Standard3.Flex"
            ],
            "sources": [
              {
                "image_id": "ocid1.image.oc1.uk-london-1.aaaaaaaau7m4das3rfqbdqbzwukqrtj344oymlj54ugkjpl3mbevhkdoskwq",
                "source_name": "Oracle-Linux-8.9-aarch64-2024.05.29-0-OKE-1.30.1-707",
                "source_type": "IMAGE"
              },
              {
                "image_id": "ocid1.image.oc1.uk-london-1.aaaaaaaaekxymxt2rrozguahdlyifb3qe7l355abrembardzpguqojoa4ykq",
                "source_name": "Oracle-Linux-8.9-aarch64-2024.05.29-0-OKE-1.29.1-707",
                "source_type": "IMAGE"
              },
              {
                "image_id": "ocid1.image.oc1.uk-london-1.aaaaaaaama7e7lidkl6y4ktt7qdqkwmj6fslill2drmotrsm5z3bubbshkzq",
                "source_name": "Oracle-Linux-8.9-aarch64-2024.05.29-0-OKE-1.28.2-707",
                "source_type": "IMAGE"
              },
              {
                "image_id": "ocid1.image.oc1.uk-london-1.aaaaaaaa6vqzdirctnci34ro2sj4mnyc4odob5htcxmcke6cticf2h2gdbnq",
                "source_name": "Oracle-Linux-8.9-aarch64-2024.05.29-0-OKE-1.28.10-707",
                "source_type": "IMAGE"
              },
              {
                "image_id": "ocid1.image.oc1.uk-london-1.aaaaaaaari3q3id5tq6paswaw74qkujnaaxlydfltqeexv7qeckht4hxogfa",
                "source_name": "Oracle-Linux-8.9-aarch64-2024.04.19-0-OKE-1.29.1-693",
                "source_type": "IMAGE"
              },
              {
                "image_id": "ocid1.image.oc1.uk-london-1.aaaaaaaa36c4y3rkdwywmqrzwtjmft4hn4vt4sthnbqoubknl7zqhaio2vja",
                "source_name": "Oracle-Linux-8.9-aarch64-2024.04.19-0-OKE-1.28.2-693",
                "source_type": "IMAGE"
              },
              {
                "image_id": "ocid1.image.oc1.uk-london-1.aaaaaaaau77h2wnyqki3wpmlvwlgwlitrqoaw5pauwc3f635czapigakocsa",
                "source_name": "Oracle-Linux-8.9-aarch64-2024.01.26-0-OKE-1.28.2-679",
                "source_type": "IMAGE"
              },
              {
                "image_id": "ocid1.image.oc1.uk-london-1.aaaaaaaa3y7r7cdb7ijne2lfdawpwh3b72n76ely3gu62yvbeme5u6u4ywsa",
                "source_name": "Oracle-Linux-8.9-Gen2-GPU-2024.05.29-0-OKE-1.30.1-707",
                "source_type": "IMAGE"
              },
              {
                "image_id": "ocid1.image.oc1.uk-london-1.aaaaaaaaqhiplg6fsi4hsdgj6pihddo3tnna4zwombl4im7q46wm4ebri4hq",
                "source_name": "Oracle-Linux-8.9-Gen2-GPU-2024.05.29-0-OKE-1.29.1-707",
                "source_type": "IMAGE"
              },
              {
                "image_id": "ocid1.image.oc1.uk-london-1.aaaaaaaa2uyglc7jwdykmbo75tgwozx7mwphqez5gdsgrtn5as7bqpaoyzda",
                "source_name": "Oracle-Linux-8.9-Gen2-GPU-2024.05.29-0-OKE-1.28.2-707",
                "source_type": "IMAGE"
              },
              {
                "image_id": "ocid1.image.oc1.uk-london-1.aaaaaaaanx7tr5d7syarxjz5p5ompcji5uoymwty7motxvfkned6ccl4mmyq",
                "source_name": "Oracle-Linux-8.9-Gen2-GPU-2024.05.29-0-OKE-1.28.10-707",
                "source_type": "IMAGE"
              },
              {
                "image_id": "ocid1.image.oc1.uk-london-1.aaaaaaaabl66vfkhya52l2rnhacrre53tjfnwo7fx7q2g3pwlqucfyl2fdta",
                "source_name": "Oracle-Linux-8.9-Gen2-GPU-2024.04.19-0-OKE-1.29.1-693",
                "source_type": "IMAGE"
              },
              {
                "image_id": "ocid1.image.oc1.uk-london-1.aaaaaaaafim76rka4uwyf5awge4lry3j3cu4acnkthzp65hqdvzdoeyrgngq",
                "source_name": "Oracle-Linux-8.9-Gen2-GPU-2024.04.19-0-OKE-1.28.2-693",
                "source_type": "IMAGE"
              },
              {
                "image_id": "ocid1.image.oc1.uk-london-1.aaaaaaaasm54jlxtsqyweb4jfx7nv23luevnvllyg73ylwqc7oppn742y7xa",
                "source_name": "Oracle-Linux-8.9-Gen2-GPU-2024.01.26-0-OKE-1.28.2-679",
                "source_type": "IMAGE"
              },
              {
                "image_id": "ocid1.image.oc1.uk-london-1.aaaaaaaailsm7a4gktvyyq4sbh52lt4itlqxzyqkvuzbd6m37hlhko6zhvma",
                "source_name": "Oracle-Linux-8.9-2024.05.29-0-OKE-1.30.1-707",
                "source_type": "IMAGE"
              },
              {
                "image_id": "ocid1.image.oc1.uk-london-1.aaaaaaaaqvmjldol4z4lvsfstzbwozihkbwdc2tswh7rusxmm7wv64qxiaoa",
                "source_name": "Oracle-Linux-8.9-2024.05.29-0-OKE-1.29.1-707",
                "source_type": "IMAGE"
              },
              {
                "image_id": "ocid1.image.oc1.uk-london-1.aaaaaaaaga2draxyywiter264xg4gghumqf3ur5b4ysvdtdntlboiqkuevoq",
                "source_name": "Oracle-Linux-8.9-2024.05.29-0-OKE-1.28.2-707",
                "source_type": "IMAGE"
              },
              {
                "image_id": "ocid1.image.oc1.uk-london-1.aaaaaaaad26ocspq2sc7gmizg7w4nd6d7zjpxcng2id7jdwbk75gris7bira",
                "source_name": "Oracle-Linux-8.9-2024.05.29-0-OKE-1.28.10-707",
                "source_type": "IMAGE"
              },
              {
                "image_id": "ocid1.image.oc1.uk-london-1.aaaaaaaa5rzn3mvwnhmhwgmbl4hjnecsljnsc2qflihavbhffksmre4ba4uq",
                "source_name": "Oracle-Linux-8.9-2024.04.19-0-OKE-1.29.1-693",
                "source_type": "IMAGE"
              },
              {
                "image_id": "ocid1.image.oc1.uk-london-1.aaaaaaaacpbgj6h4242fxztcpqibxhnkonibxfjaauvnculmp4ufqg7r3fha",
                "source_name": "Oracle-Linux-8.9-2024.04.19-0-OKE-1.28.2-693",
                "source_type": "IMAGE"
              },
              {
                "image_id": "ocid1.image.oc1.uk-london-1.aaaaaaaawd6rrojapv7p7jk2hs44ofc67xk7ckylhl2y6jsv4ve5wla7evqq",
                "source_name": "Oracle-Linux-8.9-2024.01.26-0-OKE-1.28.2-679",
                "source_type": "IMAGE"
              },
              {
                "image_id": "ocid1.image.oc1.uk-london-1.aaaaaaaa5vlftdoj76vu2ycxmhbjgweihcd7ahptidkpuvwgpp36747bwkqa",
                "source_name": "Oracle-Linux-8.10-aarch64-2024.06.30-0-OKE-1.30.1-716",
                "source_type": "IMAGE"
              },
              {
                "image_id": "ocid1.image.oc1.uk-london-1.aaaaaaaa2rrop6tbinxgakakn2a2edxvi3yf4z2zjufbdwscn2bjm3j7z6sq",
                "source_name": "Oracle-Linux-8.10-aarch64-2024.06.30-0-OKE-1.29.1-716",
                "source_type": "IMAGE"
              },
              {
                "image_id": "ocid1.image.oc1.uk-london-1.aaaaaaaa44plkfl6osq2gezw7prk5ylbyylwlpmgmptyrhelqfoeigw65bya",
                "source_name": "Oracle-Linux-8.10-aarch64-2024.06.30-0-OKE-1.28.10-716",
                "source_type": "IMAGE"
              },
              {
                "image_id": "ocid1.image.oc1.uk-london-1.aaaaaaaalhsuxxzhdk2ymzcxj6d67rk7gz6nknzsldjivbis3hkurdsin6xa",
                "source_name": "Oracle-Linux-8.10-Gen2-GPU-2024.06.30-0-OKE-1.30.1-716",
                "source_type": "IMAGE"
              },
              {
                "image_id": "ocid1.image.oc1.uk-london-1.aaaaaaaa46pd4uu5c2ubg7nyxcwvi64gnsonezzfdm2qcqfphy6fcxzmgvya",
                "source_name": "Oracle-Linux-8.10-Gen2-GPU-2024.06.30-0-OKE-1.29.1-716",
                "source_type": "IMAGE"
              },
              {
                "image_id": "ocid1.image.oc1.uk-london-1.aaaaaaaaoo7wekv6x53a36vfssr6h3efuirpfj3wvovl4bdnm33kki6f5vta",
                "source_name": "Oracle-Linux-8.10-Gen2-GPU-2024.06.30-0-OKE-1.28.10-716",
                "source_type": "IMAGE"
              },
              {
                "image_id": "ocid1.image.oc1.uk-london-1.aaaaaaaabawru54cnggn3ui2agpyeqmtkonrbdmaim5b5gidclnicqd2imsa",
                "source_name": "Oracle-Linux-8.10-2024.06.30-0-OKE-1.30.1-716",
                "source_type": "IMAGE"
              },
              {
                "image_id": "ocid1.image.oc1.uk-london-1.aaaaaaaajmm4jhtyx3bciv7u5ow3mcj5kfzenhcwp3zl4vctletdzcj52kra",
                "source_name": "Oracle-Linux-8.10-2024.06.30-0-OKE-1.29.1-716",
                "source_type": "IMAGE"
              },
              {
                "image_id": "ocid1.image.oc1.uk-london-1.aaaaaaaaj4odsmras6ifzouestniz7dr7kjetkt7hruh6xoqn73oroc77svq",
                "source_name": "Oracle-Linux-8.10-2024.06.30-0-OKE-1.28.10-716",
                "source_type": "IMAGE"
              },
              {
                "image_id": "ocid1.image.oc1.uk-london-1.aaaaaaaaky6r3uxhzkueuljupfc2gszxc72fqflt3zcfzavz54ongpivxkda",
                "source_name": "Oracle-Linux-7.9-aarch64-2024.06.30-0-OKE-1.30.1-716",
                "source_type": "IMAGE"
              },
              {
                "image_id": "ocid1.image.oc1.uk-london-1.aaaaaaaa5chdjv4p7wefzrxro5p6u4f7zeb5h6hqn2oaewyjl3xvwcv4wala",
                "source_name": "Oracle-Linux-7.9-aarch64-2024.06.30-0-OKE-1.29.1-716",
                "source_type": "IMAGE"
              },
              {
                "image_id": "ocid1.image.oc1.uk-london-1.aaaaaaaadghehzoc7v3vakv3zqqrukfcxdiwriqmvhjdcbmqzc5rfasefmlq",
                "source_name": "Oracle-Linux-7.9-aarch64-2024.06.30-0-OKE-1.28.10-716",
                "source_type": "IMAGE"
              },
              {
                "image_id": "ocid1.image.oc1.uk-london-1.aaaaaaaaco32bggeegkux6evjuqjml4ljqqk7rr4jr5nezeyrxqdiklko5rq",
                "source_name": "Oracle-Linux-7.9-aarch64-2024.05.29-0-OKE-1.30.1-707",
                "source_type": "IMAGE"
              },
              {
                "image_id": "ocid1.image.oc1.uk-london-1.aaaaaaaahwamxq5dtpwwsay3i5pfuvyy26vhnwjrfnylid7yzjacftexmsla",
                "source_name": "Oracle-Linux-7.9-aarch64-2024.05.29-0-OKE-1.29.1-707",
                "source_type": "IMAGE"
              },
              {
                "image_id": "ocid1.image.oc1.uk-london-1.aaaaaaaajsspukmxmfldvcchwntcrcvthwzaj4wkyu5p6kvz3uwrgfvsveia",
                "source_name": "Oracle-Linux-7.9-aarch64-2024.05.29-0-OKE-1.28.2-707",
                "source_type": "IMAGE"
              },
              {
                "image_id": "ocid1.image.oc1.uk-london-1.aaaaaaaa5aves7iwk6doy4yy5ojljbxvalxb5jv56eumyiuambndqdz7lubq",
                "source_name": "Oracle-Linux-7.9-aarch64-2024.05.29-0-OKE-1.28.10-707",
                "source_type": "IMAGE"
              },
              {
                "image_id": "ocid1.image.oc1.uk-london-1.aaaaaaaacse7cpveqz3ltl7kqsvycqegrlw7swjlrzlpxt5ir2ga5oyaupsq",
                "source_name": "Oracle-Linux-7.9-aarch64-2024.04.19-0-OKE-1.29.1-693",
                "source_type": "IMAGE"
              },
              {
                "image_id": "ocid1.image.oc1.uk-london-1.aaaaaaaaylrmchgejsock27ppnypg2p2jxjgfia3f4cskdpjtkpx3bpf3zwa",
                "source_name": "Oracle-Linux-7.9-aarch64-2024.04.19-0-OKE-1.28.2-693",
                "source_type": "IMAGE"
              },
              {
                "image_id": "ocid1.image.oc1.uk-london-1.aaaaaaaabgakrgmmreze3ldhxdqurqr5thqe3q7mwiqvvk2hgjzmejjb35fq",
                "source_name": "Oracle-Linux-7.9-aarch64-2024.01.23-0-OKE-1.28.2-679",
                "source_type": "IMAGE"
              },
              {
                "image_id": "ocid1.image.oc1.uk-london-1.aaaaaaaawuvrnx76ut3lobyub2bsnc4xptrwkyy326fh2ldsx6k2rxnqo6ea",
                "source_name": "Oracle-Linux-7.9-Gen2-GPU-2024.06.30-0-OKE-1.30.1-716",
                "source_type": "IMAGE"
              },
              {
                "image_id": "ocid1.image.oc1.uk-london-1.aaaaaaaayzzqhwuwwihknulvx4mmqoltnf3kscwqgtiughwd2kmrm6slzfzq",
                "source_name": "Oracle-Linux-7.9-Gen2-GPU-2024.06.30-0-OKE-1.29.1-716",
                "source_type": "IMAGE"
              },
              {
                "image_id": "ocid1.image.oc1.uk-london-1.aaaaaaaassit22r7ioh7rencvybroaxdyqn47nkrbohr5vr4fynaiorkhqoq",
                "source_name": "Oracle-Linux-7.9-Gen2-GPU-2024.06.30-0-OKE-1.28.10-716",
                "source_type": "IMAGE"
              },
              {
                "image_id": "ocid1.image.oc1.uk-london-1.aaaaaaaau4vjp3neyfacvikzawk2h5rd3impn5y27tpouujiytf26nfdalwq",
                "source_name": "Oracle-Linux-7.9-Gen2-GPU-2024.05.29-0-OKE-1.30.1-707",
                "source_type": "IMAGE"
              },
              {
                "image_id": "ocid1.image.oc1.uk-london-1.aaaaaaaacsahr3xlleqkw3lxw6mz7yc4yepkztx4ttx65xesproop64d5zjq",
                "source_name": "Oracle-Linux-7.9-Gen2-GPU-2024.05.29-0-OKE-1.29.1-707",
                "source_type": "IMAGE"
              },
              {
                "image_id": "ocid1.image.oc1.uk-london-1.aaaaaaaa5smcoclysolso4hn5ixwsikhev36hqj6qybb53pkfrzkhmt7x5cq",
                "source_name": "Oracle-Linux-7.9-Gen2-GPU-2024.05.29-0-OKE-1.28.2-707",
                "source_type": "IMAGE"
              },
              {
                "image_id": "ocid1.image.oc1.uk-london-1.aaaaaaaacfcvo56xlnjiw6kvg5qatcy3x4snkzu4jps2e423lds4yem42sfq",
                "source_name": "Oracle-Linux-7.9-Gen2-GPU-2024.05.29-0-OKE-1.28.10-707",
                "source_type": "IMAGE"
              },
              {
                "image_id": "ocid1.image.oc1.uk-london-1.aaaaaaaakptf3jb3vqhkmkt7b62cawsk6vyueaw3d5y4mamad7flpxz6ihmq",
                "source_name": "Oracle-Linux-7.9-Gen2-GPU-2024.04.19-0-OKE-1.29.1-693",
                "source_type": "IMAGE"
              },
              {
                "image_id": "ocid1.image.oc1.uk-london-1.aaaaaaaabmyubknepxhy7bc7ukyqpawqtyoyuwe5wylczbfve7q5rpboiwra",
                "source_name": "Oracle-Linux-7.9-Gen2-GPU-2024.04.19-0-OKE-1.28.2-693",
                "source_type": "IMAGE"
              },
              {
                "image_id": "ocid1.image.oc1.uk-london-1.aaaaaaaarnwox6i3d2g44ofpgucnkan6bfjocp3suk3pverqpe5ljxzmmqwa",
                "source_name": "Oracle-Linux-7.9-Gen2-GPU-2024.01.23-0-OKE-1.28.2-679",
                "source_type": "IMAGE"
              },
              {
                "image_id": "ocid1.image.oc1.uk-london-1.aaaaaaaaqu4qxrcb5z7aachyznwhi5zkyxrhlbg77ztuu2g2hb6eggorqfoa",
                "source_name": "Oracle-Linux-7.9-2024.06.30-0-OKE-1.30.1-716",
                "source_type": "IMAGE"
              },
              {
                "image_id": "ocid1.image.oc1.uk-london-1.aaaaaaaa6xeaoqmup5nh3x3zbsjbl23ydlzgkvjtglo4j72alwhaxmqdaqgq",
                "source_name": "Oracle-Linux-7.9-2024.06.30-0-OKE-1.29.1-716",
                "source_type": "IMAGE"
              },
              {
                "image_id": "ocid1.image.oc1.uk-london-1.aaaaaaaa5vbfwxkdye25q7l3jouisw2c74wwhsl5x55tw7ieuxicwn5yjt4a",
                "source_name": "Oracle-Linux-7.9-2024.06.30-0-OKE-1.28.10-716",
                "source_type": "IMAGE"
              },
              {
                "image_id": "ocid1.image.oc1.uk-london-1.aaaaaaaaczw5gvsqkkmgpeb53it3x6gmxhdecxx4h6sdzx336j5i3qd3fdqa",
                "source_name": "Oracle-Linux-7.9-2024.05.29-0-OKE-1.30.1-707",
                "source_type": "IMAGE"
              },
              {
                "image_id": "ocid1.image.oc1.uk-london-1.aaaaaaaazijla42iikne6lrq7zpgk44a7bk54svt4t346atbccx2bcfz2waa",
                "source_name": "Oracle-Linux-7.9-2024.05.29-0-OKE-1.29.1-707",
                "source_type": "IMAGE"
              },
              {
                "image_id": "ocid1.image.oc1.uk-london-1.aaaaaaaacldretlancobus3xxrbfennipr6kdmtqtciobnsvdcsb7u2j2bzq",
                "source_name": "Oracle-Linux-7.9-2024.05.29-0-OKE-1.28.2-707",
                "source_type": "IMAGE"
              },
              {
                "image_id": "ocid1.image.oc1.uk-london-1.aaaaaaaayhxfwg7llomcugmbpb5hfkwgbwxlh6mw3rjdtacbzjvwxjz5fkyq",
                "source_name": "Oracle-Linux-7.9-2024.05.29-0-OKE-1.28.10-707",
                "source_type": "IMAGE"
              },
              {
                "image_id": "ocid1.image.oc1.uk-london-1.aaaaaaaah2q3oq2elh4gytj46zwfqcogflrrp65aor2m3q4dlfd3noy3wdkq",
                "source_name": "Oracle-Linux-7.9-2024.04.19-0-OKE-1.29.1-693",
                "source_type": "IMAGE"
              },
              {
                "image_id": "ocid1.image.oc1.uk-london-1.aaaaaaaap6fzn4k2klkvcdhavabpce7qaq53kehzcwc5fzvbi4xb7o5g32ya",
                "source_name": "Oracle-Linux-7.9-2024.04.19-0-OKE-1.28.2-693",
                "source_type": "IMAGE"
              },
              {
                "image_id": "ocid1.image.oc1.uk-london-1.aaaaaaaaepv3avwcscghj2wxuhl4g55d74y62gfhusicyzs6t7p7rmvxqtva",
                "source_name": "Oracle-Linux-7.9-2024.01.23-0-OKE-1.28.2-679",
                "source_type": "IMAGE"
              },
              {
                "image_id": "ocid1.image.oc1.uk-london-1.aaaaaaaaekleu5ti4ljq3kuu54c6jbr7pqnhrydepjlpuzpanwyuxxwf66gq",
                "source_name": "Oracle-Linux-8.10-aarch64-2024.09.30-0",
                "source_type": "IMAGE"
              },
              {
                "image_id": "ocid1.image.oc1.uk-london-1.aaaaaaaabsw6zkc6cmgrpz2ackeauvi6prpnsrtqpdhmsc3iko5buzgyhuea",
                "source_name": "Oracle-Linux-8.10-aarch64-2024.08.29-0",
                "source_type": "IMAGE"
              },
              {
                "image_id": "ocid1.image.oc1.uk-london-1.aaaaaaaamk6y5y4wrqeodnzcvqqgpi4pgbm24udbp6eahneytfmk7jkbjaga",
                "source_name": "Oracle-Linux-8.10-aarch64-2024.07.31-0",
                "source_type": "IMAGE"
              },
              {
                "image_id": "ocid1.image.oc1.uk-london-1.aaaaaaaas2jhs25bwqzw4l3sp5zjjbpqbrqvgyf4dh36hq35o6hnm2oikw4q",
                "source_name": "Oracle-Linux-8.10-Gen2-GPU-2024.09.30-0",
                "source_type": "IMAGE"
              },
              {
                "image_id": "ocid1.image.oc1.uk-london-1.aaaaaaaallz4k6wlkhjnocbnwlq5pl225jqmhjmgzk34bmvsijyw6a55whxa",
                "source_name": "Oracle-Linux-8.10-Gen2-GPU-2024.08.29-0",
                "source_type": "IMAGE"
              },
              {
                "image_id": "ocid1.image.oc1.uk-london-1.aaaaaaaainerfturp756vlnbiqblmqunvdujnqizpsl5lcli4dc5rsuplcqa",
                "source_name": "Oracle-Linux-8.10-Gen2-GPU-2024.07.31-0",
                "source_type": "IMAGE"
              },
              {
                "image_id": "ocid1.image.oc1.uk-london-1.aaaaaaaal4pohavf73ywrrkqx4khcuyq2q6ef3ymxmoh3lv6maxgj5v65mma",
                "source_name": "Oracle-Linux-8.10-Gen2-AMD-GPU-2024.08.31-0",
                "source_type": "IMAGE"
              },
              {
                "image_id": "ocid1.image.oc1.uk-london-1.aaaaaaaayzqftcsgvgcy42rrmndmtjohkuvb2u4zdtb2u7sslae6fvuo3hfq",
                "source_name": "Oracle-Linux-8.10-2024.09.30-0",
                "source_type": "IMAGE"
              },
              {
                "image_id": "ocid1.image.oc1.uk-london-1.aaaaaaaa57jm4argiknslmszrrjtze4lijhxee7xvu4jeimyfzsdgz3qhqmq",
                "source_name": "Oracle-Linux-8.10-2024.08.29-0",
                "source_type": "IMAGE"
              },
              {
                "image_id": "ocid1.image.oc1.uk-london-1.aaaaaaaay6agryw3wg52ruxw56zns3azgwgki3ireaugsuhmfvfnjplxsrfa",
                "source_name": "Oracle-Linux-8.10-2024.07.31-0",
                "source_type": "IMAGE"
              },
              {
                "image_id": "ocid1.image.oc1.uk-london-1.aaaaaaaage6ui7aikzsl427pygrntq3q3pxgdxabnyuttjn3kbr7b74vwcfa",
                "source_name": "Oracle-Linux-7.9-aarch64-2024.09.30-0",
                "source_type": "IMAGE"
              },
              {
                "image_id": "ocid1.image.oc1.uk-london-1.aaaaaaaavituehbhsxrniuqxf3tfaeixu5aurzkwjfbljymueg3gebdj47rq",
                "source_name": "Oracle-Linux-7.9-aarch64-2024.08.29-0",
                "source_type": "IMAGE"
              },
              {
                "image_id": "ocid1.image.oc1.uk-london-1.aaaaaaaara5mwki2s5j2bx5uu5zyn7koftff6ogzeotdxfccn7mgdigvbgca",
                "source_name": "Oracle-Linux-7.9-aarch64-2024.07.31-0",
                "source_type": "IMAGE"
              },
              {
                "image_id": "ocid1.image.oc1.uk-london-1.aaaaaaaabczynuhh3x5seruxjpskuydudljjwcbp2shiqorsfs74y6oraa6a",
                "source_name": "Oracle-Linux-7.9-Gen2-GPU-2024.09.30-0",
                "source_type": "IMAGE"
              },
              {
                "image_id": "ocid1.image.oc1.uk-london-1.aaaaaaaamfteirems4dx3witf3uakctd42axg4pk4nyxun462veds36weiea",
                "source_name": "Oracle-Linux-7.9-Gen2-GPU-2024.08.29-0",
                "source_type": "IMAGE"
              },
              {
                "image_id": "ocid1.image.oc1.uk-london-1.aaaaaaaalyoj6v5lalodkg7chijg5v76vcncag42cr5vkgvsw2zqov7nhg5q",
                "source_name": "Oracle-Linux-7.9-Gen2-GPU-2024.07.31-0",
                "source_type": "IMAGE"
              },
              {
                "image_id": "ocid1.image.oc1.uk-london-1.aaaaaaaavtqxc4ylh73xwsnl5qpd7xkvjmcphtwpahbx46imb2yjvjjifb3q",
                "source_name": "Oracle-Linux-7.9-2024.09.30-0",
                "source_type": "IMAGE"
              },
              {
                "image_id": "ocid1.image.oc1.uk-london-1.aaaaaaaaijbtcdc2cxuctqurrf7bgvcstxcnjat57yorgvro2tmw4assjvwa",
                "source_name": "Oracle-Linux-7.9-2024.08.29-0",
                "source_type": "IMAGE"
              },
              {
                "image_id": "ocid1.image.oc1.uk-london-1.aaaaaaaao6ixb6uar7zbo5x4xrq5to3bg5spn2uhqobom2vru4z26xmtjwpa",
                "source_name": "Oracle-Linux-7.9-2024.07.31-0",
                "source_type": "IMAGE"
              },
              {
                "image_id": "ocid1.image.oc1.uk-london-1.aaaaaaaaahbkgd2yhw7yg6io76mbuwwtuk4monzpsr3r7nuiegttu5q75r6q",
                "source_name": "Oracle-Linux-7.6",
                "source_type": "IMAGE"
              }
            ]
          },
          "sensitive_attributes": []
        }
      ]
    },
    {
      "module": "module.oci-oke[0]",
      "mode": "data",
      "type": "oci_identity_availability_domains",
      "name": "AD",
      "provider": "provider[\"registry.terraform.io/oracle/oci\"]",
      "instances": [
        {
          "schema_version": 0,
          "attributes": {
            "availability_domains": [
              {
                "compartment_id": "ocid1.tenancy.oc1..aaaaaaaay54k6twlomunmgr7g3uyk3wjsq2kainrtdxebcjqzvbxvqediuwa",
                "id": "ocid1.availabilitydomain.oc1..aaaaaaaapjv4p3qtly2fesrig77q4tlmi3wvakeet6fskc7do2fmawz3xctq",
                "name": "yzFe:UK-LONDON-1-AD-1"
              }
            ],
            "compartment_id": "ocid1.tenancy.oc1..aaaaaaaay54k6twlomunmgr7g3uyk3wjsq2kainrtdxebcjqzvbxvqediuwa",
            "filter": [
              {
                "name": "name",
                "regex": false,
                "values": [
                  "yzFe:UK-LONDON-1-AD-1"
                ]
              }
            ],
            "id": "IdentityAvailabilityDomainsDataSource-537278993"
          },
          "sensitive_attributes": []
        }
      ]
    },
    {
      "module": "module.oci-oke[0]",
      "mode": "data",
      "type": "oci_identity_availability_domains",
      "name": "ADs",
      "provider": "provider[\"registry.terraform.io/oracle/oci\"]",
      "instances": [
        {
          "schema_version": 0,
          "attributes": {
            "availability_domains": [
              {
                "compartment_id": "ocid1.tenancy.oc1..aaaaaaaay54k6twlomunmgr7g3uyk3wjsq2kainrtdxebcjqzvbxvqediuwa",
                "id": "ocid1.availabilitydomain.oc1..aaaaaaaapjv4p3qtly2fesrig77q4tlmi3wvakeet6fskc7do2fmawz3xctq",
                "name": "yzFe:UK-LONDON-1-AD-1"
              },
              {
                "compartment_id": "ocid1.tenancy.oc1..aaaaaaaay54k6twlomunmgr7g3uyk3wjsq2kainrtdxebcjqzvbxvqediuwa",
                "id": "ocid1.availabilitydomain.oc1..aaaaaaaaw2i3i53quioaywmhx56ss5plwk7bmmeg2266lo7inilhbizeroua",
                "name": "yzFe:UK-LONDON-1-AD-2"
              },
              {
                "compartment_id": "ocid1.tenancy.oc1..aaaaaaaay54k6twlomunmgr7g3uyk3wjsq2kainrtdxebcjqzvbxvqediuwa",
                "id": "ocid1.availabilitydomain.oc1..aaaaaaaac6kgqnl5eberztbdm2ufhpxohk7cuelajmafpqa3m6rpri4tc2yq",
                "name": "yzFe:UK-LONDON-1-AD-3"
              }
            ],
            "compartment_id": "ocid1.tenancy.oc1..aaaaaaaay54k6twlomunmgr7g3uyk3wjsq2kainrtdxebcjqzvbxvqediuwa",
            "filter": null,
            "id": "IdentityAvailabilityDomainsDataSource-537278993"
          },
          "sensitive_attributes": []
        }
      ]
    },
    {
      "module": "module.oci-oke[0]",
      "mode": "managed",
      "type": "oci_containerengine_cluster",
      "name": "oci_oke_cluster",
      "provider": "provider[\"registry.terraform.io/oracle/oci\"]",
      "instances": [
        {
          "schema_version": 0,
          "attributes": {
            "available_kubernetes_upgrades": [],
            "cluster_pod_network_options": [
              {
                "cni_type": "FLANNEL_OVERLAY"
              }
            ],
            "compartment_id": "ocid1.tenancy.oc1..aaaaaaaay54k6twlomunmgr7g3uyk3wjsq2kainrtdxebcjqzvbxvqediuwa",
            "defined_tags": {
              "ArchitectureCenter\\devops-bluegreen-deploy-oke-20af.release": "1.1"
            },
            "endpoint_config": [
              {
                "is_public_ip_enabled": true,
                "nsg_ids": [],
                "subnet_id": "ocid1.subnet.oc1.uk-london-1.aaaaaaaahn2ww7g4g7hmsdyiolce46zvm4uiljom4tbsc4huueuk5q6craqq"
              }
            ],
            "endpoints": [
              {
                "kubernetes": "",
                "private_endpoint": "10.20.0.7:6443",
                "public_endpoint": "143.47.233.185:6443",
                "vcn_hostname_endpoint": "chs35m2y4kq.okek8sntzwc.oketzwc.oraclevcn.com:6443"
              }
            ],
            "freeform_tags": {},
            "id": "ocid1.cluster.oc1.uk-london-1.aaaaaaaamtord6mgm4e6iwlar2haqt2szkt2owos5yr23fplqchs35m2y4kq",
            "image_policy_config": [
              {
                "is_policy_enabled": false,
                "key_details": []
              }
            ],
            "kms_key_id": null,
            "kubernetes_version": "v1.30.1",
            "lifecycle_details": null,
            "metadata": [
              {
                "created_by_user_id": "ocid1.user.oc1..aaaaaaaafrosr6kax6lrs5ioe3htcjftuibpnwvod7mienq7hidpmxa55ntq",
                "created_by_work_request_id": "ocid1.clustersworkrequest.oc1.uk-london-1.aaaaaaaabyapc2oi3u4rrvgfegg32ck3q2sjoqjipq4c3v7nnw2h77mjtjsa",
                "deleted_by_user_id": "",
                "deleted_by_work_request_id": "",
                "time_created": "2024-10-16 15:07:52 +0000 UTC",
                "time_credential_expiration": "2029-10-16 15:08:35 +0000 UTC",
                "time_deleted": "",
                "time_updated": "2024-10-16 15:21:44 +0000 UTC",
                "updated_by_user_id": "ocid1.user.oc1..aaaaaaaafrosr6kax6lrs5ioe3htcjftuibpnwvod7mienq7hidpmxa55ntq",
                "updated_by_work_request_id": "ocid1.clustersworkrequest.oc1.uk-london-1.amaaaaaawldo33iay4ugsv3tdcogoi2o6gmbpkb5qrzybuf4gtffhfs6tvjq"
              }
            ],
            "name": "poc_sample_app (tzwc)",
            "options": [
              {
                "add_ons": [
                  {
                    "is_kubernetes_dashboard_enabled": false,
                    "is_tiller_enabled": false
                  }
                ],
                "admission_controller_options": [
                  {
                    "is_pod_security_policy_enabled": false
                  }
                ],
                "kubernetes_network_config": [
                  {
                    "pods_cidr": "10.244.0.0/16",
                    "services_cidr": "10.96.0.0/16"
                  }
                ],
                "persistent_volume_config": [
                  {
                    "defined_tags": {},
                    "freeform_tags": {}
                  }
                ],
                "service_lb_config": [
                  {
                    "defined_tags": {},
                    "freeform_tags": {}
                  }
                ],
                "service_lb_subnet_ids": [
                  "ocid1.subnet.oc1.uk-london-1.aaaaaaaag4ehmjbkc3yto74wgt7tv4xhydqkwori6ifjo4rqwmoewzywtp6a"
                ]
              }
            ],
            "state": "ACTIVE",
            "timeouts": null,
            "type": "ENHANCED_CLUSTER",
            "vcn_id": "ocid1.vcn.oc1.uk-london-1.amaaaaaawldo33ia4anmua2jpnx3iv2nvn4fcq3piafau4hhxu4c5wvjljqq"
          },
          "sensitive_attributes": [],
          "private": "eyJlMmJmYjczMC1lY2FhLTExZTYtOGY4OC0zNDM2M2JjN2M0YzAiOnsiY3JlYXRlIjozNjAwMDAwMDAwMDAwLCJkZWxldGUiOjM2MDAwMDAwMDAwMDAsInVwZGF0ZSI6MzYwMDAwMDAwMDAwMH19",
          "dependencies": [
            "data.oci_containerengine_cluster_option.oke",
            "data.oci_core_services.all_services",
            "data.oci_identity_regions.home_region",
            "data.oci_identity_tenancy.tenant_details",
            "module.oci-oke.data.oci_core_services.AllOCIServices",
            "module.oci-oke.oci_core_internet_gateway.oke_igw",
            "module.oci-oke.oci_core_nat_gateway.oke_natgw",
            "module.oci-oke.oci_core_route_table.oke_rt_via_igw",
            "module.oci-oke.oci_core_route_table.oke_rt_via_natgw_and_sg",
            "module.oci-oke.oci_core_security_list.oke_api_endpoint_subnet_sec_list",
            "module.oci-oke.oci_core_service_gateway.oke_sg",
            "module.oci-oke.oci_core_subnet.oke_api_endpoint_subnet",
            "module.oci-oke.oci_core_subnet.oke_lb_subnet",
            "module.oci-oke.oci_core_vcn.oke_vcn",
            "oci_core_internet_gateway.oke_internet_gateway",
            "oci_core_nat_gateway.oke_nat_gateway",
            "oci_core_route_table.oke_private_route_table",
            "oci_core_route_table.oke_public_route_table",
            "oci_core_security_list.oke_endpoint_security_list",
            "oci_core_security_list.oke_lb_security_list",
            "oci_core_service_gateway.oke_service_gateway",
            "oci_core_subnet.oke_k8s_endpoint_subnet",
            "oci_core_subnet.oke_lb_subnet",
            "oci_core_virtual_network.oke_vcn",
            "oci_identity_tag.ArchitectureCenterTag",
            "oci_identity_tag_namespace.ArchitectureCenterTagNamespace",
            "random_id.tag",
            "random_string.deploy_id"
          ]
        }
      ]
    },
    {
      "module": "module.oci-oke[0]",
      "mode": "managed",
      "type": "oci_containerengine_node_pool",
      "name": "oci_oke_node_pool",
      "provider": "provider[\"registry.terraform.io/oracle/oci\"]",
      "instances": [
        {
          "schema_version": 0,
          "attributes": {
            "cluster_id": "ocid1.cluster.oc1.uk-london-1.aaaaaaaamtord6mgm4e6iwlar2haqt2szkt2owos5yr23fplqchs35m2y4kq",
            "compartment_id": "ocid1.tenancy.oc1..aaaaaaaay54k6twlomunmgr7g3uyk3wjsq2kainrtdxebcjqzvbxvqediuwa",
            "defined_tags": {
              "ArchitectureCenter\\devops-bluegreen-deploy-oke-20af.release": "1.1"
            },
            "freeform_tags": {},
            "id": "ocid1.nodepool.oc1.uk-london-1.aaaaaaaa3pvr5ltptweo4l43tlja4qsecijgu7zp2qzefxxsgna6lhwdqdsq",
            "initial_node_labels": [
              {
                "key": "key",
                "value": "value"
              }
            ],
            "kubernetes_version": "v1.30.1",
            "lifecycle_details": null,
            "name": "pool1",
            "node_config_details": [
              {
                "defined_tags": {
                  "ArchitectureCenter\\devops-bluegreen-deploy-oke-20af.release": "1.1"
                },
                "freeform_tags": {},
                "is_pv_encryption_in_transit_enabled": false,
                "kms_key_id": "",
                "node_pool_pod_network_option_details": [
                  {
                    "cni_type": "FLANNEL_OVERLAY",
                    "max_pods_per_node": 0,
                    "pod_nsg_ids": [],
                    "pod_subnet_ids": []
                  }
                ],
                "nsg_ids": [],
                "placement_configs": [
                  {
                    "availability_domain": "yzFe:UK-LONDON-1-AD-1",
                    "capacity_reservation_id": "",
                    "fault_domains": [],
                    "preemptible_node_config": [],
                    "subnet_id": "ocid1.subnet.oc1.uk-london-1.aaaaaaaacsgodgvn3tisdabiiopa7rkrwfk2pazkucpgafxhd6gbeyisqhrq"
                  }
                ],
                "size": 1
              }
            ],
            "node_eviction_node_pool_settings": [],
            "node_image_id": "ocid1.image.oc1.uk-london-1.aaaaaaaaqu4qxrcb5z7aachyznwhi5zkyxrhlbg77ztuu2g2hb6eggorqfoa",
            "node_image_name": "Oracle-Linux-7.9-2024.06.30-0-OKE-1.30.1-716",
            "node_metadata": {},
            "node_pool_cycling_details": [],
            "node_shape": "VM.Standard.E3.Flex",
            "node_shape_config": [
              {
                "memory_in_gbs": 1,
                "ocpus": 1
              }
            ],
            "node_source": [
              {
                "image_id": "ocid1.image.oc1.uk-london-1.aaaaaaaaqu4qxrcb5z7aachyznwhi5zkyxrhlbg77ztuu2g2hb6eggorqfoa",
                "source_name": "Oracle-Linux-7.9-2024.06.30-0-OKE-1.30.1-716",
                "source_type": "IMAGE"
              }
            ],
            "node_source_details": [
              {
                "boot_volume_size_in_gbs": "50",
                "image_id": "ocid1.image.oc1.uk-london-1.aaaaaaaaqu4qxrcb5z7aachyznwhi5zkyxrhlbg77ztuu2g2hb6eggorqfoa",
                "source_type": "IMAGE"
              }
            ],
            "nodes": [
              {
                "availability_domain": "yzFe:UK-LONDON-1-AD-1",
                "defined_tags": {},
                "error": [],
                "fault_domain": "FAULT-DOMAIN-1",
                "freeform_tags": {},
                "id": "ocid1.instance.oc1.uk-london-1.anwgiljtwldo33ic2pco4c5db7bqwyjo4z42v24gqwxwckowzu5w7b5576ia",
                "kubernetes_version": "v1.30.1",
                "lifecycle_details": "",
                "name": "oke-chs35m2y4kq-na6lhwdqdsq-sgbeyisqhrq-0",
                "node_pool_id": "ocid1.nodepool.oc1.uk-london-1.aaaaaaaa3pvr5ltptweo4l43tlja4qsecijgu7zp2qzefxxsgna6lhwdqdsq",
                "private_ip": "10.20.10.7",
                "public_ip": "",
                "state": "ACTIVE",
                "subnet_id": "ocid1.subnet.oc1.uk-london-1.aaaaaaaacsgodgvn3tisdabiiopa7rkrwfk2pazkucpgafxhd6gbeyisqhrq"
              }
            ],
            "quantity_per_subnet": 0,
            "ssh_public_key": "ssh-rsa AAAAB3NzaC1yc2EAAAADAQABAAABAQDm6on5+dXJ0aUNMjC83872NmPiM2X1zlH1X+oap95uJXl2uOHHI3ksldluYQyNJEi2yfSgynlv+zTOBHJMZ1JGLCkQnpl120a8Tk8baQZ+S5AbnIzliFKxLeC+fY5qajbI6jGmYwDb9uGEtd0dOkbLNK6ZbxPSNV12FzrKv+HyDeXlBIa6vlilEf+Fy7Kj66ot2bz0iGktbH6bZ+t/6S89VmjVYnY/yqF3RHxGe1kgLKt3nsEUBOXLGhB0EyKD9EBvzg8ZAXtzoP19c8KrAgpHIx12xDTQ4wViNh9QZaNCttuSv4KmCb0WeSQusyPNfQuN/zht12mNuqSauYODXkgN\n",
            "state": "ACTIVE",
            "subnet_ids": [
              "ocid1.subnet.oc1.uk-london-1.aaaaaaaacsgodgvn3tisdabiiopa7rkrwfk2pazkucpgafxhd6gbeyisqhrq"
            ],
            "timeouts": null
          },
          "sensitive_attributes": [],
          "private": "eyJlMmJmYjczMC1lY2FhLTExZTYtOGY4OC0zNDM2M2JjN2M0YzAiOnsiY3JlYXRlIjozMDAwMDAwMDAwMDAwLCJkZWxldGUiOjMwMDAwMDAwMDAwMDAsInVwZGF0ZSI6MzAwMDAwMDAwMDAwMH19",
          "dependencies": [
            "data.oci_containerengine_cluster_option.oke",
            "data.oci_core_services.all_services",
            "data.oci_identity_availability_domains.ADs",
            "data.oci_identity_regions.home_region",
            "data.oci_identity_tenancy.tenant_details",
            "module.oci-oke.data.oci_containerengine_node_pool_option.oci_oke_node_pool_option",
            "module.oci-oke.data.oci_core_services.AllOCIServices",
            "module.oci-oke.data.oci_identity_availability_domains.AD",
            "module.oci-oke.data.oci_identity_availability_domains.ADs",
            "module.oci-oke.oci_containerengine_cluster.oci_oke_cluster",
            "module.oci-oke.oci_core_internet_gateway.oke_igw",
            "module.oci-oke.oci_core_nat_gateway.oke_natgw",
            "module.oci-oke.oci_core_route_table.oke_rt_via_igw",
            "module.oci-oke.oci_core_route_table.oke_rt_via_natgw_and_sg",
            "module.oci-oke.oci_core_security_list.oke_api_endpoint_subnet_sec_list",
            "module.oci-oke.oci_core_security_list.oke_nodepool_subnet_sec_list",
            "module.oci-oke.oci_core_service_gateway.oke_sg",
            "module.oci-oke.oci_core_subnet.oke_api_endpoint_subnet",
            "module.oci-oke.oci_core_subnet.oke_lb_subnet",
            "module.oci-oke.oci_core_subnet.oke_nodepool_subnet",
            "module.oci-oke.oci_core_vcn.oke_vcn",
            "module.oci-oke.tls_private_key.public_private_key_pair",
            "oci_core_internet_gateway.oke_internet_gateway",
            "oci_core_nat_gateway.oke_nat_gateway",
            "oci_core_route_table.oke_private_route_table",
            "oci_core_route_table.oke_public_route_table",
            "oci_core_security_list.oke_endpoint_security_list",
            "oci_core_security_list.oke_lb_security_list",
            "oci_core_security_list.oke_nodes_security_list",
            "oci_core_service_gateway.oke_service_gateway",
            "oci_core_subnet.oke_k8s_endpoint_subnet",
            "oci_core_subnet.oke_lb_subnet",
            "oci_core_subnet.oke_nodes_subnet",
            "oci_core_virtual_network.oke_vcn",
            "oci_identity_tag.ArchitectureCenterTag",
            "oci_identity_tag_namespace.ArchitectureCenterTagNamespace",
            "random_id.tag",
            "random_string.deploy_id",
            "tls_private_key.oke_worker_node_ssh_key"
          ]
        }
      ]
    },
    {
      "module": "module.oci-oke[0]",
      "mode": "managed",
      "type": "oci_core_subnet",
      "name": "oke_api_endpoint_subnet",
      "provider": "provider[\"registry.terraform.io/oracle/oci\"]",
      "instances": []
    },
    {
      "module": "module.oci-oke[0]",
      "mode": "managed",
      "type": "oci_core_subnet",
      "name": "oke_lb_subnet",
      "provider": "provider[\"registry.terraform.io/oracle/oci\"]",
      "instances": []
    },
    {
      "module": "module.oci-oke[0]",
      "mode": "managed",
      "type": "oci_core_subnet",
      "name": "oke_nodepool_subnet",
      "provider": "provider[\"registry.terraform.io/oracle/oci\"]",
      "instances": []
    },
    {
      "module": "module.oci-oke[0]",
      "mode": "managed",
      "type": "oci_core_vcn",
      "name": "oke_vcn",
      "provider": "provider[\"registry.terraform.io/oracle/oci\"]",
      "instances": []
    },
    {
      "module": "module.oci-oke[0]",
      "mode": "managed",
      "type": "tls_private_key",
      "name": "public_private_key_pair",
      "provider": "provider[\"registry.terraform.io/hashicorp/tls\"]",
      "instances": [
        {
          "schema_version": 1,
          "attributes": {
            "algorithm": "RSA",
            "ecdsa_curve": "P224",
            "id": "4dc95ec74f763ead2b4cf92d8ba681c9938e8b7c",
            "private_key_openssh": "-----BEGIN OPENSSH PRIVATE KEY-----\nb3BlbnNzaC1rZXktdjEAAAAABG5vbmUAAAAEbm9uZQAAAAAAAAABAAABFwAAAAdz\nc2gtcnNhAAAAAwEAAQAAAQEAqnqoPfdbVLcostp8n9l4SVjaGtKMfkWckN07lbz2\nLEQJ8xGHpehHfrqTVDomhylfMEX2VEkKtVvmLdYqauD2+31YwBMhqZZo/Qs7RZ1f\nmGdcZWbTdj4lgpI637oj78xYkTsW5syEHuuTsAQegEwF46SCgEpo3HjfijcqOE3f\nLWtoog+6UFVlNz2b508v5Eo15vkQZ6CTNKtyuuTXeERXBcQ3MU/xJ0/kZDSswHxs\nZcx2gXi+DvTk781iDHcW345rJVyKOUQy36oT1f3147vBcNFn5PFB3GoccwOF1juF\nXXjp8qB0ER+PKMXdzL8EkT8ac67AGtosluvW/o6hD50+aQAAA7iZV8/RmVfP0QAA\nAAdzc2gtcnNhAAABAQCqeqg991tUtyiy2nyf2XhJWNoa0ox+RZyQ3TuVvPYsRAnz\nEYel6Ed+upNUOiaHKV8wRfZUSQq1W+Yt1ipq4Pb7fVjAEyGplmj9CztFnV+YZ1xl\nZtN2PiWCkjrfuiPvzFiROxbmzIQe65OwBB6ATAXjpIKASmjceN+KNyo4Td8ta2ii\nD7pQVWU3PZvnTy/kSjXm+RBnoJM0q3K65Nd4RFcFxDcxT/EnT+RkNKzAfGxlzHaB\neL4O9OTvzWIMdxbfjmslXIo5RDLfqhPV/fXju8Fw0Wfk8UHcahxzA4XWO4VdeOny\noHQRH48oxd3MvwSRPxpzrsAa2iyW69b+jqEPnT5pAAAAAwEAAQAAAQEAmdK/B9qv\noAr8QBWAqcNSE+yGL/mXJ0CsetIEN6IfBeYGjDpfCUZDbIfw8+jcZszfxPD7ySV2\n8hmP4gACmhmPAXEiqX0ZvKmo5dpCixfq79sjtaNIXsLImb5UPRb54h+iMrj8exhC\nhpvN0N6GnwD5t2PzFMsPPxAZs97+y3sISzPMTyWZ8PogRymErGyLgM2ioar+QltH\ni9aiWYa99jA7uJArGNDPmrE/GihFDcgmFewReF6IZT3XjWQsOPTtoFu+1pV3LLBi\nmtJTdvpmOs+pdrqcvSZCC7SGmi9F1nbNZYXLyWEdkPcIgmwaKG5dojaB3EXp75hg\nqB71sAT4hfWsWQAAAIABxDA5c5TeKLemw0+jvTUJCmFvZ3qxMpF47Mty/VtHP6yT\nIhiZM2XKMVhsnnqIISLaMZYj96aww8ZFtRfe96bX9uEXD6ogGPQwKxk1ND9dG8tF\ntTmsxM6Qh6/1iEZjhk46I/45Zb4xDzVe/qLPtowmk2An7oyaNOD8i74CU0uHHAAA\nAIEAzR/JQ7pz2P3uzUC0ZMu6Vm0Rij0OmSb4tq6GvcPby/AwaVcF1+KildK5gs1I\nYE5RRS0QTLg2eNK6iGOf7vPHiUCTvboucHq3r/rSXOuYTtFvBu3VZCtNc1Kx5qq3\ntmQrcchfAviB01qN26MQEgoe1rsbv3FzgH4rLDqDco930V8AAACBANTDG+cogBxG\nbRGWn/Q5x2sclAPclj7oe+jNaIkvWvwbNuJ7LavzYWi8ex+93OtYgSBSqur4vVhi\ndmNC0sft8+0l5vK0cHm2GNlX+L36cSnZDpGXYNvbP9r12bRFenVH9Udnsx8GFbSP\nlzQ20w1dtnfrI8KDujlJE4ToT3nZiJ03AAAAAAEC\n-----END OPENSSH PRIVATE KEY-----\n",
            "private_key_pem": "-----BEGIN RSA PRIVATE KEY-----\nMIIEpAIBAAKCAQEAqnqoPfdbVLcostp8n9l4SVjaGtKMfkWckN07lbz2LEQJ8xGH\npehHfrqTVDomhylfMEX2VEkKtVvmLdYqauD2+31YwBMhqZZo/Qs7RZ1fmGdcZWbT\ndj4lgpI637oj78xYkTsW5syEHuuTsAQegEwF46SCgEpo3HjfijcqOE3fLWtoog+6\nUFVlNz2b508v5Eo15vkQZ6CTNKtyuuTXeERXBcQ3MU/xJ0/kZDSswHxsZcx2gXi+\nDvTk781iDHcW345rJVyKOUQy36oT1f3147vBcNFn5PFB3GoccwOF1juFXXjp8qB0\nER+PKMXdzL8EkT8ac67AGtosluvW/o6hD50+aQIDAQABAoIBAQCZ0r8H2q+gCvxA\nFYCpw1IT7IYv+ZcnQKx60gQ3oh8F5gaMOl8JRkNsh/Dz6NxmzN/E8PvJJXbyGY/i\nAAKaGY8BcSKpfRm8qajl2kKLF+rv2yO1o0hewsiZvlQ9FvniH6IyuPx7GEKGm83Q\n3oafAPm3Y/MUyw8/EBmz3v7LewhLM8xPJZnw+iBHKYSsbIuAzaKhqv5CW0eL1qJZ\nhr32MDu4kCsY0M+asT8aKEUNyCYV7BF4XohlPdeNZCw49O2gW77WlXcssGKa0lN2\n+mY6z6l2upy9JkILtIaaL0XWds1lhcvJYR2Q9wiCbBoobl2iNoHcRenvmGCoHvWw\nBPiF9axZAoGBAM0fyUO6c9j97s1AtGTLulZtEYo9Dpkm+Lauhr3D28vwMGlXBdfi\nopXSuYLNSGBOUUUtEEy4NnjSuohjn+7zx4lAk726LnB6t6/60lzrmE7Rbwbt1WQr\nTXNSseaqt7ZkK3HIXwL4gdNajdujEBIKHta7G79xc4B+Kyw6g3KPd9FfAoGBANTD\nG+cogBxGbRGWn/Q5x2sclAPclj7oe+jNaIkvWvwbNuJ7LavzYWi8ex+93OtYgSBS\nqur4vVhidmNC0sft8+0l5vK0cHm2GNlX+L36cSnZDpGXYNvbP9r12bRFenVH9Udn\nsx8GFbSPlzQ20w1dtnfrI8KDujlJE4ToT3nZiJ03AoGBAJjZPb1VO6wPFJonxARz\n9wcdwPs0oiMnch+Wj1rqjmc6NKjaKsWC4Mopuwin9W2mDlMw0DuK7TQ9OrgVHIEP\ncLlqwGyZRq+UEjp0+bo56EWbNFOCeAdraQwtK9mJjtm/bMwdlgb9rKgUiy6GJJx8\npBw4UuXmIT43Re5wL7D3DT6bAoGAQ7sE4/aZqealjAbWTsoh+LA1UnFjhw09fOP/\nFkT0AvOq6jhqVqX46X2u+HDZpjYbjS2j6X9bz4oww/Ke5TSUBXeeaL8WWzij+nSt\n49SZN8g4ghKdq//E+TBwqJnBnRpWM/AILqUiPcPET8PwNf4SO2SokqCapOflhdbq\njhC5E8sCgYABxDA5c5TeKLemw0+jvTUJCmFvZ3qxMpF47Mty/VtHP6yTIhiZM2XK\nMVhsnnqIISLaMZYj96aww8ZFtRfe96bX9uEXD6ogGPQwKxk1ND9dG8tFtTmsxM6Q\nh6/1iEZjhk46I/45Zb4xDzVe/qLPtowmk2An7oyaNOD8i74CU0uHHA==\n-----END RSA PRIVATE KEY-----\n",
            "private_key_pem_pkcs8": "-----BEGIN PRIVATE KEY-----\nMIIEvgIBADANBgkqhkiG9w0BAQEFAASCBKgwggSkAgEAAoIBAQCqeqg991tUtyiy\n2nyf2XhJWNoa0ox+RZyQ3TuVvPYsRAnzEYel6Ed+upNUOiaHKV8wRfZUSQq1W+Yt\n1ipq4Pb7fVjAEyGplmj9CztFnV+YZ1xlZtN2PiWCkjrfuiPvzFiROxbmzIQe65Ow\nBB6ATAXjpIKASmjceN+KNyo4Td8ta2iiD7pQVWU3PZvnTy/kSjXm+RBnoJM0q3K6\n5Nd4RFcFxDcxT/EnT+RkNKzAfGxlzHaBeL4O9OTvzWIMdxbfjmslXIo5RDLfqhPV\n/fXju8Fw0Wfk8UHcahxzA4XWO4VdeOnyoHQRH48oxd3MvwSRPxpzrsAa2iyW69b+\njqEPnT5pAgMBAAECggEBAJnSvwfar6AK/EAVgKnDUhPshi/5lydArHrSBDeiHwXm\nBow6XwlGQ2yH8PPo3GbM38Tw+8kldvIZj+IAApoZjwFxIql9GbypqOXaQosX6u/b\nI7WjSF7CyJm+VD0W+eIfojK4/HsYQoabzdDehp8A+bdj8xTLDz8QGbPe/st7CEsz\nzE8lmfD6IEcphKxsi4DNoqGq/kJbR4vWolmGvfYwO7iQKxjQz5qxPxooRQ3IJhXs\nEXheiGU9141kLDj07aBbvtaVdyywYprSU3b6ZjrPqXa6nL0mQgu0hpovRdZ2zWWF\ny8lhHZD3CIJsGihuXaI2gdxF6e+YYKge9bAE+IX1rFkCgYEAzR/JQ7pz2P3uzUC0\nZMu6Vm0Rij0OmSb4tq6GvcPby/AwaVcF1+KildK5gs1IYE5RRS0QTLg2eNK6iGOf\n7vPHiUCTvboucHq3r/rSXOuYTtFvBu3VZCtNc1Kx5qq3tmQrcchfAviB01qN26MQ\nEgoe1rsbv3FzgH4rLDqDco930V8CgYEA1MMb5yiAHEZtEZaf9DnHaxyUA9yWPuh7\n6M1oiS9a/Bs24nstq/NhaLx7H73c61iBIFKq6vi9WGJ2Y0LSx+3z7SXm8rRwebYY\n2Vf4vfpxKdkOkZdg29s/2vXZtEV6dUf1R2ezHwYVtI+XNDbTDV22d+sjwoO6OUkT\nhOhPedmInTcCgYEAmNk9vVU7rA8UmifEBHP3Bx3A+zSiIydyH5aPWuqOZzo0qNoq\nxYLgyim7CKf1baYOUzDQO4rtND06uBUcgQ9wuWrAbJlGr5QSOnT5ujnoRZs0U4J4\nB2tpDC0r2YmO2b9szB2WBv2sqBSLLoYknHykHDhS5eYhPjdF7nAvsPcNPpsCgYBD\nuwTj9pmp5qWMBtZOyiH4sDVScWOHDT184/8WRPQC86rqOGpWpfjpfa74cNmmNhuN\nLaPpf1vPijDD8p7lNJQFd55ovxZbOKP6dK3j1Jk3yDiCEp2r/8T5MHComcGdGlYz\n8AgupSI9w8RPw/A1/hI7ZKiSoJqk5+WF1uqOELkTywKBgAHEMDlzlN4ot6bDT6O9\nNQkKYW9nerEykXjsy3L9W0c/rJMiGJkzZcoxWGyeeoghItoxliP3prDDxkW1F973\nptf24RcPqiAY9DArGTU0P10by0W1OazEzpCHr/WIRmOGTjoj/jllvjEPNV7+os+2\njCaTYCfujJo04PyLvgJTS4cc\n-----END PRIVATE KEY-----\n",
            "public_key_fingerprint_md5": "4f:10:9f:5e:ba:76:17:20:81:7d:43:fb:0d:82:4d:c3",
            "public_key_fingerprint_sha256": "SHA256:iC5OKJfTQvDT9EsB3ClV4pJ2qgvUOdjbcWrxvojhQus",
            "public_key_openssh": "ssh-rsa AAAAB3NzaC1yc2EAAAADAQABAAABAQCqeqg991tUtyiy2nyf2XhJWNoa0ox+RZyQ3TuVvPYsRAnzEYel6Ed+upNUOiaHKV8wRfZUSQq1W+Yt1ipq4Pb7fVjAEyGplmj9CztFnV+YZ1xlZtN2PiWCkjrfuiPvzFiROxbmzIQe65OwBB6ATAXjpIKASmjceN+KNyo4Td8ta2iiD7pQVWU3PZvnTy/kSjXm+RBnoJM0q3K65Nd4RFcFxDcxT/EnT+RkNKzAfGxlzHaBeL4O9OTvzWIMdxbfjmslXIo5RDLfqhPV/fXju8Fw0Wfk8UHcahxzA4XWO4VdeOnyoHQRH48oxd3MvwSRPxpzrsAa2iyW69b+jqEPnT5p\n",
            "public_key_pem": "-----BEGIN PUBLIC KEY-----\nMIIBIjANBgkqhkiG9w0BAQEFAAOCAQ8AMIIBCgKCAQEAqnqoPfdbVLcostp8n9l4\nSVjaGtKMfkWckN07lbz2LEQJ8xGHpehHfrqTVDomhylfMEX2VEkKtVvmLdYqauD2\n+31YwBMhqZZo/Qs7RZ1fmGdcZWbTdj4lgpI637oj78xYkTsW5syEHuuTsAQegEwF\n46SCgEpo3HjfijcqOE3fLWtoog+6UFVlNz2b508v5Eo15vkQZ6CTNKtyuuTXeERX\nBcQ3MU/xJ0/kZDSswHxsZcx2gXi+DvTk781iDHcW345rJVyKOUQy36oT1f3147vB\ncNFn5PFB3GoccwOF1juFXXjp8qB0ER+PKMXdzL8EkT8ac67AGtosluvW/o6hD50+\naQIDAQAB\n-----END PUBLIC KEY-----\n",
            "rsa_bits": 2048
          },
          "sensitive_attributes": []
        }
      ]
    }
  ],
  "check_results": null
}
