{
  "version": 4,
  "terraform_version": "1.5.7",
  "serial": 52,
  "lineage": "b4a960a8-1fe2-483a-5809-b42128bbf86a",
  "outputs": {
    "comments": {
      "value": "The application URL will be unavailable for a few minutes after provisioning while the application is configured and deployed to Kubernetes",
      "type": "string"
    },
    "deploy_id": {
      "value": "vCRm",
      "type": "string"
    },
    "deployed_oke_kubernetes_version": {
      "value": "v1.30.1",
      "type": "string"
    },
    "deployed_to_region": {
      "value": "uk-london-1",
      "type": "string"
    },
    "dev": {
      "value": "Made with ❤ by Oracle Developers",
      "type": "string"
    },
    "generated_private_key_pem": {
      "value": "-----BEGIN RSA PRIVATE KEY-----\nMIIEowIBAAKCAQEAnguP8lWrtRKjncBr5pjD0JQ/7VVyCha565aIc20EAttiMeWb\nplE8+HJUOvt3DmPjTKC9NBzPB3HArJK3Ktnkh1FZoZnGmlURmclOaRNVbzJ5V0Ft\nDAUEan5r6zHFpJ3oVNAymLQnEvvCmdDiQll/1NtMjqwWZ7DpjSbfihSy9ZqL0Tjf\nuUBwp9pThZZ1Ago9RXwcv+0+oMl9b5zWc5aV8WI7iB7H/sWUrBfaIG88WgreYOXh\n1k6XPKv3IommT8ZCnLbriTVI7bVIdxYU85hqq7DBe/rjfpt7XYfLIX9Qe9NGzpgk\nB+/zv+8b8FTmBzgD/hSWkAT7bxB6ZPgmiynToQIDAQABAoIBAG3P2tSmcgf+S3Dw\nogg3XNcwKrrdA7++yq/GiEirFn5lsHS69Ms65wI5bg0NbEuzW9uCU/RBkBe8EgPW\nbS549zCOdZizICtbsD8KgFDB/jqk92qJKxuO4OKdtJ5Wlt0qWqOThZRUmFG4XB5D\n5PH0/b0IIsl/CJJDegN5XxiyCSZcg9Ug9DqUBmUwjWCh/bWUKXUGAV8JIW561N0T\n3cqzvwPKJLAv3mOZOhGKbpZn2+hR2ABpP+Epq1cdeV0rvvoS5nXl2F04ljbApSyz\n3fiA6c7A14MnSvEXqtteyrTpEie7OMm9tCne/GCZ4vtqAm7wo6kVkYfloqJ1uhYC\nEMmKVYECgYEA0I2RX0EgoStXPiPLw0O7pGXYWpX39ZsHNSggYjqPvW1WWVVmChLF\nXr30KBZpA8fO4y8umm0ZxY3dbm8dKFKTF9La6yReSvbKHB75SEW3gOfWUwaXvQf8\n/vgB8ZIWkxRQ9ynvTkveaoGhe8FZ++VDhpBp1XRtriR0TvC+vdmyY/MCgYEAwgBY\nHNQv/wS/myHXHeliCC5Zg1mSsk/mPm4drLhMab52hIBS1etUDtS/fVLCHX66RTYG\nyzhmOMMWCszC3dgKJYWbhD6a+b2U1+Uxybsyk1L+vINtJT8x2R5oT9Me8MMA9XwO\nIZxMVCy6RCJQYURjkIiCqqJjEjz6/0/n4BUo0xsCgYAXQxMp+su27mymw7tgpldx\nuOJvCDdGL+qX5UfnbPzHdkChakMdcIaPUMTBC+7euxS6hnK+StkLDg3a2Y35B2zc\nxWohvEbAOdLFXDcV9qDHQhTH4f5e2VtA3UzqMw9NjICTcRv+Mbw3SQpIEYMF88aa\nZdVIN9pcCDjo7TV5W6ToPQKBgB8+pPJHrk85OY7HnXjAzLwakuoXtAup2KA3Zeoa\naJwjQ71FWZIAa7JTy19ow8CyV1esQt3aAISlztgAcGYAVGoEoa5j0tvkD6PR0vn1\nf0jA9ivwUtTL38BjKFOq4fHOxknDKBd7r8NizMEKcb2ooQx3H+xRaPlX/ui9us+Z\nOND/AoGBAJELbXNg8C3AmLx9Bwvi6f/BV7gRacIa8PVUPu0rudJmceK9SPU+j/ak\nMA9ZKFjM3YFtZmvBG0EnKg8Sn72x7CdCFXZIqng4SHLUQbI2T3XMe57b4Cvu9Dpq\nHcHgQIWbs+tsRLxpAqsAmLdBOE/cquvpbUg7iStgMilr5CaLQyiS\n-----END RSA PRIVATE KEY-----\n",
      "type": "string",
      "sensitive": true
    },
    "kubeconfig_for_kubectl": {
      "value": "export KUBECONFIG=./generated/kubeconfig",
      "type": "string"
    }
  },
  "resources": [
    {
      "mode": "data",
      "type": "oci_containerengine_cluster_kube_config",
      "name": "oke_cluster_kube_config",
      "provider": "provider[\"registry.terraform.io/oracle/oci\"]",
      "instances": [
        {
          "schema_version": 0,
          "attributes": {
            "cluster_id": "ocid1.cluster.oc1.uk-london-1.aaaaaaaazhngvty6veups7krbfg6xxntteyawdi2gp7lajyx3ckounqlo5yq",
            "content": "---\napiVersion: v1\nkind: \"\"\nclusters:\n- name: cluster-ckounqlo5yq\n  cluster:\n    server: https://141.147.118.215:6443\n    certificate-authority-data: LS0tLS1CRUdJTiBDRVJUSUZJQ0FURS0tLS0tCk1JSURpVENDQW5HZ0F3SUJBZ0lSQU9LMUNFdG1YRGc4MCs2YVhaR29BaTR3RFFZSktvWklodmNOQVFFTEJRQXcKWGpFUE1BMEdBMVVFQXd3R1N6aHpJRU5CTVFzd0NRWURWUVFHRXdKVlV6RVBNQTBHQTFVRUJ3d0dRWFZ6ZEdsdQpNUTh3RFFZRFZRUUtEQVpQY21GamJHVXhEREFLQmdOVkJBc01BMDlqYVRFT01Bd0dBMVVFQ0F3RlZHVjRZWE13CkhoY05NalF4TURFMU1UWXdORFU1V2hjTk1qa3hNREUxTVRZd05EVTVXakJlTVE4d0RRWURWUVFEREFaTE9ITWcKUTBFeEN6QUpCZ05WQkFZVEFsVlRNUTh3RFFZRFZRUUhEQVpCZFhOMGFXNHhEekFOQmdOVkJBb01Cazl5WVdOcwpaVEVNTUFvR0ExVUVDd3dEVDJOcE1RNHdEQVlEVlFRSURBVlVaWGhoY3pDQ0FTSXdEUVlKS29aSWh2Y05BUUVCCkJRQURnZ0VQQURDQ0FRb0NnZ0VCQU16RTd1WmhUd1NZdzBhc1FBc2JsUEI4NGdzSnRYa3dMQ0Y2OWJ5QWRTOVUKUThSL05GS3pzc3ZTazE5TWpwbk51RzhYNE9jL0hJbFFPMHhFM3VTOEV6WGpGei9xV0hFMGFtTXJJblFNWEtvaApWWE5kNWl2YlRwNWU4aS9RWXQxNE9XbVZGeE5XNFZFaTRuMy9WU2lLNTFpcHIwNmZRKzFuUnUzQUJNQ20zQ0V1CkNzOWpGVXY5ZU9hUnlqbldTd3BnY2pQOU5kTDlNd1Vxb00yRUNtaHBUWVo3MGx4UDlud01tZkE1eDF6TG1QTm4KZmk3M0dGRzVMS041dy80d2xqeWR2VUtmU0NEc2Z5OHY2NitLakJYZk1xSmpNQnNNYjh6WUtMdkU1NEpxSVBtVwp4OG5ZRVg0Nm1kajhvdHNrWDVwRUxQSjc2UWRtUDNCVDhLbExwd0FEVEFjQ0F3RUFBYU5DTUVBd0R3WURWUjBUCkFRSC9CQVV3QXdFQi96QU9CZ05WSFE4QkFmOEVCQU1DQVFZd0hRWURWUjBPQkJZRUZCL0M0WUlRbkJSTUFXMWoKV01FbDZoaWtSYzJBTUEwR0NTcUdTSWIzRFFFQkN3VUFBNElCQVFESTh4WVNCbVE5ZTVXcHNLbmdmZHFjaTJoRwpvcnJlblJIUk5UcDJIc2d2a1NXRk1QSmpjTDFVR2RYWkpuUEFRSHRLSEhqTVpobEIwOHA2dHNzcVdYTWFodVQ5ClFCMENaM2pyaU1JT2xHUVlPNDU4d3ZpMnhHS1lZNUliVnRtWlB2WFJmYkNPeW9DaWxBRzNxcWFqTnNMVVQvTE8KaEFQQW9TSzJQdlBvcTBTTWdacjk1V05DVjJFeVNTWTlHaHZFcnAvYWF0QXd5RWtYMUcrZC9QSEdkaHcvTG04TQpQQjlTcXNjeFhKZEJta0ZRU2RRd0daNFpZc0IvNG9Tb2lIN2lldlZ0cVVrUmI5QUgrdWoyT3lDS0FJS1BWSVFICmNwMVhidXVDTkJrak5WcU44YlM2VTlLaW41WS83elZSNXFycFplemFYem9WU1ZtdU5WQVptdy9STzlJUwotLS0tLUVORCBDRVJUSUZJQ0FURS0tLS0tCg==\nusers:\n- name: user-ckounqlo5yq\n  user:\n    exec:\n      apiVersion: client.authentication.k8s.io/v1beta1\n      command: oci\n      args:\n      - ce\n      - cluster\n      - generate-token\n      - --cluster-id\n      - ocid1.cluster.oc1.uk-london-1.aaaaaaaazhngvty6veups7krbfg6xxntteyawdi2gp7lajyx3ckounqlo5yq\n      - --region\n      - uk-london-1\n      env: []\ncontexts:\n- name: context-ckounqlo5yq\n  context:\n    cluster: cluster-ckounqlo5yq\n    user: user-ckounqlo5yq\ncurrent-context: context-ckounqlo5yq\n",
            "endpoint": null,
            "expiration": null,
            "id": "ContainerengineClusterKubeConfigDataSource-2058453973",
            "token_version": null
          },
          "sensitive_attributes": []
        }
      ]
    },
    {
      "mode": "data",
      "type": "oci_containerengine_cluster_option",
      "name": "oke",
      "provider": "provider[\"registry.terraform.io/oracle/oci\"]",
      "instances": [
        {
          "schema_version": 0,
          "attributes": {
            "cluster_option_id": "all",
            "cluster_pod_network_options": [
              {
                "cni_type": "OCI_VCN_IP_NATIVE"
              },
              {
                "cni_type": "FLANNEL_OVERLAY"
              }
            ],
            "compartment_id": null,
            "id": "ContainerengineClusterOptionDataSource-1870923232",
            "kubernetes_versions": [
              "v1.28.2",
              "v1.28.10",
              "v1.29.1",
              "v1.30.1"
            ]
          },
          "sensitive_attributes": []
        }
      ]
    },
    {
      "mode": "data",
      "type": "oci_containerengine_node_pool_option",
      "name": "oke",
      "provider": "provider[\"registry.terraform.io/oracle/oci\"]",
      "instances": [
        {
          "schema_version": 0,
          "attributes": {
            "compartment_id": null,
            "id": "ContainerengineNodePoolOptionDataSource-1870923232",
            "images": [
              "Oracle-Linux-7.4",
              "Oracle-Linux-7.5",
              "Oracle-Linux-7.6"
            ],
            "kubernetes_versions": [
              "v1.28.2",
              "v1.28.10",
              "v1.29.1",
              "v1.30.1"
            ],
            "node_pool_option_id": "all",
            "shapes": [
              "BM.Standard.A1.160",
              "BM.Standard.E2.64",
              "BM.Standard.E3.128",
              "BM.Standard.E4.128",
              "BM.Standard.E5.192",
              "BM.Standard2.52",
              "BM.Standard3.64",
              "VM.Standard.A1.Flex",
              "VM.Standard.E2.1",
              "VM.Standard.E2.2",
              "VM.Standard.E2.4",
              "VM.Standard.E2.8",
              "VM.Standard.E3.Flex",
              "VM.Standard.E4.Flex",
              "VM.Standard.E5.Flex",
              "VM.Standard2.1",
              "VM.Standard2.16",
              "VM.Standard2.2",
              "VM.Standard2.24",
              "VM.Standard2.4",
              "VM.Standard2.8",
              "VM.Standard3.Flex"
            ],
            "sources": [
              {
                "image_id": "ocid1.image.oc1.uk-london-1.aaaaaaaau7m4das3rfqbdqbzwukqrtj344oymlj54ugkjpl3mbevhkdoskwq",
                "source_name": "Oracle-Linux-8.9-aarch64-2024.05.29-0-OKE-1.30.1-707",
                "source_type": "IMAGE"
              },
              {
                "image_id": "ocid1.image.oc1.uk-london-1.aaaaaaaaekxymxt2rrozguahdlyifb3qe7l355abrembardzpguqojoa4ykq",
                "source_name": "Oracle-Linux-8.9-aarch64-2024.05.29-0-OKE-1.29.1-707",
                "source_type": "IMAGE"
              },
              {
                "image_id": "ocid1.image.oc1.uk-london-1.aaaaaaaama7e7lidkl6y4ktt7qdqkwmj6fslill2drmotrsm5z3bubbshkzq",
                "source_name": "Oracle-Linux-8.9-aarch64-2024.05.29-0-OKE-1.28.2-707",
                "source_type": "IMAGE"
              },
              {
                "image_id": "ocid1.image.oc1.uk-london-1.aaaaaaaa6vqzdirctnci34ro2sj4mnyc4odob5htcxmcke6cticf2h2gdbnq",
                "source_name": "Oracle-Linux-8.9-aarch64-2024.05.29-0-OKE-1.28.10-707",
                "source_type": "IMAGE"
              },
              {
                "image_id": "ocid1.image.oc1.uk-london-1.aaaaaaaari3q3id5tq6paswaw74qkujnaaxlydfltqeexv7qeckht4hxogfa",
                "source_name": "Oracle-Linux-8.9-aarch64-2024.04.19-0-OKE-1.29.1-693",
                "source_type": "IMAGE"
              },
              {
                "image_id": "ocid1.image.oc1.uk-london-1.aaaaaaaa36c4y3rkdwywmqrzwtjmft4hn4vt4sthnbqoubknl7zqhaio2vja",
                "source_name": "Oracle-Linux-8.9-aarch64-2024.04.19-0-OKE-1.28.2-693",
                "source_type": "IMAGE"
              },
              {
                "image_id": "ocid1.image.oc1.uk-london-1.aaaaaaaau77h2wnyqki3wpmlvwlgwlitrqoaw5pauwc3f635czapigakocsa",
                "source_name": "Oracle-Linux-8.9-aarch64-2024.01.26-0-OKE-1.28.2-679",
                "source_type": "IMAGE"
              },
              {
                "image_id": "ocid1.image.oc1.uk-london-1.aaaaaaaa3y7r7cdb7ijne2lfdawpwh3b72n76ely3gu62yvbeme5u6u4ywsa",
                "source_name": "Oracle-Linux-8.9-Gen2-GPU-2024.05.29-0-OKE-1.30.1-707",
                "source_type": "IMAGE"
              },
              {
                "image_id": "ocid1.image.oc1.uk-london-1.aaaaaaaaqhiplg6fsi4hsdgj6pihddo3tnna4zwombl4im7q46wm4ebri4hq",
                "source_name": "Oracle-Linux-8.9-Gen2-GPU-2024.05.29-0-OKE-1.29.1-707",
                "source_type": "IMAGE"
              },
              {
                "image_id": "ocid1.image.oc1.uk-london-1.aaaaaaaa2uyglc7jwdykmbo75tgwozx7mwphqez5gdsgrtn5as7bqpaoyzda",
                "source_name": "Oracle-Linux-8.9-Gen2-GPU-2024.05.29-0-OKE-1.28.2-707",
                "source_type": "IMAGE"
              },
              {
                "image_id": "ocid1.image.oc1.uk-london-1.aaaaaaaanx7tr5d7syarxjz5p5ompcji5uoymwty7motxvfkned6ccl4mmyq",
                "source_name": "Oracle-Linux-8.9-Gen2-GPU-2024.05.29-0-OKE-1.28.10-707",
                "source_type": "IMAGE"
              },
              {
                "image_id": "ocid1.image.oc1.uk-london-1.aaaaaaaabl66vfkhya52l2rnhacrre53tjfnwo7fx7q2g3pwlqucfyl2fdta",
                "source_name": "Oracle-Linux-8.9-Gen2-GPU-2024.04.19-0-OKE-1.29.1-693",
                "source_type": "IMAGE"
              },
              {
                "image_id": "ocid1.image.oc1.uk-london-1.aaaaaaaafim76rka4uwyf5awge4lry3j3cu4acnkthzp65hqdvzdoeyrgngq",
                "source_name": "Oracle-Linux-8.9-Gen2-GPU-2024.04.19-0-OKE-1.28.2-693",
                "source_type": "IMAGE"
              },
              {
                "image_id": "ocid1.image.oc1.uk-london-1.aaaaaaaasm54jlxtsqyweb4jfx7nv23luevnvllyg73ylwqc7oppn742y7xa",
                "source_name": "Oracle-Linux-8.9-Gen2-GPU-2024.01.26-0-OKE-1.28.2-679",
                "source_type": "IMAGE"
              },
              {
                "image_id": "ocid1.image.oc1.uk-london-1.aaaaaaaailsm7a4gktvyyq4sbh52lt4itlqxzyqkvuzbd6m37hlhko6zhvma",
                "source_name": "Oracle-Linux-8.9-2024.05.29-0-OKE-1.30.1-707",
                "source_type": "IMAGE"
              },
              {
                "image_id": "ocid1.image.oc1.uk-london-1.aaaaaaaaqvmjldol4z4lvsfstzbwozihkbwdc2tswh7rusxmm7wv64qxiaoa",
                "source_name": "Oracle-Linux-8.9-2024.05.29-0-OKE-1.29.1-707",
                "source_type": "IMAGE"
              },
              {
                "image_id": "ocid1.image.oc1.uk-london-1.aaaaaaaaga2draxyywiter264xg4gghumqf3ur5b4ysvdtdntlboiqkuevoq",
                "source_name": "Oracle-Linux-8.9-2024.05.29-0-OKE-1.28.2-707",
                "source_type": "IMAGE"
              },
              {
                "image_id": "ocid1.image.oc1.uk-london-1.aaaaaaaad26ocspq2sc7gmizg7w4nd6d7zjpxcng2id7jdwbk75gris7bira",
                "source_name": "Oracle-Linux-8.9-2024.05.29-0-OKE-1.28.10-707",
                "source_type": "IMAGE"
              },
              {
                "image_id": "ocid1.image.oc1.uk-london-1.aaaaaaaa5rzn3mvwnhmhwgmbl4hjnecsljnsc2qflihavbhffksmre4ba4uq",
                "source_name": "Oracle-Linux-8.9-2024.04.19-0-OKE-1.29.1-693",
                "source_type": "IMAGE"
              },
              {
                "image_id": "ocid1.image.oc1.uk-london-1.aaaaaaaacpbgj6h4242fxztcpqibxhnkonibxfjaauvnculmp4ufqg7r3fha",
                "source_name": "Oracle-Linux-8.9-2024.04.19-0-OKE-1.28.2-693",
                "source_type": "IMAGE"
              },
              {
                "image_id": "ocid1.image.oc1.uk-london-1.aaaaaaaawd6rrojapv7p7jk2hs44ofc67xk7ckylhl2y6jsv4ve5wla7evqq",
                "source_name": "Oracle-Linux-8.9-2024.01.26-0-OKE-1.28.2-679",
                "source_type": "IMAGE"
              },
              {
                "image_id": "ocid1.image.oc1.uk-london-1.aaaaaaaa5vlftdoj76vu2ycxmhbjgweihcd7ahptidkpuvwgpp36747bwkqa",
                "source_name": "Oracle-Linux-8.10-aarch64-2024.06.30-0-OKE-1.30.1-716",
                "source_type": "IMAGE"
              },
              {
                "image_id": "ocid1.image.oc1.uk-london-1.aaaaaaaa2rrop6tbinxgakakn2a2edxvi3yf4z2zjufbdwscn2bjm3j7z6sq",
                "source_name": "Oracle-Linux-8.10-aarch64-2024.06.30-0-OKE-1.29.1-716",
                "source_type": "IMAGE"
              },
              {
                "image_id": "ocid1.image.oc1.uk-london-1.aaaaaaaa44plkfl6osq2gezw7prk5ylbyylwlpmgmptyrhelqfoeigw65bya",
                "source_name": "Oracle-Linux-8.10-aarch64-2024.06.30-0-OKE-1.28.10-716",
                "source_type": "IMAGE"
              },
              {
                "image_id": "ocid1.image.oc1.uk-london-1.aaaaaaaalhsuxxzhdk2ymzcxj6d67rk7gz6nknzsldjivbis3hkurdsin6xa",
                "source_name": "Oracle-Linux-8.10-Gen2-GPU-2024.06.30-0-OKE-1.30.1-716",
                "source_type": "IMAGE"
              },
              {
                "image_id": "ocid1.image.oc1.uk-london-1.aaaaaaaa46pd4uu5c2ubg7nyxcwvi64gnsonezzfdm2qcqfphy6fcxzmgvya",
                "source_name": "Oracle-Linux-8.10-Gen2-GPU-2024.06.30-0-OKE-1.29.1-716",
                "source_type": "IMAGE"
              },
              {
                "image_id": "ocid1.image.oc1.uk-london-1.aaaaaaaaoo7wekv6x53a36vfssr6h3efuirpfj3wvovl4bdnm33kki6f5vta",
                "source_name": "Oracle-Linux-8.10-Gen2-GPU-2024.06.30-0-OKE-1.28.10-716",
                "source_type": "IMAGE"
              },
              {
                "image_id": "ocid1.image.oc1.uk-london-1.aaaaaaaabawru54cnggn3ui2agpyeqmtkonrbdmaim5b5gidclnicqd2imsa",
                "source_name": "Oracle-Linux-8.10-2024.06.30-0-OKE-1.30.1-716",
                "source_type": "IMAGE"
              },
              {
                "image_id": "ocid1.image.oc1.uk-london-1.aaaaaaaajmm4jhtyx3bciv7u5ow3mcj5kfzenhcwp3zl4vctletdzcj52kra",
                "source_name": "Oracle-Linux-8.10-2024.06.30-0-OKE-1.29.1-716",
                "source_type": "IMAGE"
              },
              {
                "image_id": "ocid1.image.oc1.uk-london-1.aaaaaaaaj4odsmras6ifzouestniz7dr7kjetkt7hruh6xoqn73oroc77svq",
                "source_name": "Oracle-Linux-8.10-2024.06.30-0-OKE-1.28.10-716",
                "source_type": "IMAGE"
              },
              {
                "image_id": "ocid1.image.oc1.uk-london-1.aaaaaaaaky6r3uxhzkueuljupfc2gszxc72fqflt3zcfzavz54ongpivxkda",
                "source_name": "Oracle-Linux-7.9-aarch64-2024.06.30-0-OKE-1.30.1-716",
                "source_type": "IMAGE"
              },
              {
                "image_id": "ocid1.image.oc1.uk-london-1.aaaaaaaa5chdjv4p7wefzrxro5p6u4f7zeb5h6hqn2oaewyjl3xvwcv4wala",
                "source_name": "Oracle-Linux-7.9-aarch64-2024.06.30-0-OKE-1.29.1-716",
                "source_type": "IMAGE"
              },
              {
                "image_id": "ocid1.image.oc1.uk-london-1.aaaaaaaadghehzoc7v3vakv3zqqrukfcxdiwriqmvhjdcbmqzc5rfasefmlq",
                "source_name": "Oracle-Linux-7.9-aarch64-2024.06.30-0-OKE-1.28.10-716",
                "source_type": "IMAGE"
              },
              {
                "image_id": "ocid1.image.oc1.uk-london-1.aaaaaaaaco32bggeegkux6evjuqjml4ljqqk7rr4jr5nezeyrxqdiklko5rq",
                "source_name": "Oracle-Linux-7.9-aarch64-2024.05.29-0-OKE-1.30.1-707",
                "source_type": "IMAGE"
              },
              {
                "image_id": "ocid1.image.oc1.uk-london-1.aaaaaaaahwamxq5dtpwwsay3i5pfuvyy26vhnwjrfnylid7yzjacftexmsla",
                "source_name": "Oracle-Linux-7.9-aarch64-2024.05.29-0-OKE-1.29.1-707",
                "source_type": "IMAGE"
              },
              {
                "image_id": "ocid1.image.oc1.uk-london-1.aaaaaaaajsspukmxmfldvcchwntcrcvthwzaj4wkyu5p6kvz3uwrgfvsveia",
                "source_name": "Oracle-Linux-7.9-aarch64-2024.05.29-0-OKE-1.28.2-707",
                "source_type": "IMAGE"
              },
              {
                "image_id": "ocid1.image.oc1.uk-london-1.aaaaaaaa5aves7iwk6doy4yy5ojljbxvalxb5jv56eumyiuambndqdz7lubq",
                "source_name": "Oracle-Linux-7.9-aarch64-2024.05.29-0-OKE-1.28.10-707",
                "source_type": "IMAGE"
              },
              {
                "image_id": "ocid1.image.oc1.uk-london-1.aaaaaaaacse7cpveqz3ltl7kqsvycqegrlw7swjlrzlpxt5ir2ga5oyaupsq",
                "source_name": "Oracle-Linux-7.9-aarch64-2024.04.19-0-OKE-1.29.1-693",
                "source_type": "IMAGE"
              },
              {
                "image_id": "ocid1.image.oc1.uk-london-1.aaaaaaaaylrmchgejsock27ppnypg2p2jxjgfia3f4cskdpjtkpx3bpf3zwa",
                "source_name": "Oracle-Linux-7.9-aarch64-2024.04.19-0-OKE-1.28.2-693",
                "source_type": "IMAGE"
              },
              {
                "image_id": "ocid1.image.oc1.uk-london-1.aaaaaaaabgakrgmmreze3ldhxdqurqr5thqe3q7mwiqvvk2hgjzmejjb35fq",
                "source_name": "Oracle-Linux-7.9-aarch64-2024.01.23-0-OKE-1.28.2-679",
                "source_type": "IMAGE"
              },
              {
                "image_id": "ocid1.image.oc1.uk-london-1.aaaaaaaawuvrnx76ut3lobyub2bsnc4xptrwkyy326fh2ldsx6k2rxnqo6ea",
                "source_name": "Oracle-Linux-7.9-Gen2-GPU-2024.06.30-0-OKE-1.30.1-716",
                "source_type": "IMAGE"
              },
              {
                "image_id": "ocid1.image.oc1.uk-london-1.aaaaaaaayzzqhwuwwihknulvx4mmqoltnf3kscwqgtiughwd2kmrm6slzfzq",
                "source_name": "Oracle-Linux-7.9-Gen2-GPU-2024.06.30-0-OKE-1.29.1-716",
                "source_type": "IMAGE"
              },
              {
                "image_id": "ocid1.image.oc1.uk-london-1.aaaaaaaassit22r7ioh7rencvybroaxdyqn47nkrbohr5vr4fynaiorkhqoq",
                "source_name": "Oracle-Linux-7.9-Gen2-GPU-2024.06.30-0-OKE-1.28.10-716",
                "source_type": "IMAGE"
              },
              {
                "image_id": "ocid1.image.oc1.uk-london-1.aaaaaaaau4vjp3neyfacvikzawk2h5rd3impn5y27tpouujiytf26nfdalwq",
                "source_name": "Oracle-Linux-7.9-Gen2-GPU-2024.05.29-0-OKE-1.30.1-707",
                "source_type": "IMAGE"
              },
              {
                "image_id": "ocid1.image.oc1.uk-london-1.aaaaaaaacsahr3xlleqkw3lxw6mz7yc4yepkztx4ttx65xesproop64d5zjq",
                "source_name": "Oracle-Linux-7.9-Gen2-GPU-2024.05.29-0-OKE-1.29.1-707",
                "source_type": "IMAGE"
              },
              {
                "image_id": "ocid1.image.oc1.uk-london-1.aaaaaaaa5smcoclysolso4hn5ixwsikhev36hqj6qybb53pkfrzkhmt7x5cq",
                "source_name": "Oracle-Linux-7.9-Gen2-GPU-2024.05.29-0-OKE-1.28.2-707",
                "source_type": "IMAGE"
              },
              {
                "image_id": "ocid1.image.oc1.uk-london-1.aaaaaaaacfcvo56xlnjiw6kvg5qatcy3x4snkzu4jps2e423lds4yem42sfq",
                "source_name": "Oracle-Linux-7.9-Gen2-GPU-2024.05.29-0-OKE-1.28.10-707",
                "source_type": "IMAGE"
              },
              {
                "image_id": "ocid1.image.oc1.uk-london-1.aaaaaaaakptf3jb3vqhkmkt7b62cawsk6vyueaw3d5y4mamad7flpxz6ihmq",
                "source_name": "Oracle-Linux-7.9-Gen2-GPU-2024.04.19-0-OKE-1.29.1-693",
                "source_type": "IMAGE"
              },
              {
                "image_id": "ocid1.image.oc1.uk-london-1.aaaaaaaabmyubknepxhy7bc7ukyqpawqtyoyuwe5wylczbfve7q5rpboiwra",
                "source_name": "Oracle-Linux-7.9-Gen2-GPU-2024.04.19-0-OKE-1.28.2-693",
                "source_type": "IMAGE"
              },
              {
                "image_id": "ocid1.image.oc1.uk-london-1.aaaaaaaarnwox6i3d2g44ofpgucnkan6bfjocp3suk3pverqpe5ljxzmmqwa",
                "source_name": "Oracle-Linux-7.9-Gen2-GPU-2024.01.23-0-OKE-1.28.2-679",
                "source_type": "IMAGE"
              },
              {
                "image_id": "ocid1.image.oc1.uk-london-1.aaaaaaaaqu4qxrcb5z7aachyznwhi5zkyxrhlbg77ztuu2g2hb6eggorqfoa",
                "source_name": "Oracle-Linux-7.9-2024.06.30-0-OKE-1.30.1-716",
                "source_type": "IMAGE"
              },
              {
                "image_id": "ocid1.image.oc1.uk-london-1.aaaaaaaa6xeaoqmup5nh3x3zbsjbl23ydlzgkvjtglo4j72alwhaxmqdaqgq",
                "source_name": "Oracle-Linux-7.9-2024.06.30-0-OKE-1.29.1-716",
                "source_type": "IMAGE"
              },
              {
                "image_id": "ocid1.image.oc1.uk-london-1.aaaaaaaa5vbfwxkdye25q7l3jouisw2c74wwhsl5x55tw7ieuxicwn5yjt4a",
                "source_name": "Oracle-Linux-7.9-2024.06.30-0-OKE-1.28.10-716",
                "source_type": "IMAGE"
              },
              {
                "image_id": "ocid1.image.oc1.uk-london-1.aaaaaaaaczw5gvsqkkmgpeb53it3x6gmxhdecxx4h6sdzx336j5i3qd3fdqa",
                "source_name": "Oracle-Linux-7.9-2024.05.29-0-OKE-1.30.1-707",
                "source_type": "IMAGE"
              },
              {
                "image_id": "ocid1.image.oc1.uk-london-1.aaaaaaaazijla42iikne6lrq7zpgk44a7bk54svt4t346atbccx2bcfz2waa",
                "source_name": "Oracle-Linux-7.9-2024.05.29-0-OKE-1.29.1-707",
                "source_type": "IMAGE"
              },
              {
                "image_id": "ocid1.image.oc1.uk-london-1.aaaaaaaacldretlancobus3xxrbfennipr6kdmtqtciobnsvdcsb7u2j2bzq",
                "source_name": "Oracle-Linux-7.9-2024.05.29-0-OKE-1.28.2-707",
                "source_type": "IMAGE"
              },
              {
                "image_id": "ocid1.image.oc1.uk-london-1.aaaaaaaayhxfwg7llomcugmbpb5hfkwgbwxlh6mw3rjdtacbzjvwxjz5fkyq",
                "source_name": "Oracle-Linux-7.9-2024.05.29-0-OKE-1.28.10-707",
                "source_type": "IMAGE"
              },
              {
                "image_id": "ocid1.image.oc1.uk-london-1.aaaaaaaah2q3oq2elh4gytj46zwfqcogflrrp65aor2m3q4dlfd3noy3wdkq",
                "source_name": "Oracle-Linux-7.9-2024.04.19-0-OKE-1.29.1-693",
                "source_type": "IMAGE"
              },
              {
                "image_id": "ocid1.image.oc1.uk-london-1.aaaaaaaap6fzn4k2klkvcdhavabpce7qaq53kehzcwc5fzvbi4xb7o5g32ya",
                "source_name": "Oracle-Linux-7.9-2024.04.19-0-OKE-1.28.2-693",
                "source_type": "IMAGE"
              },
              {
                "image_id": "ocid1.image.oc1.uk-london-1.aaaaaaaaepv3avwcscghj2wxuhl4g55d74y62gfhusicyzs6t7p7rmvxqtva",
                "source_name": "Oracle-Linux-7.9-2024.01.23-0-OKE-1.28.2-679",
                "source_type": "IMAGE"
              },
              {
                "image_id": "ocid1.image.oc1.uk-london-1.aaaaaaaabsw6zkc6cmgrpz2ackeauvi6prpnsrtqpdhmsc3iko5buzgyhuea",
                "source_name": "Oracle-Linux-8.10-aarch64-2024.08.29-0",
                "source_type": "IMAGE"
              },
              {
                "image_id": "ocid1.image.oc1.uk-london-1.aaaaaaaamk6y5y4wrqeodnzcvqqgpi4pgbm24udbp6eahneytfmk7jkbjaga",
                "source_name": "Oracle-Linux-8.10-aarch64-2024.07.31-0",
                "source_type": "IMAGE"
              },
              {
                "image_id": "ocid1.image.oc1.uk-london-1.aaaaaaaamgy6wfc5y3rezrki3opp7ut2st3lvp4zfn5764m4apxxzofgbkfq",
                "source_name": "Oracle-Linux-8.10-aarch64-2024.06.30-0",
                "source_type": "IMAGE"
              },
              {
                "image_id": "ocid1.image.oc1.uk-london-1.aaaaaaaallz4k6wlkhjnocbnwlq5pl225jqmhjmgzk34bmvsijyw6a55whxa",
                "source_name": "Oracle-Linux-8.10-Gen2-GPU-2024.08.29-0",
                "source_type": "IMAGE"
              },
              {
                "image_id": "ocid1.image.oc1.uk-london-1.aaaaaaaainerfturp756vlnbiqblmqunvdujnqizpsl5lcli4dc5rsuplcqa",
                "source_name": "Oracle-Linux-8.10-Gen2-GPU-2024.07.31-0",
                "source_type": "IMAGE"
              },
              {
                "image_id": "ocid1.image.oc1.uk-london-1.aaaaaaaasbgztrw267ax7awvh7qxmpn3ywxgauq2cryt5ebo4qxrxdgukezq",
                "source_name": "Oracle-Linux-8.10-Gen2-GPU-2024.06.30-0",
                "source_type": "IMAGE"
              },
              {
                "image_id": "ocid1.image.oc1.uk-london-1.aaaaaaaa57jm4argiknslmszrrjtze4lijhxee7xvu4jeimyfzsdgz3qhqmq",
                "source_name": "Oracle-Linux-8.10-2024.08.29-0",
                "source_type": "IMAGE"
              },
              {
                "image_id": "ocid1.image.oc1.uk-london-1.aaaaaaaay6agryw3wg52ruxw56zns3azgwgki3ireaugsuhmfvfnjplxsrfa",
                "source_name": "Oracle-Linux-8.10-2024.07.31-0",
                "source_type": "IMAGE"
              },
              {
                "image_id": "ocid1.image.oc1.uk-london-1.aaaaaaaadbqqe6slrzawmvf2vm4ua6ylprgegawybejai6jy2byis2ndkb7q",
                "source_name": "Oracle-Linux-8.10-2024.06.30-0",
                "source_type": "IMAGE"
              },
              {
                "image_id": "ocid1.image.oc1.uk-london-1.aaaaaaaavituehbhsxrniuqxf3tfaeixu5aurzkwjfbljymueg3gebdj47rq",
                "source_name": "Oracle-Linux-7.9-aarch64-2024.08.29-0",
                "source_type": "IMAGE"
              },
              {
                "image_id": "ocid1.image.oc1.uk-london-1.aaaaaaaara5mwki2s5j2bx5uu5zyn7koftff6ogzeotdxfccn7mgdigvbgca",
                "source_name": "Oracle-Linux-7.9-aarch64-2024.07.31-0",
                "source_type": "IMAGE"
              },
              {
                "image_id": "ocid1.image.oc1.uk-london-1.aaaaaaaai34ranlhfhny2gypfwnxmlnedymcj3sd7llgjjnzroezgk7s6qka",
                "source_name": "Oracle-Linux-7.9-aarch64-2024.06.30-0",
                "source_type": "IMAGE"
              },
              {
                "image_id": "ocid1.image.oc1.uk-london-1.aaaaaaaamfteirems4dx3witf3uakctd42axg4pk4nyxun462veds36weiea",
                "source_name": "Oracle-Linux-7.9-Gen2-GPU-2024.08.29-0",
                "source_type": "IMAGE"
              },
              {
                "image_id": "ocid1.image.oc1.uk-london-1.aaaaaaaalyoj6v5lalodkg7chijg5v76vcncag42cr5vkgvsw2zqov7nhg5q",
                "source_name": "Oracle-Linux-7.9-Gen2-GPU-2024.07.31-0",
                "source_type": "IMAGE"
              },
              {
                "image_id": "ocid1.image.oc1.uk-london-1.aaaaaaaafxrwyievtvzkuvscklh3pmbku2cql765d52adixssjscjtmemkda",
                "source_name": "Oracle-Linux-7.9-Gen2-GPU-2024.06.30-0",
                "source_type": "IMAGE"
              },
              {
                "image_id": "ocid1.image.oc1.uk-london-1.aaaaaaaaijbtcdc2cxuctqurrf7bgvcstxcnjat57yorgvro2tmw4assjvwa",
                "source_name": "Oracle-Linux-7.9-2024.08.29-0",
                "source_type": "IMAGE"
              },
              {
                "image_id": "ocid1.image.oc1.uk-london-1.aaaaaaaao6ixb6uar7zbo5x4xrq5to3bg5spn2uhqobom2vru4z26xmtjwpa",
                "source_name": "Oracle-Linux-7.9-2024.07.31-0",
                "source_type": "IMAGE"
              },
              {
                "image_id": "ocid1.image.oc1.uk-london-1.aaaaaaaa5mklaiiqinx3d4bgnzdfkptqliewwq3n4edl3dgox6vux5dvwx5q",
                "source_name": "Oracle-Linux-7.9-2024.06.30-0",
                "source_type": "IMAGE"
              },
              {
                "image_id": "ocid1.image.oc1.uk-london-1.aaaaaaaaahbkgd2yhw7yg6io76mbuwwtuk4monzpsr3r7nuiegttu5q75r6q",
                "source_name": "Oracle-Linux-7.6",
                "source_type": "IMAGE"
              }
            ]
          },
          "sensitive_attributes": []
        }
      ]
    },
    {
      "mode": "data",
      "type": "oci_core_images",
      "name": "node_pool_images",
      "provider": "provider[\"registry.terraform.io/oracle/oci\"]",
      "instances": [
        {
          "schema_version": 0,
          "attributes": {
            "compartment_id": "ocid1.tenancy.oc1..aaaaaaaay54k6twlomunmgr7g3uyk3wjsq2kainrtdxebcjqzvbxvqediuwa",
            "display_name": null,
            "filter": null,
            "id": "CoreImagesDataSource-2792033285",
            "images": [
              {
                "agent_features": [],
                "base_image_id": "",
                "billable_size_in_gbs": "5",
                "compartment_id": "",
                "create_image_allowed": true,
                "defined_tags": {},
                "display_name": "Oracle-Linux-7.9-2024.08.29-0",
                "freeform_tags": {},
                "id": "ocid1.image.oc1.uk-london-1.aaaaaaaaijbtcdc2cxuctqurrf7bgvcstxcnjat57yorgvro2tmw4assjvwa",
                "image_source_details": [],
                "instance_id": "",
                "launch_mode": "NATIVE",
                "launch_options": [
                  {
                    "boot_volume_type": "PARAVIRTUALIZED",
                    "firmware": "UEFI_64",
                    "is_consistent_volume_naming_enabled": true,
                    "is_pv_encryption_in_transit_enabled": true,
                    "network_type": "PARAVIRTUALIZED",
                    "remote_data_volume_type": "PARAVIRTUALIZED"
                  }
                ],
                "listing_type": "",
                "operating_system": "Oracle Linux",
                "operating_system_version": "7.9",
                "size_in_mbs": "47694",
                "state": "AVAILABLE",
                "time_created": "2024-09-18 10:42:21.306 +0000 UTC"
              },
              {
                "agent_features": [],
                "base_image_id": "",
                "billable_size_in_gbs": "5",
                "compartment_id": "",
                "create_image_allowed": true,
                "defined_tags": {},
                "display_name": "Oracle-Linux-7.9-2024.07.31-0",
                "freeform_tags": {},
                "id": "ocid1.image.oc1.uk-london-1.aaaaaaaao6ixb6uar7zbo5x4xrq5to3bg5spn2uhqobom2vru4z26xmtjwpa",
                "image_source_details": [],
                "instance_id": "",
                "launch_mode": "NATIVE",
                "launch_options": [
                  {
                    "boot_volume_type": "PARAVIRTUALIZED",
                    "firmware": "UEFI_64",
                    "is_consistent_volume_naming_enabled": true,
                    "is_pv_encryption_in_transit_enabled": true,
                    "network_type": "PARAVIRTUALIZED",
                    "remote_data_volume_type": "PARAVIRTUALIZED"
                  }
                ],
                "listing_type": "",
                "operating_system": "Oracle Linux",
                "operating_system_version": "7.9",
                "size_in_mbs": "47694",
                "state": "AVAILABLE",
                "time_created": "2024-08-16 18:36:17.003 +0000 UTC"
              },
              {
                "agent_features": [],
                "base_image_id": "",
                "billable_size_in_gbs": "5",
                "compartment_id": "",
                "create_image_allowed": true,
                "defined_tags": {},
                "display_name": "Oracle-Linux-7.9-2024.06.30-0",
                "freeform_tags": {},
                "id": "ocid1.image.oc1.uk-london-1.aaaaaaaa5mklaiiqinx3d4bgnzdfkptqliewwq3n4edl3dgox6vux5dvwx5q",
                "image_source_details": [],
                "instance_id": "",
                "launch_mode": "NATIVE",
                "launch_options": [
                  {
                    "boot_volume_type": "PARAVIRTUALIZED",
                    "firmware": "UEFI_64",
                    "is_consistent_volume_naming_enabled": true,
                    "is_pv_encryption_in_transit_enabled": true,
                    "network_type": "PARAVIRTUALIZED",
                    "remote_data_volume_type": "PARAVIRTUALIZED"
                  }
                ],
                "listing_type": "",
                "operating_system": "Oracle Linux",
                "operating_system_version": "7.9",
                "size_in_mbs": "47694",
                "state": "AVAILABLE",
                "time_created": "2024-07-17 07:31:19.226 +0000 UTC"
              }
            ],
            "operating_system": "Oracle Linux",
            "operating_system_version": "7.9",
            "shape": "VM.Standard.E4.Flex",
            "sort_by": "TIMECREATED",
            "sort_order": "DESC",
            "state": null
          },
          "sensitive_attributes": []
        }
      ]
    },
    {
      "mode": "data",
      "type": "oci_core_services",
      "name": "all_services",
      "provider": "provider[\"registry.terraform.io/oracle/oci\"]",
      "instances": [
        {
          "schema_version": 0,
          "attributes": {
            "filter": [
              {
                "name": "name",
                "regex": true,
                "values": [
                  "All .* Services In Oracle Services Network"
                ]
              }
            ],
            "id": "CoreServicesDataSource-0",
            "services": [
              {
                "cidr_block": "all-lhr-services-in-oracle-services-network",
                "description": "All LHR Services In Oracle Services Network",
                "id": "ocid1.service.oc1.uk-london-1.aaaaaaaatwg7f5mnzoapfunl66n2qkp4ormiykqk3hiwksum63gcyjk7ysla",
                "name": "All LHR Services In Oracle Services Network"
              }
            ]
          },
          "sensitive_attributes": []
        }
      ]
    },
    {
      "mode": "data",
      "type": "oci_identity_availability_domains",
      "name": "ADs",
      "provider": "provider[\"registry.terraform.io/oracle/oci\"]",
      "instances": [
        {
          "schema_version": 0,
          "attributes": {
            "availability_domains": [
              {
                "compartment_id": "ocid1.tenancy.oc1..aaaaaaaay54k6twlomunmgr7g3uyk3wjsq2kainrtdxebcjqzvbxvqediuwa",
                "id": "ocid1.availabilitydomain.oc1..aaaaaaaapjv4p3qtly2fesrig77q4tlmi3wvakeet6fskc7do2fmawz3xctq",
                "name": "yzFe:UK-LONDON-1-AD-1"
              },
              {
                "compartment_id": "ocid1.tenancy.oc1..aaaaaaaay54k6twlomunmgr7g3uyk3wjsq2kainrtdxebcjqzvbxvqediuwa",
                "id": "ocid1.availabilitydomain.oc1..aaaaaaaaw2i3i53quioaywmhx56ss5plwk7bmmeg2266lo7inilhbizeroua",
                "name": "yzFe:UK-LONDON-1-AD-2"
              },
              {
                "compartment_id": "ocid1.tenancy.oc1..aaaaaaaay54k6twlomunmgr7g3uyk3wjsq2kainrtdxebcjqzvbxvqediuwa",
                "id": "ocid1.availabilitydomain.oc1..aaaaaaaac6kgqnl5eberztbdm2ufhpxohk7cuelajmafpqa3m6rpri4tc2yq",
                "name": "yzFe:UK-LONDON-1-AD-3"
              }
            ],
            "compartment_id": "ocid1.tenancy.oc1..aaaaaaaay54k6twlomunmgr7g3uyk3wjsq2kainrtdxebcjqzvbxvqediuwa",
            "filter": null,
            "id": "IdentityAvailabilityDomainsDataSource-537278993"
          },
          "sensitive_attributes": []
        }
      ]
    },
    {
      "mode": "data",
      "type": "oci_identity_regions",
      "name": "current_region",
      "provider": "provider[\"registry.terraform.io/oracle/oci\"].current_region",
      "instances": [
        {
          "schema_version": 0,
          "attributes": {
            "filter": [
              {
                "name": "name",
                "regex": false,
                "values": [
                  "uk-london-1"
                ]
              }
            ],
            "id": "IdentityRegionsDataSource-0",
            "regions": [
              {
                "key": "LHR",
                "name": "uk-london-1"
              }
            ]
          },
          "sensitive_attributes": []
        }
      ]
    },
    {
      "mode": "data",
      "type": "oci_identity_regions",
      "name": "home_region",
      "provider": "provider[\"registry.terraform.io/oracle/oci\"].current_region",
      "instances": [
        {
          "schema_version": 0,
          "attributes": {
            "filter": [
              {
                "name": "key",
                "regex": false,
                "values": [
                  "LHR"
                ]
              }
            ],
            "id": "IdentityRegionsDataSource-0",
            "regions": [
              {
                "key": "LHR",
                "name": "uk-london-1"
              }
            ]
          },
          "sensitive_attributes": []
        }
      ]
    },
    {
      "mode": "data",
      "type": "oci_identity_tenancy",
      "name": "tenant_details",
      "provider": "provider[\"registry.terraform.io/oracle/oci\"].current_region",
      "instances": [
        {
          "schema_version": 0,
          "attributes": {
            "defined_tags": {},
            "description": "chaitanyasharma",
            "freeform_tags": {},
            "home_region_key": "LHR",
            "id": "ocid1.tenancy.oc1..aaaaaaaay54k6twlomunmgr7g3uyk3wjsq2kainrtdxebcjqzvbxvqediuwa",
            "name": "chaitanyasharma",
            "tenancy_id": "ocid1.tenancy.oc1..aaaaaaaay54k6twlomunmgr7g3uyk3wjsq2kainrtdxebcjqzvbxvqediuwa",
            "upi_idcs_compatibility_layer_endpoint": null
          },
          "sensitive_attributes": []
        }
      ]
    },
    {
      "mode": "data",
      "type": "oci_objectstorage_namespace",
      "name": "ns",
      "provider": "provider[\"registry.terraform.io/oracle/oci\"]",
      "instances": [
        {
          "schema_version": 0,
          "attributes": {
            "compartment_id": "ocid1.tenancy.oc1..aaaaaaaay54k6twlomunmgr7g3uyk3wjsq2kainrtdxebcjqzvbxvqediuwa",
            "id": "ObjectStorageNamespaceDataSource-537278993",
            "namespace": "lros2xgtla5r"
          },
          "sensitive_attributes": []
        }
      ]
    },
    {
      "mode": "data",
      "type": "template_file",
      "name": "oci-oke-deployment",
      "provider": "provider[\"registry.terraform.io/hashicorp/template\"]",
      "instances": [
        {
          "schema_version": 0,
          "attributes": {
            "filename": null,
            "id": "50f92f8fa02b05592029e19510a914fbefafe78a4b21b6ce671f9adcb9981269",
            "rendered": "apiVersion: apps/v1\nkind: Deployment\nmetadata:\n  name: sample-oke-bg-app-deployment\nspec:\n  selector:\n    matchLabels:\n      app: sample-oke-bg-app\n  replicas: 3\n  template:\n    metadata:\n      labels:\n        app: sample-oke-bg-app\n    spec:\n      containers:\n        - name: sample-oke-bg-app\n          # enter the path to your image, be sure to include the correct region prefix\n          image: lhr.ocir.io/lros2xgtla5r/poc_sample_app_containerrepo_cd6f:${BUILDRUN_HASH}\n          imagePullPolicy: Always\n          ports:\n            - containerPort: 80\n              protocol: TCP\n          livenessProbe:\n            exec:\n              command:\n              - cat\n            initialDelaySeconds: 5\n            periodSeconds: 5\n          env:\n            - name: POD_NAMESPACE\n              valueFrom:\n                fieldRef:\n                  fieldPath: metadata.namespace\n\n---\napiVersion: v1\nkind: Service\nmetadata:\n  name: sample-oke-bg-app-service\n  annotations: \n    service.beta.kubernetes.io/oci-load-balancer-shape: \"10Mbps\"\nspec:\n  type: ClusterIP\n  ports:\n    - port: 8080\n      protocol: TCP\n      targetPort: 80\n  selector:\n    app: sample-oke-bg-app\n---\napiVersion: networking.k8s.io/v1\nkind: Ingress\nmetadata:\n  name: sample-oke-bg-app-ing\n  annotations:\n    kubernetes.io/ingress.class: \"nginx\"\nspec:\n  # tls:\n  # - secretName: tls-secret\n  rules:\n  - http:\n      paths:\n        - path: /\n          pathType: Prefix\n          backend:\n            service:\n              name: sample-oke-bg-app-service\n              port:\n                number: 8080",
            "template": "apiVersion: apps/v1\nkind: Deployment\nmetadata:\n  name: sample-oke-bg-app-deployment\nspec:\n  selector:\n    matchLabels:\n      app: sample-oke-bg-app\n  replicas: 3\n  template:\n    metadata:\n      labels:\n        app: sample-oke-bg-app\n    spec:\n      containers:\n        - name: sample-oke-bg-app\n          # enter the path to your image, be sure to include the correct region prefix\n          image: ${region}/${name}/${image}:${hash}\n          imagePullPolicy: Always\n          ports:\n            - containerPort: 80\n              protocol: TCP\n          livenessProbe:\n            exec:\n              command:\n              - cat\n            initialDelaySeconds: 5\n            periodSeconds: 5\n          env:\n            - name: POD_NAMESPACE\n              valueFrom:\n                fieldRef:\n                  fieldPath: metadata.namespace\n\n---\napiVersion: v1\nkind: Service\nmetadata:\n  name: sample-oke-bg-app-service\n  annotations: \n    service.beta.kubernetes.io/oci-load-balancer-shape: \"10Mbps\"\nspec:\n  type: ClusterIP\n  ports:\n    - port: 8080\n      protocol: TCP\n      targetPort: 80\n  selector:\n    app: sample-oke-bg-app\n---\napiVersion: networking.k8s.io/v1\nkind: Ingress\nmetadata:\n  name: sample-oke-bg-app-ing\n  annotations:\n    kubernetes.io/ingress.class: \"nginx\"\nspec:\n  # tls:\n  # - secretName: tls-secret\n  rules:\n  - http:\n      paths:\n        - path: /\n          pathType: Prefix\n          backend:\n            service:\n              name: sample-oke-bg-app-service\n              port:\n                number: 8080",
            "vars": {
              "hash": "${BUILDRUN_HASH}",
              "image": "poc_sample_app_containerrepo_cd6f",
              "name": "lros2xgtla5r",
              "namespace": "${namespace}",
              "region": "lhr.ocir.io"
            }
          },
          "sensitive_attributes": []
        }
      ]
    },
    {
      "mode": "managed",
      "type": "local_file",
      "name": "kubeconfig",
      "provider": "provider[\"registry.terraform.io/hashicorp/local\"]",
      "instances": [
        {
          "schema_version": 0,
          "attributes": {
            "content": "---\napiVersion: v1\nkind: \"\"\nclusters:\n- name: cluster-ckounqlo5yq\n  cluster:\n    server: https://141.147.118.215:6443\n    certificate-authority-data: LS0tLS1CRUdJTiBDRVJUSUZJQ0FURS0tLS0tCk1JSURpVENDQW5HZ0F3SUJBZ0lSQU9LMUNFdG1YRGc4MCs2YVhaR29BaTR3RFFZSktvWklodmNOQVFFTEJRQXcKWGpFUE1BMEdBMVVFQXd3R1N6aHpJRU5CTVFzd0NRWURWUVFHRXdKVlV6RVBNQTBHQTFVRUJ3d0dRWFZ6ZEdsdQpNUTh3RFFZRFZRUUtEQVpQY21GamJHVXhEREFLQmdOVkJBc01BMDlqYVRFT01Bd0dBMVVFQ0F3RlZHVjRZWE13CkhoY05NalF4TURFMU1UWXdORFU1V2hjTk1qa3hNREUxTVRZd05EVTVXakJlTVE4d0RRWURWUVFEREFaTE9ITWcKUTBFeEN6QUpCZ05WQkFZVEFsVlRNUTh3RFFZRFZRUUhEQVpCZFhOMGFXNHhEekFOQmdOVkJBb01Cazl5WVdOcwpaVEVNTUFvR0ExVUVDd3dEVDJOcE1RNHdEQVlEVlFRSURBVlVaWGhoY3pDQ0FTSXdEUVlKS29aSWh2Y05BUUVCCkJRQURnZ0VQQURDQ0FRb0NnZ0VCQU16RTd1WmhUd1NZdzBhc1FBc2JsUEI4NGdzSnRYa3dMQ0Y2OWJ5QWRTOVUKUThSL05GS3pzc3ZTazE5TWpwbk51RzhYNE9jL0hJbFFPMHhFM3VTOEV6WGpGei9xV0hFMGFtTXJJblFNWEtvaApWWE5kNWl2YlRwNWU4aS9RWXQxNE9XbVZGeE5XNFZFaTRuMy9WU2lLNTFpcHIwNmZRKzFuUnUzQUJNQ20zQ0V1CkNzOWpGVXY5ZU9hUnlqbldTd3BnY2pQOU5kTDlNd1Vxb00yRUNtaHBUWVo3MGx4UDlud01tZkE1eDF6TG1QTm4KZmk3M0dGRzVMS041dy80d2xqeWR2VUtmU0NEc2Z5OHY2NitLakJYZk1xSmpNQnNNYjh6WUtMdkU1NEpxSVBtVwp4OG5ZRVg0Nm1kajhvdHNrWDVwRUxQSjc2UWRtUDNCVDhLbExwd0FEVEFjQ0F3RUFBYU5DTUVBd0R3WURWUjBUCkFRSC9CQVV3QXdFQi96QU9CZ05WSFE4QkFmOEVCQU1DQVFZd0hRWURWUjBPQkJZRUZCL0M0WUlRbkJSTUFXMWoKV01FbDZoaWtSYzJBTUEwR0NTcUdTSWIzRFFFQkN3VUFBNElCQVFESTh4WVNCbVE5ZTVXcHNLbmdmZHFjaTJoRwpvcnJlblJIUk5UcDJIc2d2a1NXRk1QSmpjTDFVR2RYWkpuUEFRSHRLSEhqTVpobEIwOHA2dHNzcVdYTWFodVQ5ClFCMENaM2pyaU1JT2xHUVlPNDU4d3ZpMnhHS1lZNUliVnRtWlB2WFJmYkNPeW9DaWxBRzNxcWFqTnNMVVQvTE8KaEFQQW9TSzJQdlBvcTBTTWdacjk1V05DVjJFeVNTWTlHaHZFcnAvYWF0QXd5RWtYMUcrZC9QSEdkaHcvTG04TQpQQjlTcXNjeFhKZEJta0ZRU2RRd0daNFpZc0IvNG9Tb2lIN2lldlZ0cVVrUmI5QUgrdWoyT3lDS0FJS1BWSVFICmNwMVhidXVDTkJrak5WcU44YlM2VTlLaW41WS83elZSNXFycFplemFYem9WU1ZtdU5WQVptdy9STzlJUwotLS0tLUVORCBDRVJUSUZJQ0FURS0tLS0tCg==\nusers:\n- name: user-ckounqlo5yq\n  user:\n    exec:\n      apiVersion: client.authentication.k8s.io/v1beta1\n      command: oci\n      args:\n      - ce\n      - cluster\n      - generate-token\n      - --cluster-id\n      - ocid1.cluster.oc1.uk-london-1.aaaaaaaazhngvty6veups7krbfg6xxntteyawdi2gp7lajyx3ckounqlo5yq\n      - --region\n      - uk-london-1\n      env: []\ncontexts:\n- name: context-ckounqlo5yq\n  context:\n    cluster: cluster-ckounqlo5yq\n    user: user-ckounqlo5yq\ncurrent-context: context-ckounqlo5yq\n",
            "content_base64": null,
            "content_base64sha256": "alNhoFLwsIjOBZqIK+PbeWZTd8DyX9ckd86sR2/9F8w=",
            "content_base64sha512": "mtJm8VWmb/oUctd+vmrIM0qm061icPWCjYU0iaw9DQ7h2b4N0eeIYnoD0GTrOhkEhuBZ7tz6NSkJ5md1PskJxg==",
            "content_md5": "32c69af767ac9c60333be80073003824",
            "content_sha1": "6cab5d7cff0f169a3af13773a71d2b7263420241",
            "content_sha256": "6a5361a052f0b088ce059a882be3db79665377c0f25fd72477ceac476ffd17cc",
            "content_sha512": "9ad266f155a66ffa1472d77ebe6ac8334aa6d3ad6270f5828d853489ac3d0d0ee1d9be0dd1e788627a03d064eb3a190486e059eedcfa352909e667753ec909c6",
            "directory_permission": "0777",
            "file_permission": "0777",
            "filename": "generated/kubeconfig",
            "id": "6cab5d7cff0f169a3af13773a71d2b7263420241",
            "sensitive_content": null,
            "source": null
          },
          "sensitive_attributes": [],
          "dependencies": [
            "data.oci_containerengine_cluster_kube_config.oke_cluster_kube_config",
            "data.oci_containerengine_cluster_option.oke",
            "data.oci_core_services.all_services",
            "data.oci_identity_regions.home_region",
            "module.oci-oke.oci_containerengine_cluster.oci_oke_cluster",
            "module.oci-oke.oci_core_subnet.oke_api_endpoint_subnet",
            "module.oci-oke.oci_core_subnet.oke_lb_subnet",
            "module.oci-oke.oci_core_vcn.oke_vcn",
            "oci_core_internet_gateway.oke_internet_gateway",
            "oci_core_nat_gateway.oke_nat_gateway",
            "oci_core_route_table.oke_private_route_table",
            "oci_core_route_table.oke_public_route_table",
            "oci_core_security_list.oke_endpoint_security_list",
            "oci_core_security_list.oke_lb_security_list",
            "oci_core_service_gateway.oke_service_gateway",
            "oci_core_subnet.oke_k8s_endpoint_subnet",
            "oci_core_subnet.oke_lb_subnet",
            "oci_core_virtual_network.oke_vcn",
            "oci_identity_tag.ArchitectureCenterTag",
            "oci_identity_tag_namespace.ArchitectureCenterTagNamespace",
            "random_id.tag",
            "random_string.deploy_id"
          ]
        }
      ]
    },
    {
      "mode": "managed",
      "type": "null_resource",
      "name": "clonefromgithub",
      "provider": "provider[\"registry.terraform.io/hashicorp/null\"]",
      "instances": [
        {
          "schema_version": 0,
          "attributes": {
            "id": "1323673323806635795",
            "triggers": null
          },
          "sensitive_attributes": []
        }
      ]
    },
    {
      "mode": "managed",
      "type": "null_resource",
      "name": "clonerepo",
      "provider": "provider[\"registry.terraform.io/hashicorp/null\"]",
      "instances": [
        {
          "status": "tainted",
          "schema_version": 0,
          "attributes": {
            "id": "4907665575428409891",
            "triggers": null
          },
          "sensitive_attributes": [],
          "dependencies": [
            "data.oci_identity_regions.home_region",
            "data.oci_objectstorage_namespace.ns",
            "oci_devops_project.test_project",
            "oci_devops_repository.test_repository",
            "oci_identity_tag.ArchitectureCenterTag",
            "oci_identity_tag_namespace.ArchitectureCenterTagNamespace",
            "oci_ons_notification_topic.test_notification_topic",
            "random_id.tag",
            "random_string.deploy_id"
          ]
        }
      ]
    },
    {
      "mode": "managed",
      "type": "null_resource",
      "name": "copyfiles",
      "provider": "provider[\"registry.terraform.io/hashicorp/null\"]",
      "instances": []
    },
    {
      "mode": "managed",
      "type": "null_resource",
      "name": "oke_nginix_setup",
      "provider": "provider[\"registry.terraform.io/hashicorp/null\"]",
      "instances": []
    },
    {
      "mode": "managed",
      "type": "null_resource",
      "name": "pushcode",
      "provider": "provider[\"registry.terraform.io/hashicorp/null\"]",
      "instances": []
    },
    {
      "mode": "managed",
      "type": "oci_artifacts_container_repository",
      "name": "test_container_repository",
      "provider": "provider[\"registry.terraform.io/oracle/oci\"]",
      "instances": [
        {
          "schema_version": 0,
          "attributes": {
            "billable_size_in_gbs": "0",
            "compartment_id": "ocid1.tenancy.oc1..aaaaaaaay54k6twlomunmgr7g3uyk3wjsq2kainrtdxebcjqzvbxvqediuwa",
            "created_by": "ocid1.user.oc1..aaaaaaaafrosr6kax6lrs5ioe3htcjftuibpnwvod7mienq7hidpmxa55ntq",
            "defined_tags": {},
            "display_name": "poc_sample_app_containerrepo_cd6f",
            "freeform_tags": {},
            "id": "ocid1.containerrepo.oc1.uk-london-1.0.lros2xgtla5r.aaaaaaaaj4fj6vlaiv2hbc6qvyjsvwrbbb2afzdekonvn7v7uo43dtsxmr2a",
            "image_count": 0,
            "is_immutable": false,
            "is_public": true,
            "layer_count": 0,
            "layers_size_in_bytes": "0",
            "namespace": "lros2xgtla5r",
            "readme": [],
            "state": "AVAILABLE",
            "system_tags": {},
            "time_created": "2024-10-15 16:02:25.944 +0000 UTC",
            "time_last_pushed": null,
            "timeouts": null
          },
          "sensitive_attributes": [],
          "private": "eyJlMmJmYjczMC1lY2FhLTExZTYtOGY4OC0zNDM2M2JjN2M0YzAiOnsiY3JlYXRlIjoxMjAwMDAwMDAwMDAwLCJkZWxldGUiOjEyMDAwMDAwMDAwMDAsInVwZGF0ZSI6MTIwMDAwMDAwMDAwMH19",
          "dependencies": [
            "random_id.tag"
          ]
        }
      ]
    },
    {
      "mode": "managed",
      "type": "oci_core_internet_gateway",
      "name": "oke_internet_gateway",
      "provider": "provider[\"registry.terraform.io/oracle/oci\"]",
      "instances": [
        {
          "index_key": 0,
          "schema_version": 0,
          "attributes": {
            "compartment_id": "ocid1.tenancy.oc1..aaaaaaaay54k6twlomunmgr7g3uyk3wjsq2kainrtdxebcjqzvbxvqediuwa",
            "defined_tags": {
              "ArchitectureCenter\\devops-bluegreen-deploy-oke-cd6f.release": "1.1",
              "Oracle-Tags.CreatedBy": "default/chaitanyasharma04uk@gmail.com",
              "Oracle-Tags.CreatedOn": "2024-10-15T16:04:37.701Z"
            },
            "display_name": "oke-internet-gateway-vCRm",
            "enabled": true,
            "freeform_tags": {},
            "id": "ocid1.internetgateway.oc1.uk-london-1.aaaaaaaavwyfg4kc3vdy4igr2liw3xte5uf5uiwhq47xt5kd5dwzox27ccha",
            "route_table_id": null,
            "state": "AVAILABLE",
            "time_created": "2024-10-15 16:04:37.751 +0000 UTC",
            "timeouts": null,
            "vcn_id": "ocid1.vcn.oc1.uk-london-1.amaaaaaawldo33iaec7k5sm4amplsz6c6wig5bs3voepth3dvtuy5v3mzwqq"
          },
          "sensitive_attributes": [],
          "private": "eyJlMmJmYjczMC1lY2FhLTExZTYtOGY4OC0zNDM2M2JjN2M0YzAiOnsiY3JlYXRlIjoxMjAwMDAwMDAwMDAwLCJkZWxldGUiOjEyMDAwMDAwMDAwMDAsInVwZGF0ZSI6MTIwMDAwMDAwMDAwMH19",
          "dependencies": [
            "data.oci_identity_regions.home_region",
            "oci_core_virtual_network.oke_vcn",
            "oci_identity_tag.ArchitectureCenterTag",
            "oci_identity_tag_namespace.ArchitectureCenterTagNamespace",
            "random_id.tag",
            "random_string.deploy_id"
          ]
        }
      ]
    },
    {
      "mode": "managed",
      "type": "oci_core_nat_gateway",
      "name": "oke_nat_gateway",
      "provider": "provider[\"registry.terraform.io/oracle/oci\"]",
      "instances": [
        {
          "index_key": 0,
          "schema_version": 0,
          "attributes": {
            "block_traffic": false,
            "compartment_id": "ocid1.tenancy.oc1..aaaaaaaay54k6twlomunmgr7g3uyk3wjsq2kainrtdxebcjqzvbxvqediuwa",
            "defined_tags": {
              "ArchitectureCenter\\devops-bluegreen-deploy-oke-cd6f.release": "1.1",
              "Oracle-Tags.CreatedBy": "default/chaitanyasharma04uk@gmail.com",
              "Oracle-Tags.CreatedOn": "2024-10-15T16:04:37.881Z"
            },
            "display_name": "oke-nat-gateway-vCRm",
            "freeform_tags": {},
            "id": "ocid1.natgateway.oc1.uk-london-1.aaaaaaaav43dstges74jg62v4rphvh46qbtp2rli6jdl6sv5b76vjfk2fh4q",
            "nat_ip": "130.162.177.149",
            "public_ip_id": "ocid1.publicip.oc1.uk-london-1.aaaaaaaarodt5t7locv5nwz57oyhjkgsbvyzma2tkqryv336ftfk3vx34dkq",
            "route_table_id": null,
            "state": "AVAILABLE",
            "time_created": "2024-10-15 16:04:38.076 +0000 UTC",
            "timeouts": null,
            "vcn_id": "ocid1.vcn.oc1.uk-london-1.amaaaaaawldo33iaec7k5sm4amplsz6c6wig5bs3voepth3dvtuy5v3mzwqq"
          },
          "sensitive_attributes": [],
          "private": "eyJlMmJmYjczMC1lY2FhLTExZTYtOGY4OC0zNDM2M2JjN2M0YzAiOnsiY3JlYXRlIjoxMjAwMDAwMDAwMDAwLCJkZWxldGUiOjEyMDAwMDAwMDAwMDAsInVwZGF0ZSI6MTIwMDAwMDAwMDAwMH19",
          "dependencies": [
            "data.oci_identity_regions.home_region",
            "oci_core_virtual_network.oke_vcn",
            "oci_identity_tag.ArchitectureCenterTag",
            "oci_identity_tag_namespace.ArchitectureCenterTagNamespace",
            "random_id.tag",
            "random_string.deploy_id"
          ]
        }
      ]
    },
    {
      "mode": "managed",
      "type": "oci_core_route_table",
      "name": "oke_private_route_table",
      "provider": "provider[\"registry.terraform.io/oracle/oci\"]",
      "instances": [
        {
          "index_key": 0,
          "schema_version": 0,
          "attributes": {
            "compartment_id": "ocid1.tenancy.oc1..aaaaaaaay54k6twlomunmgr7g3uyk3wjsq2kainrtdxebcjqzvbxvqediuwa",
            "defined_tags": {
              "ArchitectureCenter\\devops-bluegreen-deploy-oke-cd6f.release": "1.1",
              "Oracle-Tags.CreatedBy": "default/chaitanyasharma04uk@gmail.com",
              "Oracle-Tags.CreatedOn": "2024-10-15T16:04:41.079Z"
            },
            "display_name": "oke-private-route-table-vCRm",
            "freeform_tags": {},
            "id": "ocid1.routetable.oc1.uk-london-1.aaaaaaaalg63ssh6pbfdrl5zm4u2ozbbjdpp3vjz4iwvtllogui6xkywnzzq",
            "route_rules": [
              {
                "cidr_block": "",
                "description": "Traffic to OCI services",
                "destination": "all-lhr-services-in-oracle-services-network",
                "destination_type": "SERVICE_CIDR_BLOCK",
                "network_entity_id": "ocid1.servicegateway.oc1.uk-london-1.aaaaaaaam2mrqm4o4rdztmh4yojqlmkkmdhlynw2ylixr76gvuhp7bwwy3ba",
                "route_type": ""
              },
              {
                "cidr_block": "",
                "description": "Traffic to the internet",
                "destination": "0.0.0.0/0",
                "destination_type": "CIDR_BLOCK",
                "network_entity_id": "ocid1.natgateway.oc1.uk-london-1.aaaaaaaav43dstges74jg62v4rphvh46qbtp2rli6jdl6sv5b76vjfk2fh4q",
                "route_type": ""
              }
            ],
            "state": "AVAILABLE",
            "time_created": "2024-10-15 16:04:41.111 +0000 UTC",
            "timeouts": null,
            "vcn_id": "ocid1.vcn.oc1.uk-london-1.amaaaaaawldo33iaec7k5sm4amplsz6c6wig5bs3voepth3dvtuy5v3mzwqq"
          },
          "sensitive_attributes": [],
          "private": "eyJlMmJmYjczMC1lY2FhLTExZTYtOGY4OC0zNDM2M2JjN2M0YzAiOnsiY3JlYXRlIjoxMjAwMDAwMDAwMDAwLCJkZWxldGUiOjEyMDAwMDAwMDAwMDAsInVwZGF0ZSI6MTIwMDAwMDAwMDAwMH19",
          "dependencies": [
            "data.oci_core_services.all_services",
            "data.oci_identity_regions.home_region",
            "oci_core_nat_gateway.oke_nat_gateway",
            "oci_core_service_gateway.oke_service_gateway",
            "oci_core_virtual_network.oke_vcn",
            "oci_identity_tag.ArchitectureCenterTag",
            "oci_identity_tag_namespace.ArchitectureCenterTagNamespace",
            "random_id.tag",
            "random_string.deploy_id"
          ]
        }
      ]
    },
    {
      "mode": "managed",
      "type": "oci_core_route_table",
      "name": "oke_public_route_table",
      "provider": "provider[\"registry.terraform.io/oracle/oci\"]",
      "instances": [
        {
          "index_key": 0,
          "schema_version": 0,
          "attributes": {
            "compartment_id": "ocid1.tenancy.oc1..aaaaaaaay54k6twlomunmgr7g3uyk3wjsq2kainrtdxebcjqzvbxvqediuwa",
            "defined_tags": {
              "ArchitectureCenter\\devops-bluegreen-deploy-oke-cd6f.release": "1.1",
              "Oracle-Tags.CreatedBy": "default/chaitanyasharma04uk@gmail.com",
              "Oracle-Tags.CreatedOn": "2024-10-15T16:04:38.245Z"
            },
            "display_name": "oke-public-route-table-vCRm",
            "freeform_tags": {},
            "id": "ocid1.routetable.oc1.uk-london-1.aaaaaaaa3ciyotqsve5e2f4y2lktvv635hxubzazbsuhz5zzrjukiw72dgkq",
            "route_rules": [
              {
                "cidr_block": "",
                "description": "Traffic to/from internet",
                "destination": "0.0.0.0/0",
                "destination_type": "CIDR_BLOCK",
                "network_entity_id": "ocid1.internetgateway.oc1.uk-london-1.aaaaaaaavwyfg4kc3vdy4igr2liw3xte5uf5uiwhq47xt5kd5dwzox27ccha",
                "route_type": ""
              }
            ],
            "state": "AVAILABLE",
            "time_created": "2024-10-15 16:04:38.259 +0000 UTC",
            "timeouts": null,
            "vcn_id": "ocid1.vcn.oc1.uk-london-1.amaaaaaawldo33iaec7k5sm4amplsz6c6wig5bs3voepth3dvtuy5v3mzwqq"
          },
          "sensitive_attributes": [],
          "private": "eyJlMmJmYjczMC1lY2FhLTExZTYtOGY4OC0zNDM2M2JjN2M0YzAiOnsiY3JlYXRlIjoxMjAwMDAwMDAwMDAwLCJkZWxldGUiOjEyMDAwMDAwMDAwMDAsInVwZGF0ZSI6MTIwMDAwMDAwMDAwMH19",
          "dependencies": [
            "data.oci_identity_regions.home_region",
            "oci_core_internet_gateway.oke_internet_gateway",
            "oci_core_virtual_network.oke_vcn",
            "oci_identity_tag.ArchitectureCenterTag",
            "oci_identity_tag_namespace.ArchitectureCenterTagNamespace",
            "random_id.tag",
            "random_string.deploy_id"
          ]
        }
      ]
    },
    {
      "mode": "managed",
      "type": "oci_core_security_list",
      "name": "oke_endpoint_security_list",
      "provider": "provider[\"registry.terraform.io/oracle/oci\"]",
      "instances": [
        {
          "index_key": 0,
          "schema_version": 0,
          "attributes": {
            "compartment_id": "ocid1.tenancy.oc1..aaaaaaaay54k6twlomunmgr7g3uyk3wjsq2kainrtdxebcjqzvbxvqediuwa",
            "defined_tags": {
              "ArchitectureCenter\\devops-bluegreen-deploy-oke-cd6f.release": "1.1",
              "Oracle-Tags.CreatedBy": "default/chaitanyasharma04uk@gmail.com",
              "Oracle-Tags.CreatedOn": "2024-10-15T16:04:37.798Z"
            },
            "display_name": "oke-k8s-api-endpoint-seclist-vCRm",
            "egress_security_rules": [
              {
                "description": "All traffic to worker nodes",
                "destination": "10.20.10.0/24",
                "destination_type": "CIDR_BLOCK",
                "icmp_options": [],
                "protocol": "6",
                "stateless": false,
                "tcp_options": [],
                "udp_options": []
              },
              {
                "description": "Allow Kubernetes Control Plane to communicate with OKE",
                "destination": "all-lhr-services-in-oracle-services-network",
                "destination_type": "SERVICE_CIDR_BLOCK",
                "icmp_options": [],
                "protocol": "6",
                "stateless": false,
                "tcp_options": [
                  {
                    "max": 443,
                    "min": 443,
                    "source_port_range": []
                  }
                ],
                "udp_options": []
              },
              {
                "description": "Path discovery",
                "destination": "10.20.10.0/24",
                "destination_type": "CIDR_BLOCK",
                "icmp_options": [
                  {
                    "code": 4,
                    "type": 3
                  }
                ],
                "protocol": "1",
                "stateless": false,
                "tcp_options": [],
                "udp_options": []
              }
            ],
            "freeform_tags": {},
            "id": "ocid1.securitylist.oc1.uk-london-1.aaaaaaaab45bpxa6en6cmgpbsrebp3yhrphdirbxchqnoxyvkxltx7mnbpyq",
            "ingress_security_rules": [
              {
                "description": "External access to Kubernetes API endpoint",
                "icmp_options": [],
                "protocol": "6",
                "source": "0.0.0.0/0",
                "source_type": "CIDR_BLOCK",
                "stateless": false,
                "tcp_options": [
                  {
                    "max": 6443,
                    "min": 6443,
                    "source_port_range": []
                  }
                ],
                "udp_options": []
              },
              {
                "description": "Kubernetes worker to Kubernetes API endpoint communication",
                "icmp_options": [],
                "protocol": "6",
                "source": "10.20.10.0/24",
                "source_type": "CIDR_BLOCK",
                "stateless": false,
                "tcp_options": [
                  {
                    "max": 6443,
                    "min": 6443,
                    "source_port_range": []
                  }
                ],
                "udp_options": []
              },
              {
                "description": "Kubernetes worker to control plane communication",
                "icmp_options": [],
                "protocol": "6",
                "source": "10.20.10.0/24",
                "source_type": "CIDR_BLOCK",
                "stateless": false,
                "tcp_options": [
                  {
                    "max": 12250,
                    "min": 12250,
                    "source_port_range": []
                  }
                ],
                "udp_options": []
              },
              {
                "description": "Path discovery",
                "icmp_options": [
                  {
                    "code": 4,
                    "type": 3
                  }
                ],
                "protocol": "1",
                "source": "10.20.10.0/24",
                "source_type": "CIDR_BLOCK",
                "stateless": false,
                "tcp_options": [],
                "udp_options": []
              }
            ],
            "state": "AVAILABLE",
            "time_created": "2024-10-15 16:04:37.833 +0000 UTC",
            "timeouts": null,
            "vcn_id": "ocid1.vcn.oc1.uk-london-1.amaaaaaawldo33iaec7k5sm4amplsz6c6wig5bs3voepth3dvtuy5v3mzwqq"
          },
          "sensitive_attributes": [],
          "private": "eyJlMmJmYjczMC1lY2FhLTExZTYtOGY4OC0zNDM2M2JjN2M0YzAiOnsiY3JlYXRlIjoxMjAwMDAwMDAwMDAwLCJkZWxldGUiOjEyMDAwMDAwMDAwMDAsInVwZGF0ZSI6MTIwMDAwMDAwMDAwMH19",
          "dependencies": [
            "data.oci_core_services.all_services",
            "data.oci_identity_regions.home_region",
            "oci_core_virtual_network.oke_vcn",
            "oci_identity_tag.ArchitectureCenterTag",
            "oci_identity_tag_namespace.ArchitectureCenterTagNamespace",
            "random_id.tag",
            "random_string.deploy_id"
          ]
        }
      ]
    },
    {
      "mode": "managed",
      "type": "oci_core_security_list",
      "name": "oke_lb_security_list",
      "provider": "provider[\"registry.terraform.io/oracle/oci\"]",
      "instances": [
        {
          "index_key": 0,
          "schema_version": 0,
          "attributes": {
            "compartment_id": "ocid1.tenancy.oc1..aaaaaaaay54k6twlomunmgr7g3uyk3wjsq2kainrtdxebcjqzvbxvqediuwa",
            "defined_tags": {
              "ArchitectureCenter\\devops-bluegreen-deploy-oke-cd6f.release": "1.1",
              "Oracle-Tags.CreatedBy": "default/chaitanyasharma04uk@gmail.com",
              "Oracle-Tags.CreatedOn": "2024-10-15T16:04:37.782Z"
            },
            "display_name": "oke-lb-seclist-vCRm",
            "egress_security_rules": [],
            "freeform_tags": {},
            "id": "ocid1.securitylist.oc1.uk-london-1.aaaaaaaa25eszaea6dvkqrdkvklfxicsrzqo3tvdskiewhcyd6f3pawtsmsa",
            "ingress_security_rules": [],
            "state": "AVAILABLE",
            "time_created": "2024-10-15 16:04:37.814 +0000 UTC",
            "timeouts": null,
            "vcn_id": "ocid1.vcn.oc1.uk-london-1.amaaaaaawldo33iaec7k5sm4amplsz6c6wig5bs3voepth3dvtuy5v3mzwqq"
          },
          "sensitive_attributes": [],
          "private": "eyJlMmJmYjczMC1lY2FhLTExZTYtOGY4OC0zNDM2M2JjN2M0YzAiOnsiY3JlYXRlIjoxMjAwMDAwMDAwMDAwLCJkZWxldGUiOjEyMDAwMDAwMDAwMDAsInVwZGF0ZSI6MTIwMDAwMDAwMDAwMH19",
          "dependencies": [
            "data.oci_identity_regions.home_region",
            "oci_core_virtual_network.oke_vcn",
            "oci_identity_tag.ArchitectureCenterTag",
            "oci_identity_tag_namespace.ArchitectureCenterTagNamespace",
            "random_id.tag",
            "random_string.deploy_id"
          ]
        }
      ]
    },
    {
      "mode": "managed",
      "type": "oci_core_security_list",
      "name": "oke_nodes_security_list",
      "provider": "provider[\"registry.terraform.io/oracle/oci\"]",
      "instances": [
        {
          "index_key": 0,
          "schema_version": 0,
          "attributes": {
            "compartment_id": "ocid1.tenancy.oc1..aaaaaaaay54k6twlomunmgr7g3uyk3wjsq2kainrtdxebcjqzvbxvqediuwa",
            "defined_tags": {
              "ArchitectureCenter\\devops-bluegreen-deploy-oke-cd6f.release": "1.1",
              "Oracle-Tags.CreatedBy": "default/chaitanyasharma04uk@gmail.com",
              "Oracle-Tags.CreatedOn": "2024-10-15T16:04:37.820Z"
            },
            "display_name": "oke-nodes-wkr-seclist-vCRm",
            "egress_security_rules": [
              {
                "description": "Access to Kubernetes API Endpoint",
                "destination": "10.20.0.0/28",
                "destination_type": "CIDR_BLOCK",
                "icmp_options": [],
                "protocol": "6",
                "stateless": false,
                "tcp_options": [
                  {
                    "max": 6443,
                    "min": 6443,
                    "source_port_range": []
                  }
                ],
                "udp_options": []
              },
              {
                "description": "Allow nodes to communicate with OKE to ensure correct start-up and continued functioning",
                "destination": "all-lhr-services-in-oracle-services-network",
                "destination_type": "SERVICE_CIDR_BLOCK",
                "icmp_options": [],
                "protocol": "6",
                "stateless": false,
                "tcp_options": [
                  {
                    "max": 443,
                    "min": 443,
                    "source_port_range": []
                  }
                ],
                "udp_options": []
              },
              {
                "description": "Allow pods on one worker node to communicate with pods on other worker nodes",
                "destination": "10.20.10.0/24",
                "destination_type": "CIDR_BLOCK",
                "icmp_options": [],
                "protocol": "all",
                "stateless": false,
                "tcp_options": [],
                "udp_options": []
              },
              {
                "description": "ICMP Access from Kubernetes Control Plane",
                "destination": "0.0.0.0/0",
                "destination_type": "CIDR_BLOCK",
                "icmp_options": [
                  {
                    "code": 4,
                    "type": 3
                  }
                ],
                "protocol": "1",
                "stateless": false,
                "tcp_options": [],
                "udp_options": []
              },
              {
                "description": "Kubernetes worker to control plane communication",
                "destination": "10.20.0.0/28",
                "destination_type": "CIDR_BLOCK",
                "icmp_options": [],
                "protocol": "6",
                "stateless": false,
                "tcp_options": [
                  {
                    "max": 12250,
                    "min": 12250,
                    "source_port_range": []
                  }
                ],
                "udp_options": []
              },
              {
                "description": "Path discovery",
                "destination": "10.20.0.0/28",
                "destination_type": "CIDR_BLOCK",
                "icmp_options": [
                  {
                    "code": 4,
                    "type": 3
                  }
                ],
                "protocol": "1",
                "stateless": false,
                "tcp_options": [],
                "udp_options": []
              },
              {
                "description": "Worker Nodes access to Internet",
                "destination": "0.0.0.0/0",
                "destination_type": "CIDR_BLOCK",
                "icmp_options": [],
                "protocol": "all",
                "stateless": false,
                "tcp_options": [],
                "udp_options": []
              }
            ],
            "freeform_tags": {},
            "id": "ocid1.securitylist.oc1.uk-london-1.aaaaaaaaqyz25i6cubap5tnlp2r4firgvsmnfq4sme4usuowe3gt3sqg73ca",
            "ingress_security_rules": [
              {
                "description": "Allow pods on one worker node to communicate with pods on other worker nodes",
                "icmp_options": [],
                "protocol": "all",
                "source": "10.20.10.0/24",
                "source_type": "CIDR_BLOCK",
                "stateless": false,
                "tcp_options": [],
                "udp_options": []
              },
              {
                "description": "Inbound SSH traffic to worker nodes",
                "icmp_options": [],
                "protocol": "6",
                "source": "10.20.0.0/16",
                "source_type": "CIDR_BLOCK",
                "stateless": false,
                "tcp_options": [
                  {
                    "max": 22,
                    "min": 22,
                    "source_port_range": []
                  }
                ],
                "udp_options": []
              },
              {
                "description": "Path discovery",
                "icmp_options": [
                  {
                    "code": 4,
                    "type": 3
                  }
                ],
                "protocol": "1",
                "source": "10.20.0.0/28",
                "source_type": "CIDR_BLOCK",
                "stateless": false,
                "tcp_options": [],
                "udp_options": []
              },
              {
                "description": "TCP access from Kubernetes Control Plane",
                "icmp_options": [],
                "protocol": "6",
                "source": "10.20.0.0/28",
                "source_type": "CIDR_BLOCK",
                "stateless": false,
                "tcp_options": [],
                "udp_options": []
              }
            ],
            "state": "AVAILABLE",
            "time_created": "2024-10-15 16:04:37.85 +0000 UTC",
            "timeouts": null,
            "vcn_id": "ocid1.vcn.oc1.uk-london-1.amaaaaaawldo33iaec7k5sm4amplsz6c6wig5bs3voepth3dvtuy5v3mzwqq"
          },
          "sensitive_attributes": [],
          "private": "eyJlMmJmYjczMC1lY2FhLTExZTYtOGY4OC0zNDM2M2JjN2M0YzAiOnsiY3JlYXRlIjoxMjAwMDAwMDAwMDAwLCJkZWxldGUiOjEyMDAwMDAwMDAwMDAsInVwZGF0ZSI6MTIwMDAwMDAwMDAwMH19",
          "dependencies": [
            "data.oci_core_services.all_services",
            "data.oci_identity_regions.home_region",
            "oci_core_virtual_network.oke_vcn",
            "oci_identity_tag.ArchitectureCenterTag",
            "oci_identity_tag_namespace.ArchitectureCenterTagNamespace",
            "random_id.tag",
            "random_string.deploy_id"
          ]
        }
      ]
    },
    {
      "mode": "managed",
      "type": "oci_core_service_gateway",
      "name": "oke_service_gateway",
      "provider": "provider[\"registry.terraform.io/oracle/oci\"]",
      "instances": [
        {
          "index_key": 0,
          "schema_version": 0,
          "attributes": {
            "block_traffic": false,
            "compartment_id": "ocid1.tenancy.oc1..aaaaaaaay54k6twlomunmgr7g3uyk3wjsq2kainrtdxebcjqzvbxvqediuwa",
            "defined_tags": {
              "ArchitectureCenter\\devops-bluegreen-deploy-oke-cd6f.release": "1.1",
              "Oracle-Tags.CreatedBy": "default/chaitanyasharma04uk@gmail.com",
              "Oracle-Tags.CreatedOn": "2024-10-15T16:04:37.799Z"
            },
            "display_name": "oke-service-gateway-vCRm",
            "freeform_tags": {},
            "id": "ocid1.servicegateway.oc1.uk-london-1.aaaaaaaam2mrqm4o4rdztmh4yojqlmkkmdhlynw2ylixr76gvuhp7bwwy3ba",
            "route_table_id": null,
            "services": [
              {
                "service_id": "ocid1.service.oc1.uk-london-1.aaaaaaaatwg7f5mnzoapfunl66n2qkp4ormiykqk3hiwksum63gcyjk7ysla",
                "service_name": "All LHR Services In Oracle Services Network"
              }
            ],
            "state": "AVAILABLE",
            "time_created": "2024-10-15 16:04:39.375 +0000 UTC",
            "timeouts": null,
            "vcn_id": "ocid1.vcn.oc1.uk-london-1.amaaaaaawldo33iaec7k5sm4amplsz6c6wig5bs3voepth3dvtuy5v3mzwqq"
          },
          "sensitive_attributes": [],
          "private": "eyJlMmJmYjczMC1lY2FhLTExZTYtOGY4OC0zNDM2M2JjN2M0YzAiOnsiY3JlYXRlIjoxMjAwMDAwMDAwMDAwLCJkZWxldGUiOjEyMDAwMDAwMDAwMDAsInVwZGF0ZSI6MTIwMDAwMDAwMDAwMH19",
          "dependencies": [
            "data.oci_core_services.all_services",
            "data.oci_identity_regions.home_region",
            "oci_core_virtual_network.oke_vcn",
            "oci_identity_tag.ArchitectureCenterTag",
            "oci_identity_tag_namespace.ArchitectureCenterTagNamespace",
            "random_id.tag",
            "random_string.deploy_id"
          ]
        }
      ]
    },
    {
      "mode": "managed",
      "type": "oci_core_subnet",
      "name": "oke_k8s_endpoint_subnet",
      "provider": "provider[\"registry.terraform.io/oracle/oci\"]",
      "instances": [
        {
          "index_key": 0,
          "schema_version": 0,
          "attributes": {
            "availability_domain": null,
            "cidr_block": "10.20.0.0/28",
            "compartment_id": "ocid1.tenancy.oc1..aaaaaaaay54k6twlomunmgr7g3uyk3wjsq2kainrtdxebcjqzvbxvqediuwa",
            "defined_tags": {
              "ArchitectureCenter\\devops-bluegreen-deploy-oke-cd6f.release": "1.1",
              "Oracle-Tags.CreatedBy": "default/chaitanyasharma04uk@gmail.com",
              "Oracle-Tags.CreatedOn": "2024-10-15T16:04:41.663Z"
            },
            "dhcp_options_id": "ocid1.dhcpoptions.oc1.uk-london-1.aaaaaaaarywr33j57bjvmtvbrshqkenwp4wemyddzrqk5try6a6hssec4paq",
            "display_name": "oke-k8s-endpoint-subnet-vCRm",
            "dns_label": "okek8snvcrm",
            "freeform_tags": {},
            "id": "ocid1.subnet.oc1.uk-london-1.aaaaaaaa2i455qeip6twitmtgt4ywn4i4tzlgohey6p2hoxjedhv67bmdr6q",
            "ipv6cidr_block": null,
            "ipv6cidr_blocks": [],
            "ipv6virtual_router_ip": null,
            "prohibit_internet_ingress": false,
            "prohibit_public_ip_on_vnic": false,
            "route_table_id": "ocid1.routetable.oc1.uk-london-1.aaaaaaaa3ciyotqsve5e2f4y2lktvv635hxubzazbsuhz5zzrjukiw72dgkq",
            "security_list_ids": [
              "ocid1.securitylist.oc1.uk-london-1.aaaaaaaab45bpxa6en6cmgpbsrebp3yhrphdirbxchqnoxyvkxltx7mnbpyq"
            ],
            "state": "AVAILABLE",
            "subnet_domain_name": "okek8snvcrm.okevcrm.oraclevcn.com",
            "time_created": "2024-10-15 16:04:41.901 +0000 UTC",
            "timeouts": null,
            "vcn_id": "ocid1.vcn.oc1.uk-london-1.amaaaaaawldo33iaec7k5sm4amplsz6c6wig5bs3voepth3dvtuy5v3mzwqq",
            "virtual_router_ip": "10.20.0.1",
            "virtual_router_mac": "00:00:17:EE:09:3D"
          },
          "sensitive_attributes": [],
          "private": "eyJlMmJmYjczMC1lY2FhLTExZTYtOGY4OC0zNDM2M2JjN2M0YzAiOnsiY3JlYXRlIjoxMjAwMDAwMDAwMDAwLCJkZWxldGUiOjEyMDAwMDAwMDAwMDAsInVwZGF0ZSI6MTIwMDAwMDAwMDAwMH19",
          "dependencies": [
            "data.oci_core_services.all_services",
            "data.oci_identity_regions.home_region",
            "oci_core_internet_gateway.oke_internet_gateway",
            "oci_core_nat_gateway.oke_nat_gateway",
            "oci_core_route_table.oke_private_route_table",
            "oci_core_route_table.oke_public_route_table",
            "oci_core_security_list.oke_endpoint_security_list",
            "oci_core_service_gateway.oke_service_gateway",
            "oci_core_virtual_network.oke_vcn",
            "oci_identity_tag.ArchitectureCenterTag",
            "oci_identity_tag_namespace.ArchitectureCenterTagNamespace",
            "random_id.tag",
            "random_string.deploy_id"
          ]
        }
      ]
    },
    {
      "mode": "managed",
      "type": "oci_core_subnet",
      "name": "oke_lb_subnet",
      "provider": "provider[\"registry.terraform.io/oracle/oci\"]",
      "instances": [
        {
          "index_key": 0,
          "schema_version": 0,
          "attributes": {
            "availability_domain": null,
            "cidr_block": "10.20.20.0/24",
            "compartment_id": "ocid1.tenancy.oc1..aaaaaaaay54k6twlomunmgr7g3uyk3wjsq2kainrtdxebcjqzvbxvqediuwa",
            "defined_tags": {
              "ArchitectureCenter\\devops-bluegreen-deploy-oke-cd6f.release": "1.1",
              "Oracle-Tags.CreatedBy": "default/chaitanyasharma04uk@gmail.com",
              "Oracle-Tags.CreatedOn": "2024-10-15T16:04:38.564Z"
            },
            "dhcp_options_id": "ocid1.dhcpoptions.oc1.uk-london-1.aaaaaaaarywr33j57bjvmtvbrshqkenwp4wemyddzrqk5try6a6hssec4paq",
            "display_name": "oke-lb-subnet-vCRm",
            "dns_label": "okelbsnvcrm",
            "freeform_tags": {},
            "id": "ocid1.subnet.oc1.uk-london-1.aaaaaaaaatydweb35mvb6mdrtscumk2bvpp26a4ipaulrbdslk3ze42k7ija",
            "ipv6cidr_block": null,
            "ipv6cidr_blocks": [],
            "ipv6virtual_router_ip": null,
            "prohibit_internet_ingress": false,
            "prohibit_public_ip_on_vnic": false,
            "route_table_id": "ocid1.routetable.oc1.uk-london-1.aaaaaaaa3ciyotqsve5e2f4y2lktvv635hxubzazbsuhz5zzrjukiw72dgkq",
            "security_list_ids": [
              "ocid1.securitylist.oc1.uk-london-1.aaaaaaaa25eszaea6dvkqrdkvklfxicsrzqo3tvdskiewhcyd6f3pawtsmsa"
            ],
            "state": "AVAILABLE",
            "subnet_domain_name": "okelbsnvcrm.okevcrm.oraclevcn.com",
            "time_created": "2024-10-15 16:04:38.601 +0000 UTC",
            "timeouts": null,
            "vcn_id": "ocid1.vcn.oc1.uk-london-1.amaaaaaawldo33iaec7k5sm4amplsz6c6wig5bs3voepth3dvtuy5v3mzwqq",
            "virtual_router_ip": "10.20.20.1",
            "virtual_router_mac": "00:00:17:EE:09:3D"
          },
          "sensitive_attributes": [],
          "private": "eyJlMmJmYjczMC1lY2FhLTExZTYtOGY4OC0zNDM2M2JjN2M0YzAiOnsiY3JlYXRlIjoxMjAwMDAwMDAwMDAwLCJkZWxldGUiOjEyMDAwMDAwMDAwMDAsInVwZGF0ZSI6MTIwMDAwMDAwMDAwMH19",
          "dependencies": [
            "data.oci_identity_regions.home_region",
            "oci_core_internet_gateway.oke_internet_gateway",
            "oci_core_route_table.oke_public_route_table",
            "oci_core_security_list.oke_lb_security_list",
            "oci_core_virtual_network.oke_vcn",
            "oci_identity_tag.ArchitectureCenterTag",
            "oci_identity_tag_namespace.ArchitectureCenterTagNamespace",
            "random_id.tag",
            "random_string.deploy_id"
          ]
        }
      ]
    },
    {
      "mode": "managed",
      "type": "oci_core_subnet",
      "name": "oke_nodes_subnet",
      "provider": "provider[\"registry.terraform.io/oracle/oci\"]",
      "instances": [
        {
          "index_key": 0,
          "schema_version": 0,
          "attributes": {
            "availability_domain": null,
            "cidr_block": "10.20.10.0/24",
            "compartment_id": "ocid1.tenancy.oc1..aaaaaaaay54k6twlomunmgr7g3uyk3wjsq2kainrtdxebcjqzvbxvqediuwa",
            "defined_tags": {
              "ArchitectureCenter\\devops-bluegreen-deploy-oke-cd6f.release": "1.1",
              "Oracle-Tags.CreatedBy": "default/chaitanyasharma04uk@gmail.com",
              "Oracle-Tags.CreatedOn": "2024-10-15T16:04:41.629Z"
            },
            "dhcp_options_id": "ocid1.dhcpoptions.oc1.uk-london-1.aaaaaaaarywr33j57bjvmtvbrshqkenwp4wemyddzrqk5try6a6hssec4paq",
            "display_name": "oke-nodes-subnet-vCRm",
            "dns_label": "okenodesnvcrm",
            "freeform_tags": {},
            "id": "ocid1.subnet.oc1.uk-london-1.aaaaaaaarbpqjd5sgi2gbsyiir3m6inahfdwaohdlzlxgxryxu7ieevnskiq",
            "ipv6cidr_block": null,
            "ipv6cidr_blocks": [],
            "ipv6virtual_router_ip": null,
            "prohibit_internet_ingress": true,
            "prohibit_public_ip_on_vnic": true,
            "route_table_id": "ocid1.routetable.oc1.uk-london-1.aaaaaaaalg63ssh6pbfdrl5zm4u2ozbbjdpp3vjz4iwvtllogui6xkywnzzq",
            "security_list_ids": [
              "ocid1.securitylist.oc1.uk-london-1.aaaaaaaaqyz25i6cubap5tnlp2r4firgvsmnfq4sme4usuowe3gt3sqg73ca"
            ],
            "state": "AVAILABLE",
            "subnet_domain_name": "okenodesnvcrm.okevcrm.oraclevcn.com",
            "time_created": "2024-10-15 16:04:41.665 +0000 UTC",
            "timeouts": null,
            "vcn_id": "ocid1.vcn.oc1.uk-london-1.amaaaaaawldo33iaec7k5sm4amplsz6c6wig5bs3voepth3dvtuy5v3mzwqq",
            "virtual_router_ip": "10.20.10.1",
            "virtual_router_mac": "00:00:17:EE:09:3D"
          },
          "sensitive_attributes": [],
          "private": "eyJlMmJmYjczMC1lY2FhLTExZTYtOGY4OC0zNDM2M2JjN2M0YzAiOnsiY3JlYXRlIjoxMjAwMDAwMDAwMDAwLCJkZWxldGUiOjEyMDAwMDAwMDAwMDAsInVwZGF0ZSI6MTIwMDAwMDAwMDAwMH19",
          "dependencies": [
            "data.oci_core_services.all_services",
            "data.oci_identity_regions.home_region",
            "oci_core_internet_gateway.oke_internet_gateway",
            "oci_core_nat_gateway.oke_nat_gateway",
            "oci_core_route_table.oke_private_route_table",
            "oci_core_route_table.oke_public_route_table",
            "oci_core_security_list.oke_nodes_security_list",
            "oci_core_service_gateway.oke_service_gateway",
            "oci_core_virtual_network.oke_vcn",
            "oci_identity_tag.ArchitectureCenterTag",
            "oci_identity_tag_namespace.ArchitectureCenterTagNamespace",
            "random_id.tag",
            "random_string.deploy_id"
          ]
        }
      ]
    },
    {
      "mode": "managed",
      "type": "oci_core_virtual_network",
      "name": "oke_vcn",
      "provider": "provider[\"registry.terraform.io/oracle/oci\"]",
      "instances": [
        {
          "index_key": 0,
          "schema_version": 0,
          "attributes": {
            "byoipv6cidr_blocks": [],
            "byoipv6cidr_details": null,
            "cidr_block": "10.20.0.0/16",
            "cidr_blocks": [
              "10.20.0.0/16"
            ],
            "compartment_id": "ocid1.tenancy.oc1..aaaaaaaay54k6twlomunmgr7g3uyk3wjsq2kainrtdxebcjqzvbxvqediuwa",
            "default_dhcp_options_id": "ocid1.dhcpoptions.oc1.uk-london-1.aaaaaaaarywr33j57bjvmtvbrshqkenwp4wemyddzrqk5try6a6hssec4paq",
            "default_route_table_id": "ocid1.routetable.oc1.uk-london-1.aaaaaaaad7eouaic5lrvfzubtskaibnz4pp62654woivqvfsh45flqbjyyoq",
            "default_security_list_id": "ocid1.securitylist.oc1.uk-london-1.aaaaaaaafa2yiaceiljtefkg5yyhxl3fzw3w45y7d767psgeiohrfrlmitma",
            "defined_tags": {
              "ArchitectureCenter\\devops-bluegreen-deploy-oke-cd6f.release": "1.1",
              "Oracle-Tags.CreatedBy": "default/chaitanyasharma04uk@gmail.com",
              "Oracle-Tags.CreatedOn": "2024-10-15T16:04:36.882Z"
            },
            "display_name": "OKE-VCN-vCRm",
            "dns_label": "okevcrm",
            "freeform_tags": {},
            "id": "ocid1.vcn.oc1.uk-london-1.amaaaaaawldo33iaec7k5sm4amplsz6c6wig5bs3voepth3dvtuy5v3mzwqq",
            "ipv6cidr_blocks": [],
            "ipv6private_cidr_blocks": [],
            "is_ipv6enabled": false,
            "is_oracle_gua_allocation_enabled": null,
            "security_attributes": {},
            "state": "AVAILABLE",
            "time_created": "2024-10-15 16:04:36.984 +0000 UTC",
            "timeouts": null,
            "vcn_domain_name": "okevcrm.oraclevcn.com"
          },
          "sensitive_attributes": [],
          "private": "eyJlMmJmYjczMC1lY2FhLTExZTYtOGY4OC0zNDM2M2JjN2M0YzAiOnsiY3JlYXRlIjoxMjAwMDAwMDAwMDAwLCJkZWxldGUiOjEyMDAwMDAwMDAwMDAsInVwZGF0ZSI6MTIwMDAwMDAwMDAwMH19",
          "dependencies": [
            "data.oci_identity_regions.home_region",
            "oci_identity_tag.ArchitectureCenterTag",
            "oci_identity_tag_namespace.ArchitectureCenterTagNamespace",
            "random_id.tag",
            "random_string.deploy_id"
          ]
        }
      ]
    },
    {
      "mode": "managed",
      "type": "oci_devops_build_pipeline",
      "name": "test_build_pipeline",
      "provider": "provider[\"registry.terraform.io/oracle/oci\"]",
      "instances": [
        {
          "schema_version": 0,
          "attributes": {
            "build_pipeline_parameters": [
              {
                "items": []
              }
            ],
            "compartment_id": "ocid1.tenancy.oc1..aaaaaaaay54k6twlomunmgr7g3uyk3wjsq2kainrtdxebcjqzvbxvqediuwa",
            "defined_tags": {
              "Oracle-Tags.CreatedBy": "default/chaitanyasharma04uk@gmail.com",
              "Oracle-Tags.CreatedOn": "2024-10-15T16:04:38.217Z"
            },
            "description": "build pipeline for python application with blue-green deployment strategies",
            "display_name": "oci_devops_bluegreen_build_pipeline",
            "freeform_tags": {},
            "id": "ocid1.devopsbuildpipeline.oc1.uk-london-1.amaaaaaawldo33ia2fdwz72dejtdmwqzuxwsb32ol7vvdokegg3q3bjp7wda",
            "lifecycle_details": null,
            "project_id": "ocid1.devopsproject.oc1.uk-london-1.amaaaaaawldo33iakmnvfraxpoq5li7krhxxknsrgcgwdeh4e3ntdapyfrfa",
            "state": "ACTIVE",
            "system_tags": {},
            "time_created": "2024-10-15 16:04:38.519 +0000 UTC",
            "time_updated": "2024-10-15 16:04:44.291 +0000 UTC",
            "timeouts": null
          },
          "sensitive_attributes": [],
          "private": "eyJlMmJmYjczMC1lY2FhLTExZTYtOGY4OC0zNDM2M2JjN2M0YzAiOnsiY3JlYXRlIjoxMjAwMDAwMDAwMDAwLCJkZWxldGUiOjEyMDAwMDAwMDAwMDAsInVwZGF0ZSI6MTIwMDAwMDAwMDAwMH19",
          "dependencies": [
            "data.oci_identity_regions.home_region",
            "oci_devops_project.test_project",
            "oci_identity_tag.ArchitectureCenterTag",
            "oci_identity_tag_namespace.ArchitectureCenterTagNamespace",
            "oci_ons_notification_topic.test_notification_topic",
            "random_id.tag",
            "random_string.deploy_id"
          ]
        }
      ]
    },
    {
      "mode": "managed",
      "type": "oci_devops_build_pipeline_stage",
      "name": "test_build_pipeline_stage",
      "provider": "provider[\"registry.terraform.io/oracle/oci\"]",
      "instances": [
        {
          "schema_version": 0,
          "attributes": {
            "build_pipeline_id": "ocid1.devopsbuildpipeline.oc1.uk-london-1.amaaaaaawldo33ia2fdwz72dejtdmwqzuxwsb32ol7vvdokegg3q3bjp7wda",
            "build_pipeline_stage_predecessor_collection": [
              {
                "items": [
                  {
                    "id": "ocid1.devopsbuildpipeline.oc1.uk-london-1.amaaaaaawldo33ia2fdwz72dejtdmwqzuxwsb32ol7vvdokegg3q3bjp7wda"
                  }
                ]
              }
            ],
            "build_pipeline_stage_type": "BUILD",
            "build_runner_shape_config": [
              {
                "build_runner_type": "DEFAULT",
                "memory_in_gbs": 0,
                "ocpus": 0
              }
            ],
            "build_source_collection": [
              {
                "items": [
                  {
                    "branch": "main",
                    "connection_id": "",
                    "connection_type": "DEVOPS_CODE_REPOSITORY",
                    "name": "deploy_bluegreen_oke",
                    "repository_id": "ocid1.devopsrepository.oc1.uk-london-1.amaaaaaawldo33ia2sty45mrotldztyl3byhfjrxgd4izmzimwmyoybxf7nq",
                    "repository_url": "https://devops.scmservice.uk-london-1.oci.oraclecloud.com/namespaces/lros2xgtla5r/projects/poc_sample_app_devopsproject_vCRm/repositories/oci_devops_oke_bluegreen_sample"
                  }
                ]
              }
            ],
            "build_spec_file": "",
            "compartment_id": "ocid1.tenancy.oc1..aaaaaaaay54k6twlomunmgr7g3uyk3wjsq2kainrtdxebcjqzvbxvqediuwa",
            "defined_tags": {
              "ArchitectureCenter\\devops-bluegreen-deploy-oke-cd6f.release": "1.1",
              "Oracle-Tags.CreatedBy": "default/chaitanyasharma04uk@gmail.com",
              "Oracle-Tags.CreatedOn": "2024-10-15T16:04:57.307Z"
            },
            "deliver_artifact_collection": null,
            "deploy_pipeline_id": null,
            "description": "",
            "display_name": "oci_devops_bluegreen_build_pipeline",
            "freeform_tags": {},
            "id": "ocid1.devopsbuildpipelinestage.oc1.uk-london-1.amaaaaaawldo33iagxqflnxkwfi2qn6h7mqze2cw2qa4lpg4s7c224exx7da",
            "image": "OL7_X86_64_STANDARD_10",
            "is_pass_all_parameters_enabled": null,
            "lifecycle_details": null,
            "primary_build_source": "deploy_bluegreen_oke",
            "private_access_config": [],
            "project_id": "ocid1.devopsproject.oc1.uk-london-1.amaaaaaawldo33iakmnvfraxpoq5li7krhxxknsrgcgwdeh4e3ntdapyfrfa",
            "stage_execution_timeout_in_seconds": 36000,
            "state": "ACTIVE",
            "system_tags": {},
            "time_created": "2024-10-15 16:04:57.451 +0000 UTC",
            "time_updated": "2024-10-15 16:04:57.451 +0000 UTC",
            "timeouts": null,
            "wait_criteria": [
              {
                "wait_duration": "waitDuration",
                "wait_type": "ABSOLUTE_WAIT"
              }
            ]
          },
          "sensitive_attributes": [],
          "private": "eyJlMmJmYjczMC1lY2FhLTExZTYtOGY4OC0zNDM2M2JjN2M0YzAiOnsiY3JlYXRlIjoxMjAwMDAwMDAwMDAwLCJkZWxldGUiOjEyMDAwMDAwMDAwMDAsInVwZGF0ZSI6MTIwMDAwMDAwMDAwMH19",
          "dependencies": [
            "data.oci_identity_regions.home_region",
            "data.oci_objectstorage_namespace.ns",
            "oci_devops_build_pipeline.test_build_pipeline",
            "oci_devops_project.test_project",
            "oci_devops_repository.test_repository",
            "oci_identity_tag.ArchitectureCenterTag",
            "oci_identity_tag_namespace.ArchitectureCenterTagNamespace",
            "oci_ons_notification_topic.test_notification_topic",
            "random_id.tag",
            "random_string.deploy_id"
          ]
        }
      ]
    },
    {
      "mode": "managed",
      "type": "oci_devops_build_pipeline_stage",
      "name": "test_deliver_artifact_stage",
      "provider": "provider[\"registry.terraform.io/oracle/oci\"]",
      "instances": [
        {
          "schema_version": 0,
          "attributes": {
            "build_pipeline_id": "ocid1.devopsbuildpipeline.oc1.uk-london-1.amaaaaaawldo33ia2fdwz72dejtdmwqzuxwsb32ol7vvdokegg3q3bjp7wda",
            "build_pipeline_stage_predecessor_collection": [
              {
                "items": [
                  {
                    "id": "ocid1.devopsbuildpipelinestage.oc1.uk-london-1.amaaaaaawldo33iagxqflnxkwfi2qn6h7mqze2cw2qa4lpg4s7c224exx7da"
                  }
                ]
              }
            ],
            "build_pipeline_stage_type": "DELIVER_ARTIFACT",
            "build_runner_shape_config": null,
            "build_source_collection": null,
            "build_spec_file": null,
            "compartment_id": "ocid1.tenancy.oc1..aaaaaaaay54k6twlomunmgr7g3uyk3wjsq2kainrtdxebcjqzvbxvqediuwa",
            "defined_tags": {
              "ArchitectureCenter\\devops-bluegreen-deploy-oke-cd6f.release": "1.1",
              "Oracle-Tags.CreatedBy": "default/chaitanyasharma04uk@gmail.com",
              "Oracle-Tags.CreatedOn": "2024-10-15T16:05:35.931Z"
            },
            "deliver_artifact_collection": [
              {
                "items": [
                  {
                    "artifact_id": "ocid1.devopsdeployartifact.oc1.uk-london-1.amaaaaaawldo33iai7esqzqswnaff7fgcamxwgcvzboamlpy43pdyva23ghq",
                    "artifact_name": "oke_app_base"
                  }
                ]
              }
            ],
            "deploy_pipeline_id": null,
            "description": "",
            "display_name": "deliver_artifact",
            "freeform_tags": {},
            "id": "ocid1.devopsbuildpipelinestage.oc1.uk-london-1.amaaaaaawldo33ia53fk4k7ftubia3qk6ey667dag6bfpm2g7aqppmm4yzeq",
            "image": null,
            "is_pass_all_parameters_enabled": null,
            "lifecycle_details": null,
            "primary_build_source": null,
            "private_access_config": null,
            "project_id": "ocid1.devopsproject.oc1.uk-london-1.amaaaaaawldo33iakmnvfraxpoq5li7krhxxknsrgcgwdeh4e3ntdapyfrfa",
            "stage_execution_timeout_in_seconds": null,
            "state": "ACTIVE",
            "system_tags": {},
            "time_created": "2024-10-15 16:05:36.539 +0000 UTC",
            "time_updated": "2024-10-15 16:05:36.539 +0000 UTC",
            "timeouts": null,
            "wait_criteria": null
          },
          "sensitive_attributes": [],
          "private": "eyJlMmJmYjczMC1lY2FhLTExZTYtOGY4OC0zNDM2M2JjN2M0YzAiOnsiY3JlYXRlIjoxMjAwMDAwMDAwMDAwLCJkZWxldGUiOjEyMDAwMDAwMDAwMDAsInVwZGF0ZSI6MTIwMDAwMDAwMDAwMH19",
          "dependencies": [
            "data.oci_identity_regions.current_region",
            "data.oci_identity_regions.home_region",
            "data.oci_objectstorage_namespace.ns",
            "oci_artifacts_container_repository.test_container_repository",
            "oci_devops_build_pipeline.test_build_pipeline",
            "oci_devops_build_pipeline_stage.test_build_pipeline_stage",
            "oci_devops_deploy_artifact.test_deploy_artifact",
            "oci_devops_project.test_project",
            "oci_devops_repository.test_repository",
            "oci_identity_tag.ArchitectureCenterTag",
            "oci_identity_tag_namespace.ArchitectureCenterTagNamespace",
            "oci_ons_notification_topic.test_notification_topic",
            "random_id.tag",
            "random_string.deploy_id"
          ]
        }
      ]
    },
    {
      "mode": "managed",
      "type": "oci_devops_build_pipeline_stage",
      "name": "test_deploy_stage",
      "provider": "provider[\"registry.terraform.io/oracle/oci\"]",
      "instances": [
        {
          "schema_version": 0,
          "attributes": {
            "build_pipeline_id": "ocid1.devopsbuildpipeline.oc1.uk-london-1.amaaaaaawldo33ia2fdwz72dejtdmwqzuxwsb32ol7vvdokegg3q3bjp7wda",
            "build_pipeline_stage_predecessor_collection": [
              {
                "items": [
                  {
                    "id": "ocid1.devopsbuildpipelinestage.oc1.uk-london-1.amaaaaaawldo33ia53fk4k7ftubia3qk6ey667dag6bfpm2g7aqppmm4yzeq"
                  }
                ]
              }
            ],
            "build_pipeline_stage_type": "TRIGGER_DEPLOYMENT_PIPELINE",
            "build_runner_shape_config": null,
            "build_source_collection": null,
            "build_spec_file": null,
            "compartment_id": "ocid1.tenancy.oc1..aaaaaaaay54k6twlomunmgr7g3uyk3wjsq2kainrtdxebcjqzvbxvqediuwa",
            "defined_tags": {
              "ArchitectureCenter\\devops-bluegreen-deploy-oke-cd6f.release": "1.1",
              "Oracle-Tags.CreatedBy": "default/chaitanyasharma04uk@gmail.com",
              "Oracle-Tags.CreatedOn": "2024-10-15T16:05:41.602Z"
            },
            "deliver_artifact_collection": null,
            "deploy_pipeline_id": "ocid1.devopsdeploypipeline.oc1.uk-london-1.amaaaaaawldo33iakoztmjopxeeu5ju2sj6lne7wang2o3x2wc7kzpztji3q",
            "description": "",
            "display_name": "deploy_to_oke",
            "freeform_tags": {},
            "id": "ocid1.devopsbuildpipelinestage.oc1.uk-london-1.amaaaaaawldo33iabppggixb2lq6ly7n2jrg7ygjtkyr5jpzc32wcrxlkufq",
            "image": null,
            "is_pass_all_parameters_enabled": true,
            "lifecycle_details": null,
            "primary_build_source": null,
            "private_access_config": null,
            "project_id": "ocid1.devopsproject.oc1.uk-london-1.amaaaaaawldo33iakmnvfraxpoq5li7krhxxknsrgcgwdeh4e3ntdapyfrfa",
            "stage_execution_timeout_in_seconds": null,
            "state": "ACTIVE",
            "system_tags": {},
            "time_created": "2024-10-15 16:05:41.694 +0000 UTC",
            "time_updated": "2024-10-15 16:05:41.694 +0000 UTC",
            "timeouts": null,
            "wait_criteria": null
          },
          "sensitive_attributes": [],
          "private": "eyJlMmJmYjczMC1lY2FhLTExZTYtOGY4OC0zNDM2M2JjN2M0YzAiOnsiY3JlYXRlIjoxMjAwMDAwMDAwMDAwLCJkZWxldGUiOjEyMDAwMDAwMDAwMDAsInVwZGF0ZSI6MTIwMDAwMDAwMDAwMH19",
          "dependencies": [
            "data.oci_identity_regions.current_region",
            "data.oci_identity_regions.home_region",
            "data.oci_objectstorage_namespace.ns",
            "oci_artifacts_container_repository.test_container_repository",
            "oci_devops_build_pipeline.test_build_pipeline",
            "oci_devops_build_pipeline_stage.test_build_pipeline_stage",
            "oci_devops_build_pipeline_stage.test_deliver_artifact_stage",
            "oci_devops_deploy_artifact.test_deploy_artifact",
            "oci_devops_deploy_pipeline.test_deploy_pipeline",
            "oci_devops_project.test_project",
            "oci_devops_repository.test_repository",
            "oci_identity_tag.ArchitectureCenterTag",
            "oci_identity_tag_namespace.ArchitectureCenterTagNamespace",
            "oci_ons_notification_topic.test_notification_topic",
            "random_id.tag",
            "random_string.deploy_id"
          ]
        }
      ]
    },
    {
      "mode": "managed",
      "type": "oci_devops_deploy_artifact",
      "name": "test_deploy_artifact",
      "provider": "provider[\"registry.terraform.io/oracle/oci\"]",
      "instances": [
        {
          "schema_version": 0,
          "attributes": {
            "argument_substitution_mode": "SUBSTITUTE_PLACEHOLDERS",
            "compartment_id": "ocid1.tenancy.oc1..aaaaaaaay54k6twlomunmgr7g3uyk3wjsq2kainrtdxebcjqzvbxvqediuwa",
            "defined_tags": {
              "Oracle-Tags.CreatedBy": "default/chaitanyasharma04uk@gmail.com",
              "Oracle-Tags.CreatedOn": "2024-10-15T16:04:48.183Z"
            },
            "deploy_artifact_source": [
              {
                "base64encoded_content": "",
                "chart_url": "",
                "deploy_artifact_path": "",
                "deploy_artifact_source_type": "OCIR",
                "deploy_artifact_version": "",
                "helm_artifact_source_type": "",
                "helm_verification_key_source": [],
                "image_digest": " ",
                "image_uri": "lhr.ocir.io/lros2xgtla5r/poc_sample_app_containerrepo_cd6f:${BUILDRUN_HASH}",
                "repository_id": ""
              }
            ],
            "deploy_artifact_type": "DOCKER_IMAGE",
            "description": "",
            "display_name": "poc_sample_app_containerrepo_cd6f",
            "freeform_tags": {},
            "id": "ocid1.devopsdeployartifact.oc1.uk-london-1.amaaaaaawldo33iai7esqzqswnaff7fgcamxwgcvzboamlpy43pdyva23ghq",
            "lifecycle_details": "",
            "project_id": "ocid1.devopsproject.oc1.uk-london-1.amaaaaaawldo33iakmnvfraxpoq5li7krhxxknsrgcgwdeh4e3ntdapyfrfa",
            "state": "ACTIVE",
            "system_tags": {
              "orcl-cloud.free-tier-retained": "true"
            },
            "time_created": "2024-10-15 16:04:48.426 +0000 UTC",
            "time_updated": "2024-10-15 16:04:48.426 +0000 UTC",
            "timeouts": null
          },
          "sensitive_attributes": [],
          "private": "eyJlMmJmYjczMC1lY2FhLTExZTYtOGY4OC0zNDM2M2JjN2M0YzAiOnsiY3JlYXRlIjoxMjAwMDAwMDAwMDAwLCJkZWxldGUiOjEyMDAwMDAwMDAwMDAsInVwZGF0ZSI6MTIwMDAwMDAwMDAwMH19",
          "dependencies": [
            "data.oci_identity_regions.current_region",
            "data.oci_identity_regions.home_region",
            "data.oci_objectstorage_namespace.ns",
            "oci_artifacts_container_repository.test_container_repository",
            "oci_devops_project.test_project",
            "oci_devops_repository.test_repository",
            "oci_identity_tag.ArchitectureCenterTag",
            "oci_identity_tag_namespace.ArchitectureCenterTagNamespace",
            "oci_ons_notification_topic.test_notification_topic",
            "random_id.tag",
            "random_string.deploy_id"
          ]
        }
      ]
    },
    {
      "mode": "managed",
      "type": "oci_devops_deploy_artifact",
      "name": "test_deploy_oke_artifact",
      "provider": "provider[\"registry.terraform.io/oracle/oci\"]",
      "instances": [
        {
          "schema_version": 0,
          "attributes": {
            "argument_substitution_mode": "SUBSTITUTE_PLACEHOLDERS",
            "compartment_id": "ocid1.tenancy.oc1..aaaaaaaay54k6twlomunmgr7g3uyk3wjsq2kainrtdxebcjqzvbxvqediuwa",
            "defined_tags": {
              "ArchitectureCenter\\devops-bluegreen-deploy-oke-cd6f.release": "1.1",
              "Oracle-Tags.CreatedBy": "default/chaitanyasharma04uk@gmail.com",
              "Oracle-Tags.CreatedOn": "2024-10-15T16:04:38.373Z"
            },
            "deploy_artifact_source": [
              {
                "base64encoded_content": "YXBpVmVyc2lvbjogYXBwcy92MQpraW5kOiBEZXBsb3ltZW50Cm1ldGFkYXRhOgogIG5hbWU6IHNhbXBsZS1va2UtYmctYXBwLWRlcGxveW1lbnQKc3BlYzoKICBzZWxlY3RvcjoKICAgIG1hdGNoTGFiZWxzOgogICAgICBhcHA6IHNhbXBsZS1va2UtYmctYXBwCiAgcmVwbGljYXM6IDMKICB0ZW1wbGF0ZToKICAgIG1ldGFkYXRhOgogICAgICBsYWJlbHM6CiAgICAgICAgYXBwOiBzYW1wbGUtb2tlLWJnLWFwcAogICAgc3BlYzoKICAgICAgY29udGFpbmVyczoKICAgICAgICAtIG5hbWU6IHNhbXBsZS1va2UtYmctYXBwCiAgICAgICAgICAjIGVudGVyIHRoZSBwYXRoIHRvIHlvdXIgaW1hZ2UsIGJlIHN1cmUgdG8gaW5jbHVkZSB0aGUgY29ycmVjdCByZWdpb24gcHJlZml4CiAgICAgICAgICBpbWFnZTogbGhyLm9jaXIuaW8vbHJvczJ4Z3RsYTVyL3BvY19zYW1wbGVfYXBwX2NvbnRhaW5lcnJlcG9fY2Q2Zjoke0JVSUxEUlVOX0hBU0h9CiAgICAgICAgICBpbWFnZVB1bGxQb2xpY3k6IEFsd2F5cwogICAgICAgICAgcG9ydHM6CiAgICAgICAgICAgIC0gY29udGFpbmVyUG9ydDogODAKICAgICAgICAgICAgICBwcm90b2NvbDogVENQCiAgICAgICAgICBsaXZlbmVzc1Byb2JlOgogICAgICAgICAgICBleGVjOgogICAgICAgICAgICAgIGNvbW1hbmQ6CiAgICAgICAgICAgICAgLSBjYXQKICAgICAgICAgICAgaW5pdGlhbERlbGF5U2Vjb25kczogNQogICAgICAgICAgICBwZXJpb2RTZWNvbmRzOiA1CiAgICAgICAgICBlbnY6CiAgICAgICAgICAgIC0gbmFtZTogUE9EX05BTUVTUEFDRQogICAgICAgICAgICAgIHZhbHVlRnJvbToKICAgICAgICAgICAgICAgIGZpZWxkUmVmOgogICAgICAgICAgICAgICAgICBmaWVsZFBhdGg6IG1ldGFkYXRhLm5hbWVzcGFjZQoKLS0tCmFwaVZlcnNpb246IHYxCmtpbmQ6IFNlcnZpY2UKbWV0YWRhdGE6CiAgbmFtZTogc2FtcGxlLW9rZS1iZy1hcHAtc2VydmljZQogIGFubm90YXRpb25zOiAKICAgIHNlcnZpY2UuYmV0YS5rdWJlcm5ldGVzLmlvL29jaS1sb2FkLWJhbGFuY2VyLXNoYXBlOiAiMTBNYnBzIgpzcGVjOgogIHR5cGU6IENsdXN0ZXJJUAogIHBvcnRzOgogICAgLSBwb3J0OiA4MDgwCiAgICAgIHByb3RvY29sOiBUQ1AKICAgICAgdGFyZ2V0UG9ydDogODAKICBzZWxlY3RvcjoKICAgIGFwcDogc2FtcGxlLW9rZS1iZy1hcHAKLS0tCmFwaVZlcnNpb246IG5ldHdvcmtpbmcuazhzLmlvL3YxCmtpbmQ6IEluZ3Jlc3MKbWV0YWRhdGE6CiAgbmFtZTogc2FtcGxlLW9rZS1iZy1hcHAtaW5nCiAgYW5ub3RhdGlvbnM6CiAgICBrdWJlcm5ldGVzLmlvL2luZ3Jlc3MuY2xhc3M6ICJuZ2lueCIKc3BlYzoKICAjIHRsczoKICAjIC0gc2VjcmV0TmFtZTogdGxzLXNlY3JldAogIHJ1bGVzOgogIC0gaHR0cDoKICAgICAgcGF0aHM6CiAgICAgICAgLSBwYXRoOiAvCiAgICAgICAgICBwYXRoVHlwZTogUHJlZml4CiAgICAgICAgICBiYWNrZW5kOgogICAgICAgICAgICBzZXJ2aWNlOgogICAgICAgICAgICAgIG5hbWU6IHNhbXBsZS1va2UtYmctYXBwLXNlcnZpY2UKICAgICAgICAgICAgICBwb3J0OgogICAgICAgICAgICAgICAgbnVtYmVyOiA4MDgw",
                "chart_url": "",
                "deploy_artifact_path": "",
                "deploy_artifact_source_type": "INLINE",
                "deploy_artifact_version": "",
                "helm_artifact_source_type": "",
                "helm_verification_key_source": [],
                "image_digest": "",
                "image_uri": "",
                "repository_id": ""
              }
            ],
            "deploy_artifact_type": "KUBERNETES_MANIFEST",
            "description": "",
            "display_name": "devopsdeployartifact20241015160438",
            "freeform_tags": {},
            "id": "ocid1.devopsdeployartifact.oc1.uk-london-1.amaaaaaawldo33iaby4wqnvnher7nwratf7bt7zff24wgzd7eueuuuxn3sfa",
            "lifecycle_details": "",
            "project_id": "ocid1.devopsproject.oc1.uk-london-1.amaaaaaawldo33iakmnvfraxpoq5li7krhxxknsrgcgwdeh4e3ntdapyfrfa",
            "state": "ACTIVE",
            "system_tags": {
              "orcl-cloud.free-tier-retained": "true"
            },
            "time_created": "2024-10-15 16:04:38.936 +0000 UTC",
            "time_updated": "2024-10-15 16:04:38.936 +0000 UTC",
            "timeouts": null
          },
          "sensitive_attributes": [],
          "private": "eyJlMmJmYjczMC1lY2FhLTExZTYtOGY4OC0zNDM2M2JjN2M0YzAiOnsiY3JlYXRlIjoxMjAwMDAwMDAwMDAwLCJkZWxldGUiOjEyMDAwMDAwMDAwMDAsInVwZGF0ZSI6MTIwMDAwMDAwMDAwMH19",
          "dependencies": [
            "data.oci_identity_regions.current_region",
            "data.oci_identity_regions.home_region",
            "data.oci_objectstorage_namespace.ns",
            "data.template_file.oci-oke-deployment",
            "oci_artifacts_container_repository.test_container_repository",
            "oci_devops_project.test_project",
            "oci_identity_tag.ArchitectureCenterTag",
            "oci_identity_tag_namespace.ArchitectureCenterTagNamespace",
            "oci_ons_notification_topic.test_notification_topic",
            "random_id.tag",
            "random_string.deploy_id"
          ]
        }
      ]
    },
    {
      "mode": "managed",
      "type": "oci_devops_deploy_environment",
      "name": "test_environment",
      "provider": "provider[\"registry.terraform.io/oracle/oci\"]",
      "instances": [
        {
          "schema_version": 0,
          "attributes": {
            "cluster_id": "ocid1.cluster.oc1.uk-london-1.aaaaaaaazhngvty6veups7krbfg6xxntteyawdi2gp7lajyx3ckounqlo5yq",
            "compartment_id": "ocid1.tenancy.oc1..aaaaaaaay54k6twlomunmgr7g3uyk3wjsq2kainrtdxebcjqzvbxvqediuwa",
            "compute_instance_group_selectors": null,
            "defined_tags": {
              "ArchitectureCenter\\devops-bluegreen-deploy-oke-cd6f.release": "1.1",
              "Oracle-Tags.CreatedBy": "default/chaitanyasharma04uk@gmail.com",
              "Oracle-Tags.CreatedOn": "2024-10-15T16:14:47.149Z"
            },
            "deploy_environment_type": "OKE_CLUSTER",
            "description": "oke based enviroment",
            "display_name": "oke_environment_cd6f",
            "freeform_tags": {},
            "function_id": null,
            "id": "ocid1.devopsdeployenvironment.oc1.uk-london-1.amaaaaaawldo33iakjfcvtxefvjkd26mj5ukfjwxjqlifbdgpjjr3msvi23q",
            "lifecycle_details": "",
            "network_channel": [],
            "project_id": "ocid1.devopsproject.oc1.uk-london-1.amaaaaaawldo33iakmnvfraxpoq5li7krhxxknsrgcgwdeh4e3ntdapyfrfa",
            "state": "ACTIVE",
            "system_tags": {
              "orcl-cloud.free-tier-retained": "true"
            },
            "time_created": "2024-10-15 16:14:47.315 +0000 UTC",
            "time_updated": "2024-10-15 16:14:47.315 +0000 UTC",
            "timeouts": null
          },
          "sensitive_attributes": [],
          "private": "eyJlMmJmYjczMC1lY2FhLTExZTYtOGY4OC0zNDM2M2JjN2M0YzAiOnsiY3JlYXRlIjoxMjAwMDAwMDAwMDAwLCJkZWxldGUiOjEyMDAwMDAwMDAwMDAsInVwZGF0ZSI6MTIwMDAwMDAwMDAwMH19",
          "dependencies": [
            "data.oci_containerengine_cluster_option.oke",
            "data.oci_core_services.all_services",
            "data.oci_identity_regions.home_region",
            "module.oci-oke.oci_containerengine_cluster.oci_oke_cluster",
            "module.oci-oke.oci_core_subnet.oke_api_endpoint_subnet",
            "module.oci-oke.oci_core_subnet.oke_lb_subnet",
            "module.oci-oke.oci_core_vcn.oke_vcn",
            "oci_core_internet_gateway.oke_internet_gateway",
            "oci_core_nat_gateway.oke_nat_gateway",
            "oci_core_route_table.oke_private_route_table",
            "oci_core_route_table.oke_public_route_table",
            "oci_core_security_list.oke_endpoint_security_list",
            "oci_core_security_list.oke_lb_security_list",
            "oci_core_service_gateway.oke_service_gateway",
            "oci_core_subnet.oke_k8s_endpoint_subnet",
            "oci_core_subnet.oke_lb_subnet",
            "oci_core_virtual_network.oke_vcn",
            "oci_devops_project.test_project",
            "oci_identity_tag.ArchitectureCenterTag",
            "oci_identity_tag_namespace.ArchitectureCenterTagNamespace",
            "oci_ons_notification_topic.test_notification_topic",
            "random_id.tag",
            "random_string.deploy_id"
          ]
        }
      ]
    },
    {
      "mode": "managed",
      "type": "oci_devops_deploy_pipeline",
      "name": "test_deploy_pipeline",
      "provider": "provider[\"registry.terraform.io/oracle/oci\"]",
      "instances": [
        {
          "schema_version": 0,
          "attributes": {
            "compartment_id": "ocid1.tenancy.oc1..aaaaaaaay54k6twlomunmgr7g3uyk3wjsq2kainrtdxebcjqzvbxvqediuwa",
            "defined_tags": {
              "ArchitectureCenter\\devops-bluegreen-deploy-oke-cd6f.release": "1.1",
              "Oracle-Tags.CreatedBy": "default/chaitanyasharma04uk@gmail.com",
              "Oracle-Tags.CreatedOn": "2024-10-15T16:04:38.454Z"
            },
            "deploy_pipeline_artifacts": [
              {
                "items": []
              }
            ],
            "deploy_pipeline_environments": [
              {
                "items": []
              }
            ],
            "deploy_pipeline_parameters": [
              {
                "items": [
                  {
                    "default_value": "example",
                    "description": "exampleapp",
                    "name": "namespace"
                  }
                ]
              }
            ],
            "description": "Devops CI/CD Pipleline demo for OKE with bluegreen",
            "display_name": "devops-oke-pipeline_cd6f",
            "freeform_tags": {},
            "id": "ocid1.devopsdeploypipeline.oc1.uk-london-1.amaaaaaawldo33iakoztmjopxeeu5ju2sj6lne7wang2o3x2wc7kzpztji3q",
            "lifecycle_details": "",
            "project_id": "ocid1.devopsproject.oc1.uk-london-1.amaaaaaawldo33iakmnvfraxpoq5li7krhxxknsrgcgwdeh4e3ntdapyfrfa",
            "state": "ACTIVE",
            "system_tags": {
              "orcl-cloud.free-tier-retained": "true"
            },
            "time_created": "2024-10-15 16:04:39.04 +0000 UTC",
            "time_updated": "2024-10-15 16:04:39.04 +0000 UTC",
            "timeouts": null
          },
          "sensitive_attributes": [],
          "private": "eyJlMmJmYjczMC1lY2FhLTExZTYtOGY4OC0zNDM2M2JjN2M0YzAiOnsiY3JlYXRlIjoxMjAwMDAwMDAwMDAwLCJkZWxldGUiOjEyMDAwMDAwMDAwMDAsInVwZGF0ZSI6MTIwMDAwMDAwMDAwMH19",
          "dependencies": [
            "data.oci_identity_regions.home_region",
            "oci_devops_project.test_project",
            "oci_identity_tag.ArchitectureCenterTag",
            "oci_identity_tag_namespace.ArchitectureCenterTagNamespace",
            "oci_ons_notification_topic.test_notification_topic",
            "random_id.tag",
            "random_string.deploy_id"
          ]
        }
      ]
    },
    {
      "mode": "managed",
      "type": "oci_devops_deploy_stage",
      "name": "oke_depploy_stage",
      "provider": "provider[\"registry.terraform.io/oracle/oci\"]",
      "instances": [
        {
          "schema_version": 0,
          "attributes": {
            "approval_policy": null,
            "are_hooks_enabled": null,
            "blue_backend_ips": null,
            "blue_green_strategy": [
              {
                "ingress_name": "sample-oke-bg-app-ing",
                "namespace_a": "nsgreen",
                "namespace_b": "nsblue",
                "strategy_type": "NGINX_BLUE_GREEN_STRATEGY"
              }
            ],
            "canary_strategy": null,
            "command_spec_deploy_artifact_id": null,
            "compartment_id": "ocid1.tenancy.oc1..aaaaaaaay54k6twlomunmgr7g3uyk3wjsq2kainrtdxebcjqzvbxvqediuwa",
            "compute_instance_group_blue_green_deployment_deploy_stage_id": null,
            "compute_instance_group_canary_deploy_stage_id": null,
            "compute_instance_group_canary_traffic_shift_deploy_stage_id": null,
            "compute_instance_group_deploy_environment_id": null,
            "config": null,
            "container_config": null,
            "defined_tags": {
              "ArchitectureCenter\\devops-bluegreen-deploy-oke-cd6f.release": "1.1",
              "Oracle-Tags.CreatedBy": "default/chaitanyasharma04uk@gmail.com",
              "Oracle-Tags.CreatedOn": "2024-10-15T16:14:47.723Z"
            },
            "deploy_artifact_id": null,
            "deploy_artifact_ids": null,
            "deploy_environment_id_a": null,
            "deploy_environment_id_b": null,
            "deploy_pipeline_id": "ocid1.devopsdeploypipeline.oc1.uk-london-1.amaaaaaawldo33iakoztmjopxeeu5ju2sj6lne7wang2o3x2wc7kzpztji3q",
            "deploy_stage_predecessor_collection": [
              {
                "items": [
                  {
                    "id": "ocid1.devopsdeploypipeline.oc1.uk-london-1.amaaaaaawldo33iakoztmjopxeeu5ju2sj6lne7wang2o3x2wc7kzpztji3q"
                  }
                ]
              }
            ],
            "deploy_stage_type": "OKE_BLUE_GREEN_DEPLOYMENT",
            "deployment_spec_deploy_artifact_id": null,
            "description": "Deploy to OKE",
            "display_name": "deploy_to_oke",
            "docker_image_deploy_artifact_id": null,
            "failure_policy": null,
            "freeform_tags": {},
            "function_deploy_environment_id": null,
            "function_timeout_in_seconds": null,
            "green_backend_ips": null,
            "helm_chart_deploy_artifact_id": null,
            "helm_command_artifact_ids": null,
            "id": "ocid1.devopsdeploystage.oc1.uk-london-1.amaaaaaawldo33iay3ywt6fltrm2liqarsmvdn6ybchl52fkv2ajtlnmskjq",
            "is_async": null,
            "is_debug_enabled": null,
            "is_force_enabled": null,
            "is_uninstall_on_stage_delete": null,
            "is_validation_enabled": null,
            "kubernetes_manifest_deploy_artifact_ids": [
              "ocid1.devopsdeployartifact.oc1.uk-london-1.amaaaaaawldo33iaby4wqnvnher7nwratf7bt7zff24wgzd7eueuuuxn3sfa"
            ],
            "lifecycle_details": "",
            "load_balancer_config": null,
            "max_history": null,
            "max_memory_in_mbs": null,
            "namespace": null,
            "oke_blue_green_deploy_stage_id": null,
            "oke_canary_deploy_stage_id": null,
            "oke_canary_traffic_shift_deploy_stage_id": null,
            "oke_cluster_deploy_environment_id": "ocid1.devopsdeployenvironment.oc1.uk-london-1.amaaaaaawldo33iakjfcvtxefvjkd26mj5ukfjwxjqlifbdgpjjr3msvi23q",
            "production_load_balancer_config": null,
            "project_id": "ocid1.devopsproject.oc1.uk-london-1.amaaaaaawldo33iakmnvfraxpoq5li7krhxxknsrgcgwdeh4e3ntdapyfrfa",
            "purpose": null,
            "release_name": null,
            "rollback_policy": null,
            "rollout_policy": null,
            "set_string": null,
            "set_values": null,
            "should_cleanup_on_fail": null,
            "should_not_wait": null,
            "should_reset_values": null,
            "should_reuse_values": null,
            "should_skip_crds": null,
            "should_skip_render_subchart_notes": null,
            "state": "ACTIVE",
            "system_tags": {
              "orcl-cloud.free-tier-retained": "true"
            },
            "test_load_balancer_config": null,
            "time_created": "2024-10-15 16:14:47.902 +0000 UTC",
            "time_updated": "2024-10-15 16:14:47.902 +0000 UTC",
            "timeout_in_seconds": null,
            "timeouts": null,
            "traffic_shift_target": null,
            "values_artifact_ids": null,
            "wait_criteria": null
          },
          "sensitive_attributes": [],
          "private": "eyJlMmJmYjczMC1lY2FhLTExZTYtOGY4OC0zNDM2M2JjN2M0YzAiOnsiY3JlYXRlIjoxMjAwMDAwMDAwMDAwLCJkZWxldGUiOjEyMDAwMDAwMDAwMDAsInVwZGF0ZSI6MTIwMDAwMDAwMDAwMH19",
          "dependencies": [
            "data.oci_containerengine_cluster_option.oke",
            "data.oci_core_services.all_services",
            "data.oci_identity_regions.current_region",
            "data.oci_identity_regions.home_region",
            "data.oci_objectstorage_namespace.ns",
            "data.template_file.oci-oke-deployment",
            "module.oci-oke.oci_containerengine_cluster.oci_oke_cluster",
            "module.oci-oke.oci_core_subnet.oke_api_endpoint_subnet",
            "module.oci-oke.oci_core_subnet.oke_lb_subnet",
            "module.oci-oke.oci_core_vcn.oke_vcn",
            "oci_artifacts_container_repository.test_container_repository",
            "oci_core_internet_gateway.oke_internet_gateway",
            "oci_core_nat_gateway.oke_nat_gateway",
            "oci_core_route_table.oke_private_route_table",
            "oci_core_route_table.oke_public_route_table",
            "oci_core_security_list.oke_endpoint_security_list",
            "oci_core_security_list.oke_lb_security_list",
            "oci_core_service_gateway.oke_service_gateway",
            "oci_core_subnet.oke_k8s_endpoint_subnet",
            "oci_core_subnet.oke_lb_subnet",
            "oci_core_virtual_network.oke_vcn",
            "oci_devops_deploy_artifact.test_deploy_oke_artifact",
            "oci_devops_deploy_environment.test_environment",
            "oci_devops_deploy_pipeline.test_deploy_pipeline",
            "oci_devops_project.test_project",
            "oci_identity_tag.ArchitectureCenterTag",
            "oci_identity_tag_namespace.ArchitectureCenterTagNamespace",
            "oci_ons_notification_topic.test_notification_topic",
            "random_id.tag",
            "random_string.deploy_id"
          ]
        }
      ]
    },
    {
      "mode": "managed",
      "type": "oci_devops_deploy_stage",
      "name": "production_oke_traffic_shift",
      "provider": "provider[\"registry.terraform.io/oracle/oci\"]",
      "instances": [
        {
          "schema_version": 0,
          "attributes": {
            "approval_policy": null,
            "are_hooks_enabled": null,
            "blue_backend_ips": null,
            "blue_green_strategy": null,
            "canary_strategy": null,
            "command_spec_deploy_artifact_id": null,
            "compartment_id": "ocid1.tenancy.oc1..aaaaaaaay54k6twlomunmgr7g3uyk3wjsq2kainrtdxebcjqzvbxvqediuwa",
            "compute_instance_group_blue_green_deployment_deploy_stage_id": null,
            "compute_instance_group_canary_deploy_stage_id": null,
            "compute_instance_group_canary_traffic_shift_deploy_stage_id": null,
            "compute_instance_group_deploy_environment_id": null,
            "config": null,
            "container_config": null,
            "defined_tags": {
              "ArchitectureCenter\\devops-bluegreen-deploy-oke-cd6f.release": "1.1",
              "Oracle-Tags.CreatedBy": "default/chaitanyasharma04uk@gmail.com",
              "Oracle-Tags.CreatedOn": "2024-10-15T16:15:15.603Z"
            },
            "deploy_artifact_id": null,
            "deploy_artifact_ids": null,
            "deploy_environment_id_a": null,
            "deploy_environment_id_b": null,
            "deploy_pipeline_id": "ocid1.devopsdeploypipeline.oc1.uk-london-1.amaaaaaawldo33iakoztmjopxeeu5ju2sj6lne7wang2o3x2wc7kzpztji3q",
            "deploy_stage_predecessor_collection": [
              {
                "items": [
                  {
                    "id": "ocid1.devopsdeploystage.oc1.uk-london-1.amaaaaaawldo33iapqoljufixgzh35veulck4qsl5jr27mljq425nb6nipvq"
                  }
                ]
              }
            ],
            "deploy_stage_type": "OKE_BLUE_GREEN_TRAFFIC_SHIFT",
            "deployment_spec_deploy_artifact_id": null,
            "description": "switch the traffic between OKE environment",
            "display_name": "blue_green_oke_traffic_shift",
            "docker_image_deploy_artifact_id": null,
            "failure_policy": null,
            "freeform_tags": {},
            "function_deploy_environment_id": null,
            "function_timeout_in_seconds": null,
            "green_backend_ips": null,
            "helm_chart_deploy_artifact_id": null,
            "helm_command_artifact_ids": null,
            "id": "ocid1.devopsdeploystage.oc1.uk-london-1.amaaaaaawldo33ia3ssrn7l7i55iypsf3lbcddgsbbwqralzlwv6ffqqkwja",
            "is_async": null,
            "is_debug_enabled": null,
            "is_force_enabled": null,
            "is_uninstall_on_stage_delete": null,
            "is_validation_enabled": null,
            "kubernetes_manifest_deploy_artifact_ids": null,
            "lifecycle_details": "",
            "load_balancer_config": null,
            "max_history": null,
            "max_memory_in_mbs": null,
            "namespace": null,
            "oke_blue_green_deploy_stage_id": "ocid1.devopsdeploystage.oc1.uk-london-1.amaaaaaawldo33iay3ywt6fltrm2liqarsmvdn6ybchl52fkv2ajtlnmskjq",
            "oke_canary_deploy_stage_id": null,
            "oke_canary_traffic_shift_deploy_stage_id": null,
            "oke_cluster_deploy_environment_id": null,
            "production_load_balancer_config": null,
            "project_id": "ocid1.devopsproject.oc1.uk-london-1.amaaaaaawldo33iakmnvfraxpoq5li7krhxxknsrgcgwdeh4e3ntdapyfrfa",
            "purpose": null,
            "release_name": null,
            "rollback_policy": null,
            "rollout_policy": null,
            "set_string": null,
            "set_values": null,
            "should_cleanup_on_fail": null,
            "should_not_wait": null,
            "should_reset_values": null,
            "should_reuse_values": null,
            "should_skip_crds": null,
            "should_skip_render_subchart_notes": null,
            "state": "ACTIVE",
            "system_tags": {
              "orcl-cloud.free-tier-retained": "true"
            },
            "test_load_balancer_config": null,
            "time_created": "2024-10-15 16:15:15.802 +0000 UTC",
            "time_updated": "2024-10-15 16:15:15.802 +0000 UTC",
            "timeout_in_seconds": null,
            "timeouts": null,
            "traffic_shift_target": null,
            "values_artifact_ids": null,
            "wait_criteria": null
          },
          "sensitive_attributes": [],
          "private": "eyJlMmJmYjczMC1lY2FhLTExZTYtOGY4OC0zNDM2M2JjN2M0YzAiOnsiY3JlYXRlIjoxMjAwMDAwMDAwMDAwLCJkZWxldGUiOjEyMDAwMDAwMDAwMDAsInVwZGF0ZSI6MTIwMDAwMDAwMDAwMH19",
          "dependencies": [
            "data.oci_containerengine_cluster_option.oke",
            "data.oci_core_services.all_services",
            "data.oci_identity_regions.current_region",
            "data.oci_identity_regions.home_region",
            "data.oci_objectstorage_namespace.ns",
            "data.template_file.oci-oke-deployment",
            "module.oci-oke.oci_containerengine_cluster.oci_oke_cluster",
            "module.oci-oke.oci_core_subnet.oke_api_endpoint_subnet",
            "module.oci-oke.oci_core_subnet.oke_lb_subnet",
            "module.oci-oke.oci_core_vcn.oke_vcn",
            "oci_artifacts_container_repository.test_container_repository",
            "oci_core_internet_gateway.oke_internet_gateway",
            "oci_core_nat_gateway.oke_nat_gateway",
            "oci_core_route_table.oke_private_route_table",
            "oci_core_route_table.oke_public_route_table",
            "oci_core_security_list.oke_endpoint_security_list",
            "oci_core_security_list.oke_lb_security_list",
            "oci_core_service_gateway.oke_service_gateway",
            "oci_core_subnet.oke_k8s_endpoint_subnet",
            "oci_core_subnet.oke_lb_subnet",
            "oci_core_virtual_network.oke_vcn",
            "oci_devops_deploy_artifact.test_deploy_oke_artifact",
            "oci_devops_deploy_environment.test_environment",
            "oci_devops_deploy_pipeline.test_deploy_pipeline",
            "oci_devops_deploy_stage.oke_depploy_stage",
            "oci_devops_deploy_stage.production_release_approval",
            "oci_devops_project.test_project",
            "oci_identity_tag.ArchitectureCenterTag",
            "oci_identity_tag_namespace.ArchitectureCenterTagNamespace",
            "oci_ons_notification_topic.test_notification_topic",
            "random_id.tag",
            "random_string.deploy_id"
          ]
        }
      ]
    },
    {
      "mode": "managed",
      "type": "oci_devops_deploy_stage",
      "name": "production_release_approval",
      "provider": "provider[\"registry.terraform.io/oracle/oci\"]",
      "instances": [
        {
          "schema_version": 0,
          "attributes": {
            "approval_policy": [
              {
                "approval_policy_type": "COUNT_BASED_APPROVAL",
                "number_of_approvals_required": 1
              }
            ],
            "are_hooks_enabled": null,
            "blue_backend_ips": null,
            "blue_green_strategy": null,
            "canary_strategy": null,
            "command_spec_deploy_artifact_id": null,
            "compartment_id": "ocid1.tenancy.oc1..aaaaaaaay54k6twlomunmgr7g3uyk3wjsq2kainrtdxebcjqzvbxvqediuwa",
            "compute_instance_group_blue_green_deployment_deploy_stage_id": null,
            "compute_instance_group_canary_deploy_stage_id": null,
            "compute_instance_group_canary_traffic_shift_deploy_stage_id": null,
            "compute_instance_group_deploy_environment_id": null,
            "config": null,
            "container_config": null,
            "defined_tags": {
              "ArchitectureCenter\\devops-bluegreen-deploy-oke-cd6f.release": "1.1",
              "Oracle-Tags.CreatedBy": "default/chaitanyasharma04uk@gmail.com",
              "Oracle-Tags.CreatedOn": "2024-10-15T16:14:58.107Z"
            },
            "deploy_artifact_id": null,
            "deploy_artifact_ids": null,
            "deploy_environment_id_a": null,
            "deploy_environment_id_b": null,
            "deploy_pipeline_id": "ocid1.devopsdeploypipeline.oc1.uk-london-1.amaaaaaawldo33iakoztmjopxeeu5ju2sj6lne7wang2o3x2wc7kzpztji3q",
            "deploy_stage_predecessor_collection": [
              {
                "items": [
                  {
                    "id": "ocid1.devopsdeploystage.oc1.uk-london-1.amaaaaaawldo33iay3ywt6fltrm2liqarsmvdn6ybchl52fkv2ajtlnmskjq"
                  }
                ]
              }
            ],
            "deploy_stage_type": "MANUAL_APPROVAL",
            "deployment_spec_deploy_artifact_id": null,
            "description": "Approval for production switch",
            "display_name": "approval_for_production_switch",
            "docker_image_deploy_artifact_id": null,
            "failure_policy": null,
            "freeform_tags": {},
            "function_deploy_environment_id": null,
            "function_timeout_in_seconds": null,
            "green_backend_ips": null,
            "helm_chart_deploy_artifact_id": null,
            "helm_command_artifact_ids": null,
            "id": "ocid1.devopsdeploystage.oc1.uk-london-1.amaaaaaawldo33iapqoljufixgzh35veulck4qsl5jr27mljq425nb6nipvq",
            "is_async": null,
            "is_debug_enabled": null,
            "is_force_enabled": null,
            "is_uninstall_on_stage_delete": null,
            "is_validation_enabled": null,
            "kubernetes_manifest_deploy_artifact_ids": null,
            "lifecycle_details": "",
            "load_balancer_config": null,
            "max_history": null,
            "max_memory_in_mbs": null,
            "namespace": null,
            "oke_blue_green_deploy_stage_id": null,
            "oke_canary_deploy_stage_id": null,
            "oke_canary_traffic_shift_deploy_stage_id": null,
            "oke_cluster_deploy_environment_id": null,
            "production_load_balancer_config": null,
            "project_id": "ocid1.devopsproject.oc1.uk-london-1.amaaaaaawldo33iakmnvfraxpoq5li7krhxxknsrgcgwdeh4e3ntdapyfrfa",
            "purpose": null,
            "release_name": null,
            "rollback_policy": null,
            "rollout_policy": null,
            "set_string": null,
            "set_values": null,
            "should_cleanup_on_fail": null,
            "should_not_wait": null,
            "should_reset_values": null,
            "should_reuse_values": null,
            "should_skip_crds": null,
            "should_skip_render_subchart_notes": null,
            "state": "ACTIVE",
            "system_tags": {
              "orcl-cloud.free-tier-retained": "true"
            },
            "test_load_balancer_config": null,
            "time_created": "2024-10-15 16:14:58.387 +0000 UTC",
            "time_updated": "2024-10-15 16:14:58.387 +0000 UTC",
            "timeout_in_seconds": null,
            "timeouts": null,
            "traffic_shift_target": null,
            "values_artifact_ids": null,
            "wait_criteria": null
          },
          "sensitive_attributes": [],
          "private": "eyJlMmJmYjczMC1lY2FhLTExZTYtOGY4OC0zNDM2M2JjN2M0YzAiOnsiY3JlYXRlIjoxMjAwMDAwMDAwMDAwLCJkZWxldGUiOjEyMDAwMDAwMDAwMDAsInVwZGF0ZSI6MTIwMDAwMDAwMDAwMH19",
          "dependencies": [
            "data.oci_containerengine_cluster_option.oke",
            "data.oci_core_services.all_services",
            "data.oci_identity_regions.current_region",
            "data.oci_identity_regions.home_region",
            "data.oci_objectstorage_namespace.ns",
            "data.template_file.oci-oke-deployment",
            "module.oci-oke.oci_containerengine_cluster.oci_oke_cluster",
            "module.oci-oke.oci_core_subnet.oke_api_endpoint_subnet",
            "module.oci-oke.oci_core_subnet.oke_lb_subnet",
            "module.oci-oke.oci_core_vcn.oke_vcn",
            "oci_artifacts_container_repository.test_container_repository",
            "oci_core_internet_gateway.oke_internet_gateway",
            "oci_core_nat_gateway.oke_nat_gateway",
            "oci_core_route_table.oke_private_route_table",
            "oci_core_route_table.oke_public_route_table",
            "oci_core_security_list.oke_endpoint_security_list",
            "oci_core_security_list.oke_lb_security_list",
            "oci_core_service_gateway.oke_service_gateway",
            "oci_core_subnet.oke_k8s_endpoint_subnet",
            "oci_core_subnet.oke_lb_subnet",
            "oci_core_virtual_network.oke_vcn",
            "oci_devops_deploy_artifact.test_deploy_oke_artifact",
            "oci_devops_deploy_environment.test_environment",
            "oci_devops_deploy_pipeline.test_deploy_pipeline",
            "oci_devops_deploy_stage.oke_depploy_stage",
            "oci_devops_project.test_project",
            "oci_identity_tag.ArchitectureCenterTag",
            "oci_identity_tag_namespace.ArchitectureCenterTagNamespace",
            "oci_ons_notification_topic.test_notification_topic",
            "random_id.tag",
            "random_string.deploy_id"
          ]
        }
      ]
    },
    {
      "mode": "managed",
      "type": "oci_devops_project",
      "name": "test_project",
      "provider": "provider[\"registry.terraform.io/oracle/oci\"]",
      "instances": [
        {
          "schema_version": 0,
          "attributes": {
            "compartment_id": "ocid1.tenancy.oc1..aaaaaaaay54k6twlomunmgr7g3uyk3wjsq2kainrtdxebcjqzvbxvqediuwa",
            "defined_tags": {
              "ArchitectureCenter\\devops-bluegreen-deploy-oke-cd6f.release": "1.1",
              "Oracle-Tags.CreatedBy": "default/chaitanyasharma04uk@gmail.com",
              "Oracle-Tags.CreatedOn": "2024-10-15T16:04:37.324Z"
            },
            "description": "DevOps CI/CD Sample Project for OKE BlueGreen Deployment",
            "freeform_tags": {},
            "id": "ocid1.devopsproject.oc1.uk-london-1.amaaaaaawldo33iakmnvfraxpoq5li7krhxxknsrgcgwdeh4e3ntdapyfrfa",
            "lifecycle_details": "",
            "name": "poc_sample_app_devopsproject_vCRm",
            "namespace": "lros2xgtla5r",
            "notification_config": [
              {
                "topic_id": "ocid1.onstopic.oc1.uk-london-1.amaaaaaawldo33ialniozed55nqqshyjvdo6qjdpwmf7zjxppu43n5ncku5q"
              }
            ],
            "state": "ACTIVE",
            "system_tags": {
              "orcl-cloud.free-tier-retained": "true"
            },
            "time_created": "2024-10-15 16:04:37.643 +0000 UTC",
            "time_updated": "2024-10-15 16:04:37.643 +0000 UTC",
            "timeouts": null
          },
          "sensitive_attributes": [],
          "private": "eyJlMmJmYjczMC1lY2FhLTExZTYtOGY4OC0zNDM2M2JjN2M0YzAiOnsiY3JlYXRlIjoxMjAwMDAwMDAwMDAwLCJkZWxldGUiOjEyMDAwMDAwMDAwMDAsInVwZGF0ZSI6MTIwMDAwMDAwMDAwMH19",
          "dependencies": [
            "data.oci_identity_regions.home_region",
            "oci_identity_tag.ArchitectureCenterTag",
            "oci_identity_tag_namespace.ArchitectureCenterTagNamespace",
            "oci_ons_notification_topic.test_notification_topic",
            "random_id.tag",
            "random_string.deploy_id"
          ]
        }
      ]
    },
    {
      "mode": "managed",
      "type": "oci_devops_repository",
      "name": "test_repository",
      "provider": "provider[\"registry.terraform.io/oracle/oci\"]",
      "instances": [
        {
          "schema_version": 0,
          "attributes": {
            "branch_count": 0,
            "commit_count": 0,
            "compartment_id": "ocid1.tenancy.oc1..aaaaaaaay54k6twlomunmgr7g3uyk3wjsq2kainrtdxebcjqzvbxvqediuwa",
            "default_branch": "refs/heads/main",
            "defined_tags": {
              "Oracle-Tags.CreatedBy": "default/chaitanyasharma04uk@gmail.com",
              "Oracle-Tags.CreatedOn": "2024-10-15T16:04:38.330Z"
            },
            "description": "OCI Devops blue green sample application",
            "freeform_tags": {},
            "http_url": "https://devops.scmservice.uk-london-1.oci.oraclecloud.com/namespaces/lros2xgtla5r/projects/poc_sample_app_devopsproject_vCRm/repositories/oci_devops_oke_bluegreen_sample",
            "id": "ocid1.devopsrepository.oc1.uk-london-1.amaaaaaawldo33ia2sty45mrotldztyl3byhfjrxgd4izmzimwmyoybxf7nq",
            "lifecyle_details": "",
            "mirror_repository_config": [],
            "name": "oci_devops_oke_bluegreen_sample",
            "namespace": "lros2xgtla5r",
            "parent_repository_id": "",
            "project_id": "ocid1.devopsproject.oc1.uk-london-1.amaaaaaawldo33iakmnvfraxpoq5li7krhxxknsrgcgwdeh4e3ntdapyfrfa",
            "project_name": "poc_sample_app_devopsproject_vCRm",
            "repository_type": "HOSTED",
            "size_in_bytes": "0",
            "ssh_url": "ssh://devops.scmservice.uk-london-1.oci.oraclecloud.com/namespaces/lros2xgtla5r/projects/poc_sample_app_devopsproject_vCRm/repositories/oci_devops_oke_bluegreen_sample",
            "state": "ACTIVE",
            "system_tags": {},
            "time_created": "2024-10-15 16:04:38.671 +0000 UTC",
            "time_updated": "2024-10-15 16:04:38.671 +0000 UTC",
            "timeouts": null,
            "trigger_build_events": [
              "PUSH"
            ]
          },
          "sensitive_attributes": [],
          "private": "eyJlMmJmYjczMC1lY2FhLTExZTYtOGY4OC0zNDM2M2JjN2M0YzAiOnsiY3JlYXRlIjoxMjAwMDAwMDAwMDAwLCJkZWxldGUiOjEyMDAwMDAwMDAwMDAsInVwZGF0ZSI6MTIwMDAwMDAwMDAwMH19",
          "dependencies": [
            "data.oci_identity_regions.home_region",
            "oci_devops_project.test_project",
            "oci_identity_tag.ArchitectureCenterTag",
            "oci_identity_tag_namespace.ArchitectureCenterTagNamespace",
            "oci_ons_notification_topic.test_notification_topic",
            "random_id.tag",
            "random_string.deploy_id"
          ]
        }
      ]
    },
    {
      "mode": "managed",
      "type": "oci_identity_dynamic_group",
      "name": "devopsgroup1",
      "provider": "provider[\"registry.terraform.io/oracle/oci\"].home_region",
      "instances": [
        {
          "schema_version": 0,
          "attributes": {
            "compartment_id": "ocid1.tenancy.oc1..aaaaaaaay54k6twlomunmgr7g3uyk3wjsq2kainrtdxebcjqzvbxvqediuwa",
            "defined_tags": {
              "Oracle-Tags.CreatedBy": "default/chaitanyasharma04uk@gmail.com",
              "Oracle-Tags.CreatedOn": "2024-10-15T16:02:25.658Z"
            },
            "description": "DevOps deploy pipeline dynamic group",
            "freeform_tags": {},
            "id": "ocid1.dynamicgroup.oc1..aaaaaaaafbif5zbwgkgbhgvb7xtd4xsauopieeolcp4n7nyqxwduj4g5e3lq",
            "inactive_state": null,
            "matching_rule": "ALL {resource.type = 'devopsdeploypipeline', resource.compartment.id = 'ocid1.tenancy.oc1..aaaaaaaay54k6twlomunmgr7g3uyk3wjsq2kainrtdxebcjqzvbxvqediuwa'}",
            "name": "devopsdyngroup-cd6f",
            "state": "ACTIVE",
            "time_created": "2024-10-15 16:02:25.962 +0000 UTC",
            "timeouts": null
          },
          "sensitive_attributes": [],
          "private": "eyJlMmJmYjczMC1lY2FhLTExZTYtOGY4OC0zNDM2M2JjN2M0YzAiOnsiY3JlYXRlIjoxMjAwMDAwMDAwMDAwLCJkZWxldGUiOjEyMDAwMDAwMDAwMDAsInVwZGF0ZSI6MTIwMDAwMDAwMDAwMH19",
          "dependencies": [
            "data.oci_identity_regions.home_region",
            "random_id.tag"
          ]
        }
      ]
    },
    {
      "mode": "managed",
      "type": "oci_identity_dynamic_group",
      "name": "devopsgroup2",
      "provider": "provider[\"registry.terraform.io/oracle/oci\"].home_region",
      "instances": [
        {
          "schema_version": 0,
          "attributes": {
            "compartment_id": "ocid1.tenancy.oc1..aaaaaaaay54k6twlomunmgr7g3uyk3wjsq2kainrtdxebcjqzvbxvqediuwa",
            "defined_tags": {
              "Oracle-Tags.CreatedBy": "default/chaitanyasharma04uk@gmail.com",
              "Oracle-Tags.CreatedOn": "2024-10-15T16:02:25.616Z"
            },
            "description": "DevOps code repository dynamic group",
            "freeform_tags": {},
            "id": "ocid1.dynamicgroup.oc1..aaaaaaaamaq7wp63gtwlx2fbqfwebjxoh2mewhplqbmeugvctivrbwvo4a6a",
            "inactive_state": null,
            "matching_rule": "ALL {resource.type = 'devopsrepository'}",
            "name": "CodeReposDynamicGroup-cd6f",
            "state": "ACTIVE",
            "time_created": "2024-10-15 16:02:26.07 +0000 UTC",
            "timeouts": null
          },
          "sensitive_attributes": [],
          "private": "eyJlMmJmYjczMC1lY2FhLTExZTYtOGY4OC0zNDM2M2JjN2M0YzAiOnsiY3JlYXRlIjoxMjAwMDAwMDAwMDAwLCJkZWxldGUiOjEyMDAwMDAwMDAwMDAsInVwZGF0ZSI6MTIwMDAwMDAwMDAwMH19",
          "dependencies": [
            "data.oci_identity_regions.home_region",
            "random_id.tag"
          ]
        }
      ]
    },
    {
      "mode": "managed",
      "type": "oci_identity_dynamic_group",
      "name": "devopsgroup3",
      "provider": "provider[\"registry.terraform.io/oracle/oci\"].home_region",
      "instances": [
        {
          "schema_version": 0,
          "attributes": {
            "compartment_id": "ocid1.tenancy.oc1..aaaaaaaay54k6twlomunmgr7g3uyk3wjsq2kainrtdxebcjqzvbxvqediuwa",
            "defined_tags": {
              "Oracle-Tags.CreatedBy": "default/chaitanyasharma04uk@gmail.com",
              "Oracle-Tags.CreatedOn": "2024-10-15T16:02:25.625Z"
            },
            "description": "DevOps repository build pipeline dynamic group",
            "freeform_tags": {},
            "id": "ocid1.dynamicgroup.oc1..aaaaaaaagx24wja4aj7w2ude55vkiwt3nv4f6uebjb2evbtqjpkuvpo6ir7a",
            "inactive_state": null,
            "matching_rule": "ALL {resource.type = 'devopsbuildpipeline'}",
            "name": "MyDynamicGroup-cd6f",
            "state": "ACTIVE",
            "time_created": "2024-10-15 16:02:25.843 +0000 UTC",
            "timeouts": null
          },
          "sensitive_attributes": [],
          "private": "eyJlMmJmYjczMC1lY2FhLTExZTYtOGY4OC0zNDM2M2JjN2M0YzAiOnsiY3JlYXRlIjoxMjAwMDAwMDAwMDAwLCJkZWxldGUiOjEyMDAwMDAwMDAwMDAsInVwZGF0ZSI6MTIwMDAwMDAwMDAwMH19",
          "dependencies": [
            "data.oci_identity_regions.home_region",
            "random_id.tag"
          ]
        }
      ]
    },
    {
      "mode": "managed",
      "type": "oci_identity_dynamic_group",
      "name": "oke_nodes_dg",
      "provider": "provider[\"registry.terraform.io/oracle/oci\"].home_region",
      "instances": [
        {
          "index_key": 0,
          "schema_version": 0,
          "attributes": {
            "compartment_id": "ocid1.tenancy.oc1..aaaaaaaay54k6twlomunmgr7g3uyk3wjsq2kainrtdxebcjqzvbxvqediuwa",
            "defined_tags": {
              "Oracle-Tags.CreatedBy": "default/chaitanyasharma04uk@gmail.com",
              "Oracle-Tags.CreatedOn": "2024-10-15T16:02:25.625Z"
            },
            "description": "Cluster Dynamic Group",
            "freeform_tags": {},
            "id": "ocid1.dynamicgroup.oc1..aaaaaaaajqxfasqblb6zsyst4f4jk7ohneplwnrxejdhn7ibc3o5hlurghpa",
            "inactive_state": null,
            "matching_rule": "ANY {ALL {instance.compartment.id = 'ocid1.tenancy.oc1..aaaaaaaay54k6twlomunmgr7g3uyk3wjsq2kainrtdxebcjqzvbxvqediuwa'},ALL {resource.type = 'cluster', resource.compartment.id = 'ocid1.tenancy.oc1..aaaaaaaay54k6twlomunmgr7g3uyk3wjsq2kainrtdxebcjqzvbxvqediuwa'}}",
            "name": "oke-cluster-dg-vCRm",
            "state": "ACTIVE",
            "time_created": "2024-10-15 16:02:25.734 +0000 UTC",
            "timeouts": null
          },
          "sensitive_attributes": [],
          "private": "eyJlMmJmYjczMC1lY2FhLTExZTYtOGY4OC0zNDM2M2JjN2M0YzAiOnsiY3JlYXRlIjoxMjAwMDAwMDAwMDAwLCJkZWxldGUiOjEyMDAwMDAwMDAwMDAsInVwZGF0ZSI6MTIwMDAwMDAwMDAwMH19",
          "dependencies": [
            "data.oci_identity_regions.home_region",
            "random_string.deploy_id"
          ]
        }
      ]
    },
    {
      "mode": "managed",
      "type": "oci_identity_policy",
      "name": "devopspolicy",
      "provider": "provider[\"registry.terraform.io/oracle/oci\"].home_region",
      "instances": [
        {
          "schema_version": 0,
          "attributes": {
            "ETag": "1add59cb71bbb4cbf5b67c5d00cff21b69efedc7",
            "compartment_id": "ocid1.tenancy.oc1..aaaaaaaay54k6twlomunmgr7g3uyk3wjsq2kainrtdxebcjqzvbxvqediuwa",
            "defined_tags": {
              "Oracle-Tags.CreatedBy": "default/chaitanyasharma04uk@gmail.com",
              "Oracle-Tags.CreatedOn": "2024-10-15T16:02:26.515Z"
            },
            "description": "policy created for devops",
            "freeform_tags": {},
            "id": "ocid1.policy.oc1..aaaaaaaay5rw5cbc6jxzf6n5ce25tlz4xmfo7ed4xwhdq77sdhn5y4l6ntda",
            "inactive_state": null,
            "lastUpdateETag": "1add59cb71bbb4cbf5b67c5d00cff21b69efedc7",
            "name": "devops-policies-cd6f",
            "policyHash": "b142a33252cc4122c83af41980f687d9",
            "state": "ACTIVE",
            "statements": [
              "Allow group Administrators to manage devops-family in compartment id ocid1.tenancy.oc1..aaaaaaaay54k6twlomunmgr7g3uyk3wjsq2kainrtdxebcjqzvbxvqediuwa",
              "Allow group Administrators to manage all-artifacts in compartment id ocid1.tenancy.oc1..aaaaaaaay54k6twlomunmgr7g3uyk3wjsq2kainrtdxebcjqzvbxvqediuwa",
              "Allow dynamic-group devopsdyngroup-cd6f to manage all-resources in compartment id ocid1.tenancy.oc1..aaaaaaaay54k6twlomunmgr7g3uyk3wjsq2kainrtdxebcjqzvbxvqediuwa"
            ],
            "time_created": "2024-10-15 16:02:26.763 +0000 UTC",
            "timeouts": null,
            "version_date": null
          },
          "sensitive_attributes": [],
          "private": "eyJlMmJmYjczMC1lY2FhLTExZTYtOGY4OC0zNDM2M2JjN2M0YzAiOnsiY3JlYXRlIjoxMjAwMDAwMDAwMDAwLCJkZWxldGUiOjEyMDAwMDAwMDAwMDAsInVwZGF0ZSI6MTIwMDAwMDAwMDAwMH19",
          "dependencies": [
            "data.oci_identity_regions.home_region",
            "oci_identity_dynamic_group.devopsgroup1",
            "random_id.tag"
          ]
        }
      ]
    },
    {
      "mode": "managed",
      "type": "oci_identity_policy",
      "name": "devopsrootpolicy",
      "provider": "provider[\"registry.terraform.io/oracle/oci\"].home_region",
      "instances": [
        {
          "schema_version": 0,
          "attributes": {
            "ETag": "fdcb60e74eb3fbc9092d21a1cfcfcf62409b9599",
            "compartment_id": "ocid1.tenancy.oc1..aaaaaaaay54k6twlomunmgr7g3uyk3wjsq2kainrtdxebcjqzvbxvqediuwa",
            "defined_tags": {
              "Oracle-Tags.CreatedBy": "default/chaitanyasharma04uk@gmail.com",
              "Oracle-Tags.CreatedOn": "2024-10-15T16:02:26.573Z"
            },
            "description": "policy created for root compartment",
            "freeform_tags": {},
            "id": "ocid1.policy.oc1..aaaaaaaaviyjr356n6mlsgnuotexrpdnak4jrsv7ftrq3et6cqlsj2qz6riq",
            "inactive_state": null,
            "lastUpdateETag": "fdcb60e74eb3fbc9092d21a1cfcfcf62409b9599",
            "name": "devops-root-policies-cd6f",
            "policyHash": "8578671bd5b87e4861f04002351fea75",
            "state": "ACTIVE",
            "statements": [
              "Allow dynamic-group CodeReposDynamicGroup-cd6f to manage all-resources in tenancy",
              "Allow dynamic-group MyDynamicGroup-cd6f to manage all-resources in tenancy"
            ],
            "time_created": "2024-10-15 16:02:26.577 +0000 UTC",
            "timeouts": null,
            "version_date": null
          },
          "sensitive_attributes": [],
          "private": "eyJlMmJmYjczMC1lY2FhLTExZTYtOGY4OC0zNDM2M2JjN2M0YzAiOnsiY3JlYXRlIjoxMjAwMDAwMDAwMDAwLCJkZWxldGUiOjEyMDAwMDAwMDAwMDAsInVwZGF0ZSI6MTIwMDAwMDAwMDAwMH19",
          "dependencies": [
            "data.oci_identity_regions.home_region",
            "oci_identity_dynamic_group.devopsgroup2",
            "oci_identity_dynamic_group.devopsgroup3",
            "random_id.tag"
          ]
        }
      ]
    },
    {
      "mode": "managed",
      "type": "oci_identity_policy",
      "name": "oke_compartment_policies",
      "provider": "provider[\"registry.terraform.io/oracle/oci\"].home_region",
      "instances": [
        {
          "index_key": 0,
          "schema_version": 0,
          "attributes": {
            "ETag": "16dcfce99f1977ade00c39aa7dbcb27a6e0397e0",
            "compartment_id": "ocid1.tenancy.oc1..aaaaaaaay54k6twlomunmgr7g3uyk3wjsq2kainrtdxebcjqzvbxvqediuwa",
            "defined_tags": {
              "Oracle-Tags.CreatedBy": "default/chaitanyasharma04uk@gmail.com",
              "Oracle-Tags.CreatedOn": "2024-10-15T16:02:26.310Z"
            },
            "description": "OKE Cluster Compartment Policies",
            "freeform_tags": {},
            "id": "ocid1.policy.oc1..aaaaaaaano7fh3ldlhr2gyfp6khpzytpnt67mwdg4s7vwj5qhr5allunsizq",
            "inactive_state": null,
            "lastUpdateETag": "16dcfce99f1977ade00c39aa7dbcb27a6e0397e0",
            "name": "oke-cluster-compartment-policies-vCRm",
            "policyHash": "90a7bf6d743f80048944f70aa7dbaa2a",
            "state": "ACTIVE",
            "statements": [
              "Allow dynamic-group oke-cluster-dg-vCRm to read log-groups in compartment id ocid1.tenancy.oc1..aaaaaaaay54k6twlomunmgr7g3uyk3wjsq2kainrtdxebcjqzvbxvqediuwa",
              "Allow dynamic-group oke-cluster-dg-vCRm to read log-content in compartment id ocid1.tenancy.oc1..aaaaaaaay54k6twlomunmgr7g3uyk3wjsq2kainrtdxebcjqzvbxvqediuwa"
            ],
            "time_created": "2024-10-15 16:02:26.327 +0000 UTC",
            "timeouts": null,
            "version_date": null
          },
          "sensitive_attributes": [],
          "private": "eyJlMmJmYjczMC1lY2FhLTExZTYtOGY4OC0zNDM2M2JjN2M0YzAiOnsiY3JlYXRlIjoxMjAwMDAwMDAwMDAwLCJkZWxldGUiOjEyMDAwMDAwMDAwMDAsInVwZGF0ZSI6MTIwMDAwMDAwMDAwMH19",
          "dependencies": [
            "data.oci_identity_regions.home_region",
            "oci_identity_dynamic_group.oke_nodes_dg",
            "random_string.deploy_id"
          ]
        }
      ]
    },
    {
      "mode": "managed",
      "type": "oci_identity_policy",
      "name": "oke_tenancy_policies",
      "provider": "provider[\"registry.terraform.io/oracle/oci\"].home_region",
      "instances": [
        {
          "index_key": 0,
          "schema_version": 0,
          "attributes": {
            "ETag": "f97b5cf6de4d5a01c98399fd43eeb8971d395e76",
            "compartment_id": "ocid1.tenancy.oc1..aaaaaaaay54k6twlomunmgr7g3uyk3wjsq2kainrtdxebcjqzvbxvqediuwa",
            "defined_tags": {
              "Oracle-Tags.CreatedBy": "default/chaitanyasharma04uk@gmail.com",
              "Oracle-Tags.CreatedOn": "2024-10-15T16:02:26.291Z"
            },
            "description": "OKE Cluster Tenancy Policies",
            "freeform_tags": {},
            "id": "ocid1.policy.oc1..aaaaaaaast6d5qibwehqhjgxh7n4wnfuu5amripcnl63gtabvg27ysqnzuja",
            "inactive_state": null,
            "lastUpdateETag": "f97b5cf6de4d5a01c98399fd43eeb8971d395e76",
            "name": "oke-cluster-tenancy-policies-vCRm",
            "policyHash": "37689de080ecb0120085557c6fd11fe8",
            "state": "ACTIVE",
            "statements": [
              "Allow dynamic-group oke-cluster-dg-vCRm to read metrics in tenancy",
              "Allow dynamic-group oke-cluster-dg-vCRm to read compartments in tenancy"
            ],
            "time_created": "2024-10-15 16:02:26.443 +0000 UTC",
            "timeouts": null,
            "version_date": null
          },
          "sensitive_attributes": [],
          "private": "eyJlMmJmYjczMC1lY2FhLTExZTYtOGY4OC0zNDM2M2JjN2M0YzAiOnsiY3JlYXRlIjoxMjAwMDAwMDAwMDAwLCJkZWxldGUiOjEyMDAwMDAwMDAwMDAsInVwZGF0ZSI6MTIwMDAwMDAwMDAwMH19",
          "dependencies": [
            "data.oci_identity_regions.home_region",
            "oci_identity_dynamic_group.oke_nodes_dg",
            "random_string.deploy_id"
          ]
        }
      ]
    },
    {
      "mode": "managed",
      "type": "oci_identity_tag",
      "name": "ArchitectureCenterTag",
      "provider": "provider[\"registry.terraform.io/oracle/oci\"].home_region",
      "instances": [
        {
          "schema_version": 0,
          "attributes": {
            "defined_tags": {
              "Oracle-Tags.CreatedBy": "default/chaitanyasharma04uk@gmail.com",
              "Oracle-Tags.CreatedOn": "2024-10-15T16:02:25.446Z"
            },
            "description": "ArchitectureCenterTag",
            "freeform_tags": {},
            "id": "ocid1.tagdefinition.oc1..aaaaaaaaswmq6pjvme5c73jxlvinvov3o2n6qrkmk3oin7t747ejbjc7q46q",
            "is_cost_tracking": false,
            "is_retired": false,
            "name": "release",
            "state": "ACTIVE",
            "tag_namespace_id": "ocid1.tagnamespace.oc1..aaaaaaaa63xcgzap4eikwnblkg4ftrbobv2633m7iyvgt4saz5hdvjuws5bq",
            "time_created": "2024-10-15 16:02:36.27 +0000 UTC",
            "timeouts": null,
            "validator": [
              {
                "validator_type": "ENUM",
                "values": [
                  "release",
                  "1.1"
                ]
              }
            ]
          },
          "sensitive_attributes": [],
          "private": "eyJlMmJmYjczMC1lY2FhLTExZTYtOGY4OC0zNDM2M2JjN2M0YzAiOnsiY3JlYXRlIjo5MDAwMDAwMDAwMDAsImRlbGV0ZSI6NDMyMDAwMDAwMDAwMDAsInVwZGF0ZSI6OTAwMDAwMDAwMDAwfX0=",
          "dependencies": [
            "data.oci_identity_regions.home_region",
            "oci_identity_tag_namespace.ArchitectureCenterTagNamespace",
            "random_id.tag"
          ]
        }
      ]
    },
    {
      "mode": "managed",
      "type": "oci_identity_tag_namespace",
      "name": "ArchitectureCenterTagNamespace",
      "provider": "provider[\"registry.terraform.io/oracle/oci\"].home_region",
      "instances": [
        {
          "schema_version": 0,
          "attributes": {
            "compartment_id": "ocid1.tenancy.oc1..aaaaaaaay54k6twlomunmgr7g3uyk3wjsq2kainrtdxebcjqzvbxvqediuwa",
            "defined_tags": {
              "Oracle-Tags.CreatedBy": "default/chaitanyasharma04uk@gmail.com",
              "Oracle-Tags.CreatedOn": "2024-10-15T16:02:25.446Z"
            },
            "description": "ArchitectureCenterTagNamespace",
            "freeform_tags": {},
            "id": "ocid1.tagnamespace.oc1..aaaaaaaa63xcgzap4eikwnblkg4ftrbobv2633m7iyvgt4saz5hdvjuws5bq",
            "is_retired": false,
            "name": "ArchitectureCenter\\devops-bluegreen-deploy-oke-cd6f",
            "state": "ACTIVE",
            "time_created": "2024-10-15 16:02:25.547 +0000 UTC",
            "timeouts": null
          },
          "sensitive_attributes": [],
          "private": "eyJlMmJmYjczMC1lY2FhLTExZTYtOGY4OC0zNDM2M2JjN2M0YzAiOnsiY3JlYXRlIjoxMjAwMDAwMDAwMDAwLCJkZWxldGUiOjEyMDAwMDAwMDAwMDAsInVwZGF0ZSI6MTIwMDAwMDAwMDAwMH19",
          "dependencies": [
            "data.oci_identity_regions.home_region",
            "random_id.tag"
          ]
        }
      ]
    },
    {
      "mode": "managed",
      "type": "oci_logging_log",
      "name": "test_log",
      "provider": "provider[\"registry.terraform.io/oracle/oci\"]",
      "instances": [
        {
          "schema_version": 0,
          "attributes": {
            "compartment_id": "ocid1.tenancy.oc1..aaaaaaaay54k6twlomunmgr7g3uyk3wjsq2kainrtdxebcjqzvbxvqediuwa",
            "configuration": [
              {
                "compartment_id": "ocid1.tenancy.oc1..aaaaaaaay54k6twlomunmgr7g3uyk3wjsq2kainrtdxebcjqzvbxvqediuwa",
                "source": [
                  {
                    "category": "all",
                    "parameters": {},
                    "resource": "ocid1.devopsproject.oc1.uk-london-1.amaaaaaawldo33iakmnvfraxpoq5li7krhxxknsrgcgwdeh4e3ntdapyfrfa",
                    "service": "devops",
                    "source_type": "OCISERVICE"
                  }
                ]
              }
            ],
            "defined_tags": {
              "ArchitectureCenter\\devops-bluegreen-deploy-oke-cd6f.release": "1.1",
              "Oracle-Tags.CreatedBy": "default/chaitanyasharma04uk@gmail.com",
              "Oracle-Tags.CreatedOn": "2024-10-15T16:04:38.226Z"
            },
            "display_name": "devops_log_group_log",
            "freeform_tags": {},
            "id": "ocid1.log.oc1.uk-london-1.amaaaaaawldo33iakqikkfana5k3zbmwouafjrxtua3tfaci6tbr6bxpz7ka",
            "is_enabled": true,
            "log_group_id": "ocid1.loggroup.oc1.uk-london-1.amaaaaaawldo33iacambjjbosg2zmz2kn4bcxd2u6kktjta5yppo3bbmkiyq",
            "log_type": "SERVICE",
            "retention_duration": 30,
            "state": "ACTIVE",
            "tenancy_id": "ocid1.tenancy.oc1..aaaaaaaay54k6twlomunmgr7g3uyk3wjsq2kainrtdxebcjqzvbxvqediuwa",
            "time_created": "2024-10-15 16:04:38.283 +0000 UTC",
            "time_last_modified": "2024-10-15 16:04:38.283 +0000 UTC",
            "timeouts": null
          },
          "sensitive_attributes": [],
          "private": "eyJlMmJmYjczMC1lY2FhLTExZTYtOGY4OC0zNDM2M2JjN2M0YzAiOnsiY3JlYXRlIjoxMjAwMDAwMDAwMDAwLCJkZWxldGUiOjEyMDAwMDAwMDAwMDAsInVwZGF0ZSI6MTIwMDAwMDAwMDAwMH19",
          "dependencies": [
            "data.oci_identity_regions.home_region",
            "oci_devops_project.test_project",
            "oci_identity_tag.ArchitectureCenterTag",
            "oci_identity_tag_namespace.ArchitectureCenterTagNamespace",
            "oci_logging_log_group.test_log_group",
            "oci_ons_notification_topic.test_notification_topic",
            "random_id.tag",
            "random_string.deploy_id"
          ]
        }
      ]
    },
    {
      "mode": "managed",
      "type": "oci_logging_log_group",
      "name": "test_log_group",
      "provider": "provider[\"registry.terraform.io/oracle/oci\"]",
      "instances": [
        {
          "schema_version": 0,
          "attributes": {
            "compartment_id": "ocid1.tenancy.oc1..aaaaaaaay54k6twlomunmgr7g3uyk3wjsq2kainrtdxebcjqzvbxvqediuwa",
            "defined_tags": {
              "ArchitectureCenter\\devops-bluegreen-deploy-oke-cd6f.release": "1.1",
              "Oracle-Tags.CreatedBy": "default/chaitanyasharma04uk@gmail.com",
              "Oracle-Tags.CreatedOn": "2024-10-15T16:04:36.878Z"
            },
            "description": null,
            "display_name": "devops_log_group_vCRm",
            "freeform_tags": {},
            "id": "ocid1.loggroup.oc1.uk-london-1.amaaaaaawldo33iacambjjbosg2zmz2kn4bcxd2u6kktjta5yppo3bbmkiyq",
            "state": "ACTIVE",
            "time_created": "2024-10-15 16:04:36.974 +0000 UTC",
            "time_last_modified": "2024-10-15 16:04:36.974 +0000 UTC",
            "timeouts": null
          },
          "sensitive_attributes": [],
          "private": "eyJlMmJmYjczMC1lY2FhLTExZTYtOGY4OC0zNDM2M2JjN2M0YzAiOnsiY3JlYXRlIjoxMjAwMDAwMDAwMDAwLCJkZWxldGUiOjEyMDAwMDAwMDAwMDAsInVwZGF0ZSI6MTIwMDAwMDAwMDAwMH19",
          "dependencies": [
            "data.oci_identity_regions.home_region",
            "oci_identity_tag.ArchitectureCenterTag",
            "oci_identity_tag_namespace.ArchitectureCenterTagNamespace",
            "random_id.tag",
            "random_string.deploy_id"
          ]
        }
      ]
    },
    {
      "mode": "managed",
      "type": "oci_ons_notification_topic",
      "name": "test_notification_topic",
      "provider": "provider[\"registry.terraform.io/oracle/oci\"]",
      "instances": [
        {
          "schema_version": 0,
          "attributes": {
            "api_endpoint": "https://cell1.notification.uk-london-1.oci.oraclecloud.com",
            "compartment_id": "ocid1.tenancy.oc1..aaaaaaaay54k6twlomunmgr7g3uyk3wjsq2kainrtdxebcjqzvbxvqediuwa",
            "defined_tags": {
              "ArchitectureCenter\\devops-bluegreen-deploy-oke-cd6f.release": "1.1",
              "Oracle-Tags.CreatedBy": "default/chaitanyasharma04uk@gmail.com",
              "Oracle-Tags.CreatedOn": "2024-10-15T16:04:36.886Z"
            },
            "description": null,
            "etag": "5b779d09",
            "freeform_tags": {},
            "id": "ocid1.onstopic.oc1.uk-london-1.amaaaaaawldo33ialniozed55nqqshyjvdo6qjdpwmf7zjxppu43n5ncku5q",
            "name": "poc_sample_app_topic_vCRm",
            "short_topic_id": null,
            "state": "ACTIVE",
            "time_created": "2024-10-15 16:04:36.988 +0000 UTC",
            "timeouts": null,
            "topic_id": "ocid1.onstopic.oc1.uk-london-1.amaaaaaawldo33ialniozed55nqqshyjvdo6qjdpwmf7zjxppu43n5ncku5q"
          },
          "sensitive_attributes": [],
          "private": "eyJlMmJmYjczMC1lY2FhLTExZTYtOGY4OC0zNDM2M2JjN2M0YzAiOnsiY3JlYXRlIjo5MDAwMDAwMDAwMDAsImRlbGV0ZSI6OTAwMDAwMDAwMDAwMCwidXBkYXRlIjo5MDAwMDAwMDAwMDB9fQ==",
          "dependencies": [
            "data.oci_identity_regions.home_region",
            "oci_identity_tag.ArchitectureCenterTag",
            "oci_identity_tag_namespace.ArchitectureCenterTagNamespace",
            "random_id.tag",
            "random_string.deploy_id"
          ]
        }
      ]
    },
    {
      "mode": "managed",
      "type": "random_id",
      "name": "tag",
      "provider": "provider[\"registry.terraform.io/hashicorp/random\"]",
      "instances": [
        {
          "schema_version": 0,
          "attributes": {
            "b64_std": "zW8=",
            "b64_url": "zW8",
            "byte_length": 2,
            "dec": "52591",
            "hex": "cd6f",
            "id": "zW8",
            "keepers": null,
            "prefix": null
          },
          "sensitive_attributes": []
        }
      ]
    },
    {
      "mode": "managed",
      "type": "random_string",
      "name": "deploy_id",
      "provider": "provider[\"registry.terraform.io/hashicorp/random\"]",
      "instances": [
        {
          "schema_version": 2,
          "attributes": {
            "id": "vCRm",
            "keepers": null,
            "length": 4,
            "lower": true,
            "min_lower": 0,
            "min_numeric": 0,
            "min_special": 0,
            "min_upper": 0,
            "number": true,
            "numeric": true,
            "override_special": null,
            "result": "vCRm",
            "special": false,
            "upper": true
          },
          "sensitive_attributes": []
        }
      ]
    },
    {
      "mode": "managed",
      "type": "tls_private_key",
      "name": "oke_worker_node_ssh_key",
      "provider": "provider[\"registry.terraform.io/hashicorp/tls\"]",
      "instances": [
        {
          "schema_version": 1,
          "attributes": {
            "algorithm": "RSA",
            "ecdsa_curve": "P224",
            "id": "fa004223ac13e3e7676edd9204d1b88db4209d2e",
            "private_key_openssh": "-----BEGIN OPENSSH PRIVATE KEY-----\nb3BlbnNzaC1rZXktdjEAAAAABG5vbmUAAAAEbm9uZQAAAAAAAAABAAABFwAAAAdz\nc2gtcnNhAAAAAwEAAQAAAQEAnguP8lWrtRKjncBr5pjD0JQ/7VVyCha565aIc20E\nAttiMeWbplE8+HJUOvt3DmPjTKC9NBzPB3HArJK3Ktnkh1FZoZnGmlURmclOaRNV\nbzJ5V0FtDAUEan5r6zHFpJ3oVNAymLQnEvvCmdDiQll/1NtMjqwWZ7DpjSbfihSy\n9ZqL0TjfuUBwp9pThZZ1Ago9RXwcv+0+oMl9b5zWc5aV8WI7iB7H/sWUrBfaIG88\nWgreYOXh1k6XPKv3IommT8ZCnLbriTVI7bVIdxYU85hqq7DBe/rjfpt7XYfLIX9Q\ne9NGzpgkB+/zv+8b8FTmBzgD/hSWkAT7bxB6ZPgmiynToQAAA7iadF/ImnRfyAAA\nAAdzc2gtcnNhAAABAQCeC4/yVau1EqOdwGvmmMPQlD/tVXIKFrnrlohzbQQC22Ix\n5ZumUTz4clQ6+3cOY+NMoL00HM8HccCskrcq2eSHUVmhmcaaVRGZyU5pE1VvMnlX\nQW0MBQRqfmvrMcWknehU0DKYtCcS+8KZ0OJCWX/U20yOrBZnsOmNJt+KFLL1movR\nON+5QHCn2lOFlnUCCj1FfBy/7T6gyX1vnNZzlpXxYjuIHsf+xZSsF9ogbzxaCt5g\n5eHWTpc8q/ciiaZPxkKctuuJNUjttUh3FhTzmGqrsMF7+uN+m3tdh8shf1B700bO\nmCQH7/O/7xvwVOYHOAP+FJaQBPtvEHpk+CaLKdOhAAAAAwEAAQAAAQBtz9rUpnIH\n/ktw8KIIN1zXMCq63QO/vsqvxohIqxZ+ZbB0uvTLOucCOW4NDWxLs1vbglP0QZAX\nvBID1m0uePcwjnWYsyArW7A/CoBQwf46pPdqiSsbjuDinbSeVpbdKlqjk4WUVJhR\nuFweQ+Tx9P29CCLJfwiSQ3oDeV8YsgkmXIPVIPQ6lAZlMI1gof21lCl1BgFfCSFu\netTdE93Ks78DyiSwL95jmToRim6WZ9voUdgAaT/hKatXHXldK776EuZ15dhdOJY2\nwKUss934gOnOwNeDJ0rxF6rbXsq06RInuzjJvbQp3vxgmeL7agJu8KOpFZGH5aKi\ndboWAhDJilWBAAAAgQCRC21zYPAtwJi8fQcL4un/wVe4EWnCGvD1VD7tK7nSZnHi\nvUj1Po/2pDAPWShYzN2BbWZrwRtBJyoPEp+9sewnQhV2SKp4OEhy1EGyNk91zHue\n2+Ar7vQ6ah3B4ECFm7PrbES8aQKrAJi3QThP3Krr6W1IO4krYDIpa+Qmi0MokgAA\nAIEA0I2RX0EgoStXPiPLw0O7pGXYWpX39ZsHNSggYjqPvW1WWVVmChLFXr30KBZp\nA8fO4y8umm0ZxY3dbm8dKFKTF9La6yReSvbKHB75SEW3gOfWUwaXvQf8/vgB8ZIW\nkxRQ9ynvTkveaoGhe8FZ++VDhpBp1XRtriR0TvC+vdmyY/MAAACBAMIAWBzUL/8E\nv5sh1x3pYgguWYNZkrJP5j5uHay4TGm+doSAUtXrVA7Uv31Swh1+ukU2Bss4ZjjD\nFgrMwt3YCiWFm4Q+mvm9lNflMcm7MpNS/ryDbSU/MdkeaE/THvDDAPV8DiGcTFQs\nukQiUGFEY5CIgqqiYxI8+v9P5+AVKNMbAAAAAAEC\n-----END OPENSSH PRIVATE KEY-----\n",
            "private_key_pem": "-----BEGIN RSA PRIVATE KEY-----\nMIIEowIBAAKCAQEAnguP8lWrtRKjncBr5pjD0JQ/7VVyCha565aIc20EAttiMeWb\nplE8+HJUOvt3DmPjTKC9NBzPB3HArJK3Ktnkh1FZoZnGmlURmclOaRNVbzJ5V0Ft\nDAUEan5r6zHFpJ3oVNAymLQnEvvCmdDiQll/1NtMjqwWZ7DpjSbfihSy9ZqL0Tjf\nuUBwp9pThZZ1Ago9RXwcv+0+oMl9b5zWc5aV8WI7iB7H/sWUrBfaIG88WgreYOXh\n1k6XPKv3IommT8ZCnLbriTVI7bVIdxYU85hqq7DBe/rjfpt7XYfLIX9Qe9NGzpgk\nB+/zv+8b8FTmBzgD/hSWkAT7bxB6ZPgmiynToQIDAQABAoIBAG3P2tSmcgf+S3Dw\nogg3XNcwKrrdA7++yq/GiEirFn5lsHS69Ms65wI5bg0NbEuzW9uCU/RBkBe8EgPW\nbS549zCOdZizICtbsD8KgFDB/jqk92qJKxuO4OKdtJ5Wlt0qWqOThZRUmFG4XB5D\n5PH0/b0IIsl/CJJDegN5XxiyCSZcg9Ug9DqUBmUwjWCh/bWUKXUGAV8JIW561N0T\n3cqzvwPKJLAv3mOZOhGKbpZn2+hR2ABpP+Epq1cdeV0rvvoS5nXl2F04ljbApSyz\n3fiA6c7A14MnSvEXqtteyrTpEie7OMm9tCne/GCZ4vtqAm7wo6kVkYfloqJ1uhYC\nEMmKVYECgYEA0I2RX0EgoStXPiPLw0O7pGXYWpX39ZsHNSggYjqPvW1WWVVmChLF\nXr30KBZpA8fO4y8umm0ZxY3dbm8dKFKTF9La6yReSvbKHB75SEW3gOfWUwaXvQf8\n/vgB8ZIWkxRQ9ynvTkveaoGhe8FZ++VDhpBp1XRtriR0TvC+vdmyY/MCgYEAwgBY\nHNQv/wS/myHXHeliCC5Zg1mSsk/mPm4drLhMab52hIBS1etUDtS/fVLCHX66RTYG\nyzhmOMMWCszC3dgKJYWbhD6a+b2U1+Uxybsyk1L+vINtJT8x2R5oT9Me8MMA9XwO\nIZxMVCy6RCJQYURjkIiCqqJjEjz6/0/n4BUo0xsCgYAXQxMp+su27mymw7tgpldx\nuOJvCDdGL+qX5UfnbPzHdkChakMdcIaPUMTBC+7euxS6hnK+StkLDg3a2Y35B2zc\nxWohvEbAOdLFXDcV9qDHQhTH4f5e2VtA3UzqMw9NjICTcRv+Mbw3SQpIEYMF88aa\nZdVIN9pcCDjo7TV5W6ToPQKBgB8+pPJHrk85OY7HnXjAzLwakuoXtAup2KA3Zeoa\naJwjQ71FWZIAa7JTy19ow8CyV1esQt3aAISlztgAcGYAVGoEoa5j0tvkD6PR0vn1\nf0jA9ivwUtTL38BjKFOq4fHOxknDKBd7r8NizMEKcb2ooQx3H+xRaPlX/ui9us+Z\nOND/AoGBAJELbXNg8C3AmLx9Bwvi6f/BV7gRacIa8PVUPu0rudJmceK9SPU+j/ak\nMA9ZKFjM3YFtZmvBG0EnKg8Sn72x7CdCFXZIqng4SHLUQbI2T3XMe57b4Cvu9Dpq\nHcHgQIWbs+tsRLxpAqsAmLdBOE/cquvpbUg7iStgMilr5CaLQyiS\n-----END RSA PRIVATE KEY-----\n",
            "private_key_pem_pkcs8": "-----BEGIN PRIVATE KEY-----\nMIIEvQIBADANBgkqhkiG9w0BAQEFAASCBKcwggSjAgEAAoIBAQCeC4/yVau1EqOd\nwGvmmMPQlD/tVXIKFrnrlohzbQQC22Ix5ZumUTz4clQ6+3cOY+NMoL00HM8HccCs\nkrcq2eSHUVmhmcaaVRGZyU5pE1VvMnlXQW0MBQRqfmvrMcWknehU0DKYtCcS+8KZ\n0OJCWX/U20yOrBZnsOmNJt+KFLL1movRON+5QHCn2lOFlnUCCj1FfBy/7T6gyX1v\nnNZzlpXxYjuIHsf+xZSsF9ogbzxaCt5g5eHWTpc8q/ciiaZPxkKctuuJNUjttUh3\nFhTzmGqrsMF7+uN+m3tdh8shf1B700bOmCQH7/O/7xvwVOYHOAP+FJaQBPtvEHpk\n+CaLKdOhAgMBAAECggEAbc/a1KZyB/5LcPCiCDdc1zAqut0Dv77Kr8aISKsWfmWw\ndLr0yzrnAjluDQ1sS7Nb24JT9EGQF7wSA9ZtLnj3MI51mLMgK1uwPwqAUMH+OqT3\naokrG47g4p20nlaW3Spao5OFlFSYUbhcHkPk8fT9vQgiyX8IkkN6A3lfGLIJJlyD\n1SD0OpQGZTCNYKH9tZQpdQYBXwkhbnrU3RPdyrO/A8oksC/eY5k6EYpulmfb6FHY\nAGk/4SmrVx15XSu++hLmdeXYXTiWNsClLLPd+IDpzsDXgydK8Req217KtOkSJ7s4\nyb20Kd78YJni+2oCbvCjqRWRh+WionW6FgIQyYpVgQKBgQDQjZFfQSChK1c+I8vD\nQ7ukZdhalff1mwc1KCBiOo+9bVZZVWYKEsVevfQoFmkDx87jLy6abRnFjd1ubx0o\nUpMX0trrJF5K9socHvlIRbeA59ZTBpe9B/z++AHxkhaTFFD3Ke9OS95qgaF7wVn7\n5UOGkGnVdG2uJHRO8L692bJj8wKBgQDCAFgc1C//BL+bIdcd6WIILlmDWZKyT+Y+\nbh2suExpvnaEgFLV61QO1L99UsIdfrpFNgbLOGY4wxYKzMLd2AolhZuEPpr5vZTX\n5THJuzKTUv68g20lPzHZHmhP0x7wwwD1fA4hnExULLpEIlBhRGOQiIKqomMSPPr/\nT+fgFSjTGwKBgBdDEyn6y7bubKbDu2CmV3G44m8IN0Yv6pflR+ds/Md2QKFqQx1w\nho9QxMEL7t67FLqGcr5K2QsODdrZjfkHbNzFaiG8RsA50sVcNxX2oMdCFMfh/l7Z\nW0DdTOozD02MgJNxG/4xvDdJCkgRgwXzxppl1Ug32lwIOOjtNXlbpOg9AoGAHz6k\n8keuTzk5jsedeMDMvBqS6he0C6nYoDdl6hponCNDvUVZkgBrslPLX2jDwLJXV6xC\n3doAhKXO2ABwZgBUagShrmPS2+QPo9HS+fV/SMD2K/BS1MvfwGMoU6rh8c7GScMo\nF3uvw2LMwQpxvaihDHcf7FFo+Vf+6L26z5k40P8CgYEAkQttc2DwLcCYvH0HC+Lp\n/8FXuBFpwhrw9VQ+7Su50mZx4r1I9T6P9qQwD1koWMzdgW1ma8EbQScqDxKfvbHs\nJ0IVdkiqeDhIctRBsjZPdcx7ntvgK+70OmodweBAhZuz62xEvGkCqwCYt0E4T9yq\n6+ltSDuJK2AyKWvkJotDKJI=\n-----END PRIVATE KEY-----\n",
            "public_key_fingerprint_md5": "d9:8a:bc:7d:74:62:4e:56:51:8d:b3:0b:1b:1d:0c:5b",
            "public_key_fingerprint_sha256": "SHA256:H+cWbMBa+BEMwzRoQLjkVgN8heDxgbp0ALakqqZqYfk",
            "public_key_openssh": "ssh-rsa AAAAB3NzaC1yc2EAAAADAQABAAABAQCeC4/yVau1EqOdwGvmmMPQlD/tVXIKFrnrlohzbQQC22Ix5ZumUTz4clQ6+3cOY+NMoL00HM8HccCskrcq2eSHUVmhmcaaVRGZyU5pE1VvMnlXQW0MBQRqfmvrMcWknehU0DKYtCcS+8KZ0OJCWX/U20yOrBZnsOmNJt+KFLL1movRON+5QHCn2lOFlnUCCj1FfBy/7T6gyX1vnNZzlpXxYjuIHsf+xZSsF9ogbzxaCt5g5eHWTpc8q/ciiaZPxkKctuuJNUjttUh3FhTzmGqrsMF7+uN+m3tdh8shf1B700bOmCQH7/O/7xvwVOYHOAP+FJaQBPtvEHpk+CaLKdOh\n",
            "public_key_pem": "-----BEGIN PUBLIC KEY-----\nMIIBIjANBgkqhkiG9w0BAQEFAAOCAQ8AMIIBCgKCAQEAnguP8lWrtRKjncBr5pjD\n0JQ/7VVyCha565aIc20EAttiMeWbplE8+HJUOvt3DmPjTKC9NBzPB3HArJK3Ktnk\nh1FZoZnGmlURmclOaRNVbzJ5V0FtDAUEan5r6zHFpJ3oVNAymLQnEvvCmdDiQll/\n1NtMjqwWZ7DpjSbfihSy9ZqL0TjfuUBwp9pThZZ1Ago9RXwcv+0+oMl9b5zWc5aV\n8WI7iB7H/sWUrBfaIG88WgreYOXh1k6XPKv3IommT8ZCnLbriTVI7bVIdxYU85hq\nq7DBe/rjfpt7XYfLIX9Qe9NGzpgkB+/zv+8b8FTmBzgD/hSWkAT7bxB6ZPgmiynT\noQIDAQAB\n-----END PUBLIC KEY-----\n",
            "rsa_bits": 2048
          },
          "sensitive_attributes": []
        }
      ]
    },
    {
      "module": "module.oci-oke[0]",
      "mode": "data",
      "type": "oci_containerengine_cluster_kube_config",
      "name": "KubeConfig",
      "provider": "provider[\"registry.terraform.io/oracle/oci\"]",
      "instances": [
        {
          "schema_version": 0,
          "attributes": {
            "cluster_id": "ocid1.cluster.oc1.uk-london-1.aaaaaaaazhngvty6veups7krbfg6xxntteyawdi2gp7lajyx3ckounqlo5yq",
            "content": "---\napiVersion: v1\nkind: \"\"\nclusters:\n- name: cluster-ckounqlo5yq\n  cluster:\n    server: https://141.147.118.215:6443\n    certificate-authority-data: LS0tLS1CRUdJTiBDRVJUSUZJQ0FURS0tLS0tCk1JSURpVENDQW5HZ0F3SUJBZ0lSQU9LMUNFdG1YRGc4MCs2YVhaR29BaTR3RFFZSktvWklodmNOQVFFTEJRQXcKWGpFUE1BMEdBMVVFQXd3R1N6aHpJRU5CTVFzd0NRWURWUVFHRXdKVlV6RVBNQTBHQTFVRUJ3d0dRWFZ6ZEdsdQpNUTh3RFFZRFZRUUtEQVpQY21GamJHVXhEREFLQmdOVkJBc01BMDlqYVRFT01Bd0dBMVVFQ0F3RlZHVjRZWE13CkhoY05NalF4TURFMU1UWXdORFU1V2hjTk1qa3hNREUxTVRZd05EVTVXakJlTVE4d0RRWURWUVFEREFaTE9ITWcKUTBFeEN6QUpCZ05WQkFZVEFsVlRNUTh3RFFZRFZRUUhEQVpCZFhOMGFXNHhEekFOQmdOVkJBb01Cazl5WVdOcwpaVEVNTUFvR0ExVUVDd3dEVDJOcE1RNHdEQVlEVlFRSURBVlVaWGhoY3pDQ0FTSXdEUVlKS29aSWh2Y05BUUVCCkJRQURnZ0VQQURDQ0FRb0NnZ0VCQU16RTd1WmhUd1NZdzBhc1FBc2JsUEI4NGdzSnRYa3dMQ0Y2OWJ5QWRTOVUKUThSL05GS3pzc3ZTazE5TWpwbk51RzhYNE9jL0hJbFFPMHhFM3VTOEV6WGpGei9xV0hFMGFtTXJJblFNWEtvaApWWE5kNWl2YlRwNWU4aS9RWXQxNE9XbVZGeE5XNFZFaTRuMy9WU2lLNTFpcHIwNmZRKzFuUnUzQUJNQ20zQ0V1CkNzOWpGVXY5ZU9hUnlqbldTd3BnY2pQOU5kTDlNd1Vxb00yRUNtaHBUWVo3MGx4UDlud01tZkE1eDF6TG1QTm4KZmk3M0dGRzVMS041dy80d2xqeWR2VUtmU0NEc2Z5OHY2NitLakJYZk1xSmpNQnNNYjh6WUtMdkU1NEpxSVBtVwp4OG5ZRVg0Nm1kajhvdHNrWDVwRUxQSjc2UWRtUDNCVDhLbExwd0FEVEFjQ0F3RUFBYU5DTUVBd0R3WURWUjBUCkFRSC9CQVV3QXdFQi96QU9CZ05WSFE4QkFmOEVCQU1DQVFZd0hRWURWUjBPQkJZRUZCL0M0WUlRbkJSTUFXMWoKV01FbDZoaWtSYzJBTUEwR0NTcUdTSWIzRFFFQkN3VUFBNElCQVFESTh4WVNCbVE5ZTVXcHNLbmdmZHFjaTJoRwpvcnJlblJIUk5UcDJIc2d2a1NXRk1QSmpjTDFVR2RYWkpuUEFRSHRLSEhqTVpobEIwOHA2dHNzcVdYTWFodVQ5ClFCMENaM2pyaU1JT2xHUVlPNDU4d3ZpMnhHS1lZNUliVnRtWlB2WFJmYkNPeW9DaWxBRzNxcWFqTnNMVVQvTE8KaEFQQW9TSzJQdlBvcTBTTWdacjk1V05DVjJFeVNTWTlHaHZFcnAvYWF0QXd5RWtYMUcrZC9QSEdkaHcvTG04TQpQQjlTcXNjeFhKZEJta0ZRU2RRd0daNFpZc0IvNG9Tb2lIN2lldlZ0cVVrUmI5QUgrdWoyT3lDS0FJS1BWSVFICmNwMVhidXVDTkJrak5WcU44YlM2VTlLaW41WS83elZSNXFycFplemFYem9WU1ZtdU5WQVptdy9STzlJUwotLS0tLUVORCBDRVJUSUZJQ0FURS0tLS0tCg==\nusers:\n- name: user-ckounqlo5yq\n  user:\n    exec:\n      apiVersion: client.authentication.k8s.io/v1beta1\n      command: oci\n      args:\n      - ce\n      - cluster\n      - generate-token\n      - --cluster-id\n      - ocid1.cluster.oc1.uk-london-1.aaaaaaaazhngvty6veups7krbfg6xxntteyawdi2gp7lajyx3ckounqlo5yq\n      - --region\n      - uk-london-1\n      env: []\ncontexts:\n- name: context-ckounqlo5yq\n  context:\n    cluster: cluster-ckounqlo5yq\n    user: user-ckounqlo5yq\ncurrent-context: context-ckounqlo5yq\n",
            "endpoint": null,
            "expiration": null,
            "id": "ContainerengineClusterKubeConfigDataSource-2533223434",
            "token_version": "2.0.0"
          },
          "sensitive_attributes": []
        }
      ]
    },
    {
      "module": "module.oci-oke[0]",
      "mode": "data",
      "type": "oci_containerengine_cluster_option",
      "name": "oci_oke_cluster_option",
      "provider": "provider[\"registry.terraform.io/oracle/oci\"]",
      "instances": [
        {
          "schema_version": 0,
          "attributes": {
            "cluster_option_id": "all",
            "cluster_pod_network_options": [
              {
                "cni_type": "OCI_VCN_IP_NATIVE"
              },
              {
                "cni_type": "FLANNEL_OVERLAY"
              }
            ],
            "compartment_id": null,
            "id": "ContainerengineClusterOptionDataSource-1870923232",
            "kubernetes_versions": [
              "v1.28.2",
              "v1.28.10",
              "v1.29.1",
              "v1.30.1"
            ]
          },
          "sensitive_attributes": []
        }
      ]
    },
    {
      "module": "module.oci-oke[0]",
      "mode": "data",
      "type": "oci_containerengine_node_pool_option",
      "name": "oci_oke_node_pool_option",
      "provider": "provider[\"registry.terraform.io/oracle/oci\"]",
      "instances": [
        {
          "schema_version": 0,
          "attributes": {
            "compartment_id": null,
            "id": "ContainerengineNodePoolOptionDataSource-1870923232",
            "images": [
              "Oracle-Linux-7.4",
              "Oracle-Linux-7.5",
              "Oracle-Linux-7.6"
            ],
            "kubernetes_versions": [
              "v1.28.2",
              "v1.28.10",
              "v1.29.1",
              "v1.30.1"
            ],
            "node_pool_option_id": "all",
            "shapes": [
              "BM.Standard.A1.160",
              "BM.Standard.E2.64",
              "BM.Standard.E3.128",
              "BM.Standard.E4.128",
              "BM.Standard.E5.192",
              "BM.Standard2.52",
              "BM.Standard3.64",
              "VM.Standard.A1.Flex",
              "VM.Standard.E2.1",
              "VM.Standard.E2.2",
              "VM.Standard.E2.4",
              "VM.Standard.E2.8",
              "VM.Standard.E3.Flex",
              "VM.Standard.E4.Flex",
              "VM.Standard.E5.Flex",
              "VM.Standard2.1",
              "VM.Standard2.16",
              "VM.Standard2.2",
              "VM.Standard2.24",
              "VM.Standard2.4",
              "VM.Standard2.8",
              "VM.Standard3.Flex"
            ],
            "sources": [
              {
                "image_id": "ocid1.image.oc1.uk-london-1.aaaaaaaau7m4das3rfqbdqbzwukqrtj344oymlj54ugkjpl3mbevhkdoskwq",
                "source_name": "Oracle-Linux-8.9-aarch64-2024.05.29-0-OKE-1.30.1-707",
                "source_type": "IMAGE"
              },
              {
                "image_id": "ocid1.image.oc1.uk-london-1.aaaaaaaaekxymxt2rrozguahdlyifb3qe7l355abrembardzpguqojoa4ykq",
                "source_name": "Oracle-Linux-8.9-aarch64-2024.05.29-0-OKE-1.29.1-707",
                "source_type": "IMAGE"
              },
              {
                "image_id": "ocid1.image.oc1.uk-london-1.aaaaaaaama7e7lidkl6y4ktt7qdqkwmj6fslill2drmotrsm5z3bubbshkzq",
                "source_name": "Oracle-Linux-8.9-aarch64-2024.05.29-0-OKE-1.28.2-707",
                "source_type": "IMAGE"
              },
              {
                "image_id": "ocid1.image.oc1.uk-london-1.aaaaaaaa6vqzdirctnci34ro2sj4mnyc4odob5htcxmcke6cticf2h2gdbnq",
                "source_name": "Oracle-Linux-8.9-aarch64-2024.05.29-0-OKE-1.28.10-707",
                "source_type": "IMAGE"
              },
              {
                "image_id": "ocid1.image.oc1.uk-london-1.aaaaaaaari3q3id5tq6paswaw74qkujnaaxlydfltqeexv7qeckht4hxogfa",
                "source_name": "Oracle-Linux-8.9-aarch64-2024.04.19-0-OKE-1.29.1-693",
                "source_type": "IMAGE"
              },
              {
                "image_id": "ocid1.image.oc1.uk-london-1.aaaaaaaa36c4y3rkdwywmqrzwtjmft4hn4vt4sthnbqoubknl7zqhaio2vja",
                "source_name": "Oracle-Linux-8.9-aarch64-2024.04.19-0-OKE-1.28.2-693",
                "source_type": "IMAGE"
              },
              {
                "image_id": "ocid1.image.oc1.uk-london-1.aaaaaaaau77h2wnyqki3wpmlvwlgwlitrqoaw5pauwc3f635czapigakocsa",
                "source_name": "Oracle-Linux-8.9-aarch64-2024.01.26-0-OKE-1.28.2-679",
                "source_type": "IMAGE"
              },
              {
                "image_id": "ocid1.image.oc1.uk-london-1.aaaaaaaa3y7r7cdb7ijne2lfdawpwh3b72n76ely3gu62yvbeme5u6u4ywsa",
                "source_name": "Oracle-Linux-8.9-Gen2-GPU-2024.05.29-0-OKE-1.30.1-707",
                "source_type": "IMAGE"
              },
              {
                "image_id": "ocid1.image.oc1.uk-london-1.aaaaaaaaqhiplg6fsi4hsdgj6pihddo3tnna4zwombl4im7q46wm4ebri4hq",
                "source_name": "Oracle-Linux-8.9-Gen2-GPU-2024.05.29-0-OKE-1.29.1-707",
                "source_type": "IMAGE"
              },
              {
                "image_id": "ocid1.image.oc1.uk-london-1.aaaaaaaa2uyglc7jwdykmbo75tgwozx7mwphqez5gdsgrtn5as7bqpaoyzda",
                "source_name": "Oracle-Linux-8.9-Gen2-GPU-2024.05.29-0-OKE-1.28.2-707",
                "source_type": "IMAGE"
              },
              {
                "image_id": "ocid1.image.oc1.uk-london-1.aaaaaaaanx7tr5d7syarxjz5p5ompcji5uoymwty7motxvfkned6ccl4mmyq",
                "source_name": "Oracle-Linux-8.9-Gen2-GPU-2024.05.29-0-OKE-1.28.10-707",
                "source_type": "IMAGE"
              },
              {
                "image_id": "ocid1.image.oc1.uk-london-1.aaaaaaaabl66vfkhya52l2rnhacrre53tjfnwo7fx7q2g3pwlqucfyl2fdta",
                "source_name": "Oracle-Linux-8.9-Gen2-GPU-2024.04.19-0-OKE-1.29.1-693",
                "source_type": "IMAGE"
              },
              {
                "image_id": "ocid1.image.oc1.uk-london-1.aaaaaaaafim76rka4uwyf5awge4lry3j3cu4acnkthzp65hqdvzdoeyrgngq",
                "source_name": "Oracle-Linux-8.9-Gen2-GPU-2024.04.19-0-OKE-1.28.2-693",
                "source_type": "IMAGE"
              },
              {
                "image_id": "ocid1.image.oc1.uk-london-1.aaaaaaaasm54jlxtsqyweb4jfx7nv23luevnvllyg73ylwqc7oppn742y7xa",
                "source_name": "Oracle-Linux-8.9-Gen2-GPU-2024.01.26-0-OKE-1.28.2-679",
                "source_type": "IMAGE"
              },
              {
                "image_id": "ocid1.image.oc1.uk-london-1.aaaaaaaailsm7a4gktvyyq4sbh52lt4itlqxzyqkvuzbd6m37hlhko6zhvma",
                "source_name": "Oracle-Linux-8.9-2024.05.29-0-OKE-1.30.1-707",
                "source_type": "IMAGE"
              },
              {
                "image_id": "ocid1.image.oc1.uk-london-1.aaaaaaaaqvmjldol4z4lvsfstzbwozihkbwdc2tswh7rusxmm7wv64qxiaoa",
                "source_name": "Oracle-Linux-8.9-2024.05.29-0-OKE-1.29.1-707",
                "source_type": "IMAGE"
              },
              {
                "image_id": "ocid1.image.oc1.uk-london-1.aaaaaaaaga2draxyywiter264xg4gghumqf3ur5b4ysvdtdntlboiqkuevoq",
                "source_name": "Oracle-Linux-8.9-2024.05.29-0-OKE-1.28.2-707",
                "source_type": "IMAGE"
              },
              {
                "image_id": "ocid1.image.oc1.uk-london-1.aaaaaaaad26ocspq2sc7gmizg7w4nd6d7zjpxcng2id7jdwbk75gris7bira",
                "source_name": "Oracle-Linux-8.9-2024.05.29-0-OKE-1.28.10-707",
                "source_type": "IMAGE"
              },
              {
                "image_id": "ocid1.image.oc1.uk-london-1.aaaaaaaa5rzn3mvwnhmhwgmbl4hjnecsljnsc2qflihavbhffksmre4ba4uq",
                "source_name": "Oracle-Linux-8.9-2024.04.19-0-OKE-1.29.1-693",
                "source_type": "IMAGE"
              },
              {
                "image_id": "ocid1.image.oc1.uk-london-1.aaaaaaaacpbgj6h4242fxztcpqibxhnkonibxfjaauvnculmp4ufqg7r3fha",
                "source_name": "Oracle-Linux-8.9-2024.04.19-0-OKE-1.28.2-693",
                "source_type": "IMAGE"
              },
              {
                "image_id": "ocid1.image.oc1.uk-london-1.aaaaaaaawd6rrojapv7p7jk2hs44ofc67xk7ckylhl2y6jsv4ve5wla7evqq",
                "source_name": "Oracle-Linux-8.9-2024.01.26-0-OKE-1.28.2-679",
                "source_type": "IMAGE"
              },
              {
                "image_id": "ocid1.image.oc1.uk-london-1.aaaaaaaa5vlftdoj76vu2ycxmhbjgweihcd7ahptidkpuvwgpp36747bwkqa",
                "source_name": "Oracle-Linux-8.10-aarch64-2024.06.30-0-OKE-1.30.1-716",
                "source_type": "IMAGE"
              },
              {
                "image_id": "ocid1.image.oc1.uk-london-1.aaaaaaaa2rrop6tbinxgakakn2a2edxvi3yf4z2zjufbdwscn2bjm3j7z6sq",
                "source_name": "Oracle-Linux-8.10-aarch64-2024.06.30-0-OKE-1.29.1-716",
                "source_type": "IMAGE"
              },
              {
                "image_id": "ocid1.image.oc1.uk-london-1.aaaaaaaa44plkfl6osq2gezw7prk5ylbyylwlpmgmptyrhelqfoeigw65bya",
                "source_name": "Oracle-Linux-8.10-aarch64-2024.06.30-0-OKE-1.28.10-716",
                "source_type": "IMAGE"
              },
              {
                "image_id": "ocid1.image.oc1.uk-london-1.aaaaaaaalhsuxxzhdk2ymzcxj6d67rk7gz6nknzsldjivbis3hkurdsin6xa",
                "source_name": "Oracle-Linux-8.10-Gen2-GPU-2024.06.30-0-OKE-1.30.1-716",
                "source_type": "IMAGE"
              },
              {
                "image_id": "ocid1.image.oc1.uk-london-1.aaaaaaaa46pd4uu5c2ubg7nyxcwvi64gnsonezzfdm2qcqfphy6fcxzmgvya",
                "source_name": "Oracle-Linux-8.10-Gen2-GPU-2024.06.30-0-OKE-1.29.1-716",
                "source_type": "IMAGE"
              },
              {
                "image_id": "ocid1.image.oc1.uk-london-1.aaaaaaaaoo7wekv6x53a36vfssr6h3efuirpfj3wvovl4bdnm33kki6f5vta",
                "source_name": "Oracle-Linux-8.10-Gen2-GPU-2024.06.30-0-OKE-1.28.10-716",
                "source_type": "IMAGE"
              },
              {
                "image_id": "ocid1.image.oc1.uk-london-1.aaaaaaaabawru54cnggn3ui2agpyeqmtkonrbdmaim5b5gidclnicqd2imsa",
                "source_name": "Oracle-Linux-8.10-2024.06.30-0-OKE-1.30.1-716",
                "source_type": "IMAGE"
              },
              {
                "image_id": "ocid1.image.oc1.uk-london-1.aaaaaaaajmm4jhtyx3bciv7u5ow3mcj5kfzenhcwp3zl4vctletdzcj52kra",
                "source_name": "Oracle-Linux-8.10-2024.06.30-0-OKE-1.29.1-716",
                "source_type": "IMAGE"
              },
              {
                "image_id": "ocid1.image.oc1.uk-london-1.aaaaaaaaj4odsmras6ifzouestniz7dr7kjetkt7hruh6xoqn73oroc77svq",
                "source_name": "Oracle-Linux-8.10-2024.06.30-0-OKE-1.28.10-716",
                "source_type": "IMAGE"
              },
              {
                "image_id": "ocid1.image.oc1.uk-london-1.aaaaaaaaky6r3uxhzkueuljupfc2gszxc72fqflt3zcfzavz54ongpivxkda",
                "source_name": "Oracle-Linux-7.9-aarch64-2024.06.30-0-OKE-1.30.1-716",
                "source_type": "IMAGE"
              },
              {
                "image_id": "ocid1.image.oc1.uk-london-1.aaaaaaaa5chdjv4p7wefzrxro5p6u4f7zeb5h6hqn2oaewyjl3xvwcv4wala",
                "source_name": "Oracle-Linux-7.9-aarch64-2024.06.30-0-OKE-1.29.1-716",
                "source_type": "IMAGE"
              },
              {
                "image_id": "ocid1.image.oc1.uk-london-1.aaaaaaaadghehzoc7v3vakv3zqqrukfcxdiwriqmvhjdcbmqzc5rfasefmlq",
                "source_name": "Oracle-Linux-7.9-aarch64-2024.06.30-0-OKE-1.28.10-716",
                "source_type": "IMAGE"
              },
              {
                "image_id": "ocid1.image.oc1.uk-london-1.aaaaaaaaco32bggeegkux6evjuqjml4ljqqk7rr4jr5nezeyrxqdiklko5rq",
                "source_name": "Oracle-Linux-7.9-aarch64-2024.05.29-0-OKE-1.30.1-707",
                "source_type": "IMAGE"
              },
              {
                "image_id": "ocid1.image.oc1.uk-london-1.aaaaaaaahwamxq5dtpwwsay3i5pfuvyy26vhnwjrfnylid7yzjacftexmsla",
                "source_name": "Oracle-Linux-7.9-aarch64-2024.05.29-0-OKE-1.29.1-707",
                "source_type": "IMAGE"
              },
              {
                "image_id": "ocid1.image.oc1.uk-london-1.aaaaaaaajsspukmxmfldvcchwntcrcvthwzaj4wkyu5p6kvz3uwrgfvsveia",
                "source_name": "Oracle-Linux-7.9-aarch64-2024.05.29-0-OKE-1.28.2-707",
                "source_type": "IMAGE"
              },
              {
                "image_id": "ocid1.image.oc1.uk-london-1.aaaaaaaa5aves7iwk6doy4yy5ojljbxvalxb5jv56eumyiuambndqdz7lubq",
                "source_name": "Oracle-Linux-7.9-aarch64-2024.05.29-0-OKE-1.28.10-707",
                "source_type": "IMAGE"
              },
              {
                "image_id": "ocid1.image.oc1.uk-london-1.aaaaaaaacse7cpveqz3ltl7kqsvycqegrlw7swjlrzlpxt5ir2ga5oyaupsq",
                "source_name": "Oracle-Linux-7.9-aarch64-2024.04.19-0-OKE-1.29.1-693",
                "source_type": "IMAGE"
              },
              {
                "image_id": "ocid1.image.oc1.uk-london-1.aaaaaaaaylrmchgejsock27ppnypg2p2jxjgfia3f4cskdpjtkpx3bpf3zwa",
                "source_name": "Oracle-Linux-7.9-aarch64-2024.04.19-0-OKE-1.28.2-693",
                "source_type": "IMAGE"
              },
              {
                "image_id": "ocid1.image.oc1.uk-london-1.aaaaaaaabgakrgmmreze3ldhxdqurqr5thqe3q7mwiqvvk2hgjzmejjb35fq",
                "source_name": "Oracle-Linux-7.9-aarch64-2024.01.23-0-OKE-1.28.2-679",
                "source_type": "IMAGE"
              },
              {
                "image_id": "ocid1.image.oc1.uk-london-1.aaaaaaaawuvrnx76ut3lobyub2bsnc4xptrwkyy326fh2ldsx6k2rxnqo6ea",
                "source_name": "Oracle-Linux-7.9-Gen2-GPU-2024.06.30-0-OKE-1.30.1-716",
                "source_type": "IMAGE"
              },
              {
                "image_id": "ocid1.image.oc1.uk-london-1.aaaaaaaayzzqhwuwwihknulvx4mmqoltnf3kscwqgtiughwd2kmrm6slzfzq",
                "source_name": "Oracle-Linux-7.9-Gen2-GPU-2024.06.30-0-OKE-1.29.1-716",
                "source_type": "IMAGE"
              },
              {
                "image_id": "ocid1.image.oc1.uk-london-1.aaaaaaaassit22r7ioh7rencvybroaxdyqn47nkrbohr5vr4fynaiorkhqoq",
                "source_name": "Oracle-Linux-7.9-Gen2-GPU-2024.06.30-0-OKE-1.28.10-716",
                "source_type": "IMAGE"
              },
              {
                "image_id": "ocid1.image.oc1.uk-london-1.aaaaaaaau4vjp3neyfacvikzawk2h5rd3impn5y27tpouujiytf26nfdalwq",
                "source_name": "Oracle-Linux-7.9-Gen2-GPU-2024.05.29-0-OKE-1.30.1-707",
                "source_type": "IMAGE"
              },
              {
                "image_id": "ocid1.image.oc1.uk-london-1.aaaaaaaacsahr3xlleqkw3lxw6mz7yc4yepkztx4ttx65xesproop64d5zjq",
                "source_name": "Oracle-Linux-7.9-Gen2-GPU-2024.05.29-0-OKE-1.29.1-707",
                "source_type": "IMAGE"
              },
              {
                "image_id": "ocid1.image.oc1.uk-london-1.aaaaaaaa5smcoclysolso4hn5ixwsikhev36hqj6qybb53pkfrzkhmt7x5cq",
                "source_name": "Oracle-Linux-7.9-Gen2-GPU-2024.05.29-0-OKE-1.28.2-707",
                "source_type": "IMAGE"
              },
              {
                "image_id": "ocid1.image.oc1.uk-london-1.aaaaaaaacfcvo56xlnjiw6kvg5qatcy3x4snkzu4jps2e423lds4yem42sfq",
                "source_name": "Oracle-Linux-7.9-Gen2-GPU-2024.05.29-0-OKE-1.28.10-707",
                "source_type": "IMAGE"
              },
              {
                "image_id": "ocid1.image.oc1.uk-london-1.aaaaaaaakptf3jb3vqhkmkt7b62cawsk6vyueaw3d5y4mamad7flpxz6ihmq",
                "source_name": "Oracle-Linux-7.9-Gen2-GPU-2024.04.19-0-OKE-1.29.1-693",
                "source_type": "IMAGE"
              },
              {
                "image_id": "ocid1.image.oc1.uk-london-1.aaaaaaaabmyubknepxhy7bc7ukyqpawqtyoyuwe5wylczbfve7q5rpboiwra",
                "source_name": "Oracle-Linux-7.9-Gen2-GPU-2024.04.19-0-OKE-1.28.2-693",
                "source_type": "IMAGE"
              },
              {
                "image_id": "ocid1.image.oc1.uk-london-1.aaaaaaaarnwox6i3d2g44ofpgucnkan6bfjocp3suk3pverqpe5ljxzmmqwa",
                "source_name": "Oracle-Linux-7.9-Gen2-GPU-2024.01.23-0-OKE-1.28.2-679",
                "source_type": "IMAGE"
              },
              {
                "image_id": "ocid1.image.oc1.uk-london-1.aaaaaaaaqu4qxrcb5z7aachyznwhi5zkyxrhlbg77ztuu2g2hb6eggorqfoa",
                "source_name": "Oracle-Linux-7.9-2024.06.30-0-OKE-1.30.1-716",
                "source_type": "IMAGE"
              },
              {
                "image_id": "ocid1.image.oc1.uk-london-1.aaaaaaaa6xeaoqmup5nh3x3zbsjbl23ydlzgkvjtglo4j72alwhaxmqdaqgq",
                "source_name": "Oracle-Linux-7.9-2024.06.30-0-OKE-1.29.1-716",
                "source_type": "IMAGE"
              },
              {
                "image_id": "ocid1.image.oc1.uk-london-1.aaaaaaaa5vbfwxkdye25q7l3jouisw2c74wwhsl5x55tw7ieuxicwn5yjt4a",
                "source_name": "Oracle-Linux-7.9-2024.06.30-0-OKE-1.28.10-716",
                "source_type": "IMAGE"
              },
              {
                "image_id": "ocid1.image.oc1.uk-london-1.aaaaaaaaczw5gvsqkkmgpeb53it3x6gmxhdecxx4h6sdzx336j5i3qd3fdqa",
                "source_name": "Oracle-Linux-7.9-2024.05.29-0-OKE-1.30.1-707",
                "source_type": "IMAGE"
              },
              {
                "image_id": "ocid1.image.oc1.uk-london-1.aaaaaaaazijla42iikne6lrq7zpgk44a7bk54svt4t346atbccx2bcfz2waa",
                "source_name": "Oracle-Linux-7.9-2024.05.29-0-OKE-1.29.1-707",
                "source_type": "IMAGE"
              },
              {
                "image_id": "ocid1.image.oc1.uk-london-1.aaaaaaaacldretlancobus3xxrbfennipr6kdmtqtciobnsvdcsb7u2j2bzq",
                "source_name": "Oracle-Linux-7.9-2024.05.29-0-OKE-1.28.2-707",
                "source_type": "IMAGE"
              },
              {
                "image_id": "ocid1.image.oc1.uk-london-1.aaaaaaaayhxfwg7llomcugmbpb5hfkwgbwxlh6mw3rjdtacbzjvwxjz5fkyq",
                "source_name": "Oracle-Linux-7.9-2024.05.29-0-OKE-1.28.10-707",
                "source_type": "IMAGE"
              },
              {
                "image_id": "ocid1.image.oc1.uk-london-1.aaaaaaaah2q3oq2elh4gytj46zwfqcogflrrp65aor2m3q4dlfd3noy3wdkq",
                "source_name": "Oracle-Linux-7.9-2024.04.19-0-OKE-1.29.1-693",
                "source_type": "IMAGE"
              },
              {
                "image_id": "ocid1.image.oc1.uk-london-1.aaaaaaaap6fzn4k2klkvcdhavabpce7qaq53kehzcwc5fzvbi4xb7o5g32ya",
                "source_name": "Oracle-Linux-7.9-2024.04.19-0-OKE-1.28.2-693",
                "source_type": "IMAGE"
              },
              {
                "image_id": "ocid1.image.oc1.uk-london-1.aaaaaaaaepv3avwcscghj2wxuhl4g55d74y62gfhusicyzs6t7p7rmvxqtva",
                "source_name": "Oracle-Linux-7.9-2024.01.23-0-OKE-1.28.2-679",
                "source_type": "IMAGE"
              },
              {
                "image_id": "ocid1.image.oc1.uk-london-1.aaaaaaaabsw6zkc6cmgrpz2ackeauvi6prpnsrtqpdhmsc3iko5buzgyhuea",
                "source_name": "Oracle-Linux-8.10-aarch64-2024.08.29-0",
                "source_type": "IMAGE"
              },
              {
                "image_id": "ocid1.image.oc1.uk-london-1.aaaaaaaamk6y5y4wrqeodnzcvqqgpi4pgbm24udbp6eahneytfmk7jkbjaga",
                "source_name": "Oracle-Linux-8.10-aarch64-2024.07.31-0",
                "source_type": "IMAGE"
              },
              {
                "image_id": "ocid1.image.oc1.uk-london-1.aaaaaaaamgy6wfc5y3rezrki3opp7ut2st3lvp4zfn5764m4apxxzofgbkfq",
                "source_name": "Oracle-Linux-8.10-aarch64-2024.06.30-0",
                "source_type": "IMAGE"
              },
              {
                "image_id": "ocid1.image.oc1.uk-london-1.aaaaaaaallz4k6wlkhjnocbnwlq5pl225jqmhjmgzk34bmvsijyw6a55whxa",
                "source_name": "Oracle-Linux-8.10-Gen2-GPU-2024.08.29-0",
                "source_type": "IMAGE"
              },
              {
                "image_id": "ocid1.image.oc1.uk-london-1.aaaaaaaainerfturp756vlnbiqblmqunvdujnqizpsl5lcli4dc5rsuplcqa",
                "source_name": "Oracle-Linux-8.10-Gen2-GPU-2024.07.31-0",
                "source_type": "IMAGE"
              },
              {
                "image_id": "ocid1.image.oc1.uk-london-1.aaaaaaaasbgztrw267ax7awvh7qxmpn3ywxgauq2cryt5ebo4qxrxdgukezq",
                "source_name": "Oracle-Linux-8.10-Gen2-GPU-2024.06.30-0",
                "source_type": "IMAGE"
              },
              {
                "image_id": "ocid1.image.oc1.uk-london-1.aaaaaaaa57jm4argiknslmszrrjtze4lijhxee7xvu4jeimyfzsdgz3qhqmq",
                "source_name": "Oracle-Linux-8.10-2024.08.29-0",
                "source_type": "IMAGE"
              },
              {
                "image_id": "ocid1.image.oc1.uk-london-1.aaaaaaaay6agryw3wg52ruxw56zns3azgwgki3ireaugsuhmfvfnjplxsrfa",
                "source_name": "Oracle-Linux-8.10-2024.07.31-0",
                "source_type": "IMAGE"
              },
              {
                "image_id": "ocid1.image.oc1.uk-london-1.aaaaaaaadbqqe6slrzawmvf2vm4ua6ylprgegawybejai6jy2byis2ndkb7q",
                "source_name": "Oracle-Linux-8.10-2024.06.30-0",
                "source_type": "IMAGE"
              },
              {
                "image_id": "ocid1.image.oc1.uk-london-1.aaaaaaaavituehbhsxrniuqxf3tfaeixu5aurzkwjfbljymueg3gebdj47rq",
                "source_name": "Oracle-Linux-7.9-aarch64-2024.08.29-0",
                "source_type": "IMAGE"
              },
              {
                "image_id": "ocid1.image.oc1.uk-london-1.aaaaaaaara5mwki2s5j2bx5uu5zyn7koftff6ogzeotdxfccn7mgdigvbgca",
                "source_name": "Oracle-Linux-7.9-aarch64-2024.07.31-0",
                "source_type": "IMAGE"
              },
              {
                "image_id": "ocid1.image.oc1.uk-london-1.aaaaaaaai34ranlhfhny2gypfwnxmlnedymcj3sd7llgjjnzroezgk7s6qka",
                "source_name": "Oracle-Linux-7.9-aarch64-2024.06.30-0",
                "source_type": "IMAGE"
              },
              {
                "image_id": "ocid1.image.oc1.uk-london-1.aaaaaaaamfteirems4dx3witf3uakctd42axg4pk4nyxun462veds36weiea",
                "source_name": "Oracle-Linux-7.9-Gen2-GPU-2024.08.29-0",
                "source_type": "IMAGE"
              },
              {
                "image_id": "ocid1.image.oc1.uk-london-1.aaaaaaaalyoj6v5lalodkg7chijg5v76vcncag42cr5vkgvsw2zqov7nhg5q",
                "source_name": "Oracle-Linux-7.9-Gen2-GPU-2024.07.31-0",
                "source_type": "IMAGE"
              },
              {
                "image_id": "ocid1.image.oc1.uk-london-1.aaaaaaaafxrwyievtvzkuvscklh3pmbku2cql765d52adixssjscjtmemkda",
                "source_name": "Oracle-Linux-7.9-Gen2-GPU-2024.06.30-0",
                "source_type": "IMAGE"
              },
              {
                "image_id": "ocid1.image.oc1.uk-london-1.aaaaaaaaijbtcdc2cxuctqurrf7bgvcstxcnjat57yorgvro2tmw4assjvwa",
                "source_name": "Oracle-Linux-7.9-2024.08.29-0",
                "source_type": "IMAGE"
              },
              {
                "image_id": "ocid1.image.oc1.uk-london-1.aaaaaaaao6ixb6uar7zbo5x4xrq5to3bg5spn2uhqobom2vru4z26xmtjwpa",
                "source_name": "Oracle-Linux-7.9-2024.07.31-0",
                "source_type": "IMAGE"
              },
              {
                "image_id": "ocid1.image.oc1.uk-london-1.aaaaaaaa5mklaiiqinx3d4bgnzdfkptqliewwq3n4edl3dgox6vux5dvwx5q",
                "source_name": "Oracle-Linux-7.9-2024.06.30-0",
                "source_type": "IMAGE"
              },
              {
                "image_id": "ocid1.image.oc1.uk-london-1.aaaaaaaaahbkgd2yhw7yg6io76mbuwwtuk4monzpsr3r7nuiegttu5q75r6q",
                "source_name": "Oracle-Linux-7.6",
                "source_type": "IMAGE"
              }
            ]
          },
          "sensitive_attributes": []
        }
      ]
    },
    {
      "module": "module.oci-oke[0]",
      "mode": "data",
      "type": "oci_identity_availability_domains",
      "name": "AD",
      "provider": "provider[\"registry.terraform.io/oracle/oci\"]",
      "instances": [
        {
          "schema_version": 0,
          "attributes": {
            "availability_domains": [
              {
                "compartment_id": "ocid1.tenancy.oc1..aaaaaaaay54k6twlomunmgr7g3uyk3wjsq2kainrtdxebcjqzvbxvqediuwa",
                "id": "ocid1.availabilitydomain.oc1..aaaaaaaapjv4p3qtly2fesrig77q4tlmi3wvakeet6fskc7do2fmawz3xctq",
                "name": "yzFe:UK-LONDON-1-AD-1"
              }
            ],
            "compartment_id": "ocid1.tenancy.oc1..aaaaaaaay54k6twlomunmgr7g3uyk3wjsq2kainrtdxebcjqzvbxvqediuwa",
            "filter": [
              {
                "name": "name",
                "regex": false,
                "values": [
                  "yzFe:UK-LONDON-1-AD-1"
                ]
              }
            ],
            "id": "IdentityAvailabilityDomainsDataSource-537278993"
          },
          "sensitive_attributes": []
        }
      ]
    },
    {
      "module": "module.oci-oke[0]",
      "mode": "data",
      "type": "oci_identity_availability_domains",
      "name": "ADs",
      "provider": "provider[\"registry.terraform.io/oracle/oci\"]",
      "instances": [
        {
          "schema_version": 0,
          "attributes": {
            "availability_domains": [
              {
                "compartment_id": "ocid1.tenancy.oc1..aaaaaaaay54k6twlomunmgr7g3uyk3wjsq2kainrtdxebcjqzvbxvqediuwa",
                "id": "ocid1.availabilitydomain.oc1..aaaaaaaapjv4p3qtly2fesrig77q4tlmi3wvakeet6fskc7do2fmawz3xctq",
                "name": "yzFe:UK-LONDON-1-AD-1"
              },
              {
                "compartment_id": "ocid1.tenancy.oc1..aaaaaaaay54k6twlomunmgr7g3uyk3wjsq2kainrtdxebcjqzvbxvqediuwa",
                "id": "ocid1.availabilitydomain.oc1..aaaaaaaaw2i3i53quioaywmhx56ss5plwk7bmmeg2266lo7inilhbizeroua",
                "name": "yzFe:UK-LONDON-1-AD-2"
              },
              {
                "compartment_id": "ocid1.tenancy.oc1..aaaaaaaay54k6twlomunmgr7g3uyk3wjsq2kainrtdxebcjqzvbxvqediuwa",
                "id": "ocid1.availabilitydomain.oc1..aaaaaaaac6kgqnl5eberztbdm2ufhpxohk7cuelajmafpqa3m6rpri4tc2yq",
                "name": "yzFe:UK-LONDON-1-AD-3"
              }
            ],
            "compartment_id": "ocid1.tenancy.oc1..aaaaaaaay54k6twlomunmgr7g3uyk3wjsq2kainrtdxebcjqzvbxvqediuwa",
            "filter": null,
            "id": "IdentityAvailabilityDomainsDataSource-537278993"
          },
          "sensitive_attributes": []
        }
      ]
    },
    {
      "module": "module.oci-oke[0]",
      "mode": "managed",
      "type": "oci_containerengine_cluster",
      "name": "oci_oke_cluster",
      "provider": "provider[\"registry.terraform.io/oracle/oci\"]",
      "instances": [
        {
          "schema_version": 0,
          "attributes": {
            "available_kubernetes_upgrades": [],
            "cluster_pod_network_options": [
              {
                "cni_type": "FLANNEL_OVERLAY"
              }
            ],
            "compartment_id": "ocid1.tenancy.oc1..aaaaaaaay54k6twlomunmgr7g3uyk3wjsq2kainrtdxebcjqzvbxvqediuwa",
            "defined_tags": {
              "ArchitectureCenter\\devops-bluegreen-deploy-oke-cd6f.release": "1.1",
              "Oracle-Tags.CreatedBy": "default/chaitanyasharma04uk@gmail.com",
              "Oracle-Tags.CreatedOn": "2024-10-15T16:04:45.772Z"
            },
            "endpoint_config": [
              {
                "is_public_ip_enabled": true,
                "nsg_ids": null,
                "subnet_id": "ocid1.subnet.oc1.uk-london-1.aaaaaaaa2i455qeip6twitmtgt4ywn4i4tzlgohey6p2hoxjedhv67bmdr6q"
              }
            ],
            "endpoints": [
              {
                "kubernetes": "",
                "private_endpoint": "10.20.0.2:6443",
                "public_endpoint": "141.147.118.215:6443",
                "vcn_hostname_endpoint": "ckounqlo5yq.okek8snvcrm.okevcrm.oraclevcn.com:6443"
              }
            ],
            "freeform_tags": {},
            "id": "ocid1.cluster.oc1.uk-london-1.aaaaaaaazhngvty6veups7krbfg6xxntteyawdi2gp7lajyx3ckounqlo5yq",
            "image_policy_config": [
              {
                "is_policy_enabled": false,
                "key_details": []
              }
            ],
            "kms_key_id": null,
            "kubernetes_version": "v1.30.1",
            "lifecycle_details": null,
            "metadata": [
              {
                "created_by_user_id": "ocid1.user.oc1..aaaaaaaafrosr6kax6lrs5ioe3htcjftuibpnwvod7mienq7hidpmxa55ntq",
                "created_by_work_request_id": "ocid1.clustersworkrequest.oc1.uk-london-1.aaaaaaaa6ybhddufbh3reqvzt6ehn76xfw3nb2p5ha6gtazlbwxmo4hj54sa",
                "deleted_by_user_id": "",
                "deleted_by_work_request_id": "",
                "time_created": "2024-10-15 16:04:46 +0000 UTC",
                "time_credential_expiration": "2029-10-15 16:05:22 +0000 UTC",
                "time_deleted": "",
                "time_updated": "",
                "updated_by_user_id": "",
                "updated_by_work_request_id": ""
              }
            ],
            "name": "poc_sample_app (vCRm)",
            "options": [
              {
                "add_ons": [
                  {
                    "is_kubernetes_dashboard_enabled": false,
                    "is_tiller_enabled": false
                  }
                ],
                "admission_controller_options": [
                  {
                    "is_pod_security_policy_enabled": false
                  }
                ],
                "kubernetes_network_config": [
                  {
                    "pods_cidr": "10.244.0.0/16",
                    "services_cidr": "10.96.0.0/16"
                  }
                ],
                "persistent_volume_config": [
                  {
                    "defined_tags": {},
                    "freeform_tags": {}
                  }
                ],
                "service_lb_config": [
                  {
                    "defined_tags": {},
                    "freeform_tags": {}
                  }
                ],
                "service_lb_subnet_ids": [
                  "ocid1.subnet.oc1.uk-london-1.aaaaaaaaatydweb35mvb6mdrtscumk2bvpp26a4ipaulrbdslk3ze42k7ija"
                ]
              }
            ],
            "state": "ACTIVE",
            "timeouts": null,
            "type": "ENHANCED_CLUSTER",
            "vcn_id": "ocid1.vcn.oc1.uk-london-1.amaaaaaawldo33iaec7k5sm4amplsz6c6wig5bs3voepth3dvtuy5v3mzwqq"
          },
          "sensitive_attributes": [],
          "private": "eyJlMmJmYjczMC1lY2FhLTExZTYtOGY4OC0zNDM2M2JjN2M0YzAiOnsiY3JlYXRlIjozNjAwMDAwMDAwMDAwLCJkZWxldGUiOjM2MDAwMDAwMDAwMDAsInVwZGF0ZSI6MzYwMDAwMDAwMDAwMH19",
          "dependencies": [
            "data.oci_containerengine_cluster_option.oke",
            "data.oci_core_services.all_services",
            "data.oci_identity_regions.home_region",
            "module.oci-oke.oci_core_subnet.oke_api_endpoint_subnet",
            "module.oci-oke.oci_core_subnet.oke_lb_subnet",
            "module.oci-oke.oci_core_vcn.oke_vcn",
            "oci_core_internet_gateway.oke_internet_gateway",
            "oci_core_nat_gateway.oke_nat_gateway",
            "oci_core_route_table.oke_private_route_table",
            "oci_core_route_table.oke_public_route_table",
            "oci_core_security_list.oke_endpoint_security_list",
            "oci_core_security_list.oke_lb_security_list",
            "oci_core_service_gateway.oke_service_gateway",
            "oci_core_subnet.oke_k8s_endpoint_subnet",
            "oci_core_subnet.oke_lb_subnet",
            "oci_core_virtual_network.oke_vcn",
            "oci_identity_tag.ArchitectureCenterTag",
            "oci_identity_tag_namespace.ArchitectureCenterTagNamespace",
            "random_id.tag",
            "random_string.deploy_id"
          ]
        }
      ]
    },
    {
      "module": "module.oci-oke[0]",
      "mode": "managed",
      "type": "oci_containerengine_node_pool",
      "name": "oci_oke_node_pool",
      "provider": "provider[\"registry.terraform.io/oracle/oci\"]",
      "instances": [
        {
          "status": "tainted",
          "schema_version": 0,
          "attributes": {
            "cluster_id": "ocid1.cluster.oc1.uk-london-1.aaaaaaaazhngvty6veups7krbfg6xxntteyawdi2gp7lajyx3ckounqlo5yq",
            "compartment_id": "ocid1.tenancy.oc1..aaaaaaaay54k6twlomunmgr7g3uyk3wjsq2kainrtdxebcjqzvbxvqediuwa",
            "defined_tags": {
              "ArchitectureCenter\\devops-bluegreen-deploy-oke-cd6f.release": "1.1",
              "Oracle-Tags.CreatedBy": "default/chaitanyasharma04uk@gmail.com",
              "Oracle-Tags.CreatedOn": "2024-10-15T16:14:47.440Z"
            },
            "freeform_tags": {},
            "id": "ocid1.nodepool.oc1.uk-london-1.aaaaaaaaixk3blkwxbll5ksslp6xatgzj2kriapyxpg4tudjxntdzjxvk3ma",
            "initial_node_labels": [
              {
                "key": "key",
                "value": "value"
              }
            ],
            "kubernetes_version": "v1.30.1",
            "lifecycle_details": null,
            "name": "pool1",
            "node_config_details": [
              {
                "defined_tags": {
                  "ArchitectureCenter\\devops-bluegreen-deploy-oke-cd6f.release": "1.1"
                },
                "freeform_tags": {},
                "is_pv_encryption_in_transit_enabled": false,
                "kms_key_id": "",
                "node_pool_pod_network_option_details": [
                  {
                    "cni_type": "FLANNEL_OVERLAY",
                    "max_pods_per_node": 0,
                    "pod_nsg_ids": [],
                    "pod_subnet_ids": []
                  }
                ],
                "nsg_ids": [],
                "placement_configs": [
                  {
                    "availability_domain": "yzFe:UK-LONDON-1-AD-1",
                    "capacity_reservation_id": "",
                    "fault_domains": [],
                    "preemptible_node_config": [],
                    "subnet_id": "ocid1.subnet.oc1.uk-london-1.aaaaaaaarbpqjd5sgi2gbsyiir3m6inahfdwaohdlzlxgxryxu7ieevnskiq"
                  }
                ],
                "size": 3
              }
            ],
            "node_eviction_node_pool_settings": [],
            "node_image_id": "ocid1.image.oc1.uk-london-1.aaaaaaaaqu4qxrcb5z7aachyznwhi5zkyxrhlbg77ztuu2g2hb6eggorqfoa",
            "node_image_name": "Oracle-Linux-7.9-2024.06.30-0-OKE-1.30.1-716",
            "node_metadata": {},
            "node_pool_cycling_details": [],
            "node_shape": "VM.Standard.E4.Flex",
            "node_shape_config": [
              {
                "memory_in_gbs": 16,
                "ocpus": 1
              }
            ],
            "node_source": [
              {
                "image_id": "ocid1.image.oc1.uk-london-1.aaaaaaaaqu4qxrcb5z7aachyznwhi5zkyxrhlbg77ztuu2g2hb6eggorqfoa",
                "source_name": "Oracle-Linux-7.9-2024.06.30-0-OKE-1.30.1-716",
                "source_type": "IMAGE"
              }
            ],
            "node_source_details": [
              {
                "boot_volume_size_in_gbs": "60",
                "image_id": "ocid1.image.oc1.uk-london-1.aaaaaaaaqu4qxrcb5z7aachyznwhi5zkyxrhlbg77ztuu2g2hb6eggorqfoa",
                "source_type": "IMAGE"
              }
            ],
            "nodes": [],
            "quantity_per_subnet": 0,
            "ssh_public_key": "ssh-rsa AAAAB3NzaC1yc2EAAAADAQABAAABAQCeC4/yVau1EqOdwGvmmMPQlD/tVXIKFrnrlohzbQQC22Ix5ZumUTz4clQ6+3cOY+NMoL00HM8HccCskrcq2eSHUVmhmcaaVRGZyU5pE1VvMnlXQW0MBQRqfmvrMcWknehU0DKYtCcS+8KZ0OJCWX/U20yOrBZnsOmNJt+KFLL1movRON+5QHCn2lOFlnUCCj1FfBy/7T6gyX1vnNZzlpXxYjuIHsf+xZSsF9ogbzxaCt5g5eHWTpc8q/ciiaZPxkKctuuJNUjttUh3FhTzmGqrsMF7+uN+m3tdh8shf1B700bOmCQH7/O/7xvwVOYHOAP+FJaQBPtvEHpk+CaLKdOh\n",
            "state": "CREATING",
            "subnet_ids": [
              "ocid1.subnet.oc1.uk-london-1.aaaaaaaarbpqjd5sgi2gbsyiir3m6inahfdwaohdlzlxgxryxu7ieevnskiq"
            ],
            "timeouts": null
          },
          "sensitive_attributes": [],
          "private": "eyJlMmJmYjczMC1lY2FhLTExZTYtOGY4OC0zNDM2M2JjN2M0YzAiOnsiY3JlYXRlIjozMDAwMDAwMDAwMDAwLCJkZWxldGUiOjMwMDAwMDAwMDAwMDAsInVwZGF0ZSI6MzAwMDAwMDAwMDAwMH19",
          "dependencies": [
            "data.oci_containerengine_cluster_option.oke",
            "data.oci_core_services.all_services",
            "data.oci_identity_availability_domains.ADs",
            "data.oci_identity_regions.home_region",
            "module.oci-oke.data.oci_containerengine_node_pool_option.oci_oke_node_pool_option",
            "module.oci-oke.data.oci_identity_availability_domains.AD",
            "module.oci-oke.data.oci_identity_availability_domains.ADs",
            "module.oci-oke.oci_containerengine_cluster.oci_oke_cluster",
            "module.oci-oke.oci_core_subnet.oke_api_endpoint_subnet",
            "module.oci-oke.oci_core_subnet.oke_lb_subnet",
            "module.oci-oke.oci_core_subnet.oke_nodepool_subnet",
            "module.oci-oke.oci_core_vcn.oke_vcn",
            "module.oci-oke.tls_private_key.public_private_key_pair",
            "oci_core_internet_gateway.oke_internet_gateway",
            "oci_core_nat_gateway.oke_nat_gateway",
            "oci_core_route_table.oke_private_route_table",
            "oci_core_route_table.oke_public_route_table",
            "oci_core_security_list.oke_endpoint_security_list",
            "oci_core_security_list.oke_lb_security_list",
            "oci_core_security_list.oke_nodes_security_list",
            "oci_core_service_gateway.oke_service_gateway",
            "oci_core_subnet.oke_k8s_endpoint_subnet",
            "oci_core_subnet.oke_lb_subnet",
            "oci_core_subnet.oke_nodes_subnet",
            "oci_core_virtual_network.oke_vcn",
            "oci_identity_tag.ArchitectureCenterTag",
            "oci_identity_tag_namespace.ArchitectureCenterTagNamespace",
            "random_id.tag",
            "random_string.deploy_id",
            "tls_private_key.oke_worker_node_ssh_key"
          ]
        }
      ]
    },
    {
      "module": "module.oci-oke[0]",
      "mode": "managed",
      "type": "oci_core_subnet",
      "name": "oke_api_endpoint_subnet",
      "provider": "provider[\"registry.terraform.io/oracle/oci\"]",
      "instances": []
    },
    {
      "module": "module.oci-oke[0]",
      "mode": "managed",
      "type": "oci_core_subnet",
      "name": "oke_lb_subnet",
      "provider": "provider[\"registry.terraform.io/oracle/oci\"]",
      "instances": []
    },
    {
      "module": "module.oci-oke[0]",
      "mode": "managed",
      "type": "oci_core_subnet",
      "name": "oke_nodepool_subnet",
      "provider": "provider[\"registry.terraform.io/oracle/oci\"]",
      "instances": []
    },
    {
      "module": "module.oci-oke[0]",
      "mode": "managed",
      "type": "oci_core_vcn",
      "name": "oke_vcn",
      "provider": "provider[\"registry.terraform.io/oracle/oci\"]",
      "instances": []
    },
    {
      "module": "module.oci-oke[0]",
      "mode": "managed",
      "type": "tls_private_key",
      "name": "public_private_key_pair",
      "provider": "provider[\"registry.terraform.io/hashicorp/tls\"]",
      "instances": [
        {
          "schema_version": 1,
          "attributes": {
            "algorithm": "RSA",
            "ecdsa_curve": "P224",
            "id": "24df375ab7ba9763dc0a46482b5d3214e08f1b61",
            "private_key_openssh": "-----BEGIN OPENSSH PRIVATE KEY-----\nb3BlbnNzaC1rZXktdjEAAAAABG5vbmUAAAAEbm9uZQAAAAAAAAABAAABFwAAAAdz\nc2gtcnNhAAAAAwEAAQAAAQEAzm6SFUBiyq7T64Zwh33BZWN3P/DgNjJxryUaRoAR\nOd2t2bF4CnQVK8aQqv83oGH+oBU7APhUKrjrJrJo6joJhF3brGiayd9A7cDug3uL\nWGCIxUcO6ncwZj/odH3f5ReIShZirBe2FrB3lEk6Ua986IOQs5Pr0YzAjiMqycBk\njRTvdWZpLzTwy/+guJCW3AsW6j78WT5+ymsDH/pGc43oyMaOU85ZSWga9BcBaZlQ\n74+xxxQdd9701wl6f7WTYrdgKKms3fKdWcLMiJcO2inOOQ2cpdLo3so9QVvztTVp\npa4o756AmU2hufJe4EV1IE0yHwLvv1+i8qqZ9CRtOtiiAwAAA7hXvV50V71edAAA\nAAdzc2gtcnNhAAABAQDObpIVQGLKrtPrhnCHfcFlY3c/8OA2MnGvJRpGgBE53a3Z\nsXgKdBUrxpCq/zegYf6gFTsA+FQquOsmsmjqOgmEXdusaJrJ30DtwO6De4tYYIjF\nRw7qdzBmP+h0fd/lF4hKFmKsF7YWsHeUSTpRr3zog5Czk+vRjMCOIyrJwGSNFO91\nZmkvNPDL/6C4kJbcCxbqPvxZPn7KawMf+kZzjejIxo5TzllJaBr0FwFpmVDvj7HH\nFB133vTXCXp/tZNit2Aoqazd8p1ZwsyIlw7aKc45DZyl0ujeyj1BW/O1NWmlrijv\nnoCZTaG58l7gRXUgTTIfAu+/X6Lyqpn0JG062KIDAAAAAwEAAQAAAQEAoTwTta2Y\nfB6ZP3i+I9XBXGOYHMUTGsHDsb0VDMOysLPIuiO3UtLgRlTNYgH9fLONoZNzhopv\nkv7kDFGFSI0UKeL1VXBOliZeHFV49hFlAR5FNXEO4Ws+zl5UPcijO9hphxR89VV/\nz7D9dUDM4EhlE2bPerOqmP2K2Hn3TaWL4/RyS3F2lX9qOycMUFfxB735kHDULlPp\nnwXqzGCB5VLKlFrSit2ZWJkDG4ZMSDdAxwbl1LwSO9tow0EjKa8AyfiWIOKzjg4+\n0DCyn8Aj7EDOamI4I4c00WBMcpUwqsfm/yuCd55o6VcetVbE6vg7BPLDjdgtK2K2\nRMvP36bk3njp4QAAAIBT+lnEXB/KdhTiYbbKxrXtgRU2Bad9Dy3xQMZl3XwFgBw3\nwdIL54NhKBCdKjhXmnwqVocy2QINf3GCl+1plRjhbfoF3yEguL3U0s/HZ3Cmaitm\neQFozhLm23rl4ncaxzzNRyBfBmO6eMRxHUtGAn98wAzGNu40rgbyUiNE9AWipQAA\nAIEA158lBwb23M/Zp0EwiDy6fQOz8V2pMCyz70m3TsYd6+kOdspqeObUPC6loGv3\nvHiCVm8Q+esggK18/rsS4dx0EnTOfmJNV9El1YqPs6U/OMBoCr4yCYRryFcykJQS\n3wfYmGhTYk7EQOaVNH15I3yXgwA8512hgyK+CFEIsv8WUKUAAACBAPUW3yuW8D29\n7WdlJlEUWOWGtW4CmrqG1QPxF2LLHvgjFn/kh+JGR3lI6BuP2QcpGHSC8+ujFLsb\nCS48X2ziLXU5dp2lL7MgjRtmCg78o7bDXHCwMt1t/Oy6dllY57gDBoICavuvLhi5\n+Hh+2+SCDYrJ5R/9UdnCHEbXoHS69b+HAAAAAAEC\n-----END OPENSSH PRIVATE KEY-----\n",
            "private_key_pem": "-----BEGIN RSA PRIVATE KEY-----\nMIIEowIBAAKCAQEAzm6SFUBiyq7T64Zwh33BZWN3P/DgNjJxryUaRoAROd2t2bF4\nCnQVK8aQqv83oGH+oBU7APhUKrjrJrJo6joJhF3brGiayd9A7cDug3uLWGCIxUcO\n6ncwZj/odH3f5ReIShZirBe2FrB3lEk6Ua986IOQs5Pr0YzAjiMqycBkjRTvdWZp\nLzTwy/+guJCW3AsW6j78WT5+ymsDH/pGc43oyMaOU85ZSWga9BcBaZlQ74+xxxQd\nd9701wl6f7WTYrdgKKms3fKdWcLMiJcO2inOOQ2cpdLo3so9QVvztTVppa4o756A\nmU2hufJe4EV1IE0yHwLvv1+i8qqZ9CRtOtiiAwIDAQABAoIBAQChPBO1rZh8Hpk/\neL4j1cFcY5gcxRMawcOxvRUMw7Kws8i6I7dS0uBGVM1iAf18s42hk3OGim+S/uQM\nUYVIjRQp4vVVcE6WJl4cVXj2EWUBHkU1cQ7haz7OXlQ9yKM72GmHFHz1VX/PsP11\nQMzgSGUTZs96s6qY/YrYefdNpYvj9HJLcXaVf2o7JwxQV/EHvfmQcNQuU+mfBerM\nYIHlUsqUWtKK3ZlYmQMbhkxIN0DHBuXUvBI722jDQSMprwDJ+JYg4rOODj7QMLKf\nwCPsQM5qYjgjhzTRYExylTCqx+b/K4J3nmjpVx61VsTq+DsE8sON2C0rYrZEy8/f\npuTeeOnhAoGBANefJQcG9tzP2adBMIg8un0Ds/FdqTAss+9Jt07GHevpDnbKanjm\n1DwupaBr97x4glZvEPnrIICtfP67EuHcdBJ0zn5iTVfRJdWKj7OlPzjAaAq+MgmE\na8hXMpCUEt8H2JhoU2JOxEDmlTR9eSN8l4MAPOddoYMivghRCLL/FlClAoGBAPUW\n3yuW8D297WdlJlEUWOWGtW4CmrqG1QPxF2LLHvgjFn/kh+JGR3lI6BuP2QcpGHSC\n8+ujFLsbCS48X2ziLXU5dp2lL7MgjRtmCg78o7bDXHCwMt1t/Oy6dllY57gDBoIC\navuvLhi5+Hh+2+SCDYrJ5R/9UdnCHEbXoHS69b+HAoGAC0nKn3aO3/qFs4rnJoq/\nXKIf/offvqToeqOKVDZtBJe76R4putCi1c+/Xgmo+5X3hNzlr5/OoM30WEWk9Gwd\nK4Yv9U/iKrHJYEeTxFznVWpFSCKy7eqf1eoyvHz0C/cWMMxtaR0kix1HPGtBN0lj\niTku9xHgzcO43SiY4v4Vxf0CgYB99BMcw6UTFdg7mq/mWx6UVnZG4u/BjClMrUnn\na5uuydl2QGvUzWlN2zntcC+IjoYS2nmgT18ICQzexggEXPgfljhvK8UnuULLIdVp\nfkxkUGHhR6vcP/oLbogDwrzSxDtD9Rol3hFCg9A9nHRFKtDq0nb9yaGW1zrQ7V94\nndxNYQKBgFP6WcRcH8p2FOJhtsrGte2BFTYFp30PLfFAxmXdfAWAHDfB0gvng2Eo\nEJ0qOFeafCpWhzLZAg1/cYKX7WmVGOFt+gXfISC4vdTSz8dncKZqK2Z5AWjOEubb\neuXidxrHPM1HIF8GY7p4xHEdS0YCf3zADMY27jSuBvJSI0T0BaKl\n-----END RSA PRIVATE KEY-----\n",
            "private_key_pem_pkcs8": "-----BEGIN PRIVATE KEY-----\nMIIEvQIBADANBgkqhkiG9w0BAQEFAASCBKcwggSjAgEAAoIBAQDObpIVQGLKrtPr\nhnCHfcFlY3c/8OA2MnGvJRpGgBE53a3ZsXgKdBUrxpCq/zegYf6gFTsA+FQquOsm\nsmjqOgmEXdusaJrJ30DtwO6De4tYYIjFRw7qdzBmP+h0fd/lF4hKFmKsF7YWsHeU\nSTpRr3zog5Czk+vRjMCOIyrJwGSNFO91ZmkvNPDL/6C4kJbcCxbqPvxZPn7KawMf\n+kZzjejIxo5TzllJaBr0FwFpmVDvj7HHFB133vTXCXp/tZNit2Aoqazd8p1ZwsyI\nlw7aKc45DZyl0ujeyj1BW/O1NWmlrijvnoCZTaG58l7gRXUgTTIfAu+/X6Lyqpn0\nJG062KIDAgMBAAECggEBAKE8E7WtmHwemT94viPVwVxjmBzFExrBw7G9FQzDsrCz\nyLojt1LS4EZUzWIB/XyzjaGTc4aKb5L+5AxRhUiNFCni9VVwTpYmXhxVePYRZQEe\nRTVxDuFrPs5eVD3IozvYaYcUfPVVf8+w/XVAzOBIZRNmz3qzqpj9ith5902li+P0\ncktxdpV/ajsnDFBX8Qe9+ZBw1C5T6Z8F6sxggeVSypRa0ordmViZAxuGTEg3QMcG\n5dS8EjvbaMNBIymvAMn4liDis44OPtAwsp/AI+xAzmpiOCOHNNFgTHKVMKrH5v8r\ngneeaOlXHrVWxOr4OwTyw43YLStitkTLz9+m5N546eECgYEA158lBwb23M/Zp0Ew\niDy6fQOz8V2pMCyz70m3TsYd6+kOdspqeObUPC6loGv3vHiCVm8Q+esggK18/rsS\n4dx0EnTOfmJNV9El1YqPs6U/OMBoCr4yCYRryFcykJQS3wfYmGhTYk7EQOaVNH15\nI3yXgwA8512hgyK+CFEIsv8WUKUCgYEA9RbfK5bwPb3tZ2UmURRY5Ya1bgKauobV\nA/EXYsse+CMWf+SH4kZHeUjoG4/ZBykYdILz66MUuxsJLjxfbOItdTl2naUvsyCN\nG2YKDvyjtsNccLAy3W387Lp2WVjnuAMGggJq+68uGLn4eH7b5IINisnlH/1R2cIc\nRtegdLr1v4cCgYALScqfdo7f+oWziucmir9coh/+h9++pOh6o4pUNm0El7vpHim6\n0KLVz79eCaj7lfeE3OWvn86gzfRYRaT0bB0rhi/1T+IqsclgR5PEXOdVakVIIrLt\n6p/V6jK8fPQL9xYwzG1pHSSLHUc8a0E3SWOJOS73EeDNw7jdKJji/hXF/QKBgH30\nExzDpRMV2Duar+ZbHpRWdkbi78GMKUytSedrm67J2XZAa9TNaU3bOe1wL4iOhhLa\neaBPXwgJDN7GCARc+B+WOG8rxSe5Qssh1Wl+TGRQYeFHq9w/+gtuiAPCvNLEO0P1\nGiXeEUKD0D2cdEUq0OrSdv3JoZbXOtDtX3id3E1hAoGAU/pZxFwfynYU4mG2ysa1\n7YEVNgWnfQ8t8UDGZd18BYAcN8HSC+eDYSgQnSo4V5p8KlaHMtkCDX9xgpftaZUY\n4W36Bd8hILi91NLPx2dwpmorZnkBaM4S5tt65eJ3Gsc8zUcgXwZjunjEcR1LRgJ/\nfMAMxjbuNK4G8lIjRPQFoqU=\n-----END PRIVATE KEY-----\n",
            "public_key_fingerprint_md5": "5c:fa:18:4b:49:79:17:1f:49:b1:36:88:d0:83:e7:2f",
            "public_key_fingerprint_sha256": "SHA256:hqfBsU+VhvO+hCRGlfIAu+ffSrWFAoTjqb1njOoOv+Y",
            "public_key_openssh": "ssh-rsa AAAAB3NzaC1yc2EAAAADAQABAAABAQDObpIVQGLKrtPrhnCHfcFlY3c/8OA2MnGvJRpGgBE53a3ZsXgKdBUrxpCq/zegYf6gFTsA+FQquOsmsmjqOgmEXdusaJrJ30DtwO6De4tYYIjFRw7qdzBmP+h0fd/lF4hKFmKsF7YWsHeUSTpRr3zog5Czk+vRjMCOIyrJwGSNFO91ZmkvNPDL/6C4kJbcCxbqPvxZPn7KawMf+kZzjejIxo5TzllJaBr0FwFpmVDvj7HHFB133vTXCXp/tZNit2Aoqazd8p1ZwsyIlw7aKc45DZyl0ujeyj1BW/O1NWmlrijvnoCZTaG58l7gRXUgTTIfAu+/X6Lyqpn0JG062KID\n",
            "public_key_pem": "-----BEGIN PUBLIC KEY-----\nMIIBIjANBgkqhkiG9w0BAQEFAAOCAQ8AMIIBCgKCAQEAzm6SFUBiyq7T64Zwh33B\nZWN3P/DgNjJxryUaRoAROd2t2bF4CnQVK8aQqv83oGH+oBU7APhUKrjrJrJo6joJ\nhF3brGiayd9A7cDug3uLWGCIxUcO6ncwZj/odH3f5ReIShZirBe2FrB3lEk6Ua98\n6IOQs5Pr0YzAjiMqycBkjRTvdWZpLzTwy/+guJCW3AsW6j78WT5+ymsDH/pGc43o\nyMaOU85ZSWga9BcBaZlQ74+xxxQdd9701wl6f7WTYrdgKKms3fKdWcLMiJcO2inO\nOQ2cpdLo3so9QVvztTVppa4o756AmU2hufJe4EV1IE0yHwLvv1+i8qqZ9CRtOtii\nAwIDAQAB\n-----END PUBLIC KEY-----\n",
            "rsa_bits": 2048
          },
          "sensitive_attributes": []
        }
      ]
    }
  ],
  "check_results": null
}
